{
  "version": 4,
  "terraform_version": "1.6.0",
  "serial": 1010,
  "lineage": "7e2ba282-a2c1-c31e-8cce-a9152f649500",
  "outputs": {},
  "resources": [
    {
      "mode": "managed",
      "type": "google_container_cluster",
      "name": "primary-cluster",
      "provider": "provider[\"registry.terraform.io/hashicorp/google\"]",
      "instances": [
        {
          "schema_version": 2,
          "attributes": {
            "addons_config": [
              {
                "cloudrun_config": [],
                "config_connector_config": [],
                "dns_cache_config": [],
                "gce_persistent_disk_csi_driver_config": [
                  {
                    "enabled": true
                  }
                ],
                "gcp_filestore_csi_driver_config": [],
                "gcs_fuse_csi_driver_config": [],
                "gke_backup_agent_config": [],
                "horizontal_pod_autoscaling": [],
                "http_load_balancing": [],
                "network_policy_config": [
                  {
                    "disabled": true
                  }
                ]
              }
            ],
            "allow_net_admin": null,
            "authenticator_groups_config": [],
            "binary_authorization": [
              {
                "enabled": false,
                "evaluation_mode": ""
              }
            ],
            "cluster_autoscaling": [
              {
                "auto_provisioning_defaults": [],
                "enabled": false,
                "resource_limits": []
              }
            ],
            "cluster_ipv4_cidr": "10.44.0.0/14",
            "confidential_nodes": [],
            "cost_management_config": [],
            "database_encryption": [
              {
                "key_name": "",
                "state": "DECRYPTED"
              }
            ],
            "datapath_provider": "",
            "default_max_pods_per_node": 110,
            "default_snat_status": [
              {
                "disabled": false
              }
            ],
            "deletion_protection": false,
            "description": "",
            "dns_config": [],
            "enable_autopilot": false,
            "enable_intranode_visibility": false,
            "enable_k8s_beta_apis": [],
            "enable_kubernetes_alpha": false,
            "enable_l4_ilb_subsetting": false,
            "enable_legacy_abac": false,
            "enable_shielded_nodes": true,
            "enable_tpu": false,
            "endpoint": "34.135.22.118",
            "gateway_api_config": [],
            "id": "projects/data-rainfall-396303/locations/us-central1-a/clusters/my-gke-cluster",
            "initial_node_count": 2,
            "ip_allocation_policy": [
              {
                "additional_pod_ranges_config": [],
                "cluster_ipv4_cidr_block": "10.44.0.0/14",
                "cluster_secondary_range_name": "gke-my-gke-cluster-pods-7471a430",
                "pod_cidr_overprovision_config": [
                  {
                    "disabled": false
                  }
                ],
                "services_ipv4_cidr_block": "10.48.0.0/20",
                "services_secondary_range_name": "gke-my-gke-cluster-services-7471a430",
                "stack_type": "IPV4"
              }
            ],
            "label_fingerprint": "a9dc16a7",
            "location": "us-central1-a",
            "logging_config": [
              {
                "enable_components": [
                  "SYSTEM_COMPONENTS",
                  "WORKLOADS"
                ]
              }
            ],
            "logging_service": "logging.googleapis.com/kubernetes",
            "maintenance_policy": [],
            "master_auth": [
              {
                "client_certificate": "",
                "client_certificate_config": [
                  {
                    "issue_client_certificate": false
                  }
                ],
                "client_key": "",
                "cluster_ca_certificate": "LS0tLS1CRUdJTiBDRVJUSUZJQ0FURS0tLS0tCk1JSUVMVENDQXBXZ0F3SUJBZ0lSQVBraWF2SUNQUjZVT0FuTmxmdGtLaG93RFFZSktvWklodmNOQVFFTEJRQXcKTHpFdE1Dc0dBMVVFQXhNa1pERmpNR0V6WldZdE1EaGtOQzAwTWprNUxUZ3lOV010WWpreU5tWmlaalJtTTJVMApNQ0FYRFRJek1UQXdOVEV4TXpJek9Gb1lEekl3TlRNd09USTNNVEl6TWpNNFdqQXZNUzB3S3dZRFZRUURFeVJrCk1XTXdZVE5sWmkwd09HUTBMVFF5T1RrdE9ESTFZeTFpT1RJMlptSm1OR1l6WlRRd2dnR2lNQTBHQ1NxR1NJYjMKRFFFQkFRVUFBNElCandBd2dnR0tBb0lCZ1FDYWVxSmsxbjRYUkdWS21Cdm12bzg1cDd6TzFiKzVJTWpaQ3pBRApsS015V0NIcy8zRGRYYVhmODFWS1FabEVPK1EvR2ZhZ1NFQlRNNWV6VmVnRFdhd1MrZkJjWHhpTWh1WWNOb3lxCkZoKy8wb2s0TFJLbFFjL1ZES20wWlFxMU9KWWJLMk9zejNvMHRrRjlFVkNDN2x5clVyektteHZqK1pRSFFyVXEKSE1ZVUNrYWEzV0NyeHlxNU8wTWNCcWQ5UEVRd2t6OEtTRzI4Mk5vdkhoTmFYbVl6elAra3NKcUlFTllNRStiMgorWUVQd3U0VmJnWVhxa2pkeHg0eVBEYVFoYjhqTnBsdVBTcFRFOFZOVElUUVZrUm92U3FhRldncGZUSU52cWYrCnRLanAwdGZ5RmNlcTZ3SjJabnV2dEFTa2ExNmRva0lTNjRMcWs4ekdtOWhsaFR3ZkppenMvZFBVbXE2MDlzRHYKNzlnTmJLNm1PUHlUQ2U3QkdyajViWjNNcEd4TythVnFvLzFrT3pxOW8rWVY0ZHFDS0pRKy9vRkFSUmNxVjhWegpUZDhRbFZzdnRqZjdrYkFPR2NNYXAwVjcrdzlFMVBRcEdPWnpGNHg0Mk1DSGpzdE1LK0tvcVcvWWx2V21wcGZBCklXeDZTV2JEOTZtRVErN3U3V0Q1L0FaZXZ6VUNBd0VBQWFOQ01FQXdEZ1lEVlIwUEFRSC9CQVFEQWdJRU1BOEcKQTFVZEV3RUIvd1FGTUFNQkFmOHdIUVlEVlIwT0JCWUVGS3R1OFNJZmMvR0N2WkFueGV4bXlObDlvR1BqTUEwRwpDU3FHU0liM0RRRUJDd1VBQTRJQmdRQmd4YkRPYUw4VW9YY2hwVnFJbTVFZXd5cEVtRUhNRDkraHB3RjBneFRICmZPNnphMGdCbkxxRXVnckVyVWx2M0sxZlJ5MWdLMjJHclQ2ZmY4SjFEOU1tb2ZqblB6VzJuR1doWWdqbkxuOVMKZTNCV291bEdtWWdlRkVpZEhWNlpLeHREK2MvTndWa0crU2NsWlBJa056TUo1WUdCSnRVUWpsam93Qnk4dGJhawp1ZHEwVzRNQ3U1eHRqNVMwam9LRFNUenhXM09tOStHOWpXUDQ5cWF0RE5tYXVNN3VPdDAwMEdNQWVEUUpXRnRCCjlQdmREV2VwdTllRmhQVFYwRHBJL21mMWhwLy9BV0c4S21mOVU2QUpMQUZFQVhFcUp6YzdIdGduanRjM0JkQXUKb1dNcUhoUnJpTkc4YmR3VktvRjhtNDdBN0ppcXpTZUU4QnBnNEZGRmJFZjR6aDhGVUxkYkNOMXpEYjNHYW8zcwpkTTBTTi83SGd4WEtMQUdlWUY2c3lyVCs3VjlWRy8zZkVaSkc5SUNaY3dvZjR0d3pCeEs5TGNHSmd2QkpmZmVOCjBtTlkvV3VkcGtoL1ZWWCtJQm5qS0dJa1lxWmxqMExaZEdicnRqcFVpSGNVSE1weTdQRS9YdGJoREZCeENxQmcKRDRnNzNLWTBseHVlN1BRODRpSERpUzA9Ci0tLS0tRU5EIENFUlRJRklDQVRFLS0tLS0K"
              }
            ],
            "master_authorized_networks_config": [],
            "master_version": "1.27.3-gke.100",
            "mesh_certificates": [],
            "min_master_version": null,
            "monitoring_config": [
              {
                "advanced_datapath_observability_config": [
                  {
                    "enable_metrics": false,
                    "relay_mode": "DISABLED"
                  }
                ],
                "enable_components": [
                  "SYSTEM_COMPONENTS"
                ],
                "managed_prometheus": [
                  {
                    "enabled": true
                  }
                ]
              }
            ],
            "monitoring_service": "monitoring.googleapis.com/kubernetes",
            "name": "my-gke-cluster",
            "network": "projects/data-rainfall-396303/global/networks/default",
            "network_policy": [
              {
                "enabled": false,
                "provider": "PROVIDER_UNSPECIFIED"
              }
            ],
            "networking_mode": "VPC_NATIVE",
            "node_config": [],
            "node_locations": [],
            "node_pool": [],
            "node_pool_auto_config": [],
            "node_pool_defaults": [
              {
                "node_config_defaults": [
                  {
                    "logging_variant": "DEFAULT"
                  }
                ]
              }
            ],
            "node_version": "1.27.3-gke.100",
            "notification_config": [
              {
                "pubsub": [
                  {
                    "enabled": false,
                    "filter": [],
                    "topic": ""
                  }
                ]
              }
            ],
            "operation": null,
            "private_cluster_config": [
              {
                "enable_private_endpoint": false,
                "enable_private_nodes": false,
                "master_global_access_config": [
                  {
                    "enabled": false
                  }
                ],
                "master_ipv4_cidr_block": "",
                "peering_name": "",
                "private_endpoint": "10.128.15.202",
                "private_endpoint_subnetwork": "",
                "public_endpoint": "34.135.22.118"
              }
            ],
            "private_ipv6_google_access": "",
            "project": "data-rainfall-396303",
            "release_channel": [
              {
                "channel": "REGULAR"
              }
            ],
            "remove_default_node_pool": true,
            "resource_labels": {},
            "resource_usage_export_config": [],
            "security_posture_config": [
              {
                "mode": "BASIC",
                "vulnerability_mode": "VULNERABILITY_MODE_UNSPECIFIED"
              }
            ],
            "self_link": "https://container.googleapis.com/v1/projects/data-rainfall-396303/zones/us-central1-a/clusters/my-gke-cluster",
            "service_external_ips_config": [
              {
                "enabled": false
              }
            ],
            "services_ipv4_cidr": "10.48.0.0/20",
            "subnetwork": "projects/data-rainfall-396303/regions/us-central1/subnetworks/default",
            "timeouts": null,
            "tpu_ipv4_cidr_block": "",
            "vertical_pod_autoscaling": [],
            "workload_identity_config": []
          },
          "sensitive_attributes": [],
          "private": "eyJlMmJmYjczMC1lY2FhLTExZTYtOGY4OC0zNDM2M2JjN2M0YzAiOnsiY3JlYXRlIjoyNDAwMDAwMDAwMDAwLCJkZWxldGUiOjI0MDAwMDAwMDAwMDAsInJlYWQiOjI0MDAwMDAwMDAwMDAsInVwZGF0ZSI6MzYwMDAwMDAwMDAwMH0sInNjaGVtYV92ZXJzaW9uIjoiMiJ9"
        }
      ]
    }
  ],
  "check_results": null
}
