{
  "version": 4,
  "terraform_version": "1.5.7",
  "serial": 581,
  "lineage": "7e2ba282-a2c1-c31e-8cce-a9152f649500",
  "outputs": {
    "custom": {
      "value": "my-network-tf",
      "type": "string"
    },
    "firewall": {
      "value": "test-firewall",
      "type": "string"
    },
    "instance": {
      "value": "my-instance",
      "type": "string"
    },
    "ip": {
      "value": "10.2.0.0/16",
      "type": "string"
    },
    "peering1": {
      "value": {
        "export_custom_routes": false,
        "export_subnet_routes_with_public_ip": true,
        "id": "vpc-1/peering1-2",
        "import_custom_routes": false,
        "import_subnet_routes_with_public_ip": false,
        "name": "peering1-2",
        "network": "https://www.googleapis.com/compute/v1/projects/data-rainfall-396303/global/networks/vpc-1",
        "peer_network": "https://www.googleapis.com/compute/v1/projects/data-rainfall-396303/global/networks/vpc-2",
        "stack_type": "IPV4_ONLY",
        "state": "ACTIVE",
        "state_details": "[2023-09-25T02:39:38.819-07:00]: Connected.",
        "timeouts": null
      },
      "type": [
        "object",
        {
          "export_custom_routes": "bool",
          "export_subnet_routes_with_public_ip": "bool",
          "id": "string",
          "import_custom_routes": "bool",
          "import_subnet_routes_with_public_ip": "bool",
          "name": "string",
          "network": "string",
          "peer_network": "string",
          "stack_type": "string",
          "state": "string",
          "state_details": "string",
          "timeouts": [
            "object",
            {
              "create": "string",
              "delete": "string",
              "update": "string"
            }
          ]
        }
      ]
    },
    "peering2": {
      "value": {
        "export_custom_routes": false,
        "export_subnet_routes_with_public_ip": true,
        "id": "vpc-2/peering2-1",
        "import_custom_routes": false,
        "import_subnet_routes_with_public_ip": false,
        "name": "peering2-1",
        "network": "https://www.googleapis.com/compute/v1/projects/data-rainfall-396303/global/networks/vpc-2",
        "peer_network": "https://www.googleapis.com/compute/v1/projects/data-rainfall-396303/global/networks/vpc-1",
        "stack_type": "IPV4_ONLY",
        "state": "ACTIVE",
        "state_details": "[2023-09-25T02:39:38.819-07:00]: Connected.",
        "timeouts": null
      },
      "type": [
        "object",
        {
          "export_custom_routes": "bool",
          "export_subnet_routes_with_public_ip": "bool",
          "id": "string",
          "import_custom_routes": "bool",
          "import_subnet_routes_with_public_ip": "bool",
          "name": "string",
          "network": "string",
          "peer_network": "string",
          "stack_type": "string",
          "state": "string",
          "state_details": "string",
          "timeouts": [
            "object",
            {
              "create": "string",
              "delete": "string",
              "update": "string"
            }
          ]
        }
      ]
    },
    "peering3": {
      "value": {
        "export_custom_routes": false,
        "export_subnet_routes_with_public_ip": true,
        "id": "vpc-1/peering3-1",
        "import_custom_routes": false,
        "import_subnet_routes_with_public_ip": false,
        "name": "peering3-1",
        "network": "https://www.googleapis.com/compute/v1/projects/data-rainfall-396303/global/networks/vpc-1",
        "peer_network": "https://www.googleapis.com/compute/v1/projects/data-rainfall-396303/global/networks/vpc-3",
        "stack_type": "IPV4_ONLY",
        "state": "ACTIVE",
        "state_details": "[2023-09-25T02:45:22.913-07:00]: Connected.",
        "timeouts": null
      },
      "type": [
        "object",
        {
          "export_custom_routes": "bool",
          "export_subnet_routes_with_public_ip": "bool",
          "id": "string",
          "import_custom_routes": "bool",
          "import_subnet_routes_with_public_ip": "bool",
          "name": "string",
          "network": "string",
          "peer_network": "string",
          "stack_type": "string",
          "state": "string",
          "state_details": "string",
          "timeouts": [
            "object",
            {
              "create": "string",
              "delete": "string",
              "update": "string"
            }
          ]
        }
      ]
    },
    "peering4": {
      "value": {
        "export_custom_routes": false,
        "export_subnet_routes_with_public_ip": true,
        "id": "vpc-3/peering1-3",
        "import_custom_routes": false,
        "import_subnet_routes_with_public_ip": false,
        "name": "peering1-3",
        "network": "https://www.googleapis.com/compute/v1/projects/data-rainfall-396303/global/networks/vpc-3",
        "peer_network": "https://www.googleapis.com/compute/v1/projects/data-rainfall-396303/global/networks/vpc-1",
        "stack_type": "IPV4_ONLY",
        "state": "ACTIVE",
        "state_details": "[2023-09-25T02:45:22.913-07:00]: Connected.",
        "timeouts": null
      },
      "type": [
        "object",
        {
          "export_custom_routes": "bool",
          "export_subnet_routes_with_public_ip": "bool",
          "id": "string",
          "import_custom_routes": "bool",
          "import_subnet_routes_with_public_ip": "bool",
          "name": "string",
          "network": "string",
          "peer_network": "string",
          "stack_type": "string",
          "state": "string",
          "state_details": "string",
          "timeouts": [
            "object",
            {
              "create": "string",
              "delete": "string",
              "update": "string"
            }
          ]
        }
      ]
    },
    "primary-cluster": {
      "value": "my-gke-cluster",
      "type": "string"
    },
    "primary_preemptible_nodes": {
      "value": 2,
      "type": "number"
    },
    "sa_tf": {
      "value": "projects/data-rainfall-396303/serviceAccounts/tfmanikanta@data-rainfall-396303.iam.gserviceaccount.com",
      "type": "string"
    },
    "static-bucket": {
      "value": "my-gcs-mani",
      "type": "string"
    },
    "subnet": {
      "value": {
        "creation_timestamp": "2023-09-25T01:59:08.537-07:00",
        "description": "",
        "external_ipv6_prefix": "",
        "fingerprint": null,
        "gateway_address": "10.2.0.1",
        "id": "projects/data-rainfall-396303/regions/us-central1/subnetworks/test-subnet",
        "ip_cidr_range": "10.2.0.0/16",
        "ipv6_access_type": "",
        "ipv6_cidr_range": "",
        "log_config": [],
        "name": "test-subnet",
        "network": "https://www.googleapis.com/compute/v1/projects/data-rainfall-396303/global/networks/my-network-tf",
        "private_ip_google_access": false,
        "private_ipv6_google_access": "DISABLE_GOOGLE_ACCESS",
        "project": "data-rainfall-396303",
        "purpose": "PRIVATE",
        "region": "us-central1",
        "role": "",
        "secondary_ip_range": [],
        "self_link": "https://www.googleapis.com/compute/v1/projects/data-rainfall-396303/regions/us-central1/subnetworks/test-subnet",
        "stack_type": "IPV4_ONLY",
        "timeouts": null
      },
      "type": [
        "object",
        {
          "creation_timestamp": "string",
          "description": "string",
          "external_ipv6_prefix": "string",
          "fingerprint": "string",
          "gateway_address": "string",
          "id": "string",
          "ip_cidr_range": "string",
          "ipv6_access_type": "string",
          "ipv6_cidr_range": "string",
          "log_config": [
            "list",
            [
              "object",
              {
                "aggregation_interval": "string",
                "filter_expr": "string",
                "flow_sampling": "number",
                "metadata": "string",
                "metadata_fields": [
                  "set",
                  "string"
                ]
              }
            ]
          ],
          "name": "string",
          "network": "string",
          "private_ip_google_access": "bool",
          "private_ipv6_google_access": "string",
          "project": "string",
          "purpose": "string",
          "region": "string",
          "role": "string",
          "secondary_ip_range": [
            "list",
            [
              "object",
              {
                "ip_cidr_range": "string",
                "range_name": "string"
              }
            ]
          ],
          "self_link": "string",
          "stack_type": "string",
          "timeouts": [
            "object",
            {
              "create": "string",
              "delete": "string",
              "update": "string"
            }
          ]
        }
      ]
    },
    "vpc-1": {
      "value": "vpc-1",
      "type": "string"
    },
    "vpc-2": {
      "value": "vpc-2",
      "type": "string"
    },
    "vpc-3": {
      "value": "vpc-3",
      "type": "string"
    }
  },
  "resources": [
    {
      "mode": "managed",
      "type": "google_compute_firewall",
      "name": "firewall-terra",
      "provider": "provider[\"registry.terraform.io/hashicorp/google\"]",
      "instances": [
        {
          "schema_version": 1,
          "attributes": {
            "allow": [
              {
                "ports": [
                  "80",
                  "8080",
                  "1000-2000",
                  "443"
                ],
                "protocol": "tcp"
              }
            ],
            "creation_timestamp": "2023-09-25T01:59:07.404-07:00",
            "deny": [],
            "description": "",
            "destination_ranges": [],
            "direction": "INGRESS",
            "disabled": false,
            "enable_logging": null,
            "id": "projects/data-rainfall-396303/global/firewalls/test-firewall",
            "log_config": [],
            "name": "test-firewall",
            "network": "https://www.googleapis.com/compute/v1/projects/data-rainfall-396303/global/networks/my-network-tf",
            "priority": 1000,
            "project": "data-rainfall-396303",
            "self_link": "https://www.googleapis.com/compute/v1/projects/data-rainfall-396303/global/firewalls/test-firewall",
            "source_ranges": [],
            "source_service_accounts": [],
            "source_tags": [
              "web"
            ],
            "target_service_accounts": [],
            "target_tags": [],
            "timeouts": null
          },
          "sensitive_attributes": [],
          "private": "eyJlMmJmYjczMC1lY2FhLTExZTYtOGY4OC0zNDM2M2JjN2M0YzAiOnsiY3JlYXRlIjoxMjAwMDAwMDAwMDAwLCJkZWxldGUiOjEyMDAwMDAwMDAwMDAsInVwZGF0ZSI6MTIwMDAwMDAwMDAwMH0sInNjaGVtYV92ZXJzaW9uIjoiMSJ9",
          "dependencies": [
            "google_compute_network.custom-vpc-tf"
          ]
        }
      ]
    },
    {
      "mode": "managed",
      "type": "google_compute_instance",
      "name": "instance_terra",
      "provider": "provider[\"registry.terraform.io/hashicorp/google\"]",
      "instances": [
        {
          "schema_version": 6,
          "attributes": {
            "advanced_machine_features": [],
            "allow_stopping_for_update": null,
            "attached_disk": [],
            "boot_disk": [
              {
                "auto_delete": true,
                "device_name": "persistent-disk-0",
                "disk_encryption_key_raw": "",
                "disk_encryption_key_sha256": "",
                "initialize_params": [
                  {
                    "image": "https://www.googleapis.com/compute/v1/projects/debian-cloud/global/images/debian-11-bullseye-v20220719",
                    "labels": {},
                    "resource_manager_tags": {},
                    "size": 10,
                    "type": "pd-standard"
                  }
                ],
                "kms_key_self_link": "",
                "mode": "READ_WRITE",
                "source": "https://www.googleapis.com/compute/v1/projects/data-rainfall-396303/zones/us-central1-a/disks/my-instance"
              }
            ],
            "can_ip_forward": false,
            "confidential_instance_config": [],
            "cpu_platform": "Intel Broadwell",
            "current_status": "RUNNING",
            "deletion_protection": false,
            "description": "",
            "desired_status": null,
            "enable_display": false,
            "guest_accelerator": [],
            "hostname": "",
            "id": "projects/data-rainfall-396303/zones/us-central1-a/instances/my-instance",
            "instance_id": "4537768307268056322",
            "label_fingerprint": "42WmSpB8rSM=",
            "labels": {},
            "machine_type": "e2-medium",
            "metadata": {},
            "metadata_fingerprint": "EoS5gsv0LzU=",
            "metadata_startup_script": null,
            "min_cpu_platform": "",
            "name": "my-instance",
            "network_interface": [
              {
                "access_config": [
                  {
                    "nat_ip": "34.27.248.207",
                    "network_tier": "PREMIUM",
                    "public_ptr_domain_name": ""
                  }
                ],
                "alias_ip_range": [],
                "internal_ipv6_prefix_length": 0,
                "ipv6_access_config": [],
                "ipv6_access_type": "",
                "ipv6_address": "",
                "name": "nic0",
                "network": "https://www.googleapis.com/compute/v1/projects/data-rainfall-396303/global/networks/my-network-tf",
                "network_ip": "10.2.0.2",
                "nic_type": "",
                "queue_count": 0,
                "stack_type": "IPV4_ONLY",
                "subnetwork": "https://www.googleapis.com/compute/v1/projects/data-rainfall-396303/regions/us-central1/subnetworks/test-subnet",
                "subnetwork_project": "data-rainfall-396303"
              }
            ],
            "network_performance_config": [],
            "params": [],
            "project": "data-rainfall-396303",
            "reservation_affinity": [],
            "resource_policies": [],
            "scheduling": [
              {
                "automatic_restart": true,
                "instance_termination_action": "",
                "local_ssd_recovery_timeout": [],
                "min_node_cpus": 0,
                "node_affinities": [],
                "on_host_maintenance": "MIGRATE",
                "preemptible": false,
                "provisioning_model": "STANDARD"
              }
            ],
            "scratch_disk": [],
            "self_link": "https://www.googleapis.com/compute/v1/projects/data-rainfall-396303/zones/us-central1-a/instances/my-instance",
            "service_account": [],
            "shielded_instance_config": [
              {
                "enable_integrity_monitoring": true,
                "enable_secure_boot": false,
                "enable_vtpm": true
              }
            ],
            "tags": [],
            "tags_fingerprint": "42WmSpB8rSM=",
            "timeouts": null,
            "zone": "us-central1-a"
          },
          "sensitive_attributes": [],
          "private": "eyJlMmJmYjczMC1lY2FhLTExZTYtOGY4OC0zNDM2M2JjN2M0YzAiOnsiY3JlYXRlIjoxMjAwMDAwMDAwMDAwLCJkZWxldGUiOjEyMDAwMDAwMDAwMDAsInVwZGF0ZSI6MTIwMDAwMDAwMDAwMH0sInNjaGVtYV92ZXJzaW9uIjoiNiJ9",
          "dependencies": [
            "google_compute_network.custom-vpc-tf",
            "google_compute_subnetwork.subnet-tf"
          ]
        }
      ]
    },
    {
      "mode": "managed",
      "type": "google_compute_network",
      "name": "custom-vpc-tf",
      "provider": "provider[\"registry.terraform.io/hashicorp/google\"]",
      "instances": [
        {
          "schema_version": 0,
          "attributes": {
            "auto_create_subnetworks": false,
            "delete_default_routes_on_create": false,
            "description": "",
            "enable_ula_internal_ipv6": false,
            "gateway_ipv4": "",
            "id": "projects/data-rainfall-396303/global/networks/my-network-tf",
            "internal_ipv6_range": "",
            "mtu": 0,
            "name": "my-network-tf",
            "network_firewall_policy_enforcement_order": "AFTER_CLASSIC_FIREWALL",
            "project": "data-rainfall-396303",
            "routing_mode": "REGIONAL",
            "self_link": "https://www.googleapis.com/compute/v1/projects/data-rainfall-396303/global/networks/my-network-tf",
            "timeouts": null
          },
          "sensitive_attributes": [],
          "private": "eyJlMmJmYjczMC1lY2FhLTExZTYtOGY4OC0zNDM2M2JjN2M0YzAiOnsiY3JlYXRlIjoxMjAwMDAwMDAwMDAwLCJkZWxldGUiOjEyMDAwMDAwMDAwMDAsInVwZGF0ZSI6MTIwMDAwMDAwMDAwMH19"
        }
      ]
    },
    {
      "mode": "managed",
      "type": "google_compute_network",
      "name": "vpc-1",
      "provider": "provider[\"registry.terraform.io/hashicorp/google\"]",
      "instances": [
        {
          "schema_version": 0,
          "attributes": {
            "auto_create_subnetworks": false,
            "delete_default_routes_on_create": false,
            "description": "",
            "enable_ula_internal_ipv6": false,
            "gateway_ipv4": "",
            "id": "projects/data-rainfall-396303/global/networks/vpc-1",
            "internal_ipv6_range": "",
            "mtu": 0,
            "name": "vpc-1",
            "network_firewall_policy_enforcement_order": "AFTER_CLASSIC_FIREWALL",
            "project": "data-rainfall-396303",
            "routing_mode": "REGIONAL",
            "self_link": "https://www.googleapis.com/compute/v1/projects/data-rainfall-396303/global/networks/vpc-1",
            "timeouts": null
          },
          "sensitive_attributes": [],
          "private": "eyJlMmJmYjczMC1lY2FhLTExZTYtOGY4OC0zNDM2M2JjN2M0YzAiOnsiY3JlYXRlIjoxMjAwMDAwMDAwMDAwLCJkZWxldGUiOjEyMDAwMDAwMDAwMDAsInVwZGF0ZSI6MTIwMDAwMDAwMDAwMH19"
        }
      ]
    },
    {
      "mode": "managed",
      "type": "google_compute_network",
      "name": "vpc-2",
      "provider": "provider[\"registry.terraform.io/hashicorp/google\"]",
      "instances": [
        {
          "schema_version": 0,
          "attributes": {
            "auto_create_subnetworks": false,
            "delete_default_routes_on_create": false,
            "description": "",
            "enable_ula_internal_ipv6": false,
            "gateway_ipv4": "",
            "id": "projects/data-rainfall-396303/global/networks/vpc-2",
            "internal_ipv6_range": "",
            "mtu": 0,
            "name": "vpc-2",
            "network_firewall_policy_enforcement_order": "AFTER_CLASSIC_FIREWALL",
            "project": "data-rainfall-396303",
            "routing_mode": "REGIONAL",
            "self_link": "https://www.googleapis.com/compute/v1/projects/data-rainfall-396303/global/networks/vpc-2",
            "timeouts": null
          },
          "sensitive_attributes": [],
          "private": "eyJlMmJmYjczMC1lY2FhLTExZTYtOGY4OC0zNDM2M2JjN2M0YzAiOnsiY3JlYXRlIjoxMjAwMDAwMDAwMDAwLCJkZWxldGUiOjEyMDAwMDAwMDAwMDAsInVwZGF0ZSI6MTIwMDAwMDAwMDAwMH19"
        }
      ]
    },
    {
      "mode": "managed",
      "type": "google_compute_network",
      "name": "vpc-3",
      "provider": "provider[\"registry.terraform.io/hashicorp/google\"]",
      "instances": [
        {
          "schema_version": 0,
          "attributes": {
            "auto_create_subnetworks": false,
            "delete_default_routes_on_create": false,
            "description": "",
            "enable_ula_internal_ipv6": false,
            "gateway_ipv4": "",
            "id": "projects/data-rainfall-396303/global/networks/vpc-3",
            "internal_ipv6_range": "",
            "mtu": 0,
            "name": "vpc-3",
            "network_firewall_policy_enforcement_order": "AFTER_CLASSIC_FIREWALL",
            "project": "data-rainfall-396303",
            "routing_mode": "REGIONAL",
            "self_link": "https://www.googleapis.com/compute/v1/projects/data-rainfall-396303/global/networks/vpc-3",
            "timeouts": null
          },
          "sensitive_attributes": [],
          "private": "eyJlMmJmYjczMC1lY2FhLTExZTYtOGY4OC0zNDM2M2JjN2M0YzAiOnsiY3JlYXRlIjoxMjAwMDAwMDAwMDAwLCJkZWxldGUiOjEyMDAwMDAwMDAwMDAsInVwZGF0ZSI6MTIwMDAwMDAwMDAwMH19"
        }
      ]
    },
    {
      "mode": "managed",
      "type": "google_compute_network_peering",
      "name": "peering1",
      "provider": "provider[\"registry.terraform.io/hashicorp/google\"]",
      "instances": [
        {
          "schema_version": 0,
          "attributes": {
            "export_custom_routes": false,
            "export_subnet_routes_with_public_ip": true,
            "id": "vpc-1/peering1-2",
            "import_custom_routes": false,
            "import_subnet_routes_with_public_ip": false,
            "name": "peering1-2",
            "network": "https://www.googleapis.com/compute/v1/projects/data-rainfall-396303/global/networks/vpc-1",
            "peer_network": "https://www.googleapis.com/compute/v1/projects/data-rainfall-396303/global/networks/vpc-2",
            "stack_type": "IPV4_ONLY",
            "state": "ACTIVE",
            "state_details": "[2023-09-25T02:39:38.819-07:00]: Connected.",
            "timeouts": null
          },
          "sensitive_attributes": [],
          "private": "eyJlMmJmYjczMC1lY2FhLTExZTYtOGY4OC0zNDM2M2JjN2M0YzAiOnsiY3JlYXRlIjoyNDAwMDAwMDAwMDAsImRlbGV0ZSI6MjQwMDAwMDAwMDAwLCJ1cGRhdGUiOjI0MDAwMDAwMDAwMH19",
          "dependencies": [
            "google_compute_network.vpc-1",
            "google_compute_network.vpc-2"
          ]
        }
      ]
    },
    {
      "mode": "managed",
      "type": "google_compute_network_peering",
      "name": "peering2",
      "provider": "provider[\"registry.terraform.io/hashicorp/google\"]",
      "instances": [
        {
          "schema_version": 0,
          "attributes": {
            "export_custom_routes": false,
            "export_subnet_routes_with_public_ip": true,
            "id": "vpc-2/peering2-1",
            "import_custom_routes": false,
            "import_subnet_routes_with_public_ip": false,
            "name": "peering2-1",
            "network": "https://www.googleapis.com/compute/v1/projects/data-rainfall-396303/global/networks/vpc-2",
            "peer_network": "https://www.googleapis.com/compute/v1/projects/data-rainfall-396303/global/networks/vpc-1",
            "stack_type": "IPV4_ONLY",
            "state": "ACTIVE",
            "state_details": "[2023-09-25T02:39:38.819-07:00]: Connected.",
            "timeouts": null
          },
          "sensitive_attributes": [],
          "private": "eyJlMmJmYjczMC1lY2FhLTExZTYtOGY4OC0zNDM2M2JjN2M0YzAiOnsiY3JlYXRlIjoyNDAwMDAwMDAwMDAsImRlbGV0ZSI6MjQwMDAwMDAwMDAwLCJ1cGRhdGUiOjI0MDAwMDAwMDAwMH19",
          "dependencies": [
            "google_compute_network.vpc-1",
            "google_compute_network.vpc-2"
          ]
        }
      ]
    },
    {
      "mode": "managed",
      "type": "google_compute_network_peering",
      "name": "peering3",
      "provider": "provider[\"registry.terraform.io/hashicorp/google\"]",
      "instances": [
        {
          "schema_version": 0,
          "attributes": {
            "export_custom_routes": false,
            "export_subnet_routes_with_public_ip": true,
            "id": "vpc-1/peering3-1",
            "import_custom_routes": false,
            "import_subnet_routes_with_public_ip": false,
            "name": "peering3-1",
            "network": "https://www.googleapis.com/compute/v1/projects/data-rainfall-396303/global/networks/vpc-1",
            "peer_network": "https://www.googleapis.com/compute/v1/projects/data-rainfall-396303/global/networks/vpc-3",
            "stack_type": "IPV4_ONLY",
            "state": "ACTIVE",
            "state_details": "[2023-09-25T02:45:22.913-07:00]: Connected.",
            "timeouts": null
          },
          "sensitive_attributes": [],
          "private": "eyJlMmJmYjczMC1lY2FhLTExZTYtOGY4OC0zNDM2M2JjN2M0YzAiOnsiY3JlYXRlIjoyNDAwMDAwMDAwMDAsImRlbGV0ZSI6MjQwMDAwMDAwMDAwLCJ1cGRhdGUiOjI0MDAwMDAwMDAwMH19",
          "dependencies": [
            "google_compute_network.vpc-1",
            "google_compute_network.vpc-3"
          ]
        }
      ]
    },
    {
      "mode": "managed",
      "type": "google_compute_network_peering",
      "name": "peering4",
      "provider": "provider[\"registry.terraform.io/hashicorp/google\"]",
      "instances": [
        {
          "schema_version": 0,
          "attributes": {
            "export_custom_routes": false,
            "export_subnet_routes_with_public_ip": true,
            "id": "vpc-3/peering1-3",
            "import_custom_routes": false,
            "import_subnet_routes_with_public_ip": false,
            "name": "peering1-3",
            "network": "https://www.googleapis.com/compute/v1/projects/data-rainfall-396303/global/networks/vpc-3",
            "peer_network": "https://www.googleapis.com/compute/v1/projects/data-rainfall-396303/global/networks/vpc-1",
            "stack_type": "IPV4_ONLY",
            "state": "ACTIVE",
            "state_details": "[2023-09-25T02:45:22.913-07:00]: Connected.",
            "timeouts": null
          },
          "sensitive_attributes": [],
          "private": "eyJlMmJmYjczMC1lY2FhLTExZTYtOGY4OC0zNDM2M2JjN2M0YzAiOnsiY3JlYXRlIjoyNDAwMDAwMDAwMDAsImRlbGV0ZSI6MjQwMDAwMDAwMDAwLCJ1cGRhdGUiOjI0MDAwMDAwMDAwMH19",
          "dependencies": [
            "google_compute_network.vpc-1",
            "google_compute_network.vpc-3"
          ]
        }
      ]
    },
    {
      "mode": "managed",
      "type": "google_compute_subnetwork",
      "name": "subnet-tf",
      "provider": "provider[\"registry.terraform.io/hashicorp/google\"]",
      "instances": [
        {
          "schema_version": 0,
          "attributes": {
            "creation_timestamp": "2023-09-25T01:59:08.537-07:00",
            "description": "",
            "external_ipv6_prefix": "",
            "fingerprint": null,
            "gateway_address": "10.2.0.1",
            "id": "projects/data-rainfall-396303/regions/us-central1/subnetworks/test-subnet",
            "ip_cidr_range": "10.2.0.0/16",
            "ipv6_access_type": "",
            "ipv6_cidr_range": "",
            "log_config": [],
            "name": "test-subnet",
            "network": "https://www.googleapis.com/compute/v1/projects/data-rainfall-396303/global/networks/my-network-tf",
            "private_ip_google_access": false,
            "private_ipv6_google_access": "DISABLE_GOOGLE_ACCESS",
            "project": "data-rainfall-396303",
            "purpose": "PRIVATE",
            "region": "us-central1",
            "role": "",
            "secondary_ip_range": [],
            "self_link": "https://www.googleapis.com/compute/v1/projects/data-rainfall-396303/regions/us-central1/subnetworks/test-subnet",
            "stack_type": "IPV4_ONLY",
            "timeouts": null
          },
          "sensitive_attributes": [],
          "private": "eyJlMmJmYjczMC1lY2FhLTExZTYtOGY4OC0zNDM2M2JjN2M0YzAiOnsiY3JlYXRlIjoxMjAwMDAwMDAwMDAwLCJkZWxldGUiOjEyMDAwMDAwMDAwMDAsInVwZGF0ZSI6MTIwMDAwMDAwMDAwMH19",
          "dependencies": [
            "google_compute_network.custom-vpc-tf"
          ]
        }
      ]
    },
    {
      "mode": "managed",
      "type": "google_container_cluster",
      "name": "primary-cluster",
      "provider": "provider[\"registry.terraform.io/hashicorp/google\"]",
      "instances": [
        {
          "schema_version": 1,
          "attributes": {
            "addons_config": [
              {
                "cloudrun_config": [],
                "config_connector_config": [],
                "dns_cache_config": [],
                "gce_persistent_disk_csi_driver_config": [
                  {
                    "enabled": true
                  }
                ],
                "gcp_filestore_csi_driver_config": [],
                "gcs_fuse_csi_driver_config": [],
                "gke_backup_agent_config": [],
                "horizontal_pod_autoscaling": [],
                "http_load_balancing": [],
                "network_policy_config": [
                  {
                    "disabled": true
                  }
                ]
              }
            ],
            "allow_net_admin": null,
            "authenticator_groups_config": [],
            "binary_authorization": [
              {
                "enabled": false,
                "evaluation_mode": ""
              }
            ],
            "cluster_autoscaling": [
              {
                "auto_provisioning_defaults": [],
                "enabled": false,
                "resource_limits": []
              }
            ],
            "cluster_ipv4_cidr": "10.0.0.0/14",
            "confidential_nodes": [],
            "cost_management_config": [],
            "database_encryption": [
              {
                "key_name": "",
                "state": "DECRYPTED"
              }
            ],
            "datapath_provider": "",
            "default_max_pods_per_node": null,
            "default_snat_status": [
              {
                "disabled": false
              }
            ],
            "description": "",
            "dns_config": [],
            "enable_autopilot": false,
            "enable_binary_authorization": false,
            "enable_intranode_visibility": false,
            "enable_k8s_beta_apis": [],
            "enable_kubernetes_alpha": false,
            "enable_l4_ilb_subsetting": false,
            "enable_legacy_abac": false,
            "enable_shielded_nodes": true,
            "enable_tpu": false,
            "endpoint": "34.31.81.36",
            "gateway_api_config": [],
            "id": "projects/data-rainfall-396303/locations/us-central1-a/clusters/my-gke-cluster",
            "initial_node_count": 2,
            "ip_allocation_policy": [],
            "label_fingerprint": "a9dc16a7",
            "location": "us-central1-a",
            "logging_config": [
              {
                "enable_components": [
                  "SYSTEM_COMPONENTS",
                  "WORKLOADS"
                ]
              }
            ],
            "logging_service": "logging.googleapis.com/kubernetes",
            "maintenance_policy": [],
            "master_auth": [
              {
                "client_certificate": "",
                "client_certificate_config": [
                  {
                    "issue_client_certificate": false
                  }
                ],
                "client_key": "",
                "cluster_ca_certificate": "LS0tLS1CRUdJTiBDRVJUSUZJQ0FURS0tLS0tCk1JSUVMRENDQXBTZ0F3SUJBZ0lRVllaTW5YWnRGMWVBZE9Rdy9KVEIyekFOQmdrcWhraUc5dzBCQVFzRkFEQXYKTVMwd0t3WURWUVFERXlSbU1USXlOekprWlMxa09ESmpMVFEzWkRNdE9HSTFaaTFtTlRsbU9UazVOalkyTUdFdwpJQmNOTWpNd09USTFNRGMxT0RRMldoZ1BNakExTXpBNU1UY3dPRFU0TkRaYU1DOHhMVEFyQmdOVkJBTVRKR1l4Ck1qSTNNbVJsTFdRNE1tTXRORGRrTXkwNFlqVm1MV1kxT1dZNU9UazJOall3WVRDQ0FhSXdEUVlKS29aSWh2Y04KQVFFQkJRQURnZ0dQQURDQ0FZb0NnZ0dCQUxOVk1uVDZRWXFlbUN0TFpwMlJRTjdISTJoK240MEZYYUhaeXgzVQphNHoySHRXU3RkV0wxZVpQRVUxNi9UQjhyS0xNN2h6anh6eWppNjBmZHJqYm11NXRNejNCZ1RYZ0ZFczJkVFhmCmg0YitoSk5DOHJkT3FEak5sVTNnZnlmRWsveC9ZMlg0T25tR1krcHBTY2hBeUVtaEFVRE9BQ25SNG95THZ2VWQKVjN5Z0lCMW9QR0dFRytkWlY4THdPQ3hKNUtrNldPYVV4Sm0weWNhVkdTdURtQ3E3TkEreHhjK2hONmIxUGhROQpoZDh6SWlmMm01UlNwMkU5WTNwSkUrYktLMlBqUmwyTGpjWWxwQTMvNVhETjdWL2xOSmJNYXVnTXJiU0V6VjNwCmF1UjkvQzlvUHdQSm1YNThDY09BYnpUVkdqVnpid2ZDS3R3M05UTERLUU1NT0haUEwrOEtvbERSQmM1bldUOXIKc2l1R09ybjNhd056VHpLMDA5b2JUSXlKWWdRVmRpdndTYml0dnFXOXRMdWdnMEhJa085ejJDRkVCLyszcjJVQwpKUElBLzJtNU9VTEErUjFlcUdxN2U4Z0ZqQ1NVNk9oRzB4Wm0rQTlSckxtTUZZSWpaL25TWFArWis1Rm53emg1ClZBVlpOb2IvUGpCL2VJSjJLNHRpMXRCM3V3SURBUUFCbzBJd1FEQU9CZ05WSFE4QkFmOEVCQU1DQWdRd0R3WUQKVlIwVEFRSC9CQVV3QXdFQi96QWRCZ05WSFE0RUZnUVVPZHQvQTU0UzdHaUh1OWsyaU9IUGhtT25jWlV3RFFZSgpLb1pJaHZjTkFRRUxCUUFEZ2dHQkFGb0U3Tys1SmRXZnMybnhYSE9aZHdzOXhPVnlqYjNmN0xmRjhYeXZSejd0CmhSQmVXcFhmTGlaU2s1eVJaTUJ3YzJlVFBOK3hvbG1pdnJxN3BBc1IvUzdhNUQwaFFUcXk3MzBRWjV5OC9aN0MKTTRZTmJRM25tSzhUdGxxQnZhcHNhZmdzNHVIVFNJTjZUVFpyRjRueWlHQ3d6RFUwL3hrelc5Y1ltVzVZY2dNTApaSkpYb0s4bXNPSlM2dFRWeFhFdDJpOTROd3FyeHJEcnBSQ2N5NjBNV0VoNENDQndhSFZxUFJPaUh6dXZzbFdaCkI2NWlDZXUrOWpOU1I2S0Q4cXZrRG9YQWRUZVdyeG1INEtTa0lYSE0zS0FTeW1hSW1TMjBndW5PV0hlMXpOeXMKMS9qN3NGNnhrODg5cnRpSS9ic0k5bU56cWFoenBaQ3RDS0dNL1hwR1l5ZUhyMnVDMU1TaGxONmFjTjMreFlELwpZMTNseFJtOWdXU0pUc05FdnRvUTlncm9UWUpjT2Q3T1RVYzlvaWw2NkliQU50S2lWcEdNSExha3MvZlVQbWpqCkM1Z1J2M25FZlMycVBhVFJYUzB2UWM2TDZObERkNFhhNm1VWlNtSGx5bUxVSHA5cllpcDNYOC96R2c3QmlPSzYKQnVVWVhZTEVMcWlYMG0rTE0zQ0pSQT09Ci0tLS0tRU5EIENFUlRJRklDQVRFLS0tLS0K"
              }
            ],
            "master_authorized_networks_config": [],
            "master_version": "1.27.3-gke.100",
            "mesh_certificates": [],
            "min_master_version": null,
            "monitoring_config": [
              {
                "advanced_datapath_observability_config": [
                  {
                    "enable_metrics": false,
                    "relay_mode": "DISABLED"
                  }
                ],
                "enable_components": [
                  "SYSTEM_COMPONENTS"
                ],
                "managed_prometheus": [
                  {
                    "enabled": true
                  }
                ]
              }
            ],
            "monitoring_service": "monitoring.googleapis.com/kubernetes",
            "name": "my-gke-cluster",
            "network": "projects/data-rainfall-396303/global/networks/default",
            "network_policy": [
              {
                "enabled": false,
                "provider": "PROVIDER_UNSPECIFIED"
              }
            ],
            "networking_mode": "ROUTES",
            "node_config": [
              {
                "advanced_machine_features": [],
                "boot_disk_kms_key": "",
                "confidential_nodes": [],
                "disk_size_gb": 100,
                "disk_type": "pd-balanced",
                "ephemeral_storage_local_ssd_config": [],
                "gcfs_config": [],
                "guest_accelerator": [],
                "gvnic": [],
                "host_maintenance_policy": [],
                "image_type": "COS_CONTAINERD",
                "kubelet_config": [],
                "labels": {},
                "linux_node_config": [],
                "local_nvme_ssd_block_config": [],
                "local_ssd_count": 0,
                "logging_variant": "DEFAULT",
                "machine_type": "e2-medium",
                "metadata": {
                  "disable-legacy-endpoints": "true"
                },
                "min_cpu_platform": "",
                "node_group": "",
                "oauth_scopes": [
                  "https://www.googleapis.com/auth/cloud-platform"
                ],
                "preemptible": true,
                "reservation_affinity": [],
                "resource_labels": {},
                "service_account": "tfmanikanta@data-rainfall-396303.iam.gserviceaccount.com",
                "shielded_instance_config": [
                  {
                    "enable_integrity_monitoring": true,
                    "enable_secure_boot": false
                  }
                ],
                "sole_tenant_config": [],
                "spot": false,
                "tags": [],
                "taint": [],
                "workload_metadata_config": []
              }
            ],
            "node_locations": [],
            "node_pool": [
              {
                "autoscaling": [],
                "initial_node_count": 2,
                "instance_group_urls": [
                  "https://www.googleapis.com/compute/v1/projects/data-rainfall-396303/zones/us-central1-a/instanceGroupManagers/gke-my-gke-cluster-my-node-pool-4c42a6b6-grp"
                ],
                "managed_instance_group_urls": [
                  "https://www.googleapis.com/compute/v1/projects/data-rainfall-396303/zones/us-central1-a/instanceGroups/gke-my-gke-cluster-my-node-pool-4c42a6b6-grp"
                ],
                "management": [
                  {
                    "auto_repair": true,
                    "auto_upgrade": true
                  }
                ],
                "max_pods_per_node": 0,
                "name": "my-node-pool",
                "name_prefix": "",
                "network_config": [
                  {
                    "create_pod_range": false,
                    "enable_private_nodes": false,
                    "pod_cidr_overprovision_config": [],
                    "pod_ipv4_cidr_block": "",
                    "pod_range": ""
                  }
                ],
                "node_config": [
                  {
                    "advanced_machine_features": [],
                    "boot_disk_kms_key": "",
                    "confidential_nodes": [],
                    "disk_size_gb": 100,
                    "disk_type": "pd-balanced",
                    "ephemeral_storage_local_ssd_config": [],
                    "gcfs_config": [],
                    "guest_accelerator": [],
                    "gvnic": [],
                    "host_maintenance_policy": [],
                    "image_type": "COS_CONTAINERD",
                    "kubelet_config": [],
                    "labels": {},
                    "linux_node_config": [],
                    "local_nvme_ssd_block_config": [],
                    "local_ssd_count": 0,
                    "logging_variant": "DEFAULT",
                    "machine_type": "e2-medium",
                    "metadata": {
                      "disable-legacy-endpoints": "true"
                    },
                    "min_cpu_platform": "",
                    "node_group": "",
                    "oauth_scopes": [
                      "https://www.googleapis.com/auth/cloud-platform"
                    ],
                    "preemptible": true,
                    "reservation_affinity": [],
                    "resource_labels": {},
                    "service_account": "tfmanikanta@data-rainfall-396303.iam.gserviceaccount.com",
                    "shielded_instance_config": [
                      {
                        "enable_integrity_monitoring": true,
                        "enable_secure_boot": false
                      }
                    ],
                    "sole_tenant_config": [],
                    "spot": false,
                    "tags": [],
                    "taint": [],
                    "workload_metadata_config": []
                  }
                ],
                "node_count": 2,
                "node_locations": [
                  "us-central1-a"
                ],
                "placement_policy": [],
                "upgrade_settings": [
                  {
                    "blue_green_settings": [],
                    "max_surge": 1,
                    "max_unavailable": 0,
                    "strategy": "SURGE"
                  }
                ],
                "version": "1.27.3-gke.100"
              }
            ],
            "node_pool_defaults": [
              {
                "node_config_defaults": [
                  {
                    "logging_variant": "DEFAULT"
                  }
                ]
              }
            ],
            "node_version": "1.27.3-gke.100",
            "notification_config": [
              {
                "pubsub": [
                  {
                    "enabled": false,
                    "filter": [],
                    "topic": ""
                  }
                ]
              }
            ],
            "operation": null,
            "private_cluster_config": [
              {
                "enable_private_endpoint": false,
                "enable_private_nodes": false,
                "master_global_access_config": [
                  {
                    "enabled": false
                  }
                ],
                "master_ipv4_cidr_block": "",
                "peering_name": "",
                "private_endpoint": "10.128.0.26",
                "private_endpoint_subnetwork": "",
                "public_endpoint": "34.31.81.36"
              }
            ],
            "private_ipv6_google_access": "",
            "project": "data-rainfall-396303",
            "release_channel": [
              {
                "channel": "REGULAR"
              }
            ],
            "remove_default_node_pool": true,
            "resource_labels": {},
            "resource_usage_export_config": [],
            "security_posture_config": [
              {
                "mode": "BASIC",
                "vulnerability_mode": "VULNERABILITY_MODE_UNSPECIFIED"
              }
            ],
            "self_link": "https://container.googleapis.com/v1/projects/data-rainfall-396303/zones/us-central1-a/clusters/my-gke-cluster",
            "service_external_ips_config": [
              {
                "enabled": false
              }
            ],
            "services_ipv4_cidr": "10.3.240.0/20",
            "subnetwork": "projects/data-rainfall-396303/regions/us-central1/subnetworks/default",
            "timeouts": null,
            "tpu_ipv4_cidr_block": "",
            "vertical_pod_autoscaling": [],
            "workload_identity_config": []
          },
          "sensitive_attributes": [],
          "private": "eyJlMmJmYjczMC1lY2FhLTExZTYtOGY4OC0zNDM2M2JjN2M0YzAiOnsiY3JlYXRlIjoyNDAwMDAwMDAwMDAwLCJkZWxldGUiOjI0MDAwMDAwMDAwMDAsInJlYWQiOjI0MDAwMDAwMDAwMDAsInVwZGF0ZSI6MzYwMDAwMDAwMDAwMH0sInNjaGVtYV92ZXJzaW9uIjoiMSJ9"
        }
      ]
    },
    {
      "mode": "managed",
      "type": "google_container_node_pool",
      "name": "primary_preemptible_nodes",
      "provider": "provider[\"registry.terraform.io/hashicorp/google\"]",
      "instances": [
        {
          "schema_version": 1,
          "attributes": {
            "autoscaling": [],
            "cluster": "my-gke-cluster",
            "id": "projects/data-rainfall-396303/locations/us-central1-a/clusters/my-gke-cluster/nodePools/my-node-pool",
            "initial_node_count": 2,
            "instance_group_urls": [
              "https://www.googleapis.com/compute/v1/projects/data-rainfall-396303/zones/us-central1-a/instanceGroupManagers/gke-my-gke-cluster-my-node-pool-4c42a6b6-grp"
            ],
            "location": "us-central1-a",
            "managed_instance_group_urls": [
              "https://www.googleapis.com/compute/v1/projects/data-rainfall-396303/zones/us-central1-a/instanceGroups/gke-my-gke-cluster-my-node-pool-4c42a6b6-grp"
            ],
            "management": [
              {
                "auto_repair": true,
                "auto_upgrade": true
              }
            ],
            "max_pods_per_node": null,
            "name": "my-node-pool",
            "name_prefix": "",
            "network_config": [
              {
                "create_pod_range": false,
                "enable_private_nodes": false,
                "pod_cidr_overprovision_config": [],
                "pod_ipv4_cidr_block": "",
                "pod_range": ""
              }
            ],
            "node_config": [
              {
                "advanced_machine_features": [],
                "boot_disk_kms_key": "",
                "confidential_nodes": [],
                "disk_size_gb": 100,
                "disk_type": "pd-balanced",
                "ephemeral_storage_local_ssd_config": [],
                "gcfs_config": [],
                "guest_accelerator": [],
                "gvnic": [],
                "host_maintenance_policy": [],
                "image_type": "COS_CONTAINERD",
                "kubelet_config": [],
                "labels": {},
                "linux_node_config": [],
                "local_nvme_ssd_block_config": [],
                "local_ssd_count": 0,
                "logging_variant": "DEFAULT",
                "machine_type": "e2-medium",
                "metadata": {
                  "disable-legacy-endpoints": "true"
                },
                "min_cpu_platform": "",
                "node_group": "",
                "oauth_scopes": [
                  "https://www.googleapis.com/auth/cloud-platform"
                ],
                "preemptible": true,
                "reservation_affinity": [],
                "resource_labels": {},
                "service_account": "tfmanikanta@data-rainfall-396303.iam.gserviceaccount.com",
                "shielded_instance_config": [
                  {
                    "enable_integrity_monitoring": true,
                    "enable_secure_boot": false
                  }
                ],
                "sole_tenant_config": [],
                "spot": false,
                "tags": [],
                "taint": [],
                "workload_metadata_config": []
              }
            ],
            "node_count": 2,
            "node_locations": [
              "us-central1-a"
            ],
            "operation": null,
            "placement_policy": [],
            "project": "data-rainfall-396303",
            "timeouts": null,
            "upgrade_settings": [
              {
                "blue_green_settings": [],
                "max_surge": 1,
                "max_unavailable": 0,
                "strategy": "SURGE"
              }
            ],
            "version": "1.27.3-gke.100"
          },
          "sensitive_attributes": [],
          "private": "eyJlMmJmYjczMC1lY2FhLTExZTYtOGY4OC0zNDM2M2JjN2M0YzAiOnsiY3JlYXRlIjoxODAwMDAwMDAwMDAwLCJkZWxldGUiOjE4MDAwMDAwMDAwMDAsInVwZGF0ZSI6MTgwMDAwMDAwMDAwMH0sInNjaGVtYV92ZXJzaW9uIjoiMSJ9",
          "dependencies": [
            "google_container_cluster.primary-cluster",
            "google_service_account.sa_tf"
          ]
        }
      ]
    },
    {
      "mode": "managed",
      "type": "google_service_account",
      "name": "sa_tf",
      "provider": "provider[\"registry.terraform.io/hashicorp/google\"]",
      "instances": [
        {
          "schema_version": 0,
          "attributes": {
            "account_id": "tfmanikanta",
            "description": "",
            "disabled": false,
            "display_name": "service-tf",
            "email": "tfmanikanta@data-rainfall-396303.iam.gserviceaccount.com",
            "id": "projects/data-rainfall-396303/serviceAccounts/tfmanikanta@data-rainfall-396303.iam.gserviceaccount.com",
            "member": "serviceAccount:tfmanikanta@data-rainfall-396303.iam.gserviceaccount.com",
            "name": "projects/data-rainfall-396303/serviceAccounts/tfmanikanta@data-rainfall-396303.iam.gserviceaccount.com",
            "project": "data-rainfall-396303",
            "timeouts": null,
            "unique_id": "110746210596544057080"
          },
          "sensitive_attributes": [],
          "private": "eyJlMmJmYjczMC1lY2FhLTExZTYtOGY4OC0zNDM2M2JjN2M0YzAiOnsiY3JlYXRlIjozMDAwMDAwMDAwMDB9fQ=="
        }
      ]
    },
    {
      "mode": "managed",
      "type": "google_storage_bucket",
      "name": "static-bucket",
      "provider": "provider[\"registry.terraform.io/hashicorp/google\"]",
      "instances": [
        {
          "schema_version": 0,
          "attributes": {
            "autoclass": [],
            "cors": [],
            "custom_placement_config": [],
            "default_event_based_hold": false,
            "encryption": [],
            "force_destroy": true,
            "id": "my-gcs-mani",
            "labels": {},
            "lifecycle_rule": [],
            "location": "US",
            "logging": [],
            "name": "my-gcs-mani",
            "project": "data-rainfall-396303",
            "public_access_prevention": "inherited",
            "requester_pays": false,
            "retention_policy": [],
            "self_link": "https://www.googleapis.com/storage/v1/b/my-gcs-mani",
            "storage_class": "STANDARD",
            "timeouts": null,
            "uniform_bucket_level_access": true,
            "url": "gs://my-gcs-mani",
            "versioning": [],
            "website": []
          },
          "sensitive_attributes": [],
          "private": "eyJlMmJmYjczMC1lY2FhLTExZTYtOGY4OC0zNDM2M2JjN2M0YzAiOnsiY3JlYXRlIjo2MDAwMDAwMDAwMDAsInJlYWQiOjI0MDAwMDAwMDAwMCwidXBkYXRlIjoyNDAwMDAwMDAwMDB9fQ=="
        }
      ]
    }
  ],
  "check_results": null
}
