{
  "version": 4,
  "terraform_version": "1.5.7",
  "serial": 950,
  "lineage": "7e2ba282-a2c1-c31e-8cce-a9152f649500",
  "outputs": {
    "custom": {
      "value": {
        "auto_create_subnetworks": false,
        "delete_default_routes_on_create": false,
        "description": "",
        "enable_ula_internal_ipv6": false,
        "gateway_ipv4": "",
        "id": "projects/data-rainfall-396303/global/networks/my-network-tf",
        "internal_ipv6_range": "",
        "mtu": 0,
        "name": "my-network-tf",
        "network_firewall_policy_enforcement_order": "AFTER_CLASSIC_FIREWALL",
        "project": "data-rainfall-396303",
        "routing_mode": "REGIONAL",
        "self_link": "https://www.googleapis.com/compute/v1/projects/data-rainfall-396303/global/networks/my-network-tf",
        "timeouts": null
      },
      "type": [
        "object",
        {
          "auto_create_subnetworks": "bool",
          "delete_default_routes_on_create": "bool",
          "description": "string",
          "enable_ula_internal_ipv6": "bool",
          "gateway_ipv4": "string",
          "id": "string",
          "internal_ipv6_range": "string",
          "mtu": "number",
          "name": "string",
          "network_firewall_policy_enforcement_order": "string",
          "project": "string",
          "routing_mode": "string",
          "self_link": "string",
          "timeouts": [
            "object",
            {
              "create": "string",
              "delete": "string",
              "update": "string"
            }
          ]
        }
      ],
      "sensitive": true
    },
    "firewall": {
      "value": {
        "allow": [
          {
            "ports": [
              "80",
              "8080",
              "1000-2000",
              "443"
            ],
            "protocol": "tcp"
          }
        ],
        "creation_timestamp": "2023-10-05T04:32:21.404-07:00",
        "deny": [],
        "description": "",
        "destination_ranges": [],
        "direction": "INGRESS",
        "disabled": false,
        "enable_logging": null,
        "id": "projects/data-rainfall-396303/global/firewalls/test-firewall",
        "log_config": [],
        "name": "test-firewall",
        "network": "https://www.googleapis.com/compute/v1/projects/data-rainfall-396303/global/networks/my-network-tf",
        "priority": 1000,
        "project": "data-rainfall-396303",
        "self_link": "https://www.googleapis.com/compute/v1/projects/data-rainfall-396303/global/firewalls/test-firewall",
        "source_ranges": null,
        "source_service_accounts": null,
        "source_tags": [
          "web"
        ],
        "target_service_accounts": null,
        "target_tags": null,
        "timeouts": null
      },
      "type": [
        "object",
        {
          "allow": [
            "set",
            [
              "object",
              {
                "ports": [
                  "list",
                  "string"
                ],
                "protocol": "string"
              }
            ]
          ],
          "creation_timestamp": "string",
          "deny": [
            "set",
            [
              "object",
              {
                "ports": [
                  "list",
                  "string"
                ],
                "protocol": "string"
              }
            ]
          ],
          "description": "string",
          "destination_ranges": [
            "set",
            "string"
          ],
          "direction": "string",
          "disabled": "bool",
          "enable_logging": "bool",
          "id": "string",
          "log_config": [
            "list",
            [
              "object",
              {
                "metadata": "string"
              }
            ]
          ],
          "name": "string",
          "network": "string",
          "priority": "number",
          "project": "string",
          "self_link": "string",
          "source_ranges": [
            "set",
            "string"
          ],
          "source_service_accounts": [
            "set",
            "string"
          ],
          "source_tags": [
            "set",
            "string"
          ],
          "target_service_accounts": [
            "set",
            "string"
          ],
          "target_tags": [
            "set",
            "string"
          ],
          "timeouts": [
            "object",
            {
              "create": "string",
              "delete": "string",
              "update": "string"
            }
          ]
        }
      ],
      "sensitive": true
    },
    "instance": {
      "value": {
        "advanced_machine_features": [],
        "allow_stopping_for_update": null,
        "attached_disk": [],
        "boot_disk": [
          {
            "auto_delete": true,
            "device_name": "persistent-disk-0",
            "disk_encryption_key_raw": "",
            "disk_encryption_key_sha256": "",
            "initialize_params": [
              {
                "image": "https://www.googleapis.com/compute/v1/projects/debian-cloud/global/images/debian-11-bullseye-v20220719",
                "labels": {},
                "resource_manager_tags": null,
                "size": 10,
                "type": "pd-standard"
              }
            ],
            "kms_key_self_link": "",
            "mode": "READ_WRITE",
            "source": "https://www.googleapis.com/compute/v1/projects/data-rainfall-396303/zones/us-central1-a/disks/my-instance"
          }
        ],
        "can_ip_forward": false,
        "confidential_instance_config": [],
        "cpu_platform": "Intel Broadwell",
        "current_status": "RUNNING",
        "deletion_protection": false,
        "description": "",
        "desired_status": null,
        "effective_labels": {},
        "enable_display": false,
        "guest_accelerator": [],
        "hostname": "",
        "id": "projects/data-rainfall-396303/zones/us-central1-a/instances/my-instance",
        "instance_id": "6801580006313238584",
        "label_fingerprint": "42WmSpB8rSM=",
        "labels": null,
        "machine_type": "e2-medium",
        "metadata": null,
        "metadata_fingerprint": "EoS5gsv0LzU=",
        "metadata_startup_script": null,
        "min_cpu_platform": "",
        "name": "my-instance",
        "network_interface": [
          {
            "access_config": [
              {
                "nat_ip": "34.29.104.4",
                "network_tier": "PREMIUM",
                "public_ptr_domain_name": ""
              }
            ],
            "alias_ip_range": [],
            "internal_ipv6_prefix_length": 0,
            "ipv6_access_config": [],
            "ipv6_access_type": "",
            "ipv6_address": "",
            "name": "nic0",
            "network": "https://www.googleapis.com/compute/v1/projects/data-rainfall-396303/global/networks/my-network-tf",
            "network_ip": "10.2.0.2",
            "nic_type": "",
            "queue_count": 0,
            "stack_type": "IPV4_ONLY",
            "subnetwork": "https://www.googleapis.com/compute/v1/projects/data-rainfall-396303/regions/us-central1/subnetworks/test-subnet",
            "subnetwork_project": "data-rainfall-396303"
          }
        ],
        "network_performance_config": [],
        "params": [],
        "project": "data-rainfall-396303",
        "reservation_affinity": [],
        "resource_policies": null,
        "scheduling": [
          {
            "automatic_restart": true,
            "instance_termination_action": "",
            "local_ssd_recovery_timeout": [],
            "min_node_cpus": 0,
            "node_affinities": [],
            "on_host_maintenance": "MIGRATE",
            "preemptible": false,
            "provisioning_model": "STANDARD"
          }
        ],
        "scratch_disk": [],
        "self_link": "https://www.googleapis.com/compute/v1/projects/data-rainfall-396303/zones/us-central1-a/instances/my-instance",
        "service_account": [],
        "shielded_instance_config": [
          {
            "enable_integrity_monitoring": true,
            "enable_secure_boot": false,
            "enable_vtpm": true
          }
        ],
        "tags": null,
        "tags_fingerprint": "42WmSpB8rSM=",
        "terraform_labels": {},
        "timeouts": null,
        "zone": "us-central1-a"
      },
      "type": [
        "object",
        {
          "advanced_machine_features": [
            "list",
            [
              "object",
              {
                "enable_nested_virtualization": "bool",
                "threads_per_core": "number",
                "visible_core_count": "number"
              }
            ]
          ],
          "allow_stopping_for_update": "bool",
          "attached_disk": [
            "list",
            [
              "object",
              {
                "device_name": "string",
                "disk_encryption_key_raw": "string",
                "disk_encryption_key_sha256": "string",
                "kms_key_self_link": "string",
                "mode": "string",
                "source": "string"
              }
            ]
          ],
          "boot_disk": [
            "list",
            [
              "object",
              {
                "auto_delete": "bool",
                "device_name": "string",
                "disk_encryption_key_raw": "string",
                "disk_encryption_key_sha256": "string",
                "initialize_params": [
                  "list",
                  [
                    "object",
                    {
                      "image": "string",
                      "labels": [
                        "map",
                        "string"
                      ],
                      "resource_manager_tags": [
                        "map",
                        "string"
                      ],
                      "size": "number",
                      "type": "string"
                    }
                  ]
                ],
                "kms_key_self_link": "string",
                "mode": "string",
                "source": "string"
              }
            ]
          ],
          "can_ip_forward": "bool",
          "confidential_instance_config": [
            "list",
            [
              "object",
              {
                "enable_confidential_compute": "bool"
              }
            ]
          ],
          "cpu_platform": "string",
          "current_status": "string",
          "deletion_protection": "bool",
          "description": "string",
          "desired_status": "string",
          "effective_labels": [
            "map",
            "string"
          ],
          "enable_display": "bool",
          "guest_accelerator": [
            "list",
            [
              "object",
              {
                "count": "number",
                "type": "string"
              }
            ]
          ],
          "hostname": "string",
          "id": "string",
          "instance_id": "string",
          "label_fingerprint": "string",
          "labels": [
            "map",
            "string"
          ],
          "machine_type": "string",
          "metadata": [
            "map",
            "string"
          ],
          "metadata_fingerprint": "string",
          "metadata_startup_script": "string",
          "min_cpu_platform": "string",
          "name": "string",
          "network_interface": [
            "list",
            [
              "object",
              {
                "access_config": [
                  "list",
                  [
                    "object",
                    {
                      "nat_ip": "string",
                      "network_tier": "string",
                      "public_ptr_domain_name": "string"
                    }
                  ]
                ],
                "alias_ip_range": [
                  "list",
                  [
                    "object",
                    {
                      "ip_cidr_range": "string",
                      "subnetwork_range_name": "string"
                    }
                  ]
                ],
                "internal_ipv6_prefix_length": "number",
                "ipv6_access_config": [
                  "list",
                  [
                    "object",
                    {
                      "external_ipv6": "string",
                      "external_ipv6_prefix_length": "string",
                      "name": "string",
                      "network_tier": "string",
                      "public_ptr_domain_name": "string"
                    }
                  ]
                ],
                "ipv6_access_type": "string",
                "ipv6_address": "string",
                "name": "string",
                "network": "string",
                "network_ip": "string",
                "nic_type": "string",
                "queue_count": "number",
                "stack_type": "string",
                "subnetwork": "string",
                "subnetwork_project": "string"
              }
            ]
          ],
          "network_performance_config": [
            "list",
            [
              "object",
              {
                "total_egress_bandwidth_tier": "string"
              }
            ]
          ],
          "params": [
            "list",
            [
              "object",
              {
                "resource_manager_tags": [
                  "map",
                  "string"
                ]
              }
            ]
          ],
          "project": "string",
          "reservation_affinity": [
            "list",
            [
              "object",
              {
                "specific_reservation": [
                  "list",
                  [
                    "object",
                    {
                      "key": "string",
                      "values": [
                        "list",
                        "string"
                      ]
                    }
                  ]
                ],
                "type": "string"
              }
            ]
          ],
          "resource_policies": [
            "list",
            "string"
          ],
          "scheduling": [
            "list",
            [
              "object",
              {
                "automatic_restart": "bool",
                "instance_termination_action": "string",
                "local_ssd_recovery_timeout": [
                  "list",
                  [
                    "object",
                    {
                      "nanos": "number",
                      "seconds": "number"
                    }
                  ]
                ],
                "min_node_cpus": "number",
                "node_affinities": [
                  "set",
                  [
                    "object",
                    {
                      "key": "string",
                      "operator": "string",
                      "values": [
                        "set",
                        "string"
                      ]
                    }
                  ]
                ],
                "on_host_maintenance": "string",
                "preemptible": "bool",
                "provisioning_model": "string"
              }
            ]
          ],
          "scratch_disk": [
            "list",
            [
              "object",
              {
                "interface": "string",
                "size": "number"
              }
            ]
          ],
          "self_link": "string",
          "service_account": [
            "list",
            [
              "object",
              {
                "email": "string",
                "scopes": [
                  "set",
                  "string"
                ]
              }
            ]
          ],
          "shielded_instance_config": [
            "list",
            [
              "object",
              {
                "enable_integrity_monitoring": "bool",
                "enable_secure_boot": "bool",
                "enable_vtpm": "bool"
              }
            ]
          ],
          "tags": [
            "set",
            "string"
          ],
          "tags_fingerprint": "string",
          "terraform_labels": [
            "map",
            "string"
          ],
          "timeouts": [
            "object",
            {
              "create": "string",
              "delete": "string",
              "update": "string"
            }
          ],
          "zone": "string"
        }
      ],
      "sensitive": true
    },
    "ip": {
      "value": "10.2.0.0/16",
      "type": "string",
      "sensitive": true
    },
    "peering1": {
      "value": {
        "export_custom_routes": false,
        "export_subnet_routes_with_public_ip": true,
        "id": "vpc-1/peering1-2",
        "import_custom_routes": false,
        "import_subnet_routes_with_public_ip": false,
        "name": "peering1-2",
        "network": "https://www.googleapis.com/compute/v1/projects/data-rainfall-396303/global/networks/vpc-1",
        "peer_network": "https://www.googleapis.com/compute/v1/projects/data-rainfall-396303/global/networks/vpc-2",
        "stack_type": "IPV4_ONLY",
        "state": "INACTIVE",
        "state_details": "[2023-10-05T04:32:21.476-07:00]: Waiting for peer network to connect.",
        "timeouts": null
      },
      "type": [
        "object",
        {
          "export_custom_routes": "bool",
          "export_subnet_routes_with_public_ip": "bool",
          "id": "string",
          "import_custom_routes": "bool",
          "import_subnet_routes_with_public_ip": "bool",
          "name": "string",
          "network": "string",
          "peer_network": "string",
          "stack_type": "string",
          "state": "string",
          "state_details": "string",
          "timeouts": [
            "object",
            {
              "create": "string",
              "delete": "string",
              "update": "string"
            }
          ]
        }
      ],
      "sensitive": true
    },
    "peering2": {
      "value": {
        "export_custom_routes": false,
        "export_subnet_routes_with_public_ip": true,
        "id": "vpc-2/peering2-1",
        "import_custom_routes": false,
        "import_subnet_routes_with_public_ip": false,
        "name": "peering2-1",
        "network": "https://www.googleapis.com/compute/v1/projects/data-rainfall-396303/global/networks/vpc-2",
        "peer_network": "https://www.googleapis.com/compute/v1/projects/data-rainfall-396303/global/networks/vpc-1",
        "stack_type": "IPV4_ONLY",
        "state": "ACTIVE",
        "state_details": "[2023-10-05T04:32:48.161-07:00]: Connected.",
        "timeouts": null
      },
      "type": [
        "object",
        {
          "export_custom_routes": "bool",
          "export_subnet_routes_with_public_ip": "bool",
          "id": "string",
          "import_custom_routes": "bool",
          "import_subnet_routes_with_public_ip": "bool",
          "name": "string",
          "network": "string",
          "peer_network": "string",
          "stack_type": "string",
          "state": "string",
          "state_details": "string",
          "timeouts": [
            "object",
            {
              "create": "string",
              "delete": "string",
              "update": "string"
            }
          ]
        }
      ],
      "sensitive": true
    },
    "peering3": {
      "value": {
        "export_custom_routes": false,
        "export_subnet_routes_with_public_ip": true,
        "id": "vpc-1/peering3-1",
        "import_custom_routes": false,
        "import_subnet_routes_with_public_ip": false,
        "name": "peering3-1",
        "network": "https://www.googleapis.com/compute/v1/projects/data-rainfall-396303/global/networks/vpc-1",
        "peer_network": "https://www.googleapis.com/compute/v1/projects/data-rainfall-396303/global/networks/vpc-3",
        "stack_type": "IPV4_ONLY",
        "state": "ACTIVE",
        "state_details": "[2023-10-05T04:33:00.529-07:00]: Connected.",
        "timeouts": null
      },
      "type": [
        "object",
        {
          "export_custom_routes": "bool",
          "export_subnet_routes_with_public_ip": "bool",
          "id": "string",
          "import_custom_routes": "bool",
          "import_subnet_routes_with_public_ip": "bool",
          "name": "string",
          "network": "string",
          "peer_network": "string",
          "stack_type": "string",
          "state": "string",
          "state_details": "string",
          "timeouts": [
            "object",
            {
              "create": "string",
              "delete": "string",
              "update": "string"
            }
          ]
        }
      ],
      "sensitive": true
    },
    "peering4": {
      "value": {
        "export_custom_routes": false,
        "export_subnet_routes_with_public_ip": true,
        "id": "vpc-3/peering1-3",
        "import_custom_routes": false,
        "import_subnet_routes_with_public_ip": false,
        "name": "peering1-3",
        "network": "https://www.googleapis.com/compute/v1/projects/data-rainfall-396303/global/networks/vpc-3",
        "peer_network": "https://www.googleapis.com/compute/v1/projects/data-rainfall-396303/global/networks/vpc-1",
        "stack_type": "IPV4_ONLY",
        "state": "INACTIVE",
        "state_details": "[2023-10-05T04:32:34.080-07:00]: Waiting for peer network to connect.",
        "timeouts": null
      },
      "type": [
        "object",
        {
          "export_custom_routes": "bool",
          "export_subnet_routes_with_public_ip": "bool",
          "id": "string",
          "import_custom_routes": "bool",
          "import_subnet_routes_with_public_ip": "bool",
          "name": "string",
          "network": "string",
          "peer_network": "string",
          "stack_type": "string",
          "state": "string",
          "state_details": "string",
          "timeouts": [
            "object",
            {
              "create": "string",
              "delete": "string",
              "update": "string"
            }
          ]
        }
      ],
      "sensitive": true
    },
    "primary-cluster": {
      "value": {
        "addons_config": [
          {
            "cloudrun_config": [],
            "config_connector_config": [],
            "dns_cache_config": [],
            "gce_persistent_disk_csi_driver_config": [
              {
                "enabled": true
              }
            ],
            "gcp_filestore_csi_driver_config": [],
            "gcs_fuse_csi_driver_config": [],
            "gke_backup_agent_config": [],
            "horizontal_pod_autoscaling": [],
            "http_load_balancing": [],
            "network_policy_config": [
              {
                "disabled": true
              }
            ]
          }
        ],
        "allow_net_admin": null,
        "authenticator_groups_config": [],
        "binary_authorization": [
          {
            "enabled": false,
            "evaluation_mode": ""
          }
        ],
        "cluster_autoscaling": [
          {
            "auto_provisioning_defaults": [],
            "enabled": false,
            "resource_limits": []
          }
        ],
        "cluster_ipv4_cidr": "10.44.0.0/14",
        "confidential_nodes": [],
        "cost_management_config": [],
        "database_encryption": [
          {
            "key_name": "",
            "state": "DECRYPTED"
          }
        ],
        "datapath_provider": "",
        "default_max_pods_per_node": 110,
        "default_snat_status": [
          {
            "disabled": false
          }
        ],
        "deletion_protection": true,
        "description": "",
        "dns_config": [],
        "enable_autopilot": false,
        "enable_intranode_visibility": false,
        "enable_k8s_beta_apis": [],
        "enable_kubernetes_alpha": false,
        "enable_l4_ilb_subsetting": false,
        "enable_legacy_abac": false,
        "enable_shielded_nodes": true,
        "enable_tpu": false,
        "endpoint": "34.27.148.249",
        "gateway_api_config": [],
        "id": "projects/data-rainfall-396303/locations/us-central1-a/clusters/my-gke-cluster",
        "initial_node_count": 2,
        "ip_allocation_policy": [
          {
            "additional_pod_ranges_config": [],
            "cluster_ipv4_cidr_block": "10.44.0.0/14",
            "cluster_secondary_range_name": "gke-my-gke-cluster-pods-79bacdd9",
            "pod_cidr_overprovision_config": [
              {
                "disabled": false
              }
            ],
            "services_ipv4_cidr_block": "10.48.0.0/20",
            "services_secondary_range_name": "gke-my-gke-cluster-services-79bacdd9",
            "stack_type": "IPV4"
          }
        ],
        "label_fingerprint": "a9dc16a7",
        "location": "us-central1-a",
        "logging_config": [
          {
            "enable_components": [
              "SYSTEM_COMPONENTS",
              "WORKLOADS"
            ]
          }
        ],
        "logging_service": "logging.googleapis.com/kubernetes",
        "maintenance_policy": [],
        "master_auth": [
          {
            "client_certificate": "",
            "client_certificate_config": [
              {
                "issue_client_certificate": false
              }
            ],
            "client_key": "",
            "cluster_ca_certificate": "LS0tLS1CRUdJTiBDRVJUSUZJQ0FURS0tLS0tCk1JSUVMRENDQXBTZ0F3SUJBZ0lRZDVuRVJ5V3ZtSzZFbkFDUDZneVl1ekFOQmdrcWhraUc5dzBCQVFzRkFEQXYKTVMwd0t3WURWUVFERXlSbE5tVmhNVE0yT0MwM05XSXlMVFEyWXpRdE9EUXlaaTAzWW1ZNE4yUTFZMkk1TkRndwpJQmNOTWpNeE1EQTFNRGswTXpBMVdoZ1BNakExTXpBNU1qY3hNRFF6TURWYU1DOHhMVEFyQmdOVkJBTVRKR1UyClpXRXhNelk0TFRjMVlqSXRORFpqTkMwNE5ESm1MVGRpWmpnM1pEVmpZamswT0RDQ0FhSXdEUVlKS29aSWh2Y04KQVFFQkJRQURnZ0dQQURDQ0FZb0NnZ0dCQUpiVnlmUUZoY1pGN2F0My84dnY0aUYzRlZ4TWp3Z3FlU1locldsSwpnSmNzemkwVy9zRStGWGJWR0htNCtIR0dPcVZkL2lGbWdPdzF3Z2JoSXJ0bkh2Z2RTbVNTcGxNM0R0cU1na2VOCmh4UVlCbEoxdnBvbHorUDVvQk5qeGpvM21lTGY2Q3V3MlFhQVlKakQ3aTdnZG4zMHA2a0c5MUJ4L2xSWXpDaGwKNzBoUWs1Z055ckVGN3Y1TWh1MUN2em8rQXF3NVh6a3lmanYyNjIxclhhUUxaV1B6Ukw3Sk1zUFA2MkxVQmJ6dwpNbzFHb3dmdFpYUTMzL04wc0ZZb3ViblVjeFN5akdYaUE0R3V5b3BubzFNMXJmTDNJS1hrcVJIckFQcWxHcmdOCkVYbVU4dks2T3ZxcXhJMEV1RUpMSFBXTkdDUHUwelZza0hSMC9URUJnNjlEaUQ1VXR2QjIxTkhBVkdLNW11ZXgKWkppcEpCK2VGL2ZxN2UrcmxhR1FWNm9tQ0F1MVJweko2bkJRTUNFL2dpdHgwNloyODNkam9aelFSQ1RKb2ZSeQpFK0o5VTJJb2R0OWhUSDVZM1dERWZ4SHdrUUVLRTNkN25SRkNrd2QvUTJrQllNMjZnQUQ0TS9PdTVpcE53WE1TCkRHcVp6MTV4V3FWaEhHbUhYK2ZCYTdDT2J3SURBUUFCbzBJd1FEQU9CZ05WSFE4QkFmOEVCQU1DQWdRd0R3WUQKVlIwVEFRSC9CQVV3QXdFQi96QWRCZ05WSFE0RUZnUVVHTkhtYVQrU0Ryam82eHNReDZkU1JjOVFWQmN3RFFZSgpLb1pJaHZjTkFRRUxCUUFEZ2dHQkFFVnFYcGNMUGxUejAyWTRmbmw0WmdDNUVjUDZtRDNlN3gyT29IeU5Vc3RCCmMrZ1JjK0hETDd6SUduWk1rOEtPUXZKYUs2WkFuWFhITXRpUW5TNXpuQUQ4SlArWm02dmRHUm9wc3gwbGc4UnkKSW1lQXIzYi8weUFYUFg4Z0hmTkQ5Mk5rS2JLV2pKTVZMUllOb0U1NTNreEZzekpMT1Y0MmpObVNoWkdkdEJmMAppeWF3Z25IR3lNTld1TVp1elo0YTJMendZRUloUTJWaDMyNmppWDk3VjNZSXBXWldtVGpRdWs3aVh5dS96TllhCkFDMEdsVzJQWk4rOEFxK29FLzdmWFpRUE5vS0dRVmE4MElJVmhsV1hTRmhmdHNvbEtKc05hMEhoYk0wdXNrczAKdkZ4d1ErRnpMTDVCSU1TdUtNQ0w5RmlPay9PVk0yazdLY3kxdWx0ZzEycWhIQU5VVmhQekYwRUQvMWRiaTBjcwpzS2NiNEVUSCtqbWlMaHJUMkVjU3RMRGJsSkxjdzNkYzU0ZUl6K0JIelY3QWI4Z3NhbTZFdGVjYmRpMmVsN1JRCm0zQzFwcXl6WWhGSjd3dy9EMGFWNEF4V3QxSUY3WFdSc2oyd3NLZCtiWkVuNzg5cGp0eHFqeGU4QlNram5yQXcKSHFrUFRZZDZsM3VodUdId1pyUmxYZz09Ci0tLS0tRU5EIENFUlRJRklDQVRFLS0tLS0K"
          }
        ],
        "master_authorized_networks_config": [],
        "master_version": "1.27.3-gke.100",
        "mesh_certificates": [],
        "min_master_version": null,
        "monitoring_config": [
          {
            "advanced_datapath_observability_config": [
              {
                "enable_metrics": false,
                "relay_mode": "DISABLED"
              }
            ],
            "enable_components": [
              "SYSTEM_COMPONENTS"
            ],
            "managed_prometheus": [
              {
                "enabled": true
              }
            ]
          }
        ],
        "monitoring_service": "monitoring.googleapis.com/kubernetes",
        "name": "my-gke-cluster",
        "network": "projects/data-rainfall-396303/global/networks/default",
        "network_policy": [
          {
            "enabled": false,
            "provider": "PROVIDER_UNSPECIFIED"
          }
        ],
        "networking_mode": "VPC_NATIVE",
        "node_config": [],
        "node_locations": [],
        "node_pool": [],
        "node_pool_auto_config": [],
        "node_pool_defaults": [
          {
            "node_config_defaults": [
              {
                "logging_variant": "DEFAULT"
              }
            ]
          }
        ],
        "node_version": "1.27.3-gke.100",
        "notification_config": [
          {
            "pubsub": [
              {
                "enabled": false,
                "filter": [],
                "topic": ""
              }
            ]
          }
        ],
        "operation": null,
        "private_cluster_config": [
          {
            "enable_private_endpoint": false,
            "enable_private_nodes": false,
            "master_global_access_config": [
              {
                "enabled": false
              }
            ],
            "master_ipv4_cidr_block": "",
            "peering_name": "",
            "private_endpoint": "10.128.15.194",
            "private_endpoint_subnetwork": "",
            "public_endpoint": "34.27.148.249"
          }
        ],
        "private_ipv6_google_access": "",
        "project": "data-rainfall-396303",
        "release_channel": [
          {
            "channel": "REGULAR"
          }
        ],
        "remove_default_node_pool": true,
        "resource_labels": {},
        "resource_usage_export_config": [],
        "security_posture_config": [
          {
            "mode": "BASIC",
            "vulnerability_mode": "VULNERABILITY_MODE_UNSPECIFIED"
          }
        ],
        "self_link": "https://container.googleapis.com/v1/projects/data-rainfall-396303/zones/us-central1-a/clusters/my-gke-cluster",
        "service_external_ips_config": [
          {
            "enabled": false
          }
        ],
        "services_ipv4_cidr": "10.48.0.0/20",
        "subnetwork": "projects/data-rainfall-396303/regions/us-central1/subnetworks/default",
        "timeouts": null,
        "tpu_ipv4_cidr_block": "",
        "vertical_pod_autoscaling": [],
        "workload_identity_config": []
      },
      "type": [
        "object",
        {
          "addons_config": [
            "list",
            [
              "object",
              {
                "cloudrun_config": [
                  "list",
                  [
                    "object",
                    {
                      "disabled": "bool",
                      "load_balancer_type": "string"
                    }
                  ]
                ],
                "config_connector_config": [
                  "list",
                  [
                    "object",
                    {
                      "enabled": "bool"
                    }
                  ]
                ],
                "dns_cache_config": [
                  "list",
                  [
                    "object",
                    {
                      "enabled": "bool"
                    }
                  ]
                ],
                "gce_persistent_disk_csi_driver_config": [
                  "list",
                  [
                    "object",
                    {
                      "enabled": "bool"
                    }
                  ]
                ],
                "gcp_filestore_csi_driver_config": [
                  "list",
                  [
                    "object",
                    {
                      "enabled": "bool"
                    }
                  ]
                ],
                "gcs_fuse_csi_driver_config": [
                  "list",
                  [
                    "object",
                    {
                      "enabled": "bool"
                    }
                  ]
                ],
                "gke_backup_agent_config": [
                  "list",
                  [
                    "object",
                    {
                      "enabled": "bool"
                    }
                  ]
                ],
                "horizontal_pod_autoscaling": [
                  "list",
                  [
                    "object",
                    {
                      "disabled": "bool"
                    }
                  ]
                ],
                "http_load_balancing": [
                  "list",
                  [
                    "object",
                    {
                      "disabled": "bool"
                    }
                  ]
                ],
                "network_policy_config": [
                  "list",
                  [
                    "object",
                    {
                      "disabled": "bool"
                    }
                  ]
                ]
              }
            ]
          ],
          "allow_net_admin": "bool",
          "authenticator_groups_config": [
            "list",
            [
              "object",
              {
                "security_group": "string"
              }
            ]
          ],
          "binary_authorization": [
            "list",
            [
              "object",
              {
                "enabled": "bool",
                "evaluation_mode": "string"
              }
            ]
          ],
          "cluster_autoscaling": [
            "list",
            [
              "object",
              {
                "auto_provisioning_defaults": [
                  "list",
                  [
                    "object",
                    {
                      "boot_disk_kms_key": "string",
                      "disk_size": "number",
                      "disk_type": "string",
                      "image_type": "string",
                      "management": [
                        "list",
                        [
                          "object",
                          {
                            "auto_repair": "bool",
                            "auto_upgrade": "bool",
                            "upgrade_options": [
                              "list",
                              [
                                "object",
                                {
                                  "auto_upgrade_start_time": "string",
                                  "description": "string"
                                }
                              ]
                            ]
                          }
                        ]
                      ],
                      "min_cpu_platform": "string",
                      "oauth_scopes": [
                        "list",
                        "string"
                      ],
                      "service_account": "string",
                      "shielded_instance_config": [
                        "list",
                        [
                          "object",
                          {
                            "enable_integrity_monitoring": "bool",
                            "enable_secure_boot": "bool"
                          }
                        ]
                      ],
                      "upgrade_settings": [
                        "list",
                        [
                          "object",
                          {
                            "blue_green_settings": [
                              "list",
                              [
                                "object",
                                {
                                  "node_pool_soak_duration": "string",
                                  "standard_rollout_policy": [
                                    "list",
                                    [
                                      "object",
                                      {
                                        "batch_node_count": "number",
                                        "batch_percentage": "number",
                                        "batch_soak_duration": "string"
                                      }
                                    ]
                                  ]
                                }
                              ]
                            ],
                            "max_surge": "number",
                            "max_unavailable": "number",
                            "strategy": "string"
                          }
                        ]
                      ]
                    }
                  ]
                ],
                "enabled": "bool",
                "resource_limits": [
                  "list",
                  [
                    "object",
                    {
                      "maximum": "number",
                      "minimum": "number",
                      "resource_type": "string"
                    }
                  ]
                ]
              }
            ]
          ],
          "cluster_ipv4_cidr": "string",
          "confidential_nodes": [
            "list",
            [
              "object",
              {
                "enabled": "bool"
              }
            ]
          ],
          "cost_management_config": [
            "list",
            [
              "object",
              {
                "enabled": "bool"
              }
            ]
          ],
          "database_encryption": [
            "list",
            [
              "object",
              {
                "key_name": "string",
                "state": "string"
              }
            ]
          ],
          "datapath_provider": "string",
          "default_max_pods_per_node": "number",
          "default_snat_status": [
            "list",
            [
              "object",
              {
                "disabled": "bool"
              }
            ]
          ],
          "deletion_protection": "bool",
          "description": "string",
          "dns_config": [
            "list",
            [
              "object",
              {
                "cluster_dns": "string",
                "cluster_dns_domain": "string",
                "cluster_dns_scope": "string"
              }
            ]
          ],
          "enable_autopilot": "bool",
          "enable_intranode_visibility": "bool",
          "enable_k8s_beta_apis": [
            "list",
            [
              "object",
              {
                "enabled_apis": [
                  "set",
                  "string"
                ]
              }
            ]
          ],
          "enable_kubernetes_alpha": "bool",
          "enable_l4_ilb_subsetting": "bool",
          "enable_legacy_abac": "bool",
          "enable_shielded_nodes": "bool",
          "enable_tpu": "bool",
          "endpoint": "string",
          "gateway_api_config": [
            "list",
            [
              "object",
              {
                "channel": "string"
              }
            ]
          ],
          "id": "string",
          "initial_node_count": "number",
          "ip_allocation_policy": [
            "list",
            [
              "object",
              {
                "additional_pod_ranges_config": [
                  "list",
                  [
                    "object",
                    {
                      "pod_range_names": [
                        "set",
                        "string"
                      ]
                    }
                  ]
                ],
                "cluster_ipv4_cidr_block": "string",
                "cluster_secondary_range_name": "string",
                "pod_cidr_overprovision_config": [
                  "list",
                  [
                    "object",
                    {
                      "disabled": "bool"
                    }
                  ]
                ],
                "services_ipv4_cidr_block": "string",
                "services_secondary_range_name": "string",
                "stack_type": "string"
              }
            ]
          ],
          "label_fingerprint": "string",
          "location": "string",
          "logging_config": [
            "list",
            [
              "object",
              {
                "enable_components": [
                  "list",
                  "string"
                ]
              }
            ]
          ],
          "logging_service": "string",
          "maintenance_policy": [
            "list",
            [
              "object",
              {
                "daily_maintenance_window": [
                  "list",
                  [
                    "object",
                    {
                      "duration": "string",
                      "start_time": "string"
                    }
                  ]
                ],
                "maintenance_exclusion": [
                  "set",
                  [
                    "object",
                    {
                      "end_time": "string",
                      "exclusion_name": "string",
                      "exclusion_options": [
                        "list",
                        [
                          "object",
                          {
                            "scope": "string"
                          }
                        ]
                      ],
                      "start_time": "string"
                    }
                  ]
                ],
                "recurring_window": [
                  "list",
                  [
                    "object",
                    {
                      "end_time": "string",
                      "recurrence": "string",
                      "start_time": "string"
                    }
                  ]
                ]
              }
            ]
          ],
          "master_auth": [
            "list",
            [
              "object",
              {
                "client_certificate": "string",
                "client_certificate_config": [
                  "list",
                  [
                    "object",
                    {
                      "issue_client_certificate": "bool"
                    }
                  ]
                ],
                "client_key": "string",
                "cluster_ca_certificate": "string"
              }
            ]
          ],
          "master_authorized_networks_config": [
            "list",
            [
              "object",
              {
                "cidr_blocks": [
                  "set",
                  [
                    "object",
                    {
                      "cidr_block": "string",
                      "display_name": "string"
                    }
                  ]
                ],
                "gcp_public_cidrs_access_enabled": "bool"
              }
            ]
          ],
          "master_version": "string",
          "mesh_certificates": [
            "list",
            [
              "object",
              {
                "enable_certificates": "bool"
              }
            ]
          ],
          "min_master_version": "string",
          "monitoring_config": [
            "list",
            [
              "object",
              {
                "advanced_datapath_observability_config": [
                  "list",
                  [
                    "object",
                    {
                      "enable_metrics": "bool",
                      "relay_mode": "string"
                    }
                  ]
                ],
                "enable_components": [
                  "list",
                  "string"
                ],
                "managed_prometheus": [
                  "list",
                  [
                    "object",
                    {
                      "enabled": "bool"
                    }
                  ]
                ]
              }
            ]
          ],
          "monitoring_service": "string",
          "name": "string",
          "network": "string",
          "network_policy": [
            "list",
            [
              "object",
              {
                "enabled": "bool",
                "provider": "string"
              }
            ]
          ],
          "networking_mode": "string",
          "node_config": [
            "list",
            [
              "object",
              {
                "advanced_machine_features": [
                  "list",
                  [
                    "object",
                    {
                      "threads_per_core": "number"
                    }
                  ]
                ],
                "boot_disk_kms_key": "string",
                "confidential_nodes": [
                  "list",
                  [
                    "object",
                    {
                      "enabled": "bool"
                    }
                  ]
                ],
                "disk_size_gb": "number",
                "disk_type": "string",
                "effective_taints": [
                  "list",
                  [
                    "object",
                    {
                      "effect": "string",
                      "key": "string",
                      "value": "string"
                    }
                  ]
                ],
                "ephemeral_storage_local_ssd_config": [
                  "list",
                  [
                    "object",
                    {
                      "local_ssd_count": "number"
                    }
                  ]
                ],
                "fast_socket": [
                  "list",
                  [
                    "object",
                    {
                      "enabled": "bool"
                    }
                  ]
                ],
                "gcfs_config": [
                  "list",
                  [
                    "object",
                    {
                      "enabled": "bool"
                    }
                  ]
                ],
                "guest_accelerator": [
                  "list",
                  [
                    "object",
                    {
                      "count": "number",
                      "gpu_driver_installation_config": [
                        "list",
                        [
                          "object",
                          {
                            "gpu_driver_version": "string"
                          }
                        ]
                      ],
                      "gpu_partition_size": "string",
                      "gpu_sharing_config": [
                        "list",
                        [
                          "object",
                          {
                            "gpu_sharing_strategy": "string",
                            "max_shared_clients_per_gpu": "number"
                          }
                        ]
                      ],
                      "type": "string"
                    }
                  ]
                ],
                "gvnic": [
                  "list",
                  [
                    "object",
                    {
                      "enabled": "bool"
                    }
                  ]
                ],
                "host_maintenance_policy": [
                  "list",
                  [
                    "object",
                    {
                      "maintenance_interval": "string"
                    }
                  ]
                ],
                "image_type": "string",
                "kubelet_config": [
                  "list",
                  [
                    "object",
                    {
                      "cpu_cfs_quota": "bool",
                      "cpu_cfs_quota_period": "string",
                      "cpu_manager_policy": "string",
                      "pod_pids_limit": "number"
                    }
                  ]
                ],
                "labels": [
                  "map",
                  "string"
                ],
                "linux_node_config": [
                  "list",
                  [
                    "object",
                    {
                      "sysctls": [
                        "map",
                        "string"
                      ]
                    }
                  ]
                ],
                "local_nvme_ssd_block_config": [
                  "list",
                  [
                    "object",
                    {
                      "local_ssd_count": "number"
                    }
                  ]
                ],
                "local_ssd_count": "number",
                "logging_variant": "string",
                "machine_type": "string",
                "metadata": [
                  "map",
                  "string"
                ],
                "min_cpu_platform": "string",
                "node_group": "string",
                "oauth_scopes": [
                  "set",
                  "string"
                ],
                "preemptible": "bool",
                "reservation_affinity": [
                  "list",
                  [
                    "object",
                    {
                      "consume_reservation_type": "string",
                      "key": "string",
                      "values": [
                        "set",
                        "string"
                      ]
                    }
                  ]
                ],
                "resource_labels": [
                  "map",
                  "string"
                ],
                "service_account": "string",
                "shielded_instance_config": [
                  "list",
                  [
                    "object",
                    {
                      "enable_integrity_monitoring": "bool",
                      "enable_secure_boot": "bool"
                    }
                  ]
                ],
                "sole_tenant_config": [
                  "list",
                  [
                    "object",
                    {
                      "node_affinity": [
                        "set",
                        [
                          "object",
                          {
                            "key": "string",
                            "operator": "string",
                            "values": [
                              "list",
                              "string"
                            ]
                          }
                        ]
                      ]
                    }
                  ]
                ],
                "spot": "bool",
                "tags": [
                  "list",
                  "string"
                ],
                "taint": [
                  "list",
                  [
                    "object",
                    {
                      "effect": "string",
                      "key": "string",
                      "value": "string"
                    }
                  ]
                ],
                "workload_metadata_config": [
                  "list",
                  [
                    "object",
                    {
                      "mode": "string"
                    }
                  ]
                ]
              }
            ]
          ],
          "node_locations": [
            "set",
            "string"
          ],
          "node_pool": [
            "list",
            [
              "object",
              {
                "autoscaling": [
                  "list",
                  [
                    "object",
                    {
                      "location_policy": "string",
                      "max_node_count": "number",
                      "min_node_count": "number",
                      "total_max_node_count": "number",
                      "total_min_node_count": "number"
                    }
                  ]
                ],
                "initial_node_count": "number",
                "instance_group_urls": [
                  "list",
                  "string"
                ],
                "managed_instance_group_urls": [
                  "list",
                  "string"
                ],
                "management": [
                  "list",
                  [
                    "object",
                    {
                      "auto_repair": "bool",
                      "auto_upgrade": "bool"
                    }
                  ]
                ],
                "max_pods_per_node": "number",
                "name": "string",
                "name_prefix": "string",
                "network_config": [
                  "list",
                  [
                    "object",
                    {
                      "create_pod_range": "bool",
                      "enable_private_nodes": "bool",
                      "pod_cidr_overprovision_config": [
                        "list",
                        [
                          "object",
                          {
                            "disabled": "bool"
                          }
                        ]
                      ],
                      "pod_ipv4_cidr_block": "string",
                      "pod_range": "string"
                    }
                  ]
                ],
                "node_config": [
                  "list",
                  [
                    "object",
                    {
                      "advanced_machine_features": [
                        "list",
                        [
                          "object",
                          {
                            "threads_per_core": "number"
                          }
                        ]
                      ],
                      "boot_disk_kms_key": "string",
                      "confidential_nodes": [
                        "list",
                        [
                          "object",
                          {
                            "enabled": "bool"
                          }
                        ]
                      ],
                      "disk_size_gb": "number",
                      "disk_type": "string",
                      "effective_taints": [
                        "list",
                        [
                          "object",
                          {
                            "effect": "string",
                            "key": "string",
                            "value": "string"
                          }
                        ]
                      ],
                      "ephemeral_storage_local_ssd_config": [
                        "list",
                        [
                          "object",
                          {
                            "local_ssd_count": "number"
                          }
                        ]
                      ],
                      "fast_socket": [
                        "list",
                        [
                          "object",
                          {
                            "enabled": "bool"
                          }
                        ]
                      ],
                      "gcfs_config": [
                        "list",
                        [
                          "object",
                          {
                            "enabled": "bool"
                          }
                        ]
                      ],
                      "guest_accelerator": [
                        "list",
                        [
                          "object",
                          {
                            "count": "number",
                            "gpu_driver_installation_config": [
                              "list",
                              [
                                "object",
                                {
                                  "gpu_driver_version": "string"
                                }
                              ]
                            ],
                            "gpu_partition_size": "string",
                            "gpu_sharing_config": [
                              "list",
                              [
                                "object",
                                {
                                  "gpu_sharing_strategy": "string",
                                  "max_shared_clients_per_gpu": "number"
                                }
                              ]
                            ],
                            "type": "string"
                          }
                        ]
                      ],
                      "gvnic": [
                        "list",
                        [
                          "object",
                          {
                            "enabled": "bool"
                          }
                        ]
                      ],
                      "host_maintenance_policy": [
                        "list",
                        [
                          "object",
                          {
                            "maintenance_interval": "string"
                          }
                        ]
                      ],
                      "image_type": "string",
                      "kubelet_config": [
                        "list",
                        [
                          "object",
                          {
                            "cpu_cfs_quota": "bool",
                            "cpu_cfs_quota_period": "string",
                            "cpu_manager_policy": "string",
                            "pod_pids_limit": "number"
                          }
                        ]
                      ],
                      "labels": [
                        "map",
                        "string"
                      ],
                      "linux_node_config": [
                        "list",
                        [
                          "object",
                          {
                            "sysctls": [
                              "map",
                              "string"
                            ]
                          }
                        ]
                      ],
                      "local_nvme_ssd_block_config": [
                        "list",
                        [
                          "object",
                          {
                            "local_ssd_count": "number"
                          }
                        ]
                      ],
                      "local_ssd_count": "number",
                      "logging_variant": "string",
                      "machine_type": "string",
                      "metadata": [
                        "map",
                        "string"
                      ],
                      "min_cpu_platform": "string",
                      "node_group": "string",
                      "oauth_scopes": [
                        "set",
                        "string"
                      ],
                      "preemptible": "bool",
                      "reservation_affinity": [
                        "list",
                        [
                          "object",
                          {
                            "consume_reservation_type": "string",
                            "key": "string",
                            "values": [
                              "set",
                              "string"
                            ]
                          }
                        ]
                      ],
                      "resource_labels": [
                        "map",
                        "string"
                      ],
                      "service_account": "string",
                      "shielded_instance_config": [
                        "list",
                        [
                          "object",
                          {
                            "enable_integrity_monitoring": "bool",
                            "enable_secure_boot": "bool"
                          }
                        ]
                      ],
                      "sole_tenant_config": [
                        "list",
                        [
                          "object",
                          {
                            "node_affinity": [
                              "set",
                              [
                                "object",
                                {
                                  "key": "string",
                                  "operator": "string",
                                  "values": [
                                    "list",
                                    "string"
                                  ]
                                }
                              ]
                            ]
                          }
                        ]
                      ],
                      "spot": "bool",
                      "tags": [
                        "list",
                        "string"
                      ],
                      "taint": [
                        "list",
                        [
                          "object",
                          {
                            "effect": "string",
                            "key": "string",
                            "value": "string"
                          }
                        ]
                      ],
                      "workload_metadata_config": [
                        "list",
                        [
                          "object",
                          {
                            "mode": "string"
                          }
                        ]
                      ]
                    }
                  ]
                ],
                "node_count": "number",
                "node_locations": [
                  "set",
                  "string"
                ],
                "placement_policy": [
                  "list",
                  [
                    "object",
                    {
                      "policy_name": "string",
                      "tpu_topology": "string",
                      "type": "string"
                    }
                  ]
                ],
                "upgrade_settings": [
                  "list",
                  [
                    "object",
                    {
                      "blue_green_settings": [
                        "list",
                        [
                          "object",
                          {
                            "node_pool_soak_duration": "string",
                            "standard_rollout_policy": [
                              "list",
                              [
                                "object",
                                {
                                  "batch_node_count": "number",
                                  "batch_percentage": "number",
                                  "batch_soak_duration": "string"
                                }
                              ]
                            ]
                          }
                        ]
                      ],
                      "max_surge": "number",
                      "max_unavailable": "number",
                      "strategy": "string"
                    }
                  ]
                ],
                "version": "string"
              }
            ]
          ],
          "node_pool_auto_config": [
            "list",
            [
              "object",
              {
                "network_tags": [
                  "list",
                  [
                    "object",
                    {
                      "tags": [
                        "list",
                        "string"
                      ]
                    }
                  ]
                ]
              }
            ]
          ],
          "node_pool_defaults": [
            "list",
            [
              "object",
              {
                "node_config_defaults": [
                  "list",
                  [
                    "object",
                    {
                      "logging_variant": "string"
                    }
                  ]
                ]
              }
            ]
          ],
          "node_version": "string",
          "notification_config": [
            "list",
            [
              "object",
              {
                "pubsub": [
                  "list",
                  [
                    "object",
                    {
                      "enabled": "bool",
                      "filter": [
                        "list",
                        [
                          "object",
                          {
                            "event_type": [
                              "list",
                              "string"
                            ]
                          }
                        ]
                      ],
                      "topic": "string"
                    }
                  ]
                ]
              }
            ]
          ],
          "operation": "string",
          "private_cluster_config": [
            "list",
            [
              "object",
              {
                "enable_private_endpoint": "bool",
                "enable_private_nodes": "bool",
                "master_global_access_config": [
                  "list",
                  [
                    "object",
                    {
                      "enabled": "bool"
                    }
                  ]
                ],
                "master_ipv4_cidr_block": "string",
                "peering_name": "string",
                "private_endpoint": "string",
                "private_endpoint_subnetwork": "string",
                "public_endpoint": "string"
              }
            ]
          ],
          "private_ipv6_google_access": "string",
          "project": "string",
          "release_channel": [
            "list",
            [
              "object",
              {
                "channel": "string"
              }
            ]
          ],
          "remove_default_node_pool": "bool",
          "resource_labels": [
            "map",
            "string"
          ],
          "resource_usage_export_config": [
            "list",
            [
              "object",
              {
                "bigquery_destination": [
                  "list",
                  [
                    "object",
                    {
                      "dataset_id": "string"
                    }
                  ]
                ],
                "enable_network_egress_metering": "bool",
                "enable_resource_consumption_metering": "bool"
              }
            ]
          ],
          "security_posture_config": [
            "list",
            [
              "object",
              {
                "mode": "string",
                "vulnerability_mode": "string"
              }
            ]
          ],
          "self_link": "string",
          "service_external_ips_config": [
            "list",
            [
              "object",
              {
                "enabled": "bool"
              }
            ]
          ],
          "services_ipv4_cidr": "string",
          "subnetwork": "string",
          "timeouts": [
            "object",
            {
              "create": "string",
              "delete": "string",
              "read": "string",
              "update": "string"
            }
          ],
          "tpu_ipv4_cidr_block": "string",
          "vertical_pod_autoscaling": [
            "list",
            [
              "object",
              {
                "enabled": "bool"
              }
            ]
          ],
          "workload_identity_config": [
            "list",
            [
              "object",
              {
                "workload_pool": "string"
              }
            ]
          ]
        }
      ],
      "sensitive": true
    },
    "primary_preemptible_nodes": {
      "value": 2,
      "type": "number",
      "sensitive": true
    },
    "sa_tf": {
      "value": {
        "account_id": "tfmanikanta",
        "description": "",
        "disabled": false,
        "display_name": "service-tf",
        "email": "tfmanikanta@data-rainfall-396303.iam.gserviceaccount.com",
        "id": "projects/data-rainfall-396303/serviceAccounts/tfmanikanta@data-rainfall-396303.iam.gserviceaccount.com",
        "member": "serviceAccount:tfmanikanta@data-rainfall-396303.iam.gserviceaccount.com",
        "name": "projects/data-rainfall-396303/serviceAccounts/tfmanikanta@data-rainfall-396303.iam.gserviceaccount.com",
        "project": "data-rainfall-396303",
        "timeouts": null,
        "unique_id": "116256746246932047716"
      },
      "type": [
        "object",
        {
          "account_id": "string",
          "description": "string",
          "disabled": "bool",
          "display_name": "string",
          "email": "string",
          "id": "string",
          "member": "string",
          "name": "string",
          "project": "string",
          "timeouts": [
            "object",
            {
              "create": "string"
            }
          ],
          "unique_id": "string"
        }
      ],
      "sensitive": true
    },
    "static-bucket": {
      "value": {
        "autoclass": [],
        "cors": [],
        "custom_placement_config": [],
        "default_event_based_hold": false,
        "effective_labels": {},
        "encryption": [],
        "force_destroy": true,
        "id": "my-gcs-mani",
        "labels": null,
        "lifecycle_rule": [],
        "location": "US",
        "logging": [],
        "name": "my-gcs-mani",
        "project": "data-rainfall-396303",
        "public_access_prevention": "inherited",
        "requester_pays": false,
        "retention_policy": [],
        "self_link": "https://www.googleapis.com/storage/v1/b/my-gcs-mani",
        "storage_class": "STANDARD",
        "terraform_labels": {},
        "timeouts": null,
        "uniform_bucket_level_access": true,
        "url": "gs://my-gcs-mani",
        "versioning": [],
        "website": []
      },
      "type": [
        "object",
        {
          "autoclass": [
            "list",
            [
              "object",
              {
                "enabled": "bool"
              }
            ]
          ],
          "cors": [
            "list",
            [
              "object",
              {
                "max_age_seconds": "number",
                "method": [
                  "list",
                  "string"
                ],
                "origin": [
                  "list",
                  "string"
                ],
                "response_header": [
                  "list",
                  "string"
                ]
              }
            ]
          ],
          "custom_placement_config": [
            "list",
            [
              "object",
              {
                "data_locations": [
                  "set",
                  "string"
                ]
              }
            ]
          ],
          "default_event_based_hold": "bool",
          "effective_labels": [
            "map",
            "string"
          ],
          "encryption": [
            "list",
            [
              "object",
              {
                "default_kms_key_name": "string"
              }
            ]
          ],
          "force_destroy": "bool",
          "id": "string",
          "labels": [
            "map",
            "string"
          ],
          "lifecycle_rule": [
            "list",
            [
              "object",
              {
                "action": [
                  "set",
                  [
                    "object",
                    {
                      "storage_class": "string",
                      "type": "string"
                    }
                  ]
                ],
                "condition": [
                  "set",
                  [
                    "object",
                    {
                      "age": "number",
                      "created_before": "string",
                      "custom_time_before": "string",
                      "days_since_custom_time": "number",
                      "days_since_noncurrent_time": "number",
                      "matches_prefix": [
                        "list",
                        "string"
                      ],
                      "matches_storage_class": [
                        "list",
                        "string"
                      ],
                      "matches_suffix": [
                        "list",
                        "string"
                      ],
                      "noncurrent_time_before": "string",
                      "num_newer_versions": "number",
                      "with_state": "string"
                    }
                  ]
                ]
              }
            ]
          ],
          "location": "string",
          "logging": [
            "list",
            [
              "object",
              {
                "log_bucket": "string",
                "log_object_prefix": "string"
              }
            ]
          ],
          "name": "string",
          "project": "string",
          "public_access_prevention": "string",
          "requester_pays": "bool",
          "retention_policy": [
            "list",
            [
              "object",
              {
                "is_locked": "bool",
                "retention_period": "number"
              }
            ]
          ],
          "self_link": "string",
          "storage_class": "string",
          "terraform_labels": [
            "map",
            "string"
          ],
          "timeouts": [
            "object",
            {
              "create": "string",
              "read": "string",
              "update": "string"
            }
          ],
          "uniform_bucket_level_access": "bool",
          "url": "string",
          "versioning": [
            "list",
            [
              "object",
              {
                "enabled": "bool"
              }
            ]
          ],
          "website": [
            "list",
            [
              "object",
              {
                "main_page_suffix": "string",
                "not_found_page": "string"
              }
            ]
          ]
        }
      ],
      "sensitive": true
    },
    "subnet": {
      "value": {
        "creation_timestamp": "2023-10-05T04:32:22.553-07:00",
        "description": "",
        "external_ipv6_prefix": "",
        "fingerprint": null,
        "gateway_address": "10.2.0.1",
        "id": "projects/data-rainfall-396303/regions/us-central1/subnetworks/test-subnet",
        "internal_ipv6_prefix": "",
        "ip_cidr_range": "10.2.0.0/16",
        "ipv6_access_type": "",
        "ipv6_cidr_range": "",
        "log_config": [],
        "name": "test-subnet",
        "network": "https://www.googleapis.com/compute/v1/projects/data-rainfall-396303/global/networks/my-network-tf",
        "private_ip_google_access": false,
        "private_ipv6_google_access": "DISABLE_GOOGLE_ACCESS",
        "project": "data-rainfall-396303",
        "purpose": "PRIVATE",
        "region": "us-central1",
        "role": "",
        "secondary_ip_range": [],
        "self_link": "https://www.googleapis.com/compute/v1/projects/data-rainfall-396303/regions/us-central1/subnetworks/test-subnet",
        "stack_type": "IPV4_ONLY",
        "timeouts": null
      },
      "type": [
        "object",
        {
          "creation_timestamp": "string",
          "description": "string",
          "external_ipv6_prefix": "string",
          "fingerprint": "string",
          "gateway_address": "string",
          "id": "string",
          "internal_ipv6_prefix": "string",
          "ip_cidr_range": "string",
          "ipv6_access_type": "string",
          "ipv6_cidr_range": "string",
          "log_config": [
            "list",
            [
              "object",
              {
                "aggregation_interval": "string",
                "filter_expr": "string",
                "flow_sampling": "number",
                "metadata": "string",
                "metadata_fields": [
                  "set",
                  "string"
                ]
              }
            ]
          ],
          "name": "string",
          "network": "string",
          "private_ip_google_access": "bool",
          "private_ipv6_google_access": "string",
          "project": "string",
          "purpose": "string",
          "region": "string",
          "role": "string",
          "secondary_ip_range": [
            "list",
            [
              "object",
              {
                "ip_cidr_range": "string",
                "range_name": "string"
              }
            ]
          ],
          "self_link": "string",
          "stack_type": "string",
          "timeouts": [
            "object",
            {
              "create": "string",
              "delete": "string",
              "update": "string"
            }
          ]
        }
      ],
      "sensitive": true
    },
    "users": {
      "value": "me",
      "type": "string",
      "sensitive": true
    },
    "vpc-1": {
      "value": {
        "auto_create_subnetworks": false,
        "delete_default_routes_on_create": false,
        "description": "",
        "enable_ula_internal_ipv6": false,
        "gateway_ipv4": "",
        "id": "projects/data-rainfall-396303/global/networks/vpc-1",
        "internal_ipv6_range": "",
        "mtu": 0,
        "name": "vpc-1",
        "network_firewall_policy_enforcement_order": "AFTER_CLASSIC_FIREWALL",
        "project": "data-rainfall-396303",
        "routing_mode": "REGIONAL",
        "self_link": "https://www.googleapis.com/compute/v1/projects/data-rainfall-396303/global/networks/vpc-1",
        "timeouts": null
      },
      "type": [
        "object",
        {
          "auto_create_subnetworks": "bool",
          "delete_default_routes_on_create": "bool",
          "description": "string",
          "enable_ula_internal_ipv6": "bool",
          "gateway_ipv4": "string",
          "id": "string",
          "internal_ipv6_range": "string",
          "mtu": "number",
          "name": "string",
          "network_firewall_policy_enforcement_order": "string",
          "project": "string",
          "routing_mode": "string",
          "self_link": "string",
          "timeouts": [
            "object",
            {
              "create": "string",
              "delete": "string",
              "update": "string"
            }
          ]
        }
      ],
      "sensitive": true
    },
    "vpc-2": {
      "value": {
        "auto_create_subnetworks": false,
        "delete_default_routes_on_create": false,
        "description": "",
        "enable_ula_internal_ipv6": false,
        "gateway_ipv4": "",
        "id": "projects/data-rainfall-396303/global/networks/vpc-2",
        "internal_ipv6_range": "",
        "mtu": 0,
        "name": "vpc-2",
        "network_firewall_policy_enforcement_order": "AFTER_CLASSIC_FIREWALL",
        "project": "data-rainfall-396303",
        "routing_mode": "REGIONAL",
        "self_link": "https://www.googleapis.com/compute/v1/projects/data-rainfall-396303/global/networks/vpc-2",
        "timeouts": null
      },
      "type": [
        "object",
        {
          "auto_create_subnetworks": "bool",
          "delete_default_routes_on_create": "bool",
          "description": "string",
          "enable_ula_internal_ipv6": "bool",
          "gateway_ipv4": "string",
          "id": "string",
          "internal_ipv6_range": "string",
          "mtu": "number",
          "name": "string",
          "network_firewall_policy_enforcement_order": "string",
          "project": "string",
          "routing_mode": "string",
          "self_link": "string",
          "timeouts": [
            "object",
            {
              "create": "string",
              "delete": "string",
              "update": "string"
            }
          ]
        }
      ],
      "sensitive": true
    },
    "vpc-3": {
      "value": {
        "auto_create_subnetworks": false,
        "delete_default_routes_on_create": false,
        "description": "",
        "enable_ula_internal_ipv6": false,
        "gateway_ipv4": "",
        "id": "projects/data-rainfall-396303/global/networks/vpc-3",
        "internal_ipv6_range": "",
        "mtu": 0,
        "name": "vpc-3",
        "network_firewall_policy_enforcement_order": "AFTER_CLASSIC_FIREWALL",
        "project": "data-rainfall-396303",
        "routing_mode": "REGIONAL",
        "self_link": "https://www.googleapis.com/compute/v1/projects/data-rainfall-396303/global/networks/vpc-3",
        "timeouts": null
      },
      "type": [
        "object",
        {
          "auto_create_subnetworks": "bool",
          "delete_default_routes_on_create": "bool",
          "description": "string",
          "enable_ula_internal_ipv6": "bool",
          "gateway_ipv4": "string",
          "id": "string",
          "internal_ipv6_range": "string",
          "mtu": "number",
          "name": "string",
          "network_firewall_policy_enforcement_order": "string",
          "project": "string",
          "routing_mode": "string",
          "self_link": "string",
          "timeouts": [
            "object",
            {
              "create": "string",
              "delete": "string",
              "update": "string"
            }
          ]
        }
      ],
      "sensitive": true
    }
  },
  "resources": [
    {
      "mode": "managed",
      "type": "google_compute_firewall",
      "name": "firewall-terra",
      "provider": "provider[\"registry.terraform.io/hashicorp/google\"]",
      "instances": [
        {
          "schema_version": 1,
          "attributes": {
            "allow": [
              {
                "ports": [
                  "80",
                  "8080",
                  "1000-2000",
                  "443"
                ],
                "protocol": "tcp"
              }
            ],
            "creation_timestamp": "2023-10-05T04:32:21.404-07:00",
            "deny": [],
            "description": "",
            "destination_ranges": [],
            "direction": "INGRESS",
            "disabled": false,
            "enable_logging": null,
            "id": "projects/data-rainfall-396303/global/firewalls/test-firewall",
            "log_config": [],
            "name": "test-firewall",
            "network": "https://www.googleapis.com/compute/v1/projects/data-rainfall-396303/global/networks/my-network-tf",
            "priority": 1000,
            "project": "data-rainfall-396303",
            "self_link": "https://www.googleapis.com/compute/v1/projects/data-rainfall-396303/global/firewalls/test-firewall",
            "source_ranges": null,
            "source_service_accounts": null,
            "source_tags": [
              "web"
            ],
            "target_service_accounts": null,
            "target_tags": null,
            "timeouts": null
          },
          "sensitive_attributes": [],
          "private": "eyJlMmJmYjczMC1lY2FhLTExZTYtOGY4OC0zNDM2M2JjN2M0YzAiOnsiY3JlYXRlIjoxMjAwMDAwMDAwMDAwLCJkZWxldGUiOjEyMDAwMDAwMDAwMDAsInVwZGF0ZSI6MTIwMDAwMDAwMDAwMH0sInNjaGVtYV92ZXJzaW9uIjoiMSJ9",
          "dependencies": [
            "google_compute_network.custom-vpc-tf"
          ]
        }
      ]
    },
    {
      "mode": "managed",
      "type": "google_compute_instance",
      "name": "instance_terra",
      "provider": "provider[\"registry.terraform.io/hashicorp/google\"]",
      "instances": [
        {
          "schema_version": 6,
          "attributes": {
            "advanced_machine_features": [],
            "allow_stopping_for_update": null,
            "attached_disk": [],
            "boot_disk": [
              {
                "auto_delete": true,
                "device_name": "persistent-disk-0",
                "disk_encryption_key_raw": "",
                "disk_encryption_key_sha256": "",
                "initialize_params": [
                  {
                    "image": "https://www.googleapis.com/compute/v1/projects/debian-cloud/global/images/debian-11-bullseye-v20220719",
                    "labels": {},
                    "resource_manager_tags": null,
                    "size": 10,
                    "type": "pd-standard"
                  }
                ],
                "kms_key_self_link": "",
                "mode": "READ_WRITE",
                "source": "https://www.googleapis.com/compute/v1/projects/data-rainfall-396303/zones/us-central1-a/disks/my-instance"
              }
            ],
            "can_ip_forward": false,
            "confidential_instance_config": [],
            "cpu_platform": "Intel Broadwell",
            "current_status": "RUNNING",
            "deletion_protection": false,
            "description": "",
            "desired_status": null,
            "effective_labels": {},
            "enable_display": false,
            "guest_accelerator": [],
            "hostname": "",
            "id": "projects/data-rainfall-396303/zones/us-central1-a/instances/my-instance",
            "instance_id": "6801580006313238584",
            "label_fingerprint": "42WmSpB8rSM=",
            "labels": null,
            "machine_type": "e2-medium",
            "metadata": null,
            "metadata_fingerprint": "EoS5gsv0LzU=",
            "metadata_startup_script": null,
            "min_cpu_platform": "",
            "name": "my-instance",
            "network_interface": [
              {
                "access_config": [
                  {
                    "nat_ip": "34.29.104.4",
                    "network_tier": "PREMIUM",
                    "public_ptr_domain_name": ""
                  }
                ],
                "alias_ip_range": [],
                "internal_ipv6_prefix_length": 0,
                "ipv6_access_config": [],
                "ipv6_access_type": "",
                "ipv6_address": "",
                "name": "nic0",
                "network": "https://www.googleapis.com/compute/v1/projects/data-rainfall-396303/global/networks/my-network-tf",
                "network_ip": "10.2.0.2",
                "nic_type": "",
                "queue_count": 0,
                "stack_type": "IPV4_ONLY",
                "subnetwork": "https://www.googleapis.com/compute/v1/projects/data-rainfall-396303/regions/us-central1/subnetworks/test-subnet",
                "subnetwork_project": "data-rainfall-396303"
              }
            ],
            "network_performance_config": [],
            "params": [],
            "project": "data-rainfall-396303",
            "reservation_affinity": [],
            "resource_policies": null,
            "scheduling": [
              {
                "automatic_restart": true,
                "instance_termination_action": "",
                "local_ssd_recovery_timeout": [],
                "min_node_cpus": 0,
                "node_affinities": [],
                "on_host_maintenance": "MIGRATE",
                "preemptible": false,
                "provisioning_model": "STANDARD"
              }
            ],
            "scratch_disk": [],
            "self_link": "https://www.googleapis.com/compute/v1/projects/data-rainfall-396303/zones/us-central1-a/instances/my-instance",
            "service_account": [],
            "shielded_instance_config": [
              {
                "enable_integrity_monitoring": true,
                "enable_secure_boot": false,
                "enable_vtpm": true
              }
            ],
            "tags": null,
            "tags_fingerprint": "42WmSpB8rSM=",
            "terraform_labels": {},
            "timeouts": null,
            "zone": "us-central1-a"
          },
          "sensitive_attributes": [],
          "private": "eyJlMmJmYjczMC1lY2FhLTExZTYtOGY4OC0zNDM2M2JjN2M0YzAiOnsiY3JlYXRlIjoxMjAwMDAwMDAwMDAwLCJkZWxldGUiOjEyMDAwMDAwMDAwMDAsInVwZGF0ZSI6MTIwMDAwMDAwMDAwMH0sInNjaGVtYV92ZXJzaW9uIjoiNiJ9",
          "dependencies": [
            "google_compute_network.custom-vpc-tf",
            "google_compute_subnetwork.subnet-tf"
          ]
        }
      ]
    },
    {
      "mode": "managed",
      "type": "google_compute_network",
      "name": "custom-vpc-tf",
      "provider": "provider[\"registry.terraform.io/hashicorp/google\"]",
      "instances": [
        {
          "schema_version": 0,
          "attributes": {
            "auto_create_subnetworks": false,
            "delete_default_routes_on_create": false,
            "description": "",
            "enable_ula_internal_ipv6": false,
            "gateway_ipv4": "",
            "id": "projects/data-rainfall-396303/global/networks/my-network-tf",
            "internal_ipv6_range": "",
            "mtu": 0,
            "name": "my-network-tf",
            "network_firewall_policy_enforcement_order": "AFTER_CLASSIC_FIREWALL",
            "project": "data-rainfall-396303",
            "routing_mode": "REGIONAL",
            "self_link": "https://www.googleapis.com/compute/v1/projects/data-rainfall-396303/global/networks/my-network-tf",
            "timeouts": null
          },
          "sensitive_attributes": [],
          "private": "eyJlMmJmYjczMC1lY2FhLTExZTYtOGY4OC0zNDM2M2JjN2M0YzAiOnsiY3JlYXRlIjoxMjAwMDAwMDAwMDAwLCJkZWxldGUiOjEyMDAwMDAwMDAwMDAsInVwZGF0ZSI6MTIwMDAwMDAwMDAwMH19"
        }
      ]
    },
    {
      "mode": "managed",
      "type": "google_compute_network",
      "name": "vpc-1",
      "provider": "provider[\"registry.terraform.io/hashicorp/google\"]",
      "instances": [
        {
          "schema_version": 0,
          "attributes": {
            "auto_create_subnetworks": false,
            "delete_default_routes_on_create": false,
            "description": "",
            "enable_ula_internal_ipv6": false,
            "gateway_ipv4": "",
            "id": "projects/data-rainfall-396303/global/networks/vpc-1",
            "internal_ipv6_range": "",
            "mtu": 0,
            "name": "vpc-1",
            "network_firewall_policy_enforcement_order": "AFTER_CLASSIC_FIREWALL",
            "project": "data-rainfall-396303",
            "routing_mode": "REGIONAL",
            "self_link": "https://www.googleapis.com/compute/v1/projects/data-rainfall-396303/global/networks/vpc-1",
            "timeouts": null
          },
          "sensitive_attributes": [],
          "private": "eyJlMmJmYjczMC1lY2FhLTExZTYtOGY4OC0zNDM2M2JjN2M0YzAiOnsiY3JlYXRlIjoxMjAwMDAwMDAwMDAwLCJkZWxldGUiOjEyMDAwMDAwMDAwMDAsInVwZGF0ZSI6MTIwMDAwMDAwMDAwMH19"
        }
      ]
    },
    {
      "mode": "managed",
      "type": "google_compute_network",
      "name": "vpc-2",
      "provider": "provider[\"registry.terraform.io/hashicorp/google\"]",
      "instances": [
        {
          "schema_version": 0,
          "attributes": {
            "auto_create_subnetworks": false,
            "delete_default_routes_on_create": false,
            "description": "",
            "enable_ula_internal_ipv6": false,
            "gateway_ipv4": "",
            "id": "projects/data-rainfall-396303/global/networks/vpc-2",
            "internal_ipv6_range": "",
            "mtu": 0,
            "name": "vpc-2",
            "network_firewall_policy_enforcement_order": "AFTER_CLASSIC_FIREWALL",
            "project": "data-rainfall-396303",
            "routing_mode": "REGIONAL",
            "self_link": "https://www.googleapis.com/compute/v1/projects/data-rainfall-396303/global/networks/vpc-2",
            "timeouts": null
          },
          "sensitive_attributes": [],
          "private": "eyJlMmJmYjczMC1lY2FhLTExZTYtOGY4OC0zNDM2M2JjN2M0YzAiOnsiY3JlYXRlIjoxMjAwMDAwMDAwMDAwLCJkZWxldGUiOjEyMDAwMDAwMDAwMDAsInVwZGF0ZSI6MTIwMDAwMDAwMDAwMH19"
        }
      ]
    },
    {
      "mode": "managed",
      "type": "google_compute_network",
      "name": "vpc-3",
      "provider": "provider[\"registry.terraform.io/hashicorp/google\"]",
      "instances": [
        {
          "schema_version": 0,
          "attributes": {
            "auto_create_subnetworks": false,
            "delete_default_routes_on_create": false,
            "description": "",
            "enable_ula_internal_ipv6": false,
            "gateway_ipv4": "",
            "id": "projects/data-rainfall-396303/global/networks/vpc-3",
            "internal_ipv6_range": "",
            "mtu": 0,
            "name": "vpc-3",
            "network_firewall_policy_enforcement_order": "AFTER_CLASSIC_FIREWALL",
            "project": "data-rainfall-396303",
            "routing_mode": "REGIONAL",
            "self_link": "https://www.googleapis.com/compute/v1/projects/data-rainfall-396303/global/networks/vpc-3",
            "timeouts": null
          },
          "sensitive_attributes": [],
          "private": "eyJlMmJmYjczMC1lY2FhLTExZTYtOGY4OC0zNDM2M2JjN2M0YzAiOnsiY3JlYXRlIjoxMjAwMDAwMDAwMDAwLCJkZWxldGUiOjEyMDAwMDAwMDAwMDAsInVwZGF0ZSI6MTIwMDAwMDAwMDAwMH19"
        }
      ]
    },
    {
      "mode": "managed",
      "type": "google_compute_network_peering",
      "name": "peering1",
      "provider": "provider[\"registry.terraform.io/hashicorp/google\"]",
      "instances": [
        {
          "schema_version": 0,
          "attributes": {
            "export_custom_routes": false,
            "export_subnet_routes_with_public_ip": true,
            "id": "vpc-1/peering1-2",
            "import_custom_routes": false,
            "import_subnet_routes_with_public_ip": false,
            "name": "peering1-2",
            "network": "https://www.googleapis.com/compute/v1/projects/data-rainfall-396303/global/networks/vpc-1",
            "peer_network": "https://www.googleapis.com/compute/v1/projects/data-rainfall-396303/global/networks/vpc-2",
            "stack_type": "IPV4_ONLY",
            "state": "INACTIVE",
            "state_details": "[2023-10-05T04:32:21.476-07:00]: Waiting for peer network to connect.",
            "timeouts": null
          },
          "sensitive_attributes": [],
          "private": "eyJlMmJmYjczMC1lY2FhLTExZTYtOGY4OC0zNDM2M2JjN2M0YzAiOnsiY3JlYXRlIjoyNDAwMDAwMDAwMDAsImRlbGV0ZSI6MjQwMDAwMDAwMDAwLCJ1cGRhdGUiOjI0MDAwMDAwMDAwMH19",
          "dependencies": [
            "google_compute_network.vpc-1",
            "google_compute_network.vpc-2"
          ]
        }
      ]
    },
    {
      "mode": "managed",
      "type": "google_compute_network_peering",
      "name": "peering2",
      "provider": "provider[\"registry.terraform.io/hashicorp/google\"]",
      "instances": [
        {
          "schema_version": 0,
          "attributes": {
            "export_custom_routes": false,
            "export_subnet_routes_with_public_ip": true,
            "id": "vpc-2/peering2-1",
            "import_custom_routes": false,
            "import_subnet_routes_with_public_ip": false,
            "name": "peering2-1",
            "network": "https://www.googleapis.com/compute/v1/projects/data-rainfall-396303/global/networks/vpc-2",
            "peer_network": "https://www.googleapis.com/compute/v1/projects/data-rainfall-396303/global/networks/vpc-1",
            "stack_type": "IPV4_ONLY",
            "state": "ACTIVE",
            "state_details": "[2023-10-05T04:32:48.161-07:00]: Connected.",
            "timeouts": null
          },
          "sensitive_attributes": [],
          "private": "eyJlMmJmYjczMC1lY2FhLTExZTYtOGY4OC0zNDM2M2JjN2M0YzAiOnsiY3JlYXRlIjoyNDAwMDAwMDAwMDAsImRlbGV0ZSI6MjQwMDAwMDAwMDAwLCJ1cGRhdGUiOjI0MDAwMDAwMDAwMH19",
          "dependencies": [
            "google_compute_network.vpc-1",
            "google_compute_network.vpc-2"
          ]
        }
      ]
    },
    {
      "mode": "managed",
      "type": "google_compute_network_peering",
      "name": "peering3",
      "provider": "provider[\"registry.terraform.io/hashicorp/google\"]",
      "instances": [
        {
          "schema_version": 0,
          "attributes": {
            "export_custom_routes": false,
            "export_subnet_routes_with_public_ip": true,
            "id": "vpc-1/peering3-1",
            "import_custom_routes": false,
            "import_subnet_routes_with_public_ip": false,
            "name": "peering3-1",
            "network": "https://www.googleapis.com/compute/v1/projects/data-rainfall-396303/global/networks/vpc-1",
            "peer_network": "https://www.googleapis.com/compute/v1/projects/data-rainfall-396303/global/networks/vpc-3",
            "stack_type": "IPV4_ONLY",
            "state": "ACTIVE",
            "state_details": "[2023-10-05T04:33:00.529-07:00]: Connected.",
            "timeouts": null
          },
          "sensitive_attributes": [],
          "private": "eyJlMmJmYjczMC1lY2FhLTExZTYtOGY4OC0zNDM2M2JjN2M0YzAiOnsiY3JlYXRlIjoyNDAwMDAwMDAwMDAsImRlbGV0ZSI6MjQwMDAwMDAwMDAwLCJ1cGRhdGUiOjI0MDAwMDAwMDAwMH19",
          "dependencies": [
            "google_compute_network.vpc-1",
            "google_compute_network.vpc-3"
          ]
        }
      ]
    },
    {
      "mode": "managed",
      "type": "google_compute_network_peering",
      "name": "peering4",
      "provider": "provider[\"registry.terraform.io/hashicorp/google\"]",
      "instances": [
        {
          "schema_version": 0,
          "attributes": {
            "export_custom_routes": false,
            "export_subnet_routes_with_public_ip": true,
            "id": "vpc-3/peering1-3",
            "import_custom_routes": false,
            "import_subnet_routes_with_public_ip": false,
            "name": "peering1-3",
            "network": "https://www.googleapis.com/compute/v1/projects/data-rainfall-396303/global/networks/vpc-3",
            "peer_network": "https://www.googleapis.com/compute/v1/projects/data-rainfall-396303/global/networks/vpc-1",
            "stack_type": "IPV4_ONLY",
            "state": "INACTIVE",
            "state_details": "[2023-10-05T04:32:34.080-07:00]: Waiting for peer network to connect.",
            "timeouts": null
          },
          "sensitive_attributes": [],
          "private": "eyJlMmJmYjczMC1lY2FhLTExZTYtOGY4OC0zNDM2M2JjN2M0YzAiOnsiY3JlYXRlIjoyNDAwMDAwMDAwMDAsImRlbGV0ZSI6MjQwMDAwMDAwMDAwLCJ1cGRhdGUiOjI0MDAwMDAwMDAwMH19",
          "dependencies": [
            "google_compute_network.vpc-1",
            "google_compute_network.vpc-3"
          ]
        }
      ]
    },
    {
      "mode": "managed",
      "type": "google_compute_subnetwork",
      "name": "subnet-tf",
      "provider": "provider[\"registry.terraform.io/hashicorp/google\"]",
      "instances": [
        {
          "schema_version": 0,
          "attributes": {
            "creation_timestamp": "2023-10-05T04:32:22.553-07:00",
            "description": "",
            "external_ipv6_prefix": "",
            "fingerprint": null,
            "gateway_address": "10.2.0.1",
            "id": "projects/data-rainfall-396303/regions/us-central1/subnetworks/test-subnet",
            "internal_ipv6_prefix": "",
            "ip_cidr_range": "10.2.0.0/16",
            "ipv6_access_type": "",
            "ipv6_cidr_range": "",
            "log_config": [],
            "name": "test-subnet",
            "network": "https://www.googleapis.com/compute/v1/projects/data-rainfall-396303/global/networks/my-network-tf",
            "private_ip_google_access": false,
            "private_ipv6_google_access": "DISABLE_GOOGLE_ACCESS",
            "project": "data-rainfall-396303",
            "purpose": "PRIVATE",
            "region": "us-central1",
            "role": "",
            "secondary_ip_range": [],
            "self_link": "https://www.googleapis.com/compute/v1/projects/data-rainfall-396303/regions/us-central1/subnetworks/test-subnet",
            "stack_type": "IPV4_ONLY",
            "timeouts": null
          },
          "sensitive_attributes": [],
          "private": "eyJlMmJmYjczMC1lY2FhLTExZTYtOGY4OC0zNDM2M2JjN2M0YzAiOnsiY3JlYXRlIjoxMjAwMDAwMDAwMDAwLCJkZWxldGUiOjEyMDAwMDAwMDAwMDAsInVwZGF0ZSI6MTIwMDAwMDAwMDAwMH19",
          "dependencies": [
            "google_compute_network.custom-vpc-tf"
          ]
        }
      ]
    },
    {
      "mode": "managed",
      "type": "google_container_cluster",
      "name": "primary-cluster",
      "provider": "provider[\"registry.terraform.io/hashicorp/google\"]",
      "instances": [
        {
          "schema_version": 2,
          "attributes": {
            "addons_config": [
              {
                "cloudrun_config": [],
                "config_connector_config": [],
                "dns_cache_config": [],
                "gce_persistent_disk_csi_driver_config": [
                  {
                    "enabled": true
                  }
                ],
                "gcp_filestore_csi_driver_config": [],
                "gcs_fuse_csi_driver_config": [],
                "gke_backup_agent_config": [],
                "horizontal_pod_autoscaling": [],
                "http_load_balancing": [],
                "network_policy_config": [
                  {
                    "disabled": true
                  }
                ]
              }
            ],
            "allow_net_admin": null,
            "authenticator_groups_config": [],
            "binary_authorization": [
              {
                "enabled": false,
                "evaluation_mode": ""
              }
            ],
            "cluster_autoscaling": [
              {
                "auto_provisioning_defaults": [],
                "enabled": false,
                "resource_limits": []
              }
            ],
            "cluster_ipv4_cidr": "10.44.0.0/14",
            "confidential_nodes": [],
            "cost_management_config": [],
            "database_encryption": [
              {
                "key_name": "",
                "state": "DECRYPTED"
              }
            ],
            "datapath_provider": "",
            "default_max_pods_per_node": 110,
            "default_snat_status": [
              {
                "disabled": false
              }
            ],
            "deletion_protection": true,
            "description": "",
            "dns_config": [],
            "enable_autopilot": false,
            "enable_intranode_visibility": false,
            "enable_k8s_beta_apis": [],
            "enable_kubernetes_alpha": false,
            "enable_l4_ilb_subsetting": false,
            "enable_legacy_abac": false,
            "enable_shielded_nodes": true,
            "enable_tpu": false,
            "endpoint": "34.27.148.249",
            "gateway_api_config": [],
            "id": "projects/data-rainfall-396303/locations/us-central1-a/clusters/my-gke-cluster",
            "initial_node_count": 2,
            "ip_allocation_policy": [
              {
                "additional_pod_ranges_config": [],
                "cluster_ipv4_cidr_block": "10.44.0.0/14",
                "cluster_secondary_range_name": "gke-my-gke-cluster-pods-79bacdd9",
                "pod_cidr_overprovision_config": [
                  {
                    "disabled": false
                  }
                ],
                "services_ipv4_cidr_block": "10.48.0.0/20",
                "services_secondary_range_name": "gke-my-gke-cluster-services-79bacdd9",
                "stack_type": "IPV4"
              }
            ],
            "label_fingerprint": "a9dc16a7",
            "location": "us-central1-a",
            "logging_config": [
              {
                "enable_components": [
                  "SYSTEM_COMPONENTS",
                  "WORKLOADS"
                ]
              }
            ],
            "logging_service": "logging.googleapis.com/kubernetes",
            "maintenance_policy": [],
            "master_auth": [
              {
                "client_certificate": "",
                "client_certificate_config": [
                  {
                    "issue_client_certificate": false
                  }
                ],
                "client_key": "",
                "cluster_ca_certificate": "LS0tLS1CRUdJTiBDRVJUSUZJQ0FURS0tLS0tCk1JSUVMRENDQXBTZ0F3SUJBZ0lRZDVuRVJ5V3ZtSzZFbkFDUDZneVl1ekFOQmdrcWhraUc5dzBCQVFzRkFEQXYKTVMwd0t3WURWUVFERXlSbE5tVmhNVE0yT0MwM05XSXlMVFEyWXpRdE9EUXlaaTAzWW1ZNE4yUTFZMkk1TkRndwpJQmNOTWpNeE1EQTFNRGswTXpBMVdoZ1BNakExTXpBNU1qY3hNRFF6TURWYU1DOHhMVEFyQmdOVkJBTVRKR1UyClpXRXhNelk0TFRjMVlqSXRORFpqTkMwNE5ESm1MVGRpWmpnM1pEVmpZamswT0RDQ0FhSXdEUVlKS29aSWh2Y04KQVFFQkJRQURnZ0dQQURDQ0FZb0NnZ0dCQUpiVnlmUUZoY1pGN2F0My84dnY0aUYzRlZ4TWp3Z3FlU1locldsSwpnSmNzemkwVy9zRStGWGJWR0htNCtIR0dPcVZkL2lGbWdPdzF3Z2JoSXJ0bkh2Z2RTbVNTcGxNM0R0cU1na2VOCmh4UVlCbEoxdnBvbHorUDVvQk5qeGpvM21lTGY2Q3V3MlFhQVlKakQ3aTdnZG4zMHA2a0c5MUJ4L2xSWXpDaGwKNzBoUWs1Z055ckVGN3Y1TWh1MUN2em8rQXF3NVh6a3lmanYyNjIxclhhUUxaV1B6Ukw3Sk1zUFA2MkxVQmJ6dwpNbzFHb3dmdFpYUTMzL04wc0ZZb3ViblVjeFN5akdYaUE0R3V5b3BubzFNMXJmTDNJS1hrcVJIckFQcWxHcmdOCkVYbVU4dks2T3ZxcXhJMEV1RUpMSFBXTkdDUHUwelZza0hSMC9URUJnNjlEaUQ1VXR2QjIxTkhBVkdLNW11ZXgKWkppcEpCK2VGL2ZxN2UrcmxhR1FWNm9tQ0F1MVJweko2bkJRTUNFL2dpdHgwNloyODNkam9aelFSQ1RKb2ZSeQpFK0o5VTJJb2R0OWhUSDVZM1dERWZ4SHdrUUVLRTNkN25SRkNrd2QvUTJrQllNMjZnQUQ0TS9PdTVpcE53WE1TCkRHcVp6MTV4V3FWaEhHbUhYK2ZCYTdDT2J3SURBUUFCbzBJd1FEQU9CZ05WSFE4QkFmOEVCQU1DQWdRd0R3WUQKVlIwVEFRSC9CQVV3QXdFQi96QWRCZ05WSFE0RUZnUVVHTkhtYVQrU0Ryam82eHNReDZkU1JjOVFWQmN3RFFZSgpLb1pJaHZjTkFRRUxCUUFEZ2dHQkFFVnFYcGNMUGxUejAyWTRmbmw0WmdDNUVjUDZtRDNlN3gyT29IeU5Vc3RCCmMrZ1JjK0hETDd6SUduWk1rOEtPUXZKYUs2WkFuWFhITXRpUW5TNXpuQUQ4SlArWm02dmRHUm9wc3gwbGc4UnkKSW1lQXIzYi8weUFYUFg4Z0hmTkQ5Mk5rS2JLV2pKTVZMUllOb0U1NTNreEZzekpMT1Y0MmpObVNoWkdkdEJmMAppeWF3Z25IR3lNTld1TVp1elo0YTJMendZRUloUTJWaDMyNmppWDk3VjNZSXBXWldtVGpRdWs3aVh5dS96TllhCkFDMEdsVzJQWk4rOEFxK29FLzdmWFpRUE5vS0dRVmE4MElJVmhsV1hTRmhmdHNvbEtKc05hMEhoYk0wdXNrczAKdkZ4d1ErRnpMTDVCSU1TdUtNQ0w5RmlPay9PVk0yazdLY3kxdWx0ZzEycWhIQU5VVmhQekYwRUQvMWRiaTBjcwpzS2NiNEVUSCtqbWlMaHJUMkVjU3RMRGJsSkxjdzNkYzU0ZUl6K0JIelY3QWI4Z3NhbTZFdGVjYmRpMmVsN1JRCm0zQzFwcXl6WWhGSjd3dy9EMGFWNEF4V3QxSUY3WFdSc2oyd3NLZCtiWkVuNzg5cGp0eHFqeGU4QlNram5yQXcKSHFrUFRZZDZsM3VodUdId1pyUmxYZz09Ci0tLS0tRU5EIENFUlRJRklDQVRFLS0tLS0K"
              }
            ],
            "master_authorized_networks_config": [],
            "master_version": "1.27.3-gke.100",
            "mesh_certificates": [],
            "min_master_version": null,
            "monitoring_config": [
              {
                "advanced_datapath_observability_config": [
                  {
                    "enable_metrics": false,
                    "relay_mode": "DISABLED"
                  }
                ],
                "enable_components": [
                  "SYSTEM_COMPONENTS"
                ],
                "managed_prometheus": [
                  {
                    "enabled": true
                  }
                ]
              }
            ],
            "monitoring_service": "monitoring.googleapis.com/kubernetes",
            "name": "my-gke-cluster",
            "network": "projects/data-rainfall-396303/global/networks/default",
            "network_policy": [
              {
                "enabled": false,
                "provider": "PROVIDER_UNSPECIFIED"
              }
            ],
            "networking_mode": "VPC_NATIVE",
            "node_config": [],
            "node_locations": [],
            "node_pool": [],
            "node_pool_auto_config": [],
            "node_pool_defaults": [
              {
                "node_config_defaults": [
                  {
                    "logging_variant": "DEFAULT"
                  }
                ]
              }
            ],
            "node_version": "1.27.3-gke.100",
            "notification_config": [
              {
                "pubsub": [
                  {
                    "enabled": false,
                    "filter": [],
                    "topic": ""
                  }
                ]
              }
            ],
            "operation": null,
            "private_cluster_config": [
              {
                "enable_private_endpoint": false,
                "enable_private_nodes": false,
                "master_global_access_config": [
                  {
                    "enabled": false
                  }
                ],
                "master_ipv4_cidr_block": "",
                "peering_name": "",
                "private_endpoint": "10.128.15.194",
                "private_endpoint_subnetwork": "",
                "public_endpoint": "34.27.148.249"
              }
            ],
            "private_ipv6_google_access": "",
            "project": "data-rainfall-396303",
            "release_channel": [
              {
                "channel": "REGULAR"
              }
            ],
            "remove_default_node_pool": true,
            "resource_labels": {},
            "resource_usage_export_config": [],
            "security_posture_config": [
              {
                "mode": "BASIC",
                "vulnerability_mode": "VULNERABILITY_MODE_UNSPECIFIED"
              }
            ],
            "self_link": "https://container.googleapis.com/v1/projects/data-rainfall-396303/zones/us-central1-a/clusters/my-gke-cluster",
            "service_external_ips_config": [
              {
                "enabled": false
              }
            ],
            "services_ipv4_cidr": "10.48.0.0/20",
            "subnetwork": "projects/data-rainfall-396303/regions/us-central1/subnetworks/default",
            "timeouts": null,
            "tpu_ipv4_cidr_block": "",
            "vertical_pod_autoscaling": [],
            "workload_identity_config": []
          },
          "sensitive_attributes": [],
          "private": "eyJlMmJmYjczMC1lY2FhLTExZTYtOGY4OC0zNDM2M2JjN2M0YzAiOnsiY3JlYXRlIjoyNDAwMDAwMDAwMDAwLCJkZWxldGUiOjI0MDAwMDAwMDAwMDAsInJlYWQiOjI0MDAwMDAwMDAwMDAsInVwZGF0ZSI6MzYwMDAwMDAwMDAwMH0sInNjaGVtYV92ZXJzaW9uIjoiMiJ9"
        }
      ]
    },
    {
      "mode": "managed",
      "type": "google_container_node_pool",
      "name": "primary_preemptible_nodes",
      "provider": "provider[\"registry.terraform.io/hashicorp/google\"]",
      "instances": [
        {
          "schema_version": 1,
          "attributes": {
            "autoscaling": [],
            "cluster": "my-gke-cluster",
            "id": "projects/data-rainfall-396303/locations/us-central1-a/clusters/my-gke-cluster/nodePools/my-node-pool",
            "initial_node_count": 2,
            "instance_group_urls": [
              "https://www.googleapis.com/compute/v1/projects/data-rainfall-396303/zones/us-central1-a/instanceGroupManagers/gke-my-gke-cluster-my-node-pool-fd638358-grp"
            ],
            "location": "us-central1-a",
            "managed_instance_group_urls": [
              "https://www.googleapis.com/compute/v1/projects/data-rainfall-396303/zones/us-central1-a/instanceGroups/gke-my-gke-cluster-my-node-pool-fd638358-grp"
            ],
            "management": [
              {
                "auto_repair": true,
                "auto_upgrade": true
              }
            ],
            "max_pods_per_node": 110,
            "name": "my-node-pool",
            "name_prefix": "",
            "network_config": [
              {
                "create_pod_range": false,
                "enable_private_nodes": false,
                "pod_cidr_overprovision_config": [],
                "pod_ipv4_cidr_block": "10.44.0.0/14",
                "pod_range": "gke-my-gke-cluster-pods-79bacdd9"
              }
            ],
            "node_config": [
              {
                "advanced_machine_features": [],
                "boot_disk_kms_key": "",
                "confidential_nodes": [],
                "disk_size_gb": 100,
                "disk_type": "pd-balanced",
                "effective_taints": [],
                "ephemeral_storage_local_ssd_config": [],
                "fast_socket": [],
                "gcfs_config": [],
                "guest_accelerator": [],
                "gvnic": [],
                "host_maintenance_policy": [],
                "image_type": "COS_CONTAINERD",
                "kubelet_config": [],
                "labels": {},
                "linux_node_config": [],
                "local_nvme_ssd_block_config": [],
                "local_ssd_count": 0,
                "logging_variant": "DEFAULT",
                "machine_type": "e2-medium",
                "metadata": {
                  "disable-legacy-endpoints": "true"
                },
                "min_cpu_platform": "",
                "node_group": "",
                "oauth_scopes": [
                  "https://www.googleapis.com/auth/cloud-platform"
                ],
                "preemptible": true,
                "reservation_affinity": [],
                "resource_labels": null,
                "service_account": "tfmanikanta@data-rainfall-396303.iam.gserviceaccount.com",
                "shielded_instance_config": [
                  {
                    "enable_integrity_monitoring": true,
                    "enable_secure_boot": false
                  }
                ],
                "sole_tenant_config": [],
                "spot": false,
                "tags": null,
                "taint": [],
                "workload_metadata_config": []
              }
            ],
            "node_count": 2,
            "node_locations": [
              "us-central1-a"
            ],
            "operation": null,
            "placement_policy": [],
            "project": "data-rainfall-396303",
            "timeouts": null,
            "upgrade_settings": [
              {
                "blue_green_settings": [],
                "max_surge": 1,
                "max_unavailable": 0,
                "strategy": "SURGE"
              }
            ],
            "version": "1.27.3-gke.100"
          },
          "sensitive_attributes": [],
          "private": "eyJlMmJmYjczMC1lY2FhLTExZTYtOGY4OC0zNDM2M2JjN2M0YzAiOnsiY3JlYXRlIjoxODAwMDAwMDAwMDAwLCJkZWxldGUiOjE4MDAwMDAwMDAwMDAsInVwZGF0ZSI6MTgwMDAwMDAwMDAwMH0sInNjaGVtYV92ZXJzaW9uIjoiMSJ9",
          "dependencies": [
            "google_container_cluster.primary-cluster",
            "google_service_account.sa_tf"
          ]
        }
      ]
    },
    {
      "mode": "managed",
      "type": "google_service_account",
      "name": "sa_tf",
      "provider": "provider[\"registry.terraform.io/hashicorp/google\"]",
      "instances": [
        {
          "schema_version": 0,
          "attributes": {
            "account_id": "tfmanikanta",
            "description": "",
            "disabled": false,
            "display_name": "service-tf",
            "email": "tfmanikanta@data-rainfall-396303.iam.gserviceaccount.com",
            "id": "projects/data-rainfall-396303/serviceAccounts/tfmanikanta@data-rainfall-396303.iam.gserviceaccount.com",
            "member": "serviceAccount:tfmanikanta@data-rainfall-396303.iam.gserviceaccount.com",
            "name": "projects/data-rainfall-396303/serviceAccounts/tfmanikanta@data-rainfall-396303.iam.gserviceaccount.com",
            "project": "data-rainfall-396303",
            "timeouts": null,
            "unique_id": "116256746246932047716"
          },
          "sensitive_attributes": [],
          "private": "eyJlMmJmYjczMC1lY2FhLTExZTYtOGY4OC0zNDM2M2JjN2M0YzAiOnsiY3JlYXRlIjozMDAwMDAwMDAwMDB9fQ=="
        }
      ]
    },
    {
      "mode": "managed",
      "type": "google_sql_database",
      "name": "database-tf",
      "provider": "provider[\"registry.terraform.io/hashicorp/google\"]",
      "instances": []
    },
    {
      "mode": "managed",
      "type": "google_sql_user",
      "name": "users",
      "provider": "provider[\"registry.terraform.io/hashicorp/google\"]",
      "instances": []
    },
    {
      "mode": "managed",
      "type": "google_storage_bucket",
      "name": "static-bucket",
      "provider": "provider[\"registry.terraform.io/hashicorp/google\"]",
      "instances": [
        {
          "schema_version": 1,
          "attributes": {
            "autoclass": [],
            "cors": [],
            "custom_placement_config": [],
            "default_event_based_hold": false,
            "effective_labels": {},
            "encryption": [],
            "force_destroy": true,
            "id": "my-gcs-mani",
            "labels": null,
            "lifecycle_rule": [],
            "location": "US",
            "logging": [],
            "name": "my-gcs-mani",
            "project": "data-rainfall-396303",
            "public_access_prevention": "inherited",
            "requester_pays": false,
            "retention_policy": [],
            "self_link": "https://www.googleapis.com/storage/v1/b/my-gcs-mani",
            "storage_class": "STANDARD",
            "terraform_labels": {},
            "timeouts": null,
            "uniform_bucket_level_access": true,
            "url": "gs://my-gcs-mani",
            "versioning": [],
            "website": []
          },
          "sensitive_attributes": [],
          "private": "eyJlMmJmYjczMC1lY2FhLTExZTYtOGY4OC0zNDM2M2JjN2M0YzAiOnsiY3JlYXRlIjo2MDAwMDAwMDAwMDAsInJlYWQiOjI0MDAwMDAwMDAwMCwidXBkYXRlIjoyNDAwMDAwMDAwMDB9LCJzY2hlbWFfdmVyc2lvbiI6IjEifQ=="
        }
      ]
    }
  ],
  "check_results": null
}
