{
  "version": 4,
  "terraform_version": "1.5.7",
  "serial": 934,
  "lineage": "7e2ba282-a2c1-c31e-8cce-a9152f649500",
  "outputs": {},
  "resources": [
    {
      "mode": "managed",
      "type": "google_container_cluster",
      "name": "primary-cluster",
      "provider": "provider[\"registry.terraform.io/hashicorp/google\"]",
      "instances": [
        {
          "schema_version": 2,
          "attributes": {
            "addons_config": [
              {
                "cloudrun_config": [],
                "config_connector_config": [],
                "dns_cache_config": [],
                "gce_persistent_disk_csi_driver_config": [
                  {
                    "enabled": true
                  }
                ],
                "gcp_filestore_csi_driver_config": [],
                "gcs_fuse_csi_driver_config": [],
                "gke_backup_agent_config": [],
                "horizontal_pod_autoscaling": [],
                "http_load_balancing": [],
                "network_policy_config": [
                  {
                    "disabled": true
                  }
                ]
              }
            ],
            "allow_net_admin": null,
            "authenticator_groups_config": [],
            "binary_authorization": [
              {
                "enabled": false,
                "evaluation_mode": ""
              }
            ],
            "cluster_autoscaling": [
              {
                "auto_provisioning_defaults": [],
                "enabled": false,
                "resource_limits": []
              }
            ],
            "cluster_ipv4_cidr": "10.44.0.0/14",
            "confidential_nodes": [],
            "cost_management_config": [],
            "database_encryption": [
              {
                "key_name": "",
                "state": "DECRYPTED"
              }
            ],
            "datapath_provider": "",
            "default_max_pods_per_node": 110,
            "default_snat_status": [
              {
                "disabled": false
              }
            ],
            "deletion_protection": true,
            "description": "",
            "dns_config": [],
            "enable_autopilot": false,
            "enable_intranode_visibility": false,
            "enable_k8s_beta_apis": [],
            "enable_kubernetes_alpha": false,
            "enable_l4_ilb_subsetting": false,
            "enable_legacy_abac": false,
            "enable_shielded_nodes": true,
            "enable_tpu": false,
            "endpoint": "34.27.148.249",
            "gateway_api_config": [],
            "id": "projects/data-rainfall-396303/locations/us-central1-a/clusters/my-gke-cluster",
            "initial_node_count": 2,
            "ip_allocation_policy": [
              {
                "additional_pod_ranges_config": [],
                "cluster_ipv4_cidr_block": "10.44.0.0/14",
                "cluster_secondary_range_name": "gke-my-gke-cluster-pods-79bacdd9",
                "pod_cidr_overprovision_config": [
                  {
                    "disabled": false
                  }
                ],
                "services_ipv4_cidr_block": "10.48.0.0/20",
                "services_secondary_range_name": "gke-my-gke-cluster-services-79bacdd9",
                "stack_type": "IPV4"
              }
            ],
            "label_fingerprint": "a9dc16a7",
            "location": "us-central1-a",
            "logging_config": [
              {
                "enable_components": [
                  "SYSTEM_COMPONENTS",
                  "WORKLOADS"
                ]
              }
            ],
            "logging_service": "logging.googleapis.com/kubernetes",
            "maintenance_policy": [],
            "master_auth": [
              {
                "client_certificate": "",
                "client_certificate_config": [
                  {
                    "issue_client_certificate": false
                  }
                ],
                "client_key": "",
                "cluster_ca_certificate": "LS0tLS1CRUdJTiBDRVJUSUZJQ0FURS0tLS0tCk1JSUVMRENDQXBTZ0F3SUJBZ0lRZDVuRVJ5V3ZtSzZFbkFDUDZneVl1ekFOQmdrcWhraUc5dzBCQVFzRkFEQXYKTVMwd0t3WURWUVFERXlSbE5tVmhNVE0yT0MwM05XSXlMVFEyWXpRdE9EUXlaaTAzWW1ZNE4yUTFZMkk1TkRndwpJQmNOTWpNeE1EQTFNRGswTXpBMVdoZ1BNakExTXpBNU1qY3hNRFF6TURWYU1DOHhMVEFyQmdOVkJBTVRKR1UyClpXRXhNelk0TFRjMVlqSXRORFpqTkMwNE5ESm1MVGRpWmpnM1pEVmpZamswT0RDQ0FhSXdEUVlKS29aSWh2Y04KQVFFQkJRQURnZ0dQQURDQ0FZb0NnZ0dCQUpiVnlmUUZoY1pGN2F0My84dnY0aUYzRlZ4TWp3Z3FlU1locldsSwpnSmNzemkwVy9zRStGWGJWR0htNCtIR0dPcVZkL2lGbWdPdzF3Z2JoSXJ0bkh2Z2RTbVNTcGxNM0R0cU1na2VOCmh4UVlCbEoxdnBvbHorUDVvQk5qeGpvM21lTGY2Q3V3MlFhQVlKakQ3aTdnZG4zMHA2a0c5MUJ4L2xSWXpDaGwKNzBoUWs1Z055ckVGN3Y1TWh1MUN2em8rQXF3NVh6a3lmanYyNjIxclhhUUxaV1B6Ukw3Sk1zUFA2MkxVQmJ6dwpNbzFHb3dmdFpYUTMzL04wc0ZZb3ViblVjeFN5akdYaUE0R3V5b3BubzFNMXJmTDNJS1hrcVJIckFQcWxHcmdOCkVYbVU4dks2T3ZxcXhJMEV1RUpMSFBXTkdDUHUwelZza0hSMC9URUJnNjlEaUQ1VXR2QjIxTkhBVkdLNW11ZXgKWkppcEpCK2VGL2ZxN2UrcmxhR1FWNm9tQ0F1MVJweko2bkJRTUNFL2dpdHgwNloyODNkam9aelFSQ1RKb2ZSeQpFK0o5VTJJb2R0OWhUSDVZM1dERWZ4SHdrUUVLRTNkN25SRkNrd2QvUTJrQllNMjZnQUQ0TS9PdTVpcE53WE1TCkRHcVp6MTV4V3FWaEhHbUhYK2ZCYTdDT2J3SURBUUFCbzBJd1FEQU9CZ05WSFE4QkFmOEVCQU1DQWdRd0R3WUQKVlIwVEFRSC9CQVV3QXdFQi96QWRCZ05WSFE0RUZnUVVHTkhtYVQrU0Ryam82eHNReDZkU1JjOVFWQmN3RFFZSgpLb1pJaHZjTkFRRUxCUUFEZ2dHQkFFVnFYcGNMUGxUejAyWTRmbmw0WmdDNUVjUDZtRDNlN3gyT29IeU5Vc3RCCmMrZ1JjK0hETDd6SUduWk1rOEtPUXZKYUs2WkFuWFhITXRpUW5TNXpuQUQ4SlArWm02dmRHUm9wc3gwbGc4UnkKSW1lQXIzYi8weUFYUFg4Z0hmTkQ5Mk5rS2JLV2pKTVZMUllOb0U1NTNreEZzekpMT1Y0MmpObVNoWkdkdEJmMAppeWF3Z25IR3lNTld1TVp1elo0YTJMendZRUloUTJWaDMyNmppWDk3VjNZSXBXWldtVGpRdWs3aVh5dS96TllhCkFDMEdsVzJQWk4rOEFxK29FLzdmWFpRUE5vS0dRVmE4MElJVmhsV1hTRmhmdHNvbEtKc05hMEhoYk0wdXNrczAKdkZ4d1ErRnpMTDVCSU1TdUtNQ0w5RmlPay9PVk0yazdLY3kxdWx0ZzEycWhIQU5VVmhQekYwRUQvMWRiaTBjcwpzS2NiNEVUSCtqbWlMaHJUMkVjU3RMRGJsSkxjdzNkYzU0ZUl6K0JIelY3QWI4Z3NhbTZFdGVjYmRpMmVsN1JRCm0zQzFwcXl6WWhGSjd3dy9EMGFWNEF4V3QxSUY3WFdSc2oyd3NLZCtiWkVuNzg5cGp0eHFqeGU4QlNram5yQXcKSHFrUFRZZDZsM3VodUdId1pyUmxYZz09Ci0tLS0tRU5EIENFUlRJRklDQVRFLS0tLS0K"
              }
            ],
            "master_authorized_networks_config": [],
            "master_version": "1.27.3-gke.100",
            "mesh_certificates": [],
            "min_master_version": null,
            "monitoring_config": [
              {
                "advanced_datapath_observability_config": [
                  {
                    "enable_metrics": false,
                    "relay_mode": "DISABLED"
                  }
                ],
                "enable_components": [
                  "SYSTEM_COMPONENTS"
                ],
                "managed_prometheus": [
                  {
                    "enabled": true
                  }
                ]
              }
            ],
            "monitoring_service": "monitoring.googleapis.com/kubernetes",
            "name": "my-gke-cluster",
            "network": "projects/data-rainfall-396303/global/networks/default",
            "network_policy": [
              {
                "enabled": false,
                "provider": "PROVIDER_UNSPECIFIED"
              }
            ],
            "networking_mode": "VPC_NATIVE",
            "node_config": [],
            "node_locations": [],
            "node_pool": [],
            "node_pool_auto_config": [],
            "node_pool_defaults": [
              {
                "node_config_defaults": [
                  {
                    "logging_variant": "DEFAULT"
                  }
                ]
              }
            ],
            "node_version": "1.27.3-gke.100",
            "notification_config": [
              {
                "pubsub": [
                  {
                    "enabled": false,
                    "filter": [],
                    "topic": ""
                  }
                ]
              }
            ],
            "operation": null,
            "private_cluster_config": [
              {
                "enable_private_endpoint": false,
                "enable_private_nodes": false,
                "master_global_access_config": [
                  {
                    "enabled": false
                  }
                ],
                "master_ipv4_cidr_block": "",
                "peering_name": "",
                "private_endpoint": "10.128.15.194",
                "private_endpoint_subnetwork": "",
                "public_endpoint": "34.27.148.249"
              }
            ],
            "private_ipv6_google_access": "",
            "project": "data-rainfall-396303",
            "release_channel": [
              {
                "channel": "REGULAR"
              }
            ],
            "remove_default_node_pool": true,
            "resource_labels": {},
            "resource_usage_export_config": [],
            "security_posture_config": [
              {
                "mode": "BASIC",
                "vulnerability_mode": "VULNERABILITY_MODE_UNSPECIFIED"
              }
            ],
            "self_link": "https://container.googleapis.com/v1/projects/data-rainfall-396303/zones/us-central1-a/clusters/my-gke-cluster",
            "service_external_ips_config": [
              {
                "enabled": false
              }
            ],
            "services_ipv4_cidr": "10.48.0.0/20",
            "subnetwork": "projects/data-rainfall-396303/regions/us-central1/subnetworks/default",
            "timeouts": null,
            "tpu_ipv4_cidr_block": "",
            "vertical_pod_autoscaling": [],
            "workload_identity_config": []
          },
          "sensitive_attributes": [],
          "private": "eyJlMmJmYjczMC1lY2FhLTExZTYtOGY4OC0zNDM2M2JjN2M0YzAiOnsiY3JlYXRlIjoyNDAwMDAwMDAwMDAwLCJkZWxldGUiOjI0MDAwMDAwMDAwMDAsInJlYWQiOjI0MDAwMDAwMDAwMDAsInVwZGF0ZSI6MzYwMDAwMDAwMDAwMH0sInNjaGVtYV92ZXJzaW9uIjoiMiJ9"
        }
      ]
    }
  ],
  "check_results": null
}
