{
  "version": 4,
  "terraform_version": "1.6.0",
  "serial": 1039,
  "lineage": "7e2ba282-a2c1-c31e-8cce-a9152f649500",
  "outputs": {
    "ip": {
      "value": "10.2.0.0/16",
      "type": "string",
      "sensitive": true
    },
    "peering3": {
      "value": {
        "export_custom_routes": false,
        "export_subnet_routes_with_public_ip": true,
        "id": "vpc-1/peering3-1",
        "import_custom_routes": false,
        "import_subnet_routes_with_public_ip": false,
        "name": "peering3-1",
        "network": "https://www.googleapis.com/compute/v1/projects/data-rainfall-396303/global/networks/vpc-1",
        "peer_network": "https://www.googleapis.com/compute/v1/projects/data-rainfall-396303/global/networks/vpc-3",
        "stack_type": "IPV4_ONLY",
        "state": "INACTIVE",
        "state_details": "[2023-10-13T03:46:38.072-07:00]: Waiting for peer network to connect.",
        "timeouts": null
      },
      "type": [
        "object",
        {
          "export_custom_routes": "bool",
          "export_subnet_routes_with_public_ip": "bool",
          "id": "string",
          "import_custom_routes": "bool",
          "import_subnet_routes_with_public_ip": "bool",
          "name": "string",
          "network": "string",
          "peer_network": "string",
          "stack_type": "string",
          "state": "string",
          "state_details": "string",
          "timeouts": [
            "object",
            {
              "create": "string",
              "delete": "string",
              "update": "string"
            }
          ]
        }
      ],
      "sensitive": true
    },
    "peering4": {
      "value": {
        "export_custom_routes": false,
        "export_subnet_routes_with_public_ip": true,
        "id": "vpc-3/peering1-3",
        "import_custom_routes": false,
        "import_subnet_routes_with_public_ip": false,
        "name": "peering1-3",
        "network": "https://www.googleapis.com/compute/v1/projects/data-rainfall-396303/global/networks/vpc-3",
        "peer_network": "https://www.googleapis.com/compute/v1/projects/data-rainfall-396303/global/networks/vpc-1",
        "stack_type": "IPV4_ONLY",
        "state": "ACTIVE",
        "state_details": "[2023-10-13T03:46:53.883-07:00]: Connected.",
        "timeouts": null
      },
      "type": [
        "object",
        {
          "export_custom_routes": "bool",
          "export_subnet_routes_with_public_ip": "bool",
          "id": "string",
          "import_custom_routes": "bool",
          "import_subnet_routes_with_public_ip": "bool",
          "name": "string",
          "network": "string",
          "peer_network": "string",
          "stack_type": "string",
          "state": "string",
          "state_details": "string",
          "timeouts": [
            "object",
            {
              "create": "string",
              "delete": "string",
              "update": "string"
            }
          ]
        }
      ],
      "sensitive": true
    },
    "primary_preemptible_nodes": {
      "value": 2,
      "type": "number",
      "sensitive": true
    },
    "sa_tf": {
      "value": {
        "account_id": "tfmanikanta",
        "description": "",
        "disabled": false,
        "display_name": "service-tf",
        "email": "tfmanikanta@data-rainfall-396303.iam.gserviceaccount.com",
        "id": "projects/data-rainfall-396303/serviceAccounts/tfmanikanta@data-rainfall-396303.iam.gserviceaccount.com",
        "member": "serviceAccount:tfmanikanta@data-rainfall-396303.iam.gserviceaccount.com",
        "name": "projects/data-rainfall-396303/serviceAccounts/tfmanikanta@data-rainfall-396303.iam.gserviceaccount.com",
        "project": "data-rainfall-396303",
        "timeouts": null,
        "unique_id": "113118914958678622101"
      },
      "type": [
        "object",
        {
          "account_id": "string",
          "description": "string",
          "disabled": "bool",
          "display_name": "string",
          "email": "string",
          "id": "string",
          "member": "string",
          "name": "string",
          "project": "string",
          "timeouts": [
            "object",
            {
              "create": "string"
            }
          ],
          "unique_id": "string"
        }
      ],
      "sensitive": true
    },
    "static-bucket": {
      "value": {
        "autoclass": [],
        "cors": [],
        "custom_placement_config": [],
        "default_event_based_hold": false,
        "effective_labels": {},
        "encryption": [],
        "force_destroy": true,
        "id": "my-gcs-mani",
        "labels": {},
        "lifecycle_rule": [],
        "location": "US",
        "logging": [],
        "name": "my-gcs-mani",
        "project": "data-rainfall-396303",
        "public_access_prevention": "inherited",
        "requester_pays": false,
        "retention_policy": [],
        "self_link": "https://www.googleapis.com/storage/v1/b/my-gcs-mani",
        "storage_class": "STANDARD",
        "terraform_labels": {},
        "timeouts": null,
        "uniform_bucket_level_access": true,
        "url": "gs://my-gcs-mani",
        "versioning": [],
        "website": []
      },
      "type": [
        "object",
        {
          "autoclass": [
            "list",
            [
              "object",
              {
                "enabled": "bool"
              }
            ]
          ],
          "cors": [
            "list",
            [
              "object",
              {
                "max_age_seconds": "number",
                "method": [
                  "list",
                  "string"
                ],
                "origin": [
                  "list",
                  "string"
                ],
                "response_header": [
                  "list",
                  "string"
                ]
              }
            ]
          ],
          "custom_placement_config": [
            "list",
            [
              "object",
              {
                "data_locations": [
                  "set",
                  "string"
                ]
              }
            ]
          ],
          "default_event_based_hold": "bool",
          "effective_labels": [
            "map",
            "string"
          ],
          "encryption": [
            "list",
            [
              "object",
              {
                "default_kms_key_name": "string"
              }
            ]
          ],
          "force_destroy": "bool",
          "id": "string",
          "labels": [
            "map",
            "string"
          ],
          "lifecycle_rule": [
            "list",
            [
              "object",
              {
                "action": [
                  "set",
                  [
                    "object",
                    {
                      "storage_class": "string",
                      "type": "string"
                    }
                  ]
                ],
                "condition": [
                  "set",
                  [
                    "object",
                    {
                      "age": "number",
                      "created_before": "string",
                      "custom_time_before": "string",
                      "days_since_custom_time": "number",
                      "days_since_noncurrent_time": "number",
                      "matches_prefix": [
                        "list",
                        "string"
                      ],
                      "matches_storage_class": [
                        "list",
                        "string"
                      ],
                      "matches_suffix": [
                        "list",
                        "string"
                      ],
                      "noncurrent_time_before": "string",
                      "num_newer_versions": "number",
                      "with_state": "string"
                    }
                  ]
                ]
              }
            ]
          ],
          "location": "string",
          "logging": [
            "list",
            [
              "object",
              {
                "log_bucket": "string",
                "log_object_prefix": "string"
              }
            ]
          ],
          "name": "string",
          "project": "string",
          "public_access_prevention": "string",
          "requester_pays": "bool",
          "retention_policy": [
            "list",
            [
              "object",
              {
                "is_locked": "bool",
                "retention_period": "number"
              }
            ]
          ],
          "self_link": "string",
          "storage_class": "string",
          "terraform_labels": [
            "map",
            "string"
          ],
          "timeouts": [
            "object",
            {
              "create": "string",
              "read": "string",
              "update": "string"
            }
          ],
          "uniform_bucket_level_access": "bool",
          "url": "string",
          "versioning": [
            "list",
            [
              "object",
              {
                "enabled": "bool"
              }
            ]
          ],
          "website": [
            "list",
            [
              "object",
              {
                "main_page_suffix": "string",
                "not_found_page": "string"
              }
            ]
          ]
        }
      ],
      "sensitive": true
    },
    "users": {
      "value": "me",
      "type": "string",
      "sensitive": true
    },
    "vpc-1": {
      "value": {
        "auto_create_subnetworks": false,
        "delete_default_routes_on_create": false,
        "description": "",
        "enable_ula_internal_ipv6": false,
        "gateway_ipv4": "",
        "id": "projects/data-rainfall-396303/global/networks/vpc-1",
        "internal_ipv6_range": "",
        "mtu": 0,
        "name": "vpc-1",
        "network_firewall_policy_enforcement_order": "AFTER_CLASSIC_FIREWALL",
        "project": "data-rainfall-396303",
        "routing_mode": "REGIONAL",
        "self_link": "https://www.googleapis.com/compute/v1/projects/data-rainfall-396303/global/networks/vpc-1",
        "timeouts": null
      },
      "type": [
        "object",
        {
          "auto_create_subnetworks": "bool",
          "delete_default_routes_on_create": "bool",
          "description": "string",
          "enable_ula_internal_ipv6": "bool",
          "gateway_ipv4": "string",
          "id": "string",
          "internal_ipv6_range": "string",
          "mtu": "number",
          "name": "string",
          "network_firewall_policy_enforcement_order": "string",
          "project": "string",
          "routing_mode": "string",
          "self_link": "string",
          "timeouts": [
            "object",
            {
              "create": "string",
              "delete": "string",
              "update": "string"
            }
          ]
        }
      ],
      "sensitive": true
    },
    "vpc-3": {
      "value": {
        "auto_create_subnetworks": false,
        "delete_default_routes_on_create": false,
        "description": "",
        "enable_ula_internal_ipv6": false,
        "gateway_ipv4": "",
        "id": "projects/data-rainfall-396303/global/networks/vpc-3",
        "internal_ipv6_range": "",
        "mtu": 0,
        "name": "vpc-3",
        "network_firewall_policy_enforcement_order": "AFTER_CLASSIC_FIREWALL",
        "project": "data-rainfall-396303",
        "routing_mode": "REGIONAL",
        "self_link": "https://www.googleapis.com/compute/v1/projects/data-rainfall-396303/global/networks/vpc-3",
        "timeouts": null
      },
      "type": [
        "object",
        {
          "auto_create_subnetworks": "bool",
          "delete_default_routes_on_create": "bool",
          "description": "string",
          "enable_ula_internal_ipv6": "bool",
          "gateway_ipv4": "string",
          "id": "string",
          "internal_ipv6_range": "string",
          "mtu": "number",
          "name": "string",
          "network_firewall_policy_enforcement_order": "string",
          "project": "string",
          "routing_mode": "string",
          "self_link": "string",
          "timeouts": [
            "object",
            {
              "create": "string",
              "delete": "string",
              "update": "string"
            }
          ]
        }
      ],
      "sensitive": true
    }
  },
  "resources": [
    {
      "mode": "managed",
      "type": "google_compute_network",
      "name": "vpc-1",
      "provider": "provider[\"registry.terraform.io/hashicorp/google\"]",
      "instances": [
        {
          "schema_version": 0,
          "attributes": {
            "auto_create_subnetworks": false,
            "delete_default_routes_on_create": false,
            "description": "",
            "enable_ula_internal_ipv6": false,
            "gateway_ipv4": "",
            "id": "projects/data-rainfall-396303/global/networks/vpc-1",
            "internal_ipv6_range": "",
            "mtu": 0,
            "name": "vpc-1",
            "network_firewall_policy_enforcement_order": "AFTER_CLASSIC_FIREWALL",
            "project": "data-rainfall-396303",
            "routing_mode": "REGIONAL",
            "self_link": "https://www.googleapis.com/compute/v1/projects/data-rainfall-396303/global/networks/vpc-1",
            "timeouts": null
          },
          "sensitive_attributes": [],
          "private": "eyJlMmJmYjczMC1lY2FhLTExZTYtOGY4OC0zNDM2M2JjN2M0YzAiOnsiY3JlYXRlIjoxMjAwMDAwMDAwMDAwLCJkZWxldGUiOjEyMDAwMDAwMDAwMDAsInVwZGF0ZSI6MTIwMDAwMDAwMDAwMH19"
        }
      ]
    },
    {
      "mode": "managed",
      "type": "google_compute_network",
      "name": "vpc-3",
      "provider": "provider[\"registry.terraform.io/hashicorp/google\"]",
      "instances": [
        {
          "schema_version": 0,
          "attributes": {
            "auto_create_subnetworks": false,
            "delete_default_routes_on_create": false,
            "description": "",
            "enable_ula_internal_ipv6": false,
            "gateway_ipv4": "",
            "id": "projects/data-rainfall-396303/global/networks/vpc-3",
            "internal_ipv6_range": "",
            "mtu": 0,
            "name": "vpc-3",
            "network_firewall_policy_enforcement_order": "AFTER_CLASSIC_FIREWALL",
            "project": "data-rainfall-396303",
            "routing_mode": "REGIONAL",
            "self_link": "https://www.googleapis.com/compute/v1/projects/data-rainfall-396303/global/networks/vpc-3",
            "timeouts": null
          },
          "sensitive_attributes": [],
          "private": "eyJlMmJmYjczMC1lY2FhLTExZTYtOGY4OC0zNDM2M2JjN2M0YzAiOnsiY3JlYXRlIjoxMjAwMDAwMDAwMDAwLCJkZWxldGUiOjEyMDAwMDAwMDAwMDAsInVwZGF0ZSI6MTIwMDAwMDAwMDAwMH19"
        }
      ]
    },
    {
      "mode": "managed",
      "type": "google_compute_network_peering",
      "name": "peering3",
      "provider": "provider[\"registry.terraform.io/hashicorp/google\"]",
      "instances": [
        {
          "schema_version": 0,
          "attributes": {
            "export_custom_routes": false,
            "export_subnet_routes_with_public_ip": true,
            "id": "vpc-1/peering3-1",
            "import_custom_routes": false,
            "import_subnet_routes_with_public_ip": false,
            "name": "peering3-1",
            "network": "https://www.googleapis.com/compute/v1/projects/data-rainfall-396303/global/networks/vpc-1",
            "peer_network": "https://www.googleapis.com/compute/v1/projects/data-rainfall-396303/global/networks/vpc-3",
            "stack_type": "IPV4_ONLY",
            "state": "INACTIVE",
            "state_details": "[2023-10-13T03:46:38.072-07:00]: Waiting for peer network to connect.",
            "timeouts": null
          },
          "sensitive_attributes": [],
          "private": "eyJlMmJmYjczMC1lY2FhLTExZTYtOGY4OC0zNDM2M2JjN2M0YzAiOnsiY3JlYXRlIjoyNDAwMDAwMDAwMDAsImRlbGV0ZSI6MjQwMDAwMDAwMDAwLCJ1cGRhdGUiOjI0MDAwMDAwMDAwMH19",
          "dependencies": [
            "google_compute_network.vpc-1",
            "google_compute_network.vpc-3"
          ]
        }
      ]
    },
    {
      "mode": "managed",
      "type": "google_compute_network_peering",
      "name": "peering4",
      "provider": "provider[\"registry.terraform.io/hashicorp/google\"]",
      "instances": [
        {
          "schema_version": 0,
          "attributes": {
            "export_custom_routes": false,
            "export_subnet_routes_with_public_ip": true,
            "id": "vpc-3/peering1-3",
            "import_custom_routes": false,
            "import_subnet_routes_with_public_ip": false,
            "name": "peering1-3",
            "network": "https://www.googleapis.com/compute/v1/projects/data-rainfall-396303/global/networks/vpc-3",
            "peer_network": "https://www.googleapis.com/compute/v1/projects/data-rainfall-396303/global/networks/vpc-1",
            "stack_type": "IPV4_ONLY",
            "state": "ACTIVE",
            "state_details": "[2023-10-13T03:46:53.883-07:00]: Connected.",
            "timeouts": null
          },
          "sensitive_attributes": [],
          "private": "eyJlMmJmYjczMC1lY2FhLTExZTYtOGY4OC0zNDM2M2JjN2M0YzAiOnsiY3JlYXRlIjoyNDAwMDAwMDAwMDAsImRlbGV0ZSI6MjQwMDAwMDAwMDAwLCJ1cGRhdGUiOjI0MDAwMDAwMDAwMH19",
          "dependencies": [
            "google_compute_network.vpc-1",
            "google_compute_network.vpc-3"
          ]
        }
      ]
    },
    {
      "mode": "managed",
      "type": "google_container_cluster",
      "name": "primary-cluster",
      "provider": "provider[\"registry.terraform.io/hashicorp/google\"]",
      "instances": [
        {
          "status": "tainted",
          "schema_version": 2,
          "attributes": {
            "addons_config": [
              {
                "cloudrun_config": [],
                "config_connector_config": [],
                "dns_cache_config": [],
                "gce_persistent_disk_csi_driver_config": [
                  {
                    "enabled": true
                  }
                ],
                "gcp_filestore_csi_driver_config": [],
                "gcs_fuse_csi_driver_config": [],
                "gke_backup_agent_config": [],
                "horizontal_pod_autoscaling": [],
                "http_load_balancing": [],
                "network_policy_config": [
                  {
                    "disabled": true
                  }
                ]
              }
            ],
            "allow_net_admin": null,
            "authenticator_groups_config": [],
            "binary_authorization": [
              {
                "enabled": false,
                "evaluation_mode": ""
              }
            ],
            "cluster_autoscaling": [
              {
                "auto_provisioning_defaults": [],
                "enabled": false,
                "resource_limits": []
              }
            ],
            "cluster_ipv4_cidr": "10.44.0.0/14",
            "confidential_nodes": [],
            "cost_management_config": [],
            "database_encryption": [
              {
                "key_name": "",
                "state": "DECRYPTED"
              }
            ],
            "datapath_provider": "",
            "default_max_pods_per_node": 110,
            "default_snat_status": [
              {
                "disabled": false
              }
            ],
            "deletion_protection": true,
            "description": "",
            "dns_config": [],
            "enable_autopilot": false,
            "enable_intranode_visibility": false,
            "enable_k8s_beta_apis": [],
            "enable_kubernetes_alpha": false,
            "enable_l4_ilb_subsetting": false,
            "enable_legacy_abac": false,
            "enable_shielded_nodes": true,
            "enable_tpu": false,
            "endpoint": "35.232.31.240",
            "gateway_api_config": [],
            "id": "projects/data-rainfall-396303/locations/us-central1-a/clusters/my-gke-cluster",
            "initial_node_count": 2,
            "ip_allocation_policy": [
              {
                "additional_pod_ranges_config": [],
                "cluster_ipv4_cidr_block": "10.44.0.0/14",
                "cluster_secondary_range_name": "gke-my-gke-cluster-pods-69ffc843",
                "pod_cidr_overprovision_config": [
                  {
                    "disabled": false
                  }
                ],
                "services_ipv4_cidr_block": "10.48.0.0/20",
                "services_secondary_range_name": "gke-my-gke-cluster-services-69ffc843",
                "stack_type": "IPV4"
              }
            ],
            "label_fingerprint": "a9dc16a7",
            "location": "us-central1-a",
            "logging_config": [
              {
                "enable_components": [
                  "SYSTEM_COMPONENTS",
                  "WORKLOADS"
                ]
              }
            ],
            "logging_service": "logging.googleapis.com/kubernetes",
            "maintenance_policy": [],
            "master_auth": [
              {
                "client_certificate": "",
                "client_certificate_config": [
                  {
                    "issue_client_certificate": false
                  }
                ],
                "client_key": "",
                "cluster_ca_certificate": "LS0tLS1CRUdJTiBDRVJUSUZJQ0FURS0tLS0tCk1JSUVMVENDQXBXZ0F3SUJBZ0lSQUk0SWFvcUZCVnFMV3cxNzQwZ3dzbU13RFFZSktvWklodmNOQVFFTEJRQXcKTHpFdE1Dc0dBMVVFQXhNa05qZ3hZelpsWWpFdFkyVmlNQzAwWkdVNUxUZzRZMk10T0dObFptUTFPRGRqTmpSbApNQ0FYRFRJek1UQXhNekE1TVRVeU5sb1lEekl3TlRNeE1EQTFNVEF4TlRJMldqQXZNUzB3S3dZRFZRUURFeVEyCk9ERmpObVZpTVMxalpXSXdMVFJrWlRrdE9EaGpZeTA0WTJWbVpEVTROMk0yTkdVd2dnR2lNQTBHQ1NxR1NJYjMKRFFFQkFRVUFBNElCandBd2dnR0tBb0lCZ1FDc1RjZW95QmxWK0h2TG5nNU5BRWVNWmFUNGF4SVVCbFRyTDdjNApBVWRKOTVXWW1ZenNzdEJia3BoSGJWY0h0ZjFqM1AvbldaeUZnTnpiMnlnZUtOVml3Y0ozaFR0K3pRWkdWUGdICjBXejNjTTVSdWZicU4wclZiT2FNSlVZeEFNdEJsbUM2RWFCcm4yYzNpbkh5T1VJTW90b2kyZFpQa3ZZUDBPY0EKam52NDIwREl2MFJISzNGOTgxek9kSkVXblJod0xjRUdNSGZ2WkRUamE0VytGTXdPb253OGhyQ1FBZzRtRzBEcQpvcnlBdnZFNnhXT3pNdFFIM3NHa3QrKy9kbXhlWUFaTVg3TDZWWDdHMjlUUUJFZzhTUkVUWmNJbEl1ZEh5engxCmFaZ1BtMHhyb3F0Yi8vaWsrNDh6QUM5RmVGSXRoSWtrRHRzbnlIQllnVWVWT2NaTE1ZTkExN3Q0enB1ejBZbzgKVG1BT1hnWjBDd1luUHdlKys0YWJWVFR5SVlaeHliejZXdTBiTnhRSHlhcUZ0dGZoaHNCNktEaGg4Y2tiS0ZWKwo1OUo2WTNNQ2Ewczg2WXViMHBNbFlWVncrdW1oRUtNcEY3QzRHN1dXeGhwYmlneFYzbFc5eU4wZG5xSy9hN2JUCnNQVDJuZmRNSjViRXY3d3FqYmtYRlhpcm1TY0NBd0VBQWFOQ01FQXdEZ1lEVlIwUEFRSC9CQVFEQWdJRU1BOEcKQTFVZEV3RUIvd1FGTUFNQkFmOHdIUVlEVlIwT0JCWUVGT2g0YjFOZTIwWDNoV1JuaE5EY3lvMi9jUHNhTUEwRwpDU3FHU0liM0RRRUJDd1VBQTRJQmdRQTk3bUQ5VEorTnpoSC9vcEp5UVBhOXJBTHhGY0tsdVEyUW1HcUVKemhECk5tTVVoV1BrSVZFdWlwdElrUlRKMHRaRXJaK3BUWWZGeDlFdkFCcjU3bC90N3hzeHdReWg3YjdSeEFWMUoya0oKbmtiWmJudDVZdTBaWUNCem5Ydldqc0oySmVtR01tVlF5YzcxTzIrNm9VMUtEM21BR1VZb2NkMDNaWDFEZFRVagpjeU5zMm5Tb2x3emFsWWNPRUtVOTRBRCtRYW1EREhTOHdMVStmRkhDYnNWOVl5SjQwblArOFkrVjhMa0hKallYCmVFeVFNN1lYTUVaNENBNVMzQkdkdE4wWmhTVnFsREtTTlRMQk9tZlFWelNSRU93WXVTVmJaV2VEeW9Mc2pZaDAKQjBIeUJmdUx1TE9heUNTSlZ2bDBuYkp6U2RaZXJOdk10WnRIZDkrRmV5eGsyZGFSVW9ORVhvV3JHMmFFUU1wQwpLYitFMnR0MDZqa0N1L0VOVnFJN3FmejhlZ1YvQ1JQUkd0aUhmdVhMYWFDMzBDSXRPMVhpL0tGYm9NdDhXVlc5ClRLUi9kcVVzanpFenZydUdPaGgzeG81K042bUw1SitYUGlQVUJkbC91Y3pnQUt4aklYMkozcEhJazJyQlI4VG4KQktQMHhiMTZmRHNVYlNEc1ZLczNvRVU9Ci0tLS0tRU5EIENFUlRJRklDQVRFLS0tLS0K"
              }
            ],
            "master_authorized_networks_config": [],
            "master_version": "1.27.3-gke.100",
            "mesh_certificates": [],
            "min_master_version": null,
            "monitoring_config": [
              {
                "advanced_datapath_observability_config": [
                  {
                    "enable_metrics": false,
                    "relay_mode": "DISABLED"
                  }
                ],
                "enable_components": [
                  "SYSTEM_COMPONENTS"
                ],
                "managed_prometheus": [
                  {
                    "enabled": true
                  }
                ]
              }
            ],
            "monitoring_service": "monitoring.googleapis.com/kubernetes",
            "name": "my-gke-cluster",
            "network": "projects/data-rainfall-396303/global/networks/default",
            "network_policy": [
              {
                "enabled": false,
                "provider": "PROVIDER_UNSPECIFIED"
              }
            ],
            "networking_mode": "VPC_NATIVE",
            "node_config": [
              {
                "advanced_machine_features": [],
                "boot_disk_kms_key": "",
                "confidential_nodes": [],
                "disk_size_gb": 100,
                "disk_type": "pd-balanced",
                "effective_taints": [],
                "ephemeral_storage_local_ssd_config": [],
                "fast_socket": [],
                "gcfs_config": [],
                "guest_accelerator": [],
                "gvnic": [],
                "host_maintenance_policy": [],
                "image_type": "COS_CONTAINERD",
                "kubelet_config": [],
                "labels": {},
                "linux_node_config": [],
                "local_nvme_ssd_block_config": [],
                "local_ssd_count": 0,
                "logging_variant": "DEFAULT",
                "machine_type": "e2-medium",
                "metadata": {
                  "disable-legacy-endpoints": "true"
                },
                "min_cpu_platform": "",
                "node_group": "",
                "oauth_scopes": [
                  "https://www.googleapis.com/auth/devstorage.read_only",
                  "https://www.googleapis.com/auth/logging.write",
                  "https://www.googleapis.com/auth/monitoring",
                  "https://www.googleapis.com/auth/service.management.readonly",
                  "https://www.googleapis.com/auth/servicecontrol",
                  "https://www.googleapis.com/auth/trace.append"
                ],
                "preemptible": false,
                "reservation_affinity": [],
                "resource_labels": {},
                "service_account": "default",
                "shielded_instance_config": [
                  {
                    "enable_integrity_monitoring": true,
                    "enable_secure_boot": false
                  }
                ],
                "sole_tenant_config": [],
                "spot": false,
                "tags": [],
                "taint": [],
                "workload_metadata_config": []
              }
            ],
            "node_locations": [],
            "node_pool": [
              {
                "autoscaling": [],
                "initial_node_count": 2,
                "instance_group_urls": [
                  "https://www.googleapis.com/compute/v1/projects/data-rainfall-396303/zones/us-central1-a/instanceGroupManagers/gke-my-gke-cluster-default-pool-e159ad5b-grp"
                ],
                "managed_instance_group_urls": [
                  "https://www.googleapis.com/compute/v1/projects/data-rainfall-396303/zones/us-central1-a/instanceGroups/gke-my-gke-cluster-default-pool-e159ad5b-grp"
                ],
                "management": [
                  {
                    "auto_repair": true,
                    "auto_upgrade": true
                  }
                ],
                "max_pods_per_node": 110,
                "name": "default-pool",
                "name_prefix": "",
                "network_config": [
                  {
                    "create_pod_range": false,
                    "enable_private_nodes": false,
                    "pod_cidr_overprovision_config": [],
                    "pod_ipv4_cidr_block": "10.44.0.0/14",
                    "pod_range": "gke-my-gke-cluster-pods-69ffc843"
                  }
                ],
                "node_config": [
                  {
                    "advanced_machine_features": [],
                    "boot_disk_kms_key": "",
                    "confidential_nodes": [],
                    "disk_size_gb": 100,
                    "disk_type": "pd-balanced",
                    "effective_taints": [],
                    "ephemeral_storage_local_ssd_config": [],
                    "fast_socket": [],
                    "gcfs_config": [],
                    "guest_accelerator": [],
                    "gvnic": [],
                    "host_maintenance_policy": [],
                    "image_type": "COS_CONTAINERD",
                    "kubelet_config": [],
                    "labels": {},
                    "linux_node_config": [],
                    "local_nvme_ssd_block_config": [],
                    "local_ssd_count": 0,
                    "logging_variant": "DEFAULT",
                    "machine_type": "e2-medium",
                    "metadata": {
                      "disable-legacy-endpoints": "true"
                    },
                    "min_cpu_platform": "",
                    "node_group": "",
                    "oauth_scopes": [
                      "https://www.googleapis.com/auth/devstorage.read_only",
                      "https://www.googleapis.com/auth/logging.write",
                      "https://www.googleapis.com/auth/monitoring",
                      "https://www.googleapis.com/auth/service.management.readonly",
                      "https://www.googleapis.com/auth/servicecontrol",
                      "https://www.googleapis.com/auth/trace.append"
                    ],
                    "preemptible": false,
                    "reservation_affinity": [],
                    "resource_labels": {},
                    "service_account": "default",
                    "shielded_instance_config": [
                      {
                        "enable_integrity_monitoring": true,
                        "enable_secure_boot": false
                      }
                    ],
                    "sole_tenant_config": [],
                    "spot": false,
                    "tags": [],
                    "taint": [],
                    "workload_metadata_config": []
                  }
                ],
                "node_count": 2,
                "node_locations": [
                  "us-central1-a"
                ],
                "placement_policy": [],
                "upgrade_settings": [
                  {
                    "blue_green_settings": [],
                    "max_surge": 1,
                    "max_unavailable": 0,
                    "strategy": "SURGE"
                  }
                ],
                "version": "1.27.3-gke.100"
              }
            ],
            "node_pool_auto_config": [],
            "node_pool_defaults": [
              {
                "node_config_defaults": [
                  {
                    "logging_variant": "DEFAULT"
                  }
                ]
              }
            ],
            "node_version": "1.27.3-gke.100",
            "notification_config": [
              {
                "pubsub": [
                  {
                    "enabled": false,
                    "filter": [],
                    "topic": ""
                  }
                ]
              }
            ],
            "operation": null,
            "private_cluster_config": [
              {
                "enable_private_endpoint": false,
                "enable_private_nodes": false,
                "master_global_access_config": [
                  {
                    "enabled": false
                  }
                ],
                "master_ipv4_cidr_block": "",
                "peering_name": "",
                "private_endpoint": "10.128.15.210",
                "private_endpoint_subnetwork": "",
                "public_endpoint": "35.232.31.240"
              }
            ],
            "private_ipv6_google_access": "",
            "project": "data-rainfall-396303",
            "release_channel": [
              {
                "channel": "REGULAR"
              }
            ],
            "remove_default_node_pool": true,
            "resource_labels": {},
            "resource_usage_export_config": [],
            "security_posture_config": [
              {
                "mode": "BASIC",
                "vulnerability_mode": "VULNERABILITY_MODE_UNSPECIFIED"
              }
            ],
            "self_link": "https://container.googleapis.com/v1/projects/data-rainfall-396303/zones/us-central1-a/clusters/my-gke-cluster",
            "service_external_ips_config": [
              {
                "enabled": false
              }
            ],
            "services_ipv4_cidr": "10.48.0.0/20",
            "subnetwork": "projects/data-rainfall-396303/regions/us-central1/subnetworks/default",
            "timeouts": null,
            "tpu_ipv4_cidr_block": "",
            "vertical_pod_autoscaling": [],
            "workload_identity_config": []
          },
          "sensitive_attributes": [],
          "private": "eyJlMmJmYjczMC1lY2FhLTExZTYtOGY4OC0zNDM2M2JjN2M0YzAiOnsiY3JlYXRlIjoyNDAwMDAwMDAwMDAwLCJkZWxldGUiOjI0MDAwMDAwMDAwMDAsInJlYWQiOjI0MDAwMDAwMDAwMDAsInVwZGF0ZSI6MzYwMDAwMDAwMDAwMH0sInNjaGVtYV92ZXJzaW9uIjoiMiJ9"
        }
      ]
    },
    {
      "mode": "managed",
      "type": "google_service_account",
      "name": "sa_tf",
      "provider": "provider[\"registry.terraform.io/hashicorp/google\"]",
      "instances": [
        {
          "schema_version": 0,
          "attributes": {
            "account_id": "tfmanikanta",
            "description": "",
            "disabled": false,
            "display_name": "service-tf",
            "email": "tfmanikanta@data-rainfall-396303.iam.gserviceaccount.com",
            "id": "projects/data-rainfall-396303/serviceAccounts/tfmanikanta@data-rainfall-396303.iam.gserviceaccount.com",
            "member": "serviceAccount:tfmanikanta@data-rainfall-396303.iam.gserviceaccount.com",
            "name": "projects/data-rainfall-396303/serviceAccounts/tfmanikanta@data-rainfall-396303.iam.gserviceaccount.com",
            "project": "data-rainfall-396303",
            "timeouts": null,
            "unique_id": "113118914958678622101"
          },
          "sensitive_attributes": [],
          "private": "eyJlMmJmYjczMC1lY2FhLTExZTYtOGY4OC0zNDM2M2JjN2M0YzAiOnsiY3JlYXRlIjozMDAwMDAwMDAwMDB9fQ=="
        }
      ]
    },
    {
      "mode": "managed",
      "type": "google_storage_bucket",
      "name": "static-bucket",
      "provider": "provider[\"registry.terraform.io/hashicorp/google\"]",
      "instances": [
        {
          "schema_version": 1,
          "attributes": {
            "autoclass": [],
            "cors": [],
            "custom_placement_config": [],
            "default_event_based_hold": false,
            "effective_labels": {},
            "encryption": [],
            "force_destroy": true,
            "id": "my-gcs-mani",
            "labels": {},
            "lifecycle_rule": [],
            "location": "US",
            "logging": [],
            "name": "my-gcs-mani",
            "project": "data-rainfall-396303",
            "public_access_prevention": "inherited",
            "requester_pays": false,
            "retention_policy": [],
            "self_link": "https://www.googleapis.com/storage/v1/b/my-gcs-mani",
            "storage_class": "STANDARD",
            "terraform_labels": {},
            "timeouts": null,
            "uniform_bucket_level_access": true,
            "url": "gs://my-gcs-mani",
            "versioning": [],
            "website": []
          },
          "sensitive_attributes": [],
          "private": "eyJlMmJmYjczMC1lY2FhLTExZTYtOGY4OC0zNDM2M2JjN2M0YzAiOnsiY3JlYXRlIjo2MDAwMDAwMDAwMDAsInJlYWQiOjI0MDAwMDAwMDAwMCwidXBkYXRlIjoyNDAwMDAwMDAwMDB9LCJzY2hlbWFfdmVyc2lvbiI6IjEifQ=="
        }
      ]
    }
  ],
  "check_results": null
}
