{
  "version": 4,
  "terraform_version": "1.5.7",
  "serial": 729,
  "lineage": "7e2ba282-a2c1-c31e-8cce-a9152f649500",
  "outputs": {
    "custom": {
      "value": "my-network-tf",
      "type": "string"
    },
    "database-tf": {
      "value": "my-database",
      "type": "string"
    },
    "firewall": {
      "value": "test-firewall",
      "type": "string"
    },
    "instance": {
      "value": "my-instance",
      "type": "string"
    },
    "instance-sql-tf": {
      "value": "my-database-instance",
      "type": "string"
    },
    "ip": {
      "value": "10.2.0.0/16",
      "type": "string"
    },
    "peering1": {
      "value": {
        "export_custom_routes": false,
        "export_subnet_routes_with_public_ip": true,
        "id": "vpc-1/peering1-2",
        "import_custom_routes": false,
        "import_subnet_routes_with_public_ip": false,
        "name": "peering1-2",
        "network": "https://www.googleapis.com/compute/v1/projects/data-rainfall-396303/global/networks/vpc-1",
        "peer_network": "https://www.googleapis.com/compute/v1/projects/data-rainfall-396303/global/networks/vpc-2",
        "stack_type": "IPV4_ONLY",
        "state": "ACTIVE",
        "state_details": "[2023-09-26T04:20:43.382-07:00]: Connected.",
        "timeouts": null
      },
      "type": [
        "object",
        {
          "export_custom_routes": "bool",
          "export_subnet_routes_with_public_ip": "bool",
          "id": "string",
          "import_custom_routes": "bool",
          "import_subnet_routes_with_public_ip": "bool",
          "name": "string",
          "network": "string",
          "peer_network": "string",
          "stack_type": "string",
          "state": "string",
          "state_details": "string",
          "timeouts": [
            "object",
            {
              "create": "string",
              "delete": "string",
              "update": "string"
            }
          ]
        }
      ]
    },
    "peering2": {
      "value": {
        "export_custom_routes": false,
        "export_subnet_routes_with_public_ip": true,
        "id": "vpc-2/peering2-1",
        "import_custom_routes": false,
        "import_subnet_routes_with_public_ip": false,
        "name": "peering2-1",
        "network": "https://www.googleapis.com/compute/v1/projects/data-rainfall-396303/global/networks/vpc-2",
        "peer_network": "https://www.googleapis.com/compute/v1/projects/data-rainfall-396303/global/networks/vpc-1",
        "stack_type": "IPV4_ONLY",
        "state": "INACTIVE",
        "state_details": "[2023-09-26T04:20:27.893-07:00]: Waiting for peer network to connect.",
        "timeouts": null
      },
      "type": [
        "object",
        {
          "export_custom_routes": "bool",
          "export_subnet_routes_with_public_ip": "bool",
          "id": "string",
          "import_custom_routes": "bool",
          "import_subnet_routes_with_public_ip": "bool",
          "name": "string",
          "network": "string",
          "peer_network": "string",
          "stack_type": "string",
          "state": "string",
          "state_details": "string",
          "timeouts": [
            "object",
            {
              "create": "string",
              "delete": "string",
              "update": "string"
            }
          ]
        }
      ]
    },
    "peering3": {
      "value": {
        "export_custom_routes": false,
        "export_subnet_routes_with_public_ip": true,
        "id": "vpc-1/peering3-1",
        "import_custom_routes": false,
        "import_subnet_routes_with_public_ip": false,
        "name": "peering3-1",
        "network": "https://www.googleapis.com/compute/v1/projects/data-rainfall-396303/global/networks/vpc-1",
        "peer_network": "https://www.googleapis.com/compute/v1/projects/data-rainfall-396303/global/networks/vpc-3",
        "stack_type": "IPV4_ONLY",
        "state": "ACTIVE",
        "state_details": "[2023-09-26T04:20:18.847-07:00]: Connected.",
        "timeouts": null
      },
      "type": [
        "object",
        {
          "export_custom_routes": "bool",
          "export_subnet_routes_with_public_ip": "bool",
          "id": "string",
          "import_custom_routes": "bool",
          "import_subnet_routes_with_public_ip": "bool",
          "name": "string",
          "network": "string",
          "peer_network": "string",
          "stack_type": "string",
          "state": "string",
          "state_details": "string",
          "timeouts": [
            "object",
            {
              "create": "string",
              "delete": "string",
              "update": "string"
            }
          ]
        }
      ]
    },
    "peering4": {
      "value": {
        "export_custom_routes": false,
        "export_subnet_routes_with_public_ip": true,
        "id": "vpc-3/peering1-3",
        "import_custom_routes": false,
        "import_subnet_routes_with_public_ip": false,
        "name": "peering1-3",
        "network": "https://www.googleapis.com/compute/v1/projects/data-rainfall-396303/global/networks/vpc-3",
        "peer_network": "https://www.googleapis.com/compute/v1/projects/data-rainfall-396303/global/networks/vpc-1",
        "stack_type": "IPV4_ONLY",
        "state": "INACTIVE",
        "state_details": "[2023-09-26T04:20:01.319-07:00]: Waiting for peer network to connect.",
        "timeouts": null
      },
      "type": [
        "object",
        {
          "export_custom_routes": "bool",
          "export_subnet_routes_with_public_ip": "bool",
          "id": "string",
          "import_custom_routes": "bool",
          "import_subnet_routes_with_public_ip": "bool",
          "name": "string",
          "network": "string",
          "peer_network": "string",
          "stack_type": "string",
          "state": "string",
          "state_details": "string",
          "timeouts": [
            "object",
            {
              "create": "string",
              "delete": "string",
              "update": "string"
            }
          ]
        }
      ]
    },
    "primary-cluster": {
      "value": "my-gke-cluster",
      "type": "string"
    },
    "primary_preemptible_nodes": {
      "value": 2,
      "type": "number"
    },
    "sa_tf": {
      "value": "projects/data-rainfall-396303/serviceAccounts/tfmanikanta@data-rainfall-396303.iam.gserviceaccount.com",
      "type": "string"
    },
    "static-bucket": {
      "value": "my-gcs-mani",
      "type": "string"
    },
    "subnet": {
      "value": {
        "creation_timestamp": "2023-09-26T04:19:51.768-07:00",
        "description": "",
        "external_ipv6_prefix": "",
        "fingerprint": null,
        "gateway_address": "10.2.0.1",
        "id": "projects/data-rainfall-396303/regions/us-central1/subnetworks/test-subnet",
        "ip_cidr_range": "10.2.0.0/16",
        "ipv6_access_type": "",
        "ipv6_cidr_range": "",
        "log_config": [],
        "name": "test-subnet",
        "network": "https://www.googleapis.com/compute/v1/projects/data-rainfall-396303/global/networks/my-network-tf",
        "private_ip_google_access": false,
        "private_ipv6_google_access": "DISABLE_GOOGLE_ACCESS",
        "project": "data-rainfall-396303",
        "purpose": "PRIVATE",
        "region": "us-central1",
        "role": "",
        "secondary_ip_range": [],
        "self_link": "https://www.googleapis.com/compute/v1/projects/data-rainfall-396303/regions/us-central1/subnetworks/test-subnet",
        "stack_type": "IPV4_ONLY",
        "timeouts": null
      },
      "type": [
        "object",
        {
          "creation_timestamp": "string",
          "description": "string",
          "external_ipv6_prefix": "string",
          "fingerprint": "string",
          "gateway_address": "string",
          "id": "string",
          "ip_cidr_range": "string",
          "ipv6_access_type": "string",
          "ipv6_cidr_range": "string",
          "log_config": [
            "list",
            [
              "object",
              {
                "aggregation_interval": "string",
                "filter_expr": "string",
                "flow_sampling": "number",
                "metadata": "string",
                "metadata_fields": [
                  "set",
                  "string"
                ]
              }
            ]
          ],
          "name": "string",
          "network": "string",
          "private_ip_google_access": "bool",
          "private_ipv6_google_access": "string",
          "project": "string",
          "purpose": "string",
          "region": "string",
          "role": "string",
          "secondary_ip_range": [
            "list",
            [
              "object",
              {
                "ip_cidr_range": "string",
                "range_name": "string"
              }
            ]
          ],
          "self_link": "string",
          "stack_type": "string",
          "timeouts": [
            "object",
            {
              "create": "string",
              "delete": "string",
              "update": "string"
            }
          ]
        }
      ]
    },
    "vpc-1": {
      "value": "vpc-1",
      "type": "string"
    },
    "vpc-2": {
      "value": "vpc-2",
      "type": "string"
    },
    "vpc-3": {
      "value": "vpc-3",
      "type": "string"
    }
  },
  "resources": [
    {
      "mode": "managed",
      "type": "google_compute_firewall",
      "name": "firewall-terra",
      "provider": "provider[\"registry.terraform.io/hashicorp/google\"]",
      "instances": [
        {
          "schema_version": 1,
          "attributes": {
            "allow": [
              {
                "ports": [
                  "80",
                  "8080",
                  "1000-2000",
                  "443"
                ],
                "protocol": "tcp"
              }
            ],
            "creation_timestamp": "2023-09-26T04:19:50.538-07:00",
            "deny": [],
            "description": "",
            "destination_ranges": [],
            "direction": "INGRESS",
            "disabled": false,
            "enable_logging": null,
            "id": "projects/data-rainfall-396303/global/firewalls/test-firewall",
            "log_config": [],
            "name": "test-firewall",
            "network": "https://www.googleapis.com/compute/v1/projects/data-rainfall-396303/global/networks/my-network-tf",
            "priority": 1000,
            "project": "data-rainfall-396303",
            "self_link": "https://www.googleapis.com/compute/v1/projects/data-rainfall-396303/global/firewalls/test-firewall",
            "source_ranges": null,
            "source_service_accounts": null,
            "source_tags": [
              "web"
            ],
            "target_service_accounts": null,
            "target_tags": null,
            "timeouts": null
          },
          "sensitive_attributes": [],
          "private": "eyJlMmJmYjczMC1lY2FhLTExZTYtOGY4OC0zNDM2M2JjN2M0YzAiOnsiY3JlYXRlIjoxMjAwMDAwMDAwMDAwLCJkZWxldGUiOjEyMDAwMDAwMDAwMDAsInVwZGF0ZSI6MTIwMDAwMDAwMDAwMH0sInNjaGVtYV92ZXJzaW9uIjoiMSJ9",
          "dependencies": [
            "google_compute_network.custom-vpc-tf"
          ]
        }
      ]
    },
    {
      "mode": "managed",
      "type": "google_compute_instance",
      "name": "instance_terra",
      "provider": "provider[\"registry.terraform.io/hashicorp/google\"]",
      "instances": [
        {
          "schema_version": 6,
          "attributes": {
            "advanced_machine_features": [],
            "allow_stopping_for_update": null,
            "attached_disk": [],
            "boot_disk": [
              {
                "auto_delete": true,
                "device_name": "persistent-disk-0",
                "disk_encryption_key_raw": "",
                "disk_encryption_key_sha256": "",
                "initialize_params": [
                  {
                    "image": "https://www.googleapis.com/compute/v1/projects/debian-cloud/global/images/debian-11-bullseye-v20220719",
                    "labels": {},
                    "resource_manager_tags": null,
                    "size": 10,
                    "type": "pd-standard"
                  }
                ],
                "kms_key_self_link": "",
                "mode": "READ_WRITE",
                "source": "https://www.googleapis.com/compute/v1/projects/data-rainfall-396303/zones/us-central1-a/disks/my-instance"
              }
            ],
            "can_ip_forward": false,
            "confidential_instance_config": [],
            "cpu_platform": "Intel Broadwell",
            "current_status": "RUNNING",
            "deletion_protection": false,
            "description": "",
            "desired_status": null,
            "enable_display": false,
            "guest_accelerator": [],
            "hostname": "",
            "id": "projects/data-rainfall-396303/zones/us-central1-a/instances/my-instance",
            "instance_id": "4703462862738096263",
            "label_fingerprint": "42WmSpB8rSM=",
            "labels": null,
            "machine_type": "e2-medium",
            "metadata": null,
            "metadata_fingerprint": "EoS5gsv0LzU=",
            "metadata_startup_script": null,
            "min_cpu_platform": "",
            "name": "my-instance",
            "network_interface": [
              {
                "access_config": [
                  {
                    "nat_ip": "34.71.127.9",
                    "network_tier": "PREMIUM",
                    "public_ptr_domain_name": ""
                  }
                ],
                "alias_ip_range": [],
                "internal_ipv6_prefix_length": 0,
                "ipv6_access_config": [],
                "ipv6_access_type": "",
                "ipv6_address": "",
                "name": "nic0",
                "network": "https://www.googleapis.com/compute/v1/projects/data-rainfall-396303/global/networks/my-network-tf",
                "network_ip": "10.2.0.2",
                "nic_type": "",
                "queue_count": 0,
                "stack_type": "IPV4_ONLY",
                "subnetwork": "https://www.googleapis.com/compute/v1/projects/data-rainfall-396303/regions/us-central1/subnetworks/test-subnet",
                "subnetwork_project": "data-rainfall-396303"
              }
            ],
            "network_performance_config": [],
            "params": [],
            "project": "data-rainfall-396303",
            "reservation_affinity": [],
            "resource_policies": null,
            "scheduling": [
              {
                "automatic_restart": true,
                "instance_termination_action": "",
                "local_ssd_recovery_timeout": [],
                "min_node_cpus": 0,
                "node_affinities": [],
                "on_host_maintenance": "MIGRATE",
                "preemptible": false,
                "provisioning_model": "STANDARD"
              }
            ],
            "scratch_disk": [],
            "self_link": "https://www.googleapis.com/compute/v1/projects/data-rainfall-396303/zones/us-central1-a/instances/my-instance",
            "service_account": [],
            "shielded_instance_config": [
              {
                "enable_integrity_monitoring": true,
                "enable_secure_boot": false,
                "enable_vtpm": true
              }
            ],
            "tags": null,
            "tags_fingerprint": "42WmSpB8rSM=",
            "timeouts": null,
            "zone": "us-central1-a"
          },
          "sensitive_attributes": [],
          "private": "eyJlMmJmYjczMC1lY2FhLTExZTYtOGY4OC0zNDM2M2JjN2M0YzAiOnsiY3JlYXRlIjoxMjAwMDAwMDAwMDAwLCJkZWxldGUiOjEyMDAwMDAwMDAwMDAsInVwZGF0ZSI6MTIwMDAwMDAwMDAwMH0sInNjaGVtYV92ZXJzaW9uIjoiNiJ9",
          "dependencies": [
            "google_compute_network.custom-vpc-tf",
            "google_compute_subnetwork.subnet-tf"
          ]
        }
      ]
    },
    {
      "mode": "managed",
      "type": "google_compute_network",
      "name": "custom-vpc-tf",
      "provider": "provider[\"registry.terraform.io/hashicorp/google\"]",
      "instances": [
        {
          "schema_version": 0,
          "attributes": {
            "auto_create_subnetworks": false,
            "delete_default_routes_on_create": false,
            "description": "",
            "enable_ula_internal_ipv6": false,
            "gateway_ipv4": "",
            "id": "projects/data-rainfall-396303/global/networks/my-network-tf",
            "internal_ipv6_range": "",
            "mtu": 0,
            "name": "my-network-tf",
            "network_firewall_policy_enforcement_order": "AFTER_CLASSIC_FIREWALL",
            "project": "data-rainfall-396303",
            "routing_mode": "REGIONAL",
            "self_link": "https://www.googleapis.com/compute/v1/projects/data-rainfall-396303/global/networks/my-network-tf",
            "timeouts": null
          },
          "sensitive_attributes": [],
          "private": "eyJlMmJmYjczMC1lY2FhLTExZTYtOGY4OC0zNDM2M2JjN2M0YzAiOnsiY3JlYXRlIjoxMjAwMDAwMDAwMDAwLCJkZWxldGUiOjEyMDAwMDAwMDAwMDAsInVwZGF0ZSI6MTIwMDAwMDAwMDAwMH19"
        }
      ]
    },
    {
      "mode": "managed",
      "type": "google_compute_network",
      "name": "vpc-1",
      "provider": "provider[\"registry.terraform.io/hashicorp/google\"]",
      "instances": [
        {
          "schema_version": 0,
          "attributes": {
            "auto_create_subnetworks": false,
            "delete_default_routes_on_create": false,
            "description": "",
            "enable_ula_internal_ipv6": false,
            "gateway_ipv4": "",
            "id": "projects/data-rainfall-396303/global/networks/vpc-1",
            "internal_ipv6_range": "",
            "mtu": 0,
            "name": "vpc-1",
            "network_firewall_policy_enforcement_order": "AFTER_CLASSIC_FIREWALL",
            "project": "data-rainfall-396303",
            "routing_mode": "REGIONAL",
            "self_link": "https://www.googleapis.com/compute/v1/projects/data-rainfall-396303/global/networks/vpc-1",
            "timeouts": null
          },
          "sensitive_attributes": [],
          "private": "eyJlMmJmYjczMC1lY2FhLTExZTYtOGY4OC0zNDM2M2JjN2M0YzAiOnsiY3JlYXRlIjoxMjAwMDAwMDAwMDAwLCJkZWxldGUiOjEyMDAwMDAwMDAwMDAsInVwZGF0ZSI6MTIwMDAwMDAwMDAwMH19"
        }
      ]
    },
    {
      "mode": "managed",
      "type": "google_compute_network",
      "name": "vpc-2",
      "provider": "provider[\"registry.terraform.io/hashicorp/google\"]",
      "instances": [
        {
          "schema_version": 0,
          "attributes": {
            "auto_create_subnetworks": false,
            "delete_default_routes_on_create": false,
            "description": "",
            "enable_ula_internal_ipv6": false,
            "gateway_ipv4": "",
            "id": "projects/data-rainfall-396303/global/networks/vpc-2",
            "internal_ipv6_range": "",
            "mtu": 0,
            "name": "vpc-2",
            "network_firewall_policy_enforcement_order": "AFTER_CLASSIC_FIREWALL",
            "project": "data-rainfall-396303",
            "routing_mode": "REGIONAL",
            "self_link": "https://www.googleapis.com/compute/v1/projects/data-rainfall-396303/global/networks/vpc-2",
            "timeouts": null
          },
          "sensitive_attributes": [],
          "private": "eyJlMmJmYjczMC1lY2FhLTExZTYtOGY4OC0zNDM2M2JjN2M0YzAiOnsiY3JlYXRlIjoxMjAwMDAwMDAwMDAwLCJkZWxldGUiOjEyMDAwMDAwMDAwMDAsInVwZGF0ZSI6MTIwMDAwMDAwMDAwMH19"
        }
      ]
    },
    {
      "mode": "managed",
      "type": "google_compute_network",
      "name": "vpc-3",
      "provider": "provider[\"registry.terraform.io/hashicorp/google\"]",
      "instances": [
        {
          "schema_version": 0,
          "attributes": {
            "auto_create_subnetworks": false,
            "delete_default_routes_on_create": false,
            "description": "",
            "enable_ula_internal_ipv6": false,
            "gateway_ipv4": "",
            "id": "projects/data-rainfall-396303/global/networks/vpc-3",
            "internal_ipv6_range": "",
            "mtu": 0,
            "name": "vpc-3",
            "network_firewall_policy_enforcement_order": "AFTER_CLASSIC_FIREWALL",
            "project": "data-rainfall-396303",
            "routing_mode": "REGIONAL",
            "self_link": "https://www.googleapis.com/compute/v1/projects/data-rainfall-396303/global/networks/vpc-3",
            "timeouts": null
          },
          "sensitive_attributes": [],
          "private": "eyJlMmJmYjczMC1lY2FhLTExZTYtOGY4OC0zNDM2M2JjN2M0YzAiOnsiY3JlYXRlIjoxMjAwMDAwMDAwMDAwLCJkZWxldGUiOjEyMDAwMDAwMDAwMDAsInVwZGF0ZSI6MTIwMDAwMDAwMDAwMH19"
        }
      ]
    },
    {
      "mode": "managed",
      "type": "google_compute_network_peering",
      "name": "peering1",
      "provider": "provider[\"registry.terraform.io/hashicorp/google\"]",
      "instances": [
        {
          "schema_version": 0,
          "attributes": {
            "export_custom_routes": false,
            "export_subnet_routes_with_public_ip": true,
            "id": "vpc-1/peering1-2",
            "import_custom_routes": false,
            "import_subnet_routes_with_public_ip": false,
            "name": "peering1-2",
            "network": "https://www.googleapis.com/compute/v1/projects/data-rainfall-396303/global/networks/vpc-1",
            "peer_network": "https://www.googleapis.com/compute/v1/projects/data-rainfall-396303/global/networks/vpc-2",
            "stack_type": "IPV4_ONLY",
            "state": "ACTIVE",
            "state_details": "[2023-09-26T04:20:43.382-07:00]: Connected.",
            "timeouts": null
          },
          "sensitive_attributes": [],
          "private": "eyJlMmJmYjczMC1lY2FhLTExZTYtOGY4OC0zNDM2M2JjN2M0YzAiOnsiY3JlYXRlIjoyNDAwMDAwMDAwMDAsImRlbGV0ZSI6MjQwMDAwMDAwMDAwLCJ1cGRhdGUiOjI0MDAwMDAwMDAwMH19",
          "dependencies": [
            "google_compute_network.vpc-1",
            "google_compute_network.vpc-2"
          ]
        }
      ]
    },
    {
      "mode": "managed",
      "type": "google_compute_network_peering",
      "name": "peering2",
      "provider": "provider[\"registry.terraform.io/hashicorp/google\"]",
      "instances": [
        {
          "schema_version": 0,
          "attributes": {
            "export_custom_routes": false,
            "export_subnet_routes_with_public_ip": true,
            "id": "vpc-2/peering2-1",
            "import_custom_routes": false,
            "import_subnet_routes_with_public_ip": false,
            "name": "peering2-1",
            "network": "https://www.googleapis.com/compute/v1/projects/data-rainfall-396303/global/networks/vpc-2",
            "peer_network": "https://www.googleapis.com/compute/v1/projects/data-rainfall-396303/global/networks/vpc-1",
            "stack_type": "IPV4_ONLY",
            "state": "INACTIVE",
            "state_details": "[2023-09-26T04:20:27.893-07:00]: Waiting for peer network to connect.",
            "timeouts": null
          },
          "sensitive_attributes": [],
          "private": "eyJlMmJmYjczMC1lY2FhLTExZTYtOGY4OC0zNDM2M2JjN2M0YzAiOnsiY3JlYXRlIjoyNDAwMDAwMDAwMDAsImRlbGV0ZSI6MjQwMDAwMDAwMDAwLCJ1cGRhdGUiOjI0MDAwMDAwMDAwMH19",
          "dependencies": [
            "google_compute_network.vpc-1",
            "google_compute_network.vpc-2"
          ]
        }
      ]
    },
    {
      "mode": "managed",
      "type": "google_compute_network_peering",
      "name": "peering3",
      "provider": "provider[\"registry.terraform.io/hashicorp/google\"]",
      "instances": [
        {
          "schema_version": 0,
          "attributes": {
            "export_custom_routes": false,
            "export_subnet_routes_with_public_ip": true,
            "id": "vpc-1/peering3-1",
            "import_custom_routes": false,
            "import_subnet_routes_with_public_ip": false,
            "name": "peering3-1",
            "network": "https://www.googleapis.com/compute/v1/projects/data-rainfall-396303/global/networks/vpc-1",
            "peer_network": "https://www.googleapis.com/compute/v1/projects/data-rainfall-396303/global/networks/vpc-3",
            "stack_type": "IPV4_ONLY",
            "state": "ACTIVE",
            "state_details": "[2023-09-26T04:20:18.847-07:00]: Connected.",
            "timeouts": null
          },
          "sensitive_attributes": [],
          "private": "eyJlMmJmYjczMC1lY2FhLTExZTYtOGY4OC0zNDM2M2JjN2M0YzAiOnsiY3JlYXRlIjoyNDAwMDAwMDAwMDAsImRlbGV0ZSI6MjQwMDAwMDAwMDAwLCJ1cGRhdGUiOjI0MDAwMDAwMDAwMH19",
          "dependencies": [
            "google_compute_network.vpc-1",
            "google_compute_network.vpc-3"
          ]
        }
      ]
    },
    {
      "mode": "managed",
      "type": "google_compute_network_peering",
      "name": "peering4",
      "provider": "provider[\"registry.terraform.io/hashicorp/google\"]",
      "instances": [
        {
          "schema_version": 0,
          "attributes": {
            "export_custom_routes": false,
            "export_subnet_routes_with_public_ip": true,
            "id": "vpc-3/peering1-3",
            "import_custom_routes": false,
            "import_subnet_routes_with_public_ip": false,
            "name": "peering1-3",
            "network": "https://www.googleapis.com/compute/v1/projects/data-rainfall-396303/global/networks/vpc-3",
            "peer_network": "https://www.googleapis.com/compute/v1/projects/data-rainfall-396303/global/networks/vpc-1",
            "stack_type": "IPV4_ONLY",
            "state": "INACTIVE",
            "state_details": "[2023-09-26T04:20:01.319-07:00]: Waiting for peer network to connect.",
            "timeouts": null
          },
          "sensitive_attributes": [],
          "private": "eyJlMmJmYjczMC1lY2FhLTExZTYtOGY4OC0zNDM2M2JjN2M0YzAiOnsiY3JlYXRlIjoyNDAwMDAwMDAwMDAsImRlbGV0ZSI6MjQwMDAwMDAwMDAwLCJ1cGRhdGUiOjI0MDAwMDAwMDAwMH19",
          "dependencies": [
            "google_compute_network.vpc-1",
            "google_compute_network.vpc-3"
          ]
        }
      ]
    },
    {
      "mode": "managed",
      "type": "google_compute_subnetwork",
      "name": "subnet-tf",
      "provider": "provider[\"registry.terraform.io/hashicorp/google\"]",
      "instances": [
        {
          "schema_version": 0,
          "attributes": {
            "creation_timestamp": "2023-09-26T04:19:51.768-07:00",
            "description": "",
            "external_ipv6_prefix": "",
            "fingerprint": null,
            "gateway_address": "10.2.0.1",
            "id": "projects/data-rainfall-396303/regions/us-central1/subnetworks/test-subnet",
            "ip_cidr_range": "10.2.0.0/16",
            "ipv6_access_type": "",
            "ipv6_cidr_range": "",
            "log_config": [],
            "name": "test-subnet",
            "network": "https://www.googleapis.com/compute/v1/projects/data-rainfall-396303/global/networks/my-network-tf",
            "private_ip_google_access": false,
            "private_ipv6_google_access": "DISABLE_GOOGLE_ACCESS",
            "project": "data-rainfall-396303",
            "purpose": "PRIVATE",
            "region": "us-central1",
            "role": "",
            "secondary_ip_range": [],
            "self_link": "https://www.googleapis.com/compute/v1/projects/data-rainfall-396303/regions/us-central1/subnetworks/test-subnet",
            "stack_type": "IPV4_ONLY",
            "timeouts": null
          },
          "sensitive_attributes": [],
          "private": "eyJlMmJmYjczMC1lY2FhLTExZTYtOGY4OC0zNDM2M2JjN2M0YzAiOnsiY3JlYXRlIjoxMjAwMDAwMDAwMDAwLCJkZWxldGUiOjEyMDAwMDAwMDAwMDAsInVwZGF0ZSI6MTIwMDAwMDAwMDAwMH19",
          "dependencies": [
            "google_compute_network.custom-vpc-tf"
          ]
        }
      ]
    },
    {
      "mode": "managed",
      "type": "google_container_cluster",
      "name": "primary-cluster",
      "provider": "provider[\"registry.terraform.io/hashicorp/google\"]",
      "instances": [
        {
          "schema_version": 1,
          "attributes": {
            "addons_config": [
              {
                "cloudrun_config": [],
                "config_connector_config": [],
                "dns_cache_config": [],
                "gce_persistent_disk_csi_driver_config": [
                  {
                    "enabled": true
                  }
                ],
                "gcp_filestore_csi_driver_config": [],
                "gcs_fuse_csi_driver_config": [],
                "gke_backup_agent_config": [],
                "horizontal_pod_autoscaling": [],
                "http_load_balancing": [],
                "network_policy_config": [
                  {
                    "disabled": true
                  }
                ]
              }
            ],
            "allow_net_admin": null,
            "authenticator_groups_config": [],
            "binary_authorization": [
              {
                "enabled": false,
                "evaluation_mode": ""
              }
            ],
            "cluster_autoscaling": [
              {
                "auto_provisioning_defaults": [],
                "enabled": false,
                "resource_limits": []
              }
            ],
            "cluster_ipv4_cidr": "10.0.0.0/14",
            "confidential_nodes": [],
            "cost_management_config": [],
            "database_encryption": [
              {
                "key_name": "",
                "state": "DECRYPTED"
              }
            ],
            "datapath_provider": "",
            "default_max_pods_per_node": null,
            "default_snat_status": [
              {
                "disabled": false
              }
            ],
            "description": "",
            "dns_config": [],
            "enable_autopilot": false,
            "enable_binary_authorization": false,
            "enable_intranode_visibility": false,
            "enable_k8s_beta_apis": [],
            "enable_kubernetes_alpha": false,
            "enable_l4_ilb_subsetting": false,
            "enable_legacy_abac": false,
            "enable_shielded_nodes": true,
            "enable_tpu": false,
            "endpoint": "35.239.244.232",
            "gateway_api_config": [],
            "id": "projects/data-rainfall-396303/locations/us-central1-a/clusters/my-gke-cluster",
            "initial_node_count": 2,
            "ip_allocation_policy": [],
            "label_fingerprint": "a9dc16a7",
            "location": "us-central1-a",
            "logging_config": [
              {
                "enable_components": [
                  "SYSTEM_COMPONENTS",
                  "WORKLOADS"
                ]
              }
            ],
            "logging_service": "logging.googleapis.com/kubernetes",
            "maintenance_policy": [],
            "master_auth": [
              {
                "client_certificate": "",
                "client_certificate_config": [
                  {
                    "issue_client_certificate": false
                  }
                ],
                "client_key": "",
                "cluster_ca_certificate": "LS0tLS1CRUdJTiBDRVJUSUZJQ0FURS0tLS0tCk1JSUVMRENDQXBTZ0F3SUJBZ0lRZndOZXRLTnpERTJDQW1tdkZYd0FTVEFOQmdrcWhraUc5dzBCQVFzRkFEQXYKTVMwd0t3WURWUVFERXlRMVl6Qm1OalUyTlMwek16RTNMVFJtT1dVdE9HUTJOeTB4WXpWaVpEWXdZall3TW1NdwpJQmNOTWpNd09USTJNVEF4T1RNNVdoZ1BNakExTXpBNU1UZ3hNVEU1TXpsYU1DOHhMVEFyQmdOVkJBTVRKRFZqCk1HWTJOVFkxTFRNek1UY3ROR1k1WlMwNFpEWTNMVEZqTldKa05qQmlOakF5WXpDQ0FhSXdEUVlKS29aSWh2Y04KQVFFQkJRQURnZ0dQQURDQ0FZb0NnZ0dCQU1FZjRYVnc2Vi9ab0hEMFc1TW5ETklkMitUVW9hUTVRTXpyWDZUNApBRmhESWNjQmphSSt0cVlDN1Jhd2VwZ1pwaFovNHlUQTJZUHdaVDJwUUtKV0dFZXJnMjU4c2pqVFIvUVZGVXBwCkFOSE1EZ1BvMVl1c2VsMGNSQ3BVUzZEMUo5NmxnbkVsaTZCWUgvV2UyL09JNDQ1Q3BzT1M3SkZWbTlLUEUvU08KYXdWSW9MekJpVlZjdU1yNnZCTU8rNkhka3ZWRUJrOXFnWnNlNzYwdGpEOHFzRjlsS2ozTjlNMzExanhvMHBKbwo3Qlh6Z1RYUkdmR0NkN1NzOGt4aU5kMmI5bjZlaGZoSU1TR3U1UExSWnNGMmlWVlFhNVNyQVFOYWNXbmpHdHNLCmRxSlNXREJLbm9WV1FQTHArSmx6dE05U0pVa3hrQkhQNGE1YnpMRWw2NjBWUVlpVEZaeStxa0htb2xYL3gxVjYKV0FUeldDa2dJK1VHVUhEc1dLZkJhS0FXZEVtdnBLMHhYV1JiRXEzdnN5WDBhdEVaT1pMbGgrWW9YTDFHVEs2VwpwNE1janZxbGF6dlhXMlI5cG1ab2lKenJZME5WY3ZxcXg4OHFuRFRjYVRLcUZGMkU2MVFFcWdRdkh4c1dsYTFTCi9rNGpYTkM4VGx5SUUrU0x1WWpVbDlyTTZRSURBUUFCbzBJd1FEQU9CZ05WSFE4QkFmOEVCQU1DQWdRd0R3WUQKVlIwVEFRSC9CQVV3QXdFQi96QWRCZ05WSFE0RUZnUVVmS1lFWHBPRmkwSWVxNmMwTGdwZGhFSFdIQXd3RFFZSgpLb1pJaHZjTkFRRUxCUUFEZ2dHQkFJUXdSbFhBNlBkY2hxL2kxUkRjWFBvdEdaUUlGSW1rb1h2T3ZxSmJQbGxMCnVsUTBSOXlCM0xCRkVuSlVveUNuc0M2NFN4MDcxTWUvYmlMcnJZTWtjUmoydjNJV2VndjhFOTNLUDBQZm1nL2UKaEt3MVBKeEUrS1RZcG5OdDAyZ3dURGp4dWtyM29LMTlTajkzU0ozTUFjQnVBNFF5YkVQcFJ0ZWpXVXAxSTNlOAoydjRMcUFxRm5xMEhVL0c4WE4xNDA1YzJqYXQ0Q29DR3h4eVJycTRrZWlRL1NvNzljQ1diM0xTWTYwUTZDbTIvCk4wTzNnWncvclNIdWFQeFh0SUJwWGhacE43eEFTUnFNU0prcTA1aUlPN2VCTmZNbEJVUVlvaDR3RkhEUTErcFQKTGhEUzc4NkUwRmtXYTVlVE5LNEhkNUxHU1BhOExoeUJuanZCcEhvc3RFMDJJdDNLbk9lb0hId1orcHVSdkRPQwpNWjQzWFdUWHZHekQvYzUwL2tETklDQWFDVXBqUHNRK2cxUFBKRCsrOWgyL0QzZmJvSUdxUE8rMndJbTNDUHBiCnJCN3E2OUphM3ZvNXN5M3JOa0xQbkJqa2p6aUpqaDVycnNJdnEybkpiV3hScnJEdWFBRU5CUU5RQnRPSTdUUUQKVmFBaFJLTThaUXBxOU9DYXJLT2ZDUT09Ci0tLS0tRU5EIENFUlRJRklDQVRFLS0tLS0K"
              }
            ],
            "master_authorized_networks_config": [],
            "master_version": "1.27.3-gke.100",
            "mesh_certificates": [],
            "min_master_version": null,
            "monitoring_config": [
              {
                "advanced_datapath_observability_config": [
                  {
                    "enable_metrics": false,
                    "relay_mode": "DISABLED"
                  }
                ],
                "enable_components": [
                  "SYSTEM_COMPONENTS"
                ],
                "managed_prometheus": [
                  {
                    "enabled": true
                  }
                ]
              }
            ],
            "monitoring_service": "monitoring.googleapis.com/kubernetes",
            "name": "my-gke-cluster",
            "network": "projects/data-rainfall-396303/global/networks/default",
            "network_policy": [
              {
                "enabled": false,
                "provider": "PROVIDER_UNSPECIFIED"
              }
            ],
            "networking_mode": "ROUTES",
            "node_config": [],
            "node_locations": [],
            "node_pool": [],
            "node_pool_defaults": [
              {
                "node_config_defaults": [
                  {
                    "logging_variant": "DEFAULT"
                  }
                ]
              }
            ],
            "node_version": "1.27.3-gke.100",
            "notification_config": [
              {
                "pubsub": [
                  {
                    "enabled": false,
                    "filter": [],
                    "topic": ""
                  }
                ]
              }
            ],
            "operation": null,
            "private_cluster_config": [
              {
                "enable_private_endpoint": false,
                "enable_private_nodes": false,
                "master_global_access_config": [
                  {
                    "enabled": false
                  }
                ],
                "master_ipv4_cidr_block": "",
                "peering_name": "",
                "private_endpoint": "10.128.0.46",
                "private_endpoint_subnetwork": "",
                "public_endpoint": "35.239.244.232"
              }
            ],
            "private_ipv6_google_access": "",
            "project": "data-rainfall-396303",
            "release_channel": [
              {
                "channel": "REGULAR"
              }
            ],
            "remove_default_node_pool": true,
            "resource_labels": null,
            "resource_usage_export_config": [],
            "security_posture_config": [
              {
                "mode": "BASIC",
                "vulnerability_mode": "VULNERABILITY_MODE_UNSPECIFIED"
              }
            ],
            "self_link": "https://container.googleapis.com/v1/projects/data-rainfall-396303/zones/us-central1-a/clusters/my-gke-cluster",
            "service_external_ips_config": [
              {
                "enabled": false
              }
            ],
            "services_ipv4_cidr": "10.3.240.0/20",
            "subnetwork": "projects/data-rainfall-396303/regions/us-central1/subnetworks/default",
            "timeouts": null,
            "tpu_ipv4_cidr_block": "",
            "vertical_pod_autoscaling": [],
            "workload_identity_config": []
          },
          "sensitive_attributes": [],
          "private": "eyJlMmJmYjczMC1lY2FhLTExZTYtOGY4OC0zNDM2M2JjN2M0YzAiOnsiY3JlYXRlIjoyNDAwMDAwMDAwMDAwLCJkZWxldGUiOjI0MDAwMDAwMDAwMDAsInJlYWQiOjI0MDAwMDAwMDAwMDAsInVwZGF0ZSI6MzYwMDAwMDAwMDAwMH0sInNjaGVtYV92ZXJzaW9uIjoiMSJ9"
        }
      ]
    },
    {
      "mode": "managed",
      "type": "google_container_node_pool",
      "name": "primary_preemptible_nodes",
      "provider": "provider[\"registry.terraform.io/hashicorp/google\"]",
      "instances": [
        {
          "schema_version": 1,
          "attributes": {
            "autoscaling": [],
            "cluster": "my-gke-cluster",
            "id": "projects/data-rainfall-396303/locations/us-central1-a/clusters/my-gke-cluster/nodePools/my-node-pool",
            "initial_node_count": 2,
            "instance_group_urls": [
              "https://www.googleapis.com/compute/v1/projects/data-rainfall-396303/zones/us-central1-a/instanceGroupManagers/gke-my-gke-cluster-my-node-pool-924edd5a-grp"
            ],
            "location": "us-central1-a",
            "managed_instance_group_urls": [
              "https://www.googleapis.com/compute/v1/projects/data-rainfall-396303/zones/us-central1-a/instanceGroups/gke-my-gke-cluster-my-node-pool-924edd5a-grp"
            ],
            "management": [
              {
                "auto_repair": true,
                "auto_upgrade": true
              }
            ],
            "max_pods_per_node": null,
            "name": "my-node-pool",
            "name_prefix": "",
            "network_config": [
              {
                "create_pod_range": false,
                "enable_private_nodes": false,
                "pod_cidr_overprovision_config": [],
                "pod_ipv4_cidr_block": "",
                "pod_range": ""
              }
            ],
            "node_config": [
              {
                "advanced_machine_features": [],
                "boot_disk_kms_key": "",
                "confidential_nodes": [],
                "disk_size_gb": 100,
                "disk_type": "pd-balanced",
                "ephemeral_storage_local_ssd_config": [],
                "gcfs_config": [],
                "guest_accelerator": [],
                "gvnic": [],
                "host_maintenance_policy": [],
                "image_type": "COS_CONTAINERD",
                "kubelet_config": [],
                "labels": {},
                "linux_node_config": [],
                "local_nvme_ssd_block_config": [],
                "local_ssd_count": 0,
                "logging_variant": "DEFAULT",
                "machine_type": "e2-medium",
                "metadata": {
                  "disable-legacy-endpoints": "true"
                },
                "min_cpu_platform": "",
                "node_group": "",
                "oauth_scopes": [
                  "https://www.googleapis.com/auth/cloud-platform"
                ],
                "preemptible": true,
                "reservation_affinity": [],
                "resource_labels": null,
                "service_account": "tfmanikanta@data-rainfall-396303.iam.gserviceaccount.com",
                "shielded_instance_config": [
                  {
                    "enable_integrity_monitoring": true,
                    "enable_secure_boot": false
                  }
                ],
                "sole_tenant_config": [],
                "spot": false,
                "tags": null,
                "taint": [],
                "workload_metadata_config": []
              }
            ],
            "node_count": 2,
            "node_locations": [
              "us-central1-a"
            ],
            "operation": null,
            "placement_policy": [],
            "project": "data-rainfall-396303",
            "timeouts": null,
            "upgrade_settings": [
              {
                "blue_green_settings": [],
                "max_surge": 1,
                "max_unavailable": 0,
                "strategy": "SURGE"
              }
            ],
            "version": "1.27.3-gke.100"
          },
          "sensitive_attributes": [],
          "private": "eyJlMmJmYjczMC1lY2FhLTExZTYtOGY4OC0zNDM2M2JjN2M0YzAiOnsiY3JlYXRlIjoxODAwMDAwMDAwMDAwLCJkZWxldGUiOjE4MDAwMDAwMDAwMDAsInVwZGF0ZSI6MTgwMDAwMDAwMDAwMH0sInNjaGVtYV92ZXJzaW9uIjoiMSJ9",
          "dependencies": [
            "google_container_cluster.primary-cluster",
            "google_service_account.sa_tf"
          ]
        }
      ]
    },
    {
      "mode": "managed",
      "type": "google_service_account",
      "name": "sa_tf",
      "provider": "provider[\"registry.terraform.io/hashicorp/google\"]",
      "instances": [
        {
          "schema_version": 0,
          "attributes": {
            "account_id": "tfmanikanta",
            "description": "",
            "disabled": false,
            "display_name": "service-tf",
            "email": "tfmanikanta@data-rainfall-396303.iam.gserviceaccount.com",
            "id": "projects/data-rainfall-396303/serviceAccounts/tfmanikanta@data-rainfall-396303.iam.gserviceaccount.com",
            "member": "serviceAccount:tfmanikanta@data-rainfall-396303.iam.gserviceaccount.com",
            "name": "projects/data-rainfall-396303/serviceAccounts/tfmanikanta@data-rainfall-396303.iam.gserviceaccount.com",
            "project": "data-rainfall-396303",
            "timeouts": null,
            "unique_id": "108610322284810977701"
          },
          "sensitive_attributes": [],
          "private": "eyJlMmJmYjczMC1lY2FhLTExZTYtOGY4OC0zNDM2M2JjN2M0YzAiOnsiY3JlYXRlIjozMDAwMDAwMDAwMDB9fQ=="
        }
      ]
    },
    {
      "mode": "managed",
      "type": "google_sql_database",
      "name": "database-tf",
      "provider": "provider[\"registry.terraform.io/hashicorp/google\"]",
      "instances": [
        {
          "schema_version": 0,
          "attributes": {
            "charset": "utf8mb4",
            "collation": "utf8mb4_0900_ai_ci",
            "deletion_policy": "DELETE",
            "id": "projects/data-rainfall-396303/instances/my-database-instance/databases/my-database",
            "instance": "my-database-instance",
            "name": "my-database",
            "project": "data-rainfall-396303",
            "self_link": "https://sqladmin.googleapis.com/sql/v1beta4/projects/data-rainfall-396303/instances/my-database-instance/databases/my-database",
            "timeouts": null
          },
          "sensitive_attributes": [],
          "private": "eyJlMmJmYjczMC1lY2FhLTExZTYtOGY4OC0zNDM2M2JjN2M0YzAiOnsiY3JlYXRlIjoxMjAwMDAwMDAwMDAwLCJkZWxldGUiOjEyMDAwMDAwMDAwMDAsInVwZGF0ZSI6MTIwMDAwMDAwMDAwMH19",
          "dependencies": [
            "google_sql_database_instance.instance-sql-tf"
          ]
        }
      ]
    },
    {
      "mode": "managed",
      "type": "google_sql_database_instance",
      "name": "instance-sql-tf",
      "provider": "provider[\"registry.terraform.io/hashicorp/google\"]",
      "instances": [
        {
          "schema_version": 0,
          "attributes": {
            "available_maintenance_versions": [],
            "clone": [],
            "connection_name": "data-rainfall-396303:us-central1:my-database-instance",
            "database_version": "MYSQL_8_0",
            "deletion_protection": false,
            "dns_name": "",
            "encryption_key_name": null,
            "first_ip_address": "35.232.12.46",
            "id": "my-database-instance",
            "instance_type": "CLOUD_SQL_INSTANCE",
            "ip_address": [
              {
                "ip_address": "35.232.12.46",
                "time_to_retire": "",
                "type": "PRIMARY"
              }
            ],
            "maintenance_version": "MYSQL_8_0_31.R20230624.00_05",
            "master_instance_name": "",
            "name": "my-database-instance",
            "private_ip_address": "",
            "project": "data-rainfall-396303",
            "psc_service_attachment_link": "",
            "public_ip_address": "35.232.12.46",
            "region": "us-central1",
            "replica_configuration": [],
            "restore_backup_context": [],
            "root_password": null,
            "self_link": "https://sqladmin.googleapis.com/sql/v1beta4/projects/data-rainfall-396303/instances/my-database-instance",
            "server_ca_cert": [
              {
                "cert": "-----BEGIN CERTIFICATE-----\nMIIDfzCCAmegAwIBAgIBADANBgkqhkiG9w0BAQsFADB3MS0wKwYDVQQuEyRhOWVm\nYTEwMC1kNTZiLTRjNGEtYTVkOC04NTE1OTQzZGVlNTUxIzAhBgNVBAMTGkdvb2ds\nZSBDbG91ZCBTUUwgU2VydmVyIENBMRQwEgYDVQQKEwtHb29nbGUsIEluYzELMAkG\nA1UEBhMCVVMwHhcNMjMwOTI2MTExOTM0WhcNMzMwOTIzMTEyMDM0WjB3MS0wKwYD\nVQQuEyRhOWVmYTEwMC1kNTZiLTRjNGEtYTVkOC04NTE1OTQzZGVlNTUxIzAhBgNV\nBAMTGkdvb2dsZSBDbG91ZCBTUUwgU2VydmVyIENBMRQwEgYDVQQKEwtHb29nbGUs\nIEluYzELMAkGA1UEBhMCVVMwggEiMA0GCSqGSIb3DQEBAQUAA4IBDwAwggEKAoIB\nAQCSVacPrLe+YDaIDm03qTfvfC1qVZeWnD3oMR/VoDWXecFRcba4FGbxWCVfZoug\n60xVVhwkImNp/fca0OaB+BGLugFAtQsI287FAy4i/MGmpxdUva8APmzuE+ruYtV0\nNWPuUQB/XOFkLNvKyAZAlfV0e7NYaq727cpRAPQeqzL/tiZ5k+Yu9mIYo3KKBlo9\nLjzSW37pfpfM/K2mJ69oFZXiKzjb3fILfmcu55UfkXDYTUnbj0lMdZh5BvHg2z8y\ndNYAIUowRv1tlXqYP00dXoMGgMVx2NsIR2m/X/ftKYXUIYkhl43yy1ghf8oPvQ2U\nW7m0NHL8j5UJbe2RZjvJST39AgMBAAGjFjAUMBIGA1UdEwEB/wQIMAYBAf8CAQAw\nDQYJKoZIhvcNAQELBQADggEBAAx8Q7tOcEXlk4l/v3boS7eBxOTVj6C6ZD6709dN\nxN8EmB7I4dbON85Vb0f/JGnwNbVBktCTA9X95QIRO5ltMendxq+Vr/D4sET1YSXV\nSBOBzGJpWNdzfcVT6+eiRa12h0DoubdtVzc9XRKxfF31OnIIJ36T1FdP+eIDPUJb\n5AmsaPKLA1r1//OIOgcjAos4sjwLSNjkVKglkDIse6DdhJFql1yFCEwfiLT5k/z4\n151YdEL4vlPupShDkTVdv06f6VZPLcSafjEtzQsbXq7GrBagI5OAYfLlEbH03YD2\nDJQYjIxw7PJCeFSwaRdEeozFlMO1YEszQWKIiWHwimI64nU=\n-----END CERTIFICATE-----",
                "common_name": "C=US,O=Google\\, Inc,CN=Google Cloud SQL Server CA,dnQualifier=a9efa100-d56b-4c4a-a5d8-8515943dee55",
                "create_time": "2023-09-26T11:19:34.375Z",
                "expiration_time": "2033-09-23T11:20:34.375Z",
                "sha1_fingerprint": "e673454f9b3344c927a8916253bff2ef6388df6f"
              }
            ],
            "service_account_email_address": "p880089628389-kwc4xs@gcp-sa-cloud-sql.iam.gserviceaccount.com",
            "settings": [
              {
                "activation_policy": "ALWAYS",
                "active_directory_config": [],
                "advanced_machine_features": [],
                "availability_type": "ZONAL",
                "backup_configuration": [
                  {
                    "backup_retention_settings": [
                      {
                        "retained_backups": 7,
                        "retention_unit": "COUNT"
                      }
                    ],
                    "binary_log_enabled": false,
                    "enabled": false,
                    "location": "",
                    "point_in_time_recovery_enabled": false,
                    "start_time": "12:00",
                    "transaction_log_retention_days": 7
                  }
                ],
                "collation": "",
                "connector_enforcement": "NOT_REQUIRED",
                "data_cache_config": [],
                "database_flags": [],
                "deletion_protection_enabled": false,
                "deny_maintenance_period": [],
                "disk_autoresize": true,
                "disk_autoresize_limit": 0,
                "disk_size": 10,
                "disk_type": "PD_SSD",
                "edition": "",
                "insights_config": [],
                "ip_configuration": [
                  {
                    "allocated_ip_range": "",
                    "authorized_networks": [],
                    "enable_private_path_for_google_cloud_services": false,
                    "ipv4_enabled": true,
                    "private_network": "",
                    "psc_config": [],
                    "require_ssl": false
                  }
                ],
                "location_preference": [
                  {
                    "follow_gae_application": "",
                    "secondary_zone": "",
                    "zone": "us-central1-b"
                  }
                ],
                "maintenance_window": [],
                "password_validation_policy": [],
                "pricing_plan": "PER_USE",
                "sql_server_audit_config": [],
                "tier": "db-f1-micro",
                "time_zone": "",
                "user_labels": {},
                "version": 1
              }
            ],
            "timeouts": null
          },
          "sensitive_attributes": [],
          "private": "eyJlMmJmYjczMC1lY2FhLTExZTYtOGY4OC0zNDM2M2JjN2M0YzAiOnsiY3JlYXRlIjoyNDAwMDAwMDAwMDAwLCJkZWxldGUiOjE4MDAwMDAwMDAwMDAsInVwZGF0ZSI6MTgwMDAwMDAwMDAwMH19"
        }
      ]
    },
    {
      "mode": "managed",
      "type": "google_storage_bucket",
      "name": "static-bucket",
      "provider": "provider[\"registry.terraform.io/hashicorp/google\"]",
      "instances": [
        {
          "schema_version": 0,
          "attributes": {
            "autoclass": [],
            "cors": [],
            "custom_placement_config": [],
            "default_event_based_hold": false,
            "encryption": [],
            "force_destroy": true,
            "id": "my-gcs-mani",
            "labels": {},
            "lifecycle_rule": [],
            "location": "US",
            "logging": [],
            "name": "my-gcs-mani",
            "project": "data-rainfall-396303",
            "public_access_prevention": "inherited",
            "requester_pays": false,
            "retention_policy": [],
            "self_link": "https://www.googleapis.com/storage/v1/b/my-gcs-mani",
            "storage_class": "STANDARD",
            "timeouts": null,
            "uniform_bucket_level_access": true,
            "url": "gs://my-gcs-mani",
            "versioning": [],
            "website": []
          },
          "sensitive_attributes": [],
          "private": "eyJlMmJmYjczMC1lY2FhLTExZTYtOGY4OC0zNDM2M2JjN2M0YzAiOnsiY3JlYXRlIjo2MDAwMDAwMDAwMDAsInJlYWQiOjI0MDAwMDAwMDAwMCwidXBkYXRlIjoyNDAwMDAwMDAwMDB9fQ=="
        }
      ]
    }
  ],
  "check_results": null
}
