{
  "version": 4,
  "terraform_version": "1.6.3",
  "serial": 1264,
  "lineage": "7e2ba282-a2c1-c31e-8cce-a9152f649500",
  "outputs": {},
  "resources": [
    {
      "mode": "managed",
      "type": "google_container_cluster",
      "name": "primary-cluster",
      "provider": "provider[\"registry.terraform.io/hashicorp/google\"]",
      "instances": [
        {
          "schema_version": 2,
          "attributes": {
            "addons_config": [
              {
                "cloudrun_config": [],
                "config_connector_config": [],
                "dns_cache_config": [],
                "gce_persistent_disk_csi_driver_config": [
                  {
                    "enabled": true
                  }
                ],
                "gcp_filestore_csi_driver_config": [],
                "gcs_fuse_csi_driver_config": [],
                "gke_backup_agent_config": [],
                "horizontal_pod_autoscaling": [],
                "http_load_balancing": [],
                "network_policy_config": [
                  {
                    "disabled": true
                  }
                ]
              }
            ],
            "allow_net_admin": null,
            "authenticator_groups_config": [],
            "binary_authorization": [
              {
                "enabled": false,
                "evaluation_mode": ""
              }
            ],
            "cluster_autoscaling": [
              {
                "auto_provisioning_defaults": [],
                "enabled": false,
                "resource_limits": []
              }
            ],
            "cluster_ipv4_cidr": "10.44.0.0/14",
            "confidential_nodes": [],
            "cost_management_config": [],
            "database_encryption": [
              {
                "key_name": "",
                "state": "DECRYPTED"
              }
            ],
            "datapath_provider": "",
            "default_max_pods_per_node": 110,
            "default_snat_status": [
              {
                "disabled": false
              }
            ],
            "deletion_protection": true,
            "description": "",
            "dns_config": [],
            "enable_autopilot": false,
            "enable_intranode_visibility": false,
            "enable_k8s_beta_apis": [],
            "enable_kubernetes_alpha": false,
            "enable_l4_ilb_subsetting": false,
            "enable_legacy_abac": false,
            "enable_shielded_nodes": true,
            "enable_tpu": false,
            "endpoint": "34.31.149.222",
            "gateway_api_config": [],
            "id": "projects/leafy-summer-405104/locations/us-central1-a/clusters/my-gke-cluster",
            "initial_node_count": 2,
            "ip_allocation_policy": [
              {
                "additional_pod_ranges_config": [],
                "cluster_ipv4_cidr_block": "10.44.0.0/14",
                "cluster_secondary_range_name": "gke-my-gke-cluster-pods-658313e4",
                "pod_cidr_overprovision_config": [
                  {
                    "disabled": false
                  }
                ],
                "services_ipv4_cidr_block": "10.48.0.0/20",
                "services_secondary_range_name": "gke-my-gke-cluster-services-658313e4",
                "stack_type": "IPV4"
              }
            ],
            "label_fingerprint": "a9dc16a7",
            "location": "us-central1-a",
            "logging_config": [
              {
                "enable_components": [
                  "SYSTEM_COMPONENTS",
                  "WORKLOADS"
                ]
              }
            ],
            "logging_service": "logging.googleapis.com/kubernetes",
            "maintenance_policy": [],
            "master_auth": [
              {
                "client_certificate": "",
                "client_certificate_config": [
                  {
                    "issue_client_certificate": false
                  }
                ],
                "client_key": "",
                "cluster_ca_certificate": "LS0tLS1CRUdJTiBDRVJUSUZJQ0FURS0tLS0tCk1JSUVMRENDQXBTZ0F3SUJBZ0lRS2d3aGlhTlYwd2dLamNBQzZDYlpKREFOQmdrcWhraUc5dzBCQVFzRkFEQXYKTVMwd0t3WURWUVFERXlRM016SmtNR1poWXkxak5qUmxMVFF5WXpFdFlUQTJNQzFsTUdRMFl6SmtaR0k1TWpFdwpJQmNOTWpNeE1URTBNRGcwT1RBd1doZ1BNakExTXpFeE1EWXdPVFE1TURCYU1DOHhMVEFyQmdOVkJBTVRKRGN6Ck1tUXdabUZqTFdNMk5HVXROREpqTVMxaE1EWXdMV1V3WkRSak1tUmtZamt5TVRDQ0FhSXdEUVlKS29aSWh2Y04KQVFFQkJRQURnZ0dQQURDQ0FZb0NnZ0dCQUtUQmNnOXlxZGUxQmt2OXEza29mcUJEZU5XRG9EMDkzQW1Wd21nVgpJLzZtdUtrZTB0dUsyL0tPRjRkclRZd0NrUVk0ckY4K1lGdGRFS0QyZ284SzBmZ2Jwb1c2NUc4QXY0cGk5MzdxCnVrWm9pOWxEWFk1WUR6YnVmWG9rWGpVQUsvWXprcEQwQ1NmMFVVQUYrTlVzUjBxMWdEK1pkNlhydDlPdEd4NE8KUUhyTkVTWEJVb2xlUFZadC94anh0Zkd0bVFXRjRFT1VrMDlITkdRSGlYTVNucTIvbUE4aTE4Nm5reE16NHJXRAo4emhJVnpGWVFOem9zeXk4bHNFaFhydG8wUDNLT2E4bEhUZXIrQVgvb01haEQ0bkFVVDZlZjluM25KcFAxQ2dICklZY2xZMW52WkNxaU1rbFFDazdFUWhrSXhsZCtYbUxjaXJ0TVl2STUwb3FxT1l2RytUaWd0cFFTQ2VLZlZNZ0wKclFqV1d4ZHNIdmdZRlJzSlBTb0JEU1Z6aG5adE9nU29zZ1hLTGRXWFNyK1ltYndweHBQQmRaSkp6WkRFNng1ZQp2U0l3ZUl5bzhILzF1TzRPU1BzOTRJOEVSanVpeThHbGNOekMybFpVbjJPeGN2T1gwV1QvRllaRDhlT3lhRXl5CnlOQk4xNEpGaGVIL1BpSE9ndngzbEQ4bmtRSURBUUFCbzBJd1FEQU9CZ05WSFE4QkFmOEVCQU1DQWdRd0R3WUQKVlIwVEFRSC9CQVV3QXdFQi96QWRCZ05WSFE0RUZnUVVVUGhtZmNSdDZ5RVVKdlFFS1k3Z1JobzdOWTB3RFFZSgpLb1pJaHZjTkFRRUxCUUFEZ2dHQkFIZ0E1VXl1QUlTOFlLbVk5SVU1ckw4WVZhRGNTMGtGUWJLNzJvS3JpRjFuCmRCUGZGS2RwZlNMUlFHZ04vMGU3MVFSVkZ1eG8vRFNkTWI4Ukl6U2dsUWFlTnl3MmFCYUhDWWZaUXV3cll6dkcKSytjcTUwbUM4TkpJaGE4YVBXOUtFVzI3OS9yVjBNM0hVVzN2R2JIYmN5MEtubE8yMERoazRicTFPaktzbEVBZAp5ZDhMcUJYQ3NhM3RBWDFKVmtjTnFMSFBRWTBUTzhRdGNUL3poam5JWVdaNmsvSTVyblBiYlhXOHJFTmNiNUx0CkRXQzJScjU1YmUva2RtTnV5RFUvT2VSV3l4NU02bXFiNjFuaTJ5RzdDcVhJVEF1SWc3aUpLelZ2N0svb2p5ZWQKazNsdFBkNCtRcm1VZU5mZEd3RkFJZG1XZGI0Rnpsa1djeXN2QVN2ZUM2L0FONGt0NitwVVBzelBBYWNXQm13UQpDRDNWYVZtd0dSUGdsaDIzZHBRN200TFE1THZVUVlhQkVUS0F2Q3IyZVVTY2w2VXorRUt0Y1E5eUhsOXhvRVo0CmMzOEVkVUlJanQzUmhCa05mbVdXc3FzT0ZSbTJlOHhMOERoSnJxMDhJNXl6elZBNnh1UzdLUTR6Q2ZYZkN0L0gKVU1MZU9xLzVWYjU2RnJuRGlWMkk3UT09Ci0tLS0tRU5EIENFUlRJRklDQVRFLS0tLS0K"
              }
            ],
            "master_authorized_networks_config": [],
            "master_version": "1.27.3-gke.100",
            "mesh_certificates": [],
            "min_master_version": null,
            "monitoring_config": [
              {
                "advanced_datapath_observability_config": [
                  {
                    "enable_metrics": false,
                    "relay_mode": ""
                  }
                ],
                "enable_components": [
                  "SYSTEM_COMPONENTS"
                ],
                "managed_prometheus": [
                  {
                    "enabled": true
                  }
                ]
              }
            ],
            "monitoring_service": "monitoring.googleapis.com/kubernetes",
            "name": "my-gke-cluster",
            "network": "projects/leafy-summer-405104/global/networks/default",
            "network_policy": [
              {
                "enabled": false,
                "provider": "PROVIDER_UNSPECIFIED"
              }
            ],
            "networking_mode": "VPC_NATIVE",
            "node_config": [
              {
                "advanced_machine_features": [],
                "boot_disk_kms_key": "",
                "confidential_nodes": [],
                "disk_size_gb": 100,
                "disk_type": "pd-balanced",
                "effective_taints": [],
                "ephemeral_storage_local_ssd_config": [],
                "fast_socket": [],
                "gcfs_config": [],
                "guest_accelerator": [],
                "gvnic": [],
                "host_maintenance_policy": [],
                "image_type": "COS_CONTAINERD",
                "kubelet_config": [],
                "labels": {},
                "linux_node_config": [],
                "local_nvme_ssd_block_config": [],
                "local_ssd_count": 0,
                "logging_variant": "DEFAULT",
                "machine_type": "e2-medium",
                "metadata": {
                  "disable-legacy-endpoints": "true"
                },
                "min_cpu_platform": "",
                "node_group": "",
                "oauth_scopes": [
                  "https://www.googleapis.com/auth/cloud-platform"
                ],
                "preemptible": true,
                "reservation_affinity": [],
                "resource_labels": {},
                "service_account": "tfmanikanta@leafy-summer-405104.iam.gserviceaccount.com",
                "shielded_instance_config": [
                  {
                    "enable_integrity_monitoring": true,
                    "enable_secure_boot": false
                  }
                ],
                "sole_tenant_config": [],
                "spot": false,
                "tags": [],
                "taint": [],
                "workload_metadata_config": []
              }
            ],
            "node_locations": [],
            "node_pool": [
              {
                "autoscaling": [],
                "initial_node_count": 2,
                "instance_group_urls": [
                  "https://www.googleapis.com/compute/v1/projects/leafy-summer-405104/zones/us-central1-a/instanceGroupManagers/gke-my-gke-cluster-my-node-pool-110daf39-grp"
                ],
                "managed_instance_group_urls": [
                  "https://www.googleapis.com/compute/v1/projects/leafy-summer-405104/zones/us-central1-a/instanceGroups/gke-my-gke-cluster-my-node-pool-110daf39-grp"
                ],
                "management": [
                  {
                    "auto_repair": true,
                    "auto_upgrade": true
                  }
                ],
                "max_pods_per_node": 110,
                "name": "my-node-pool",
                "name_prefix": "",
                "network_config": [
                  {
                    "create_pod_range": false,
                    "enable_private_nodes": false,
                    "pod_cidr_overprovision_config": [],
                    "pod_ipv4_cidr_block": "10.44.0.0/14",
                    "pod_range": "gke-my-gke-cluster-pods-658313e4"
                  }
                ],
                "node_config": [
                  {
                    "advanced_machine_features": [],
                    "boot_disk_kms_key": "",
                    "confidential_nodes": [],
                    "disk_size_gb": 100,
                    "disk_type": "pd-balanced",
                    "effective_taints": [],
                    "ephemeral_storage_local_ssd_config": [],
                    "fast_socket": [],
                    "gcfs_config": [],
                    "guest_accelerator": [],
                    "gvnic": [],
                    "host_maintenance_policy": [],
                    "image_type": "COS_CONTAINERD",
                    "kubelet_config": [],
                    "labels": {},
                    "linux_node_config": [],
                    "local_nvme_ssd_block_config": [],
                    "local_ssd_count": 0,
                    "logging_variant": "DEFAULT",
                    "machine_type": "e2-medium",
                    "metadata": {
                      "disable-legacy-endpoints": "true"
                    },
                    "min_cpu_platform": "",
                    "node_group": "",
                    "oauth_scopes": [
                      "https://www.googleapis.com/auth/cloud-platform"
                    ],
                    "preemptible": true,
                    "reservation_affinity": [],
                    "resource_labels": {},
                    "service_account": "tfmanikanta@leafy-summer-405104.iam.gserviceaccount.com",
                    "shielded_instance_config": [
                      {
                        "enable_integrity_monitoring": true,
                        "enable_secure_boot": false
                      }
                    ],
                    "sole_tenant_config": [],
                    "spot": false,
                    "tags": [],
                    "taint": [],
                    "workload_metadata_config": []
                  }
                ],
                "node_count": 2,
                "node_locations": [
                  "us-central1-a"
                ],
                "placement_policy": [],
                "upgrade_settings": [
                  {
                    "blue_green_settings": [],
                    "max_surge": 1,
                    "max_unavailable": 0,
                    "strategy": "SURGE"
                  }
                ],
                "version": "1.27.3-gke.100"
              }
            ],
            "node_pool_auto_config": [],
            "node_pool_defaults": [
              {
                "node_config_defaults": [
                  {
                    "logging_variant": "DEFAULT"
                  }
                ]
              }
            ],
            "node_version": "1.27.3-gke.100",
            "notification_config": [
              {
                "pubsub": [
                  {
                    "enabled": false,
                    "filter": [],
                    "topic": ""
                  }
                ]
              }
            ],
            "operation": null,
            "private_cluster_config": [
              {
                "enable_private_endpoint": false,
                "enable_private_nodes": false,
                "master_global_access_config": [
                  {
                    "enabled": false
                  }
                ],
                "master_ipv4_cidr_block": "",
                "peering_name": "",
                "private_endpoint": "10.128.0.9",
                "private_endpoint_subnetwork": "",
                "public_endpoint": "34.31.149.222"
              }
            ],
            "private_ipv6_google_access": "",
            "project": "leafy-summer-405104",
            "release_channel": [
              {
                "channel": "REGULAR"
              }
            ],
            "remove_default_node_pool": true,
            "resource_labels": {},
            "resource_usage_export_config": [],
            "security_posture_config": [
              {
                "mode": "BASIC",
                "vulnerability_mode": "VULNERABILITY_MODE_UNSPECIFIED"
              }
            ],
            "self_link": "https://container.googleapis.com/v1/projects/leafy-summer-405104/zones/us-central1-a/clusters/my-gke-cluster",
            "service_external_ips_config": [
              {
                "enabled": false
              }
            ],
            "services_ipv4_cidr": "10.48.0.0/20",
            "subnetwork": "projects/leafy-summer-405104/regions/us-central1/subnetworks/default",
            "timeouts": null,
            "tpu_ipv4_cidr_block": "",
            "vertical_pod_autoscaling": [],
            "workload_identity_config": []
          },
          "sensitive_attributes": [],
          "private": "eyJlMmJmYjczMC1lY2FhLTExZTYtOGY4OC0zNDM2M2JjN2M0YzAiOnsiY3JlYXRlIjoyNDAwMDAwMDAwMDAwLCJkZWxldGUiOjI0MDAwMDAwMDAwMDAsInJlYWQiOjI0MDAwMDAwMDAwMDAsInVwZGF0ZSI6MzYwMDAwMDAwMDAwMH0sInNjaGVtYV92ZXJzaW9uIjoiMiJ9"
        }
      ]
    }
  ],
  "check_results": null
}
