{
  "version": 4,
  "terraform_version": "1.6.0",
  "serial": 1134,
  "lineage": "7e2ba282-a2c1-c31e-8cce-a9152f649500",
  "outputs": {},
  "resources": [
    {
      "mode": "managed",
      "type": "google_container_cluster",
      "name": "primary-cluster",
      "provider": "provider[\"registry.terraform.io/hashicorp/google\"]",
      "instances": [
        {
          "schema_version": 2,
          "attributes": {
            "addons_config": [
              {
                "cloudrun_config": [],
                "config_connector_config": [],
                "dns_cache_config": [],
                "gce_persistent_disk_csi_driver_config": [
                  {
                    "enabled": true
                  }
                ],
                "gcp_filestore_csi_driver_config": [],
                "gcs_fuse_csi_driver_config": [],
                "gke_backup_agent_config": [],
                "horizontal_pod_autoscaling": [],
                "http_load_balancing": [],
                "network_policy_config": [
                  {
                    "disabled": true
                  }
                ]
              }
            ],
            "allow_net_admin": null,
            "authenticator_groups_config": [],
            "binary_authorization": [
              {
                "enabled": false,
                "evaluation_mode": ""
              }
            ],
            "cluster_autoscaling": [
              {
                "auto_provisioning_defaults": [],
                "enabled": false,
                "resource_limits": []
              }
            ],
            "cluster_ipv4_cidr": "10.44.0.0/14",
            "confidential_nodes": [],
            "cost_management_config": [],
            "database_encryption": [
              {
                "key_name": "",
                "state": "DECRYPTED"
              }
            ],
            "datapath_provider": "",
            "default_max_pods_per_node": 110,
            "default_snat_status": [
              {
                "disabled": false
              }
            ],
            "deletion_protection": true,
            "description": "",
            "dns_config": [],
            "enable_autopilot": false,
            "enable_intranode_visibility": false,
            "enable_k8s_beta_apis": [],
            "enable_kubernetes_alpha": false,
            "enable_l4_ilb_subsetting": false,
            "enable_legacy_abac": false,
            "enable_shielded_nodes": true,
            "enable_tpu": false,
            "endpoint": "34.135.238.27",
            "gateway_api_config": [],
            "id": "projects/data-rainfall-396303/locations/us-central1-a/clusters/my-gke-cluster",
            "initial_node_count": 2,
            "ip_allocation_policy": [
              {
                "additional_pod_ranges_config": [],
                "cluster_ipv4_cidr_block": "10.44.0.0/14",
                "cluster_secondary_range_name": "gke-my-gke-cluster-pods-97c85b59",
                "pod_cidr_overprovision_config": [
                  {
                    "disabled": false
                  }
                ],
                "services_ipv4_cidr_block": "10.48.0.0/20",
                "services_secondary_range_name": "gke-my-gke-cluster-services-97c85b59",
                "stack_type": "IPV4"
              }
            ],
            "label_fingerprint": "a9dc16a7",
            "location": "us-central1-a",
            "logging_config": [
              {
                "enable_components": [
                  "SYSTEM_COMPONENTS",
                  "WORKLOADS"
                ]
              }
            ],
            "logging_service": "logging.googleapis.com/kubernetes",
            "maintenance_policy": [],
            "master_auth": [
              {
                "client_certificate": "",
                "client_certificate_config": [
                  {
                    "issue_client_certificate": false
                  }
                ],
                "client_key": "",
                "cluster_ca_certificate": "LS0tLS1CRUdJTiBDRVJUSUZJQ0FURS0tLS0tCk1JSUVMRENDQXBTZ0F3SUJBZ0lRR29XZTN4MjM3amVXZDdnOGdueGFDVEFOQmdrcWhraUc5dzBCQVFzRkFEQXYKTVMwd0t3WURWUVFERXlRMU16Vm1abUZsTVMwek0yRmxMVFEyWVRJdE9URmpNaTA1TkRRME4yVTVOamt3T1dJdwpJQmNOTWpNeE1ESTRNRFV6TmpJeVdoZ1BNakExTXpFd01qQXdOak0yTWpKYU1DOHhMVEFyQmdOVkJBTVRKRFV6Ck5XWm1ZV1V4TFRNellXVXRORFpoTWkwNU1XTXlMVGswTkRRM1pUazJPVEE1WWpDQ0FhSXdEUVlKS29aSWh2Y04KQVFFQkJRQURnZ0dQQURDQ0FZb0NnZ0dCQU5QUCtOOXNSM0dnK0NhN3lFRHZ0aGVLUVQxMUg1M2gxK0dDWi9UVwpkbllJQzVoSDJCTThjWUhaVEpvV3F0ZGhvaENUQUUyNlBEYWY2VnlKT0h5aG9UMXMwZ2NBOVIxMWlKVzlqU3ZGCkRzZyt0ejVWVWdhd3gzZktIWk5PUThyU2lyeUkramo5U0t5Wk9LWEx6TVhXemlhQUQzQk9zc1E4S3Zhb0p0ZTkKd0l5UXpVQVRnaVhVelUycXBVVDBROVFuSFcwZ0FucEFsTEZ6Umd6bWV0dkdwWG14Y0NBWksybDN3cE5KRzVJSQpwOWZMNjdQQWlhbUlCYUp6RGpJaUprYUN0RHJjN0FrUjhVbHBJSXpmc1MxTzdmUmdkaE5hWXVra3cybDk2YjdWCnVSUG9yY3VTT3c0OStYSWxCQ3FGbXcxRTlQc2dRS09JelVHNzVLejhWbThkbk9QVkh6YjJGNmlINHVzS2NqOGgKMU9nOEhqaExuRGN3SXBSRW9YNUFXeWM1cVJqS09Kcm5yaWJ6RHNzcm5YUUUrbEl3aE9BNEsxbzUvVDVjWmJkKwplTUVYL2ovNGRyeU9xblJqa2FETGUxdjRJN2VHYVNMem9GMllpVGhFR09PdXJYcnNJUjJrZ2ZSMElxdEQ5QWlmCk9CMHZ6SUNTREIrQjFvWUVDNElSWHF3ODd3SURBUUFCbzBJd1FEQU9CZ05WSFE4QkFmOEVCQU1DQWdRd0R3WUQKVlIwVEFRSC9CQVV3QXdFQi96QWRCZ05WSFE0RUZnUVV6SSsxU2g0cFJMdE1MbkdPcVZmVk5mN0hOTHN3RFFZSgpLb1pJaHZjTkFRRUxCUUFEZ2dHQkFNOVNVdEdlY3lSZWM2TFF1ZEtpYktLWFE5TGVMMEl4eE5zTjlNV3N4NCtlCmRqdzEyQUF2UmVINWd0M1l0bTZ4M25sWjNjZXptOXlJa2c2Z2lub2J3eGhJNHJyUWF5MFZvNmJvUXlKMWZDVmMKWW92d1lubHUzOUVRaFgvMEVOS2VMSi90V29sVDRmVHJSSlByRGJZb1pIL3pSZnRNUGxtZ2tlcnJlVDI2NS91ZApacGV6eGI3dmdiNW5rZkhIT3RmOGdZTEpycjlGTU43T3RKNnNhMVVnd2N5bTM3WTZwKzRYNnVHbnBRMDFXVG9MCjZYdElJTzZ1M3RIWVRGVWQ3Z3hZNitSSUdQSlhNK2ZxUi84OGZ2Y3VzZU0vaC9hNDRtOThGVFl3cE14OWg2MFgKSDVkSnpCWTVwdkpUeTZaMGxZOVdiWkNaZ3RuVm5Ieng0dER5eFJUM2g2UU1zS1FpU3lmcEMvSXlmQU5yOURiZwpZN0FIQTAxOGFnZmp1T21lRXRoYnV3QUVWZ29LUzZXUG1VYmc5U2RkRXN6RDk3TjgyNnptc2hQa25iREE0d1FECk1mTDhzaVo3TFNUWDFEcTVQY3VkVlBzSjhxZm9CSFg4UjBRZDM0a2UwY1h1U2FhY3BBUElPSG0yU2lyTnpFQ2cKTjhKR3JJL04waGl5N3NKb21OYUk5Zz09Ci0tLS0tRU5EIENFUlRJRklDQVRFLS0tLS0K"
              }
            ],
            "master_authorized_networks_config": [],
            "master_version": "1.27.3-gke.100",
            "mesh_certificates": [],
            "min_master_version": null,
            "monitoring_config": [
              {
                "advanced_datapath_observability_config": [
                  {
                    "enable_metrics": false,
                    "relay_mode": "DISABLED"
                  }
                ],
                "enable_components": [
                  "SYSTEM_COMPONENTS"
                ],
                "managed_prometheus": [
                  {
                    "enabled": true
                  }
                ]
              }
            ],
            "monitoring_service": "monitoring.googleapis.com/kubernetes",
            "name": "my-gke-cluster",
            "network": "projects/data-rainfall-396303/global/networks/default",
            "network_policy": [
              {
                "enabled": false,
                "provider": "PROVIDER_UNSPECIFIED"
              }
            ],
            "networking_mode": "VPC_NATIVE",
            "node_config": [
              {
                "advanced_machine_features": [],
                "boot_disk_kms_key": "",
                "confidential_nodes": [],
                "disk_size_gb": 100,
                "disk_type": "pd-balanced",
                "effective_taints": [],
                "ephemeral_storage_local_ssd_config": [],
                "fast_socket": [],
                "gcfs_config": [],
                "guest_accelerator": [],
                "gvnic": [],
                "host_maintenance_policy": [],
                "image_type": "COS_CONTAINERD",
                "kubelet_config": [],
                "labels": {},
                "linux_node_config": [],
                "local_nvme_ssd_block_config": [],
                "local_ssd_count": 0,
                "logging_variant": "DEFAULT",
                "machine_type": "e2-medium",
                "metadata": {
                  "disable-legacy-endpoints": "true"
                },
                "min_cpu_platform": "",
                "node_group": "",
                "oauth_scopes": [
                  "https://www.googleapis.com/auth/cloud-platform"
                ],
                "preemptible": true,
                "reservation_affinity": [],
                "resource_labels": {},
                "service_account": "tfmanikanta@data-rainfall-396303.iam.gserviceaccount.com",
                "shielded_instance_config": [
                  {
                    "enable_integrity_monitoring": true,
                    "enable_secure_boot": false
                  }
                ],
                "sole_tenant_config": [],
                "spot": false,
                "tags": [],
                "taint": [],
                "workload_metadata_config": []
              }
            ],
            "node_locations": [],
            "node_pool": [
              {
                "autoscaling": [],
                "initial_node_count": 2,
                "instance_group_urls": [
                  "https://www.googleapis.com/compute/v1/projects/data-rainfall-396303/zones/us-central1-a/instanceGroupManagers/gke-my-gke-cluster-my-node-pool-07cd1e72-grp"
                ],
                "managed_instance_group_urls": [
                  "https://www.googleapis.com/compute/v1/projects/data-rainfall-396303/zones/us-central1-a/instanceGroups/gke-my-gke-cluster-my-node-pool-07cd1e72-grp"
                ],
                "management": [
                  {
                    "auto_repair": true,
                    "auto_upgrade": true
                  }
                ],
                "max_pods_per_node": 110,
                "name": "my-node-pool",
                "name_prefix": "",
                "network_config": [
                  {
                    "create_pod_range": false,
                    "enable_private_nodes": false,
                    "pod_cidr_overprovision_config": [],
                    "pod_ipv4_cidr_block": "10.44.0.0/14",
                    "pod_range": "gke-my-gke-cluster-pods-97c85b59"
                  }
                ],
                "node_config": [
                  {
                    "advanced_machine_features": [],
                    "boot_disk_kms_key": "",
                    "confidential_nodes": [],
                    "disk_size_gb": 100,
                    "disk_type": "pd-balanced",
                    "effective_taints": [],
                    "ephemeral_storage_local_ssd_config": [],
                    "fast_socket": [],
                    "gcfs_config": [],
                    "guest_accelerator": [],
                    "gvnic": [],
                    "host_maintenance_policy": [],
                    "image_type": "COS_CONTAINERD",
                    "kubelet_config": [],
                    "labels": {},
                    "linux_node_config": [],
                    "local_nvme_ssd_block_config": [],
                    "local_ssd_count": 0,
                    "logging_variant": "DEFAULT",
                    "machine_type": "e2-medium",
                    "metadata": {
                      "disable-legacy-endpoints": "true"
                    },
                    "min_cpu_platform": "",
                    "node_group": "",
                    "oauth_scopes": [
                      "https://www.googleapis.com/auth/cloud-platform"
                    ],
                    "preemptible": true,
                    "reservation_affinity": [],
                    "resource_labels": {},
                    "service_account": "tfmanikanta@data-rainfall-396303.iam.gserviceaccount.com",
                    "shielded_instance_config": [
                      {
                        "enable_integrity_monitoring": true,
                        "enable_secure_boot": false
                      }
                    ],
                    "sole_tenant_config": [],
                    "spot": false,
                    "tags": [],
                    "taint": [],
                    "workload_metadata_config": []
                  }
                ],
                "node_count": 2,
                "node_locations": [
                  "us-central1-a"
                ],
                "placement_policy": [],
                "upgrade_settings": [
                  {
                    "blue_green_settings": [],
                    "max_surge": 1,
                    "max_unavailable": 0,
                    "strategy": "SURGE"
                  }
                ],
                "version": "1.27.3-gke.100"
              }
            ],
            "node_pool_auto_config": [],
            "node_pool_defaults": [
              {
                "node_config_defaults": [
                  {
                    "logging_variant": "DEFAULT"
                  }
                ]
              }
            ],
            "node_version": "1.27.3-gke.100",
            "notification_config": [
              {
                "pubsub": [
                  {
                    "enabled": false,
                    "filter": [],
                    "topic": ""
                  }
                ]
              }
            ],
            "operation": null,
            "private_cluster_config": [
              {
                "enable_private_endpoint": false,
                "enable_private_nodes": false,
                "master_global_access_config": [
                  {
                    "enabled": false
                  }
                ],
                "master_ipv4_cidr_block": "",
                "peering_name": "",
                "private_endpoint": "10.128.0.26",
                "private_endpoint_subnetwork": "",
                "public_endpoint": "34.135.238.27"
              }
            ],
            "private_ipv6_google_access": "",
            "project": "data-rainfall-396303",
            "release_channel": [
              {
                "channel": "REGULAR"
              }
            ],
            "remove_default_node_pool": true,
            "resource_labels": {},
            "resource_usage_export_config": [],
            "security_posture_config": [
              {
                "mode": "BASIC",
                "vulnerability_mode": "VULNERABILITY_MODE_UNSPECIFIED"
              }
            ],
            "self_link": "https://container.googleapis.com/v1/projects/data-rainfall-396303/zones/us-central1-a/clusters/my-gke-cluster",
            "service_external_ips_config": [
              {
                "enabled": false
              }
            ],
            "services_ipv4_cidr": "10.48.0.0/20",
            "subnetwork": "projects/data-rainfall-396303/regions/us-central1/subnetworks/default",
            "timeouts": null,
            "tpu_ipv4_cidr_block": "",
            "vertical_pod_autoscaling": [],
            "workload_identity_config": []
          },
          "sensitive_attributes": [],
          "private": "eyJlMmJmYjczMC1lY2FhLTExZTYtOGY4OC0zNDM2M2JjN2M0YzAiOnsiY3JlYXRlIjoyNDAwMDAwMDAwMDAwLCJkZWxldGUiOjI0MDAwMDAwMDAwMDAsInJlYWQiOjI0MDAwMDAwMDAwMDAsInVwZGF0ZSI6MzYwMDAwMDAwMDAwMH0sInNjaGVtYV92ZXJzaW9uIjoiMiJ9"
        }
      ]
    }
  ],
  "check_results": null
}
