{
  "version": 4,
  "terraform_version": "1.6.0",
  "serial": 1072,
  "lineage": "7e2ba282-a2c1-c31e-8cce-a9152f649500",
  "outputs": {
    "custom": {
      "value": {
        "auto_create_subnetworks": false,
        "delete_default_routes_on_create": false,
        "description": "",
        "enable_ula_internal_ipv6": false,
        "gateway_ipv4": "",
        "id": "projects/data-rainfall-396303/global/networks/my-network-tf",
        "internal_ipv6_range": "",
        "mtu": 0,
        "name": "my-network-tf",
        "network_firewall_policy_enforcement_order": "AFTER_CLASSIC_FIREWALL",
        "project": "data-rainfall-396303",
        "routing_mode": "REGIONAL",
        "self_link": "https://www.googleapis.com/compute/v1/projects/data-rainfall-396303/global/networks/my-network-tf",
        "timeouts": null
      },
      "type": [
        "object",
        {
          "auto_create_subnetworks": "bool",
          "delete_default_routes_on_create": "bool",
          "description": "string",
          "enable_ula_internal_ipv6": "bool",
          "gateway_ipv4": "string",
          "id": "string",
          "internal_ipv6_range": "string",
          "mtu": "number",
          "name": "string",
          "network_firewall_policy_enforcement_order": "string",
          "project": "string",
          "routing_mode": "string",
          "self_link": "string",
          "timeouts": [
            "object",
            {
              "create": "string",
              "delete": "string",
              "update": "string"
            }
          ]
        }
      ],
      "sensitive": true
    },
    "database-tf": {
      "value": {
        "charset": "utf8mb4",
        "collation": "utf8mb4_0900_ai_ci",
        "deletion_policy": "DELETE",
        "id": "projects/data-rainfall-396303/instances/my-database-instance/databases/my-database",
        "instance": "my-database-instance",
        "name": "my-database",
        "project": "data-rainfall-396303",
        "self_link": "https://sqladmin.googleapis.com/sql/v1beta4/projects/data-rainfall-396303/instances/my-database-instance/databases/my-database",
        "timeouts": null
      },
      "type": [
        "object",
        {
          "charset": "string",
          "collation": "string",
          "deletion_policy": "string",
          "id": "string",
          "instance": "string",
          "name": "string",
          "project": "string",
          "self_link": "string",
          "timeouts": [
            "object",
            {
              "create": "string",
              "delete": "string",
              "update": "string"
            }
          ]
        }
      ],
      "sensitive": true
    },
    "firewall": {
      "value": {
        "allow": [
          {
            "ports": [
              "80",
              "8080",
              "1000-2000",
              "443"
            ],
            "protocol": "tcp"
          }
        ],
        "creation_timestamp": "2023-10-13T04:25:09.040-07:00",
        "deny": [],
        "description": "",
        "destination_ranges": [],
        "direction": "INGRESS",
        "disabled": false,
        "enable_logging": null,
        "id": "projects/data-rainfall-396303/global/firewalls/test-firewall",
        "log_config": [],
        "name": "test-firewall",
        "network": "https://www.googleapis.com/compute/v1/projects/data-rainfall-396303/global/networks/my-network-tf",
        "priority": 1000,
        "project": "data-rainfall-396303",
        "self_link": "https://www.googleapis.com/compute/v1/projects/data-rainfall-396303/global/firewalls/test-firewall",
        "source_ranges": [],
        "source_service_accounts": [],
        "source_tags": [
          "web"
        ],
        "target_service_accounts": [],
        "target_tags": [],
        "timeouts": null
      },
      "type": [
        "object",
        {
          "allow": [
            "set",
            [
              "object",
              {
                "ports": [
                  "list",
                  "string"
                ],
                "protocol": "string"
              }
            ]
          ],
          "creation_timestamp": "string",
          "deny": [
            "set",
            [
              "object",
              {
                "ports": [
                  "list",
                  "string"
                ],
                "protocol": "string"
              }
            ]
          ],
          "description": "string",
          "destination_ranges": [
            "set",
            "string"
          ],
          "direction": "string",
          "disabled": "bool",
          "enable_logging": "bool",
          "id": "string",
          "log_config": [
            "list",
            [
              "object",
              {
                "metadata": "string"
              }
            ]
          ],
          "name": "string",
          "network": "string",
          "priority": "number",
          "project": "string",
          "self_link": "string",
          "source_ranges": [
            "set",
            "string"
          ],
          "source_service_accounts": [
            "set",
            "string"
          ],
          "source_tags": [
            "set",
            "string"
          ],
          "target_service_accounts": [
            "set",
            "string"
          ],
          "target_tags": [
            "set",
            "string"
          ],
          "timeouts": [
            "object",
            {
              "create": "string",
              "delete": "string",
              "update": "string"
            }
          ]
        }
      ],
      "sensitive": true
    },
    "instance": {
      "value": {
        "advanced_machine_features": [],
        "allow_stopping_for_update": null,
        "attached_disk": [],
        "boot_disk": [
          {
            "auto_delete": true,
            "device_name": "persistent-disk-0",
            "disk_encryption_key_raw": "",
            "disk_encryption_key_sha256": "",
            "initialize_params": [
              {
                "image": "https://www.googleapis.com/compute/v1/projects/debian-cloud/global/images/debian-11-bullseye-v20220719",
                "labels": {},
                "resource_manager_tags": {},
                "size": 10,
                "type": "pd-standard"
              }
            ],
            "kms_key_self_link": "",
            "mode": "READ_WRITE",
            "source": "https://www.googleapis.com/compute/v1/projects/data-rainfall-396303/zones/us-central1-a/disks/my-instance"
          }
        ],
        "can_ip_forward": false,
        "confidential_instance_config": [],
        "cpu_platform": "Intel Broadwell",
        "current_status": "RUNNING",
        "deletion_protection": false,
        "description": "",
        "desired_status": null,
        "effective_labels": {},
        "enable_display": false,
        "guest_accelerator": [],
        "hostname": "",
        "id": "projects/data-rainfall-396303/zones/us-central1-a/instances/my-instance",
        "instance_id": "4239413327396378568",
        "label_fingerprint": "42WmSpB8rSM=",
        "labels": {},
        "machine_type": "e2-medium",
        "metadata": {},
        "metadata_fingerprint": "EoS5gsv0LzU=",
        "metadata_startup_script": null,
        "min_cpu_platform": "",
        "name": "my-instance",
        "network_interface": [
          {
            "access_config": [
              {
                "nat_ip": "34.41.126.211",
                "network_tier": "PREMIUM",
                "public_ptr_domain_name": ""
              }
            ],
            "alias_ip_range": [],
            "internal_ipv6_prefix_length": 0,
            "ipv6_access_config": [],
            "ipv6_access_type": "",
            "ipv6_address": "",
            "name": "nic0",
            "network": "https://www.googleapis.com/compute/v1/projects/data-rainfall-396303/global/networks/my-network-tf",
            "network_ip": "10.2.0.2",
            "nic_type": "",
            "queue_count": 0,
            "stack_type": "IPV4_ONLY",
            "subnetwork": "https://www.googleapis.com/compute/v1/projects/data-rainfall-396303/regions/us-central1/subnetworks/test-subnet",
            "subnetwork_project": "data-rainfall-396303"
          }
        ],
        "network_performance_config": [],
        "params": [],
        "project": "data-rainfall-396303",
        "reservation_affinity": [],
        "resource_policies": [],
        "scheduling": [
          {
            "automatic_restart": true,
            "instance_termination_action": "",
            "local_ssd_recovery_timeout": [],
            "min_node_cpus": 0,
            "node_affinities": [],
            "on_host_maintenance": "MIGRATE",
            "preemptible": false,
            "provisioning_model": "STANDARD"
          }
        ],
        "scratch_disk": [],
        "self_link": "https://www.googleapis.com/compute/v1/projects/data-rainfall-396303/zones/us-central1-a/instances/my-instance",
        "service_account": [],
        "shielded_instance_config": [
          {
            "enable_integrity_monitoring": true,
            "enable_secure_boot": false,
            "enable_vtpm": true
          }
        ],
        "tags": [],
        "tags_fingerprint": "42WmSpB8rSM=",
        "terraform_labels": {},
        "timeouts": null,
        "zone": "us-central1-a"
      },
      "type": [
        "object",
        {
          "advanced_machine_features": [
            "list",
            [
              "object",
              {
                "enable_nested_virtualization": "bool",
                "threads_per_core": "number",
                "visible_core_count": "number"
              }
            ]
          ],
          "allow_stopping_for_update": "bool",
          "attached_disk": [
            "list",
            [
              "object",
              {
                "device_name": "string",
                "disk_encryption_key_raw": "string",
                "disk_encryption_key_sha256": "string",
                "kms_key_self_link": "string",
                "mode": "string",
                "source": "string"
              }
            ]
          ],
          "boot_disk": [
            "list",
            [
              "object",
              {
                "auto_delete": "bool",
                "device_name": "string",
                "disk_encryption_key_raw": "string",
                "disk_encryption_key_sha256": "string",
                "initialize_params": [
                  "list",
                  [
                    "object",
                    {
                      "image": "string",
                      "labels": [
                        "map",
                        "string"
                      ],
                      "resource_manager_tags": [
                        "map",
                        "string"
                      ],
                      "size": "number",
                      "type": "string"
                    }
                  ]
                ],
                "kms_key_self_link": "string",
                "mode": "string",
                "source": "string"
              }
            ]
          ],
          "can_ip_forward": "bool",
          "confidential_instance_config": [
            "list",
            [
              "object",
              {
                "enable_confidential_compute": "bool"
              }
            ]
          ],
          "cpu_platform": "string",
          "current_status": "string",
          "deletion_protection": "bool",
          "description": "string",
          "desired_status": "string",
          "effective_labels": [
            "map",
            "string"
          ],
          "enable_display": "bool",
          "guest_accelerator": [
            "list",
            [
              "object",
              {
                "count": "number",
                "type": "string"
              }
            ]
          ],
          "hostname": "string",
          "id": "string",
          "instance_id": "string",
          "label_fingerprint": "string",
          "labels": [
            "map",
            "string"
          ],
          "machine_type": "string",
          "metadata": [
            "map",
            "string"
          ],
          "metadata_fingerprint": "string",
          "metadata_startup_script": "string",
          "min_cpu_platform": "string",
          "name": "string",
          "network_interface": [
            "list",
            [
              "object",
              {
                "access_config": [
                  "list",
                  [
                    "object",
                    {
                      "nat_ip": "string",
                      "network_tier": "string",
                      "public_ptr_domain_name": "string"
                    }
                  ]
                ],
                "alias_ip_range": [
                  "list",
                  [
                    "object",
                    {
                      "ip_cidr_range": "string",
                      "subnetwork_range_name": "string"
                    }
                  ]
                ],
                "internal_ipv6_prefix_length": "number",
                "ipv6_access_config": [
                  "list",
                  [
                    "object",
                    {
                      "external_ipv6": "string",
                      "external_ipv6_prefix_length": "string",
                      "name": "string",
                      "network_tier": "string",
                      "public_ptr_domain_name": "string"
                    }
                  ]
                ],
                "ipv6_access_type": "string",
                "ipv6_address": "string",
                "name": "string",
                "network": "string",
                "network_ip": "string",
                "nic_type": "string",
                "queue_count": "number",
                "stack_type": "string",
                "subnetwork": "string",
                "subnetwork_project": "string"
              }
            ]
          ],
          "network_performance_config": [
            "list",
            [
              "object",
              {
                "total_egress_bandwidth_tier": "string"
              }
            ]
          ],
          "params": [
            "list",
            [
              "object",
              {
                "resource_manager_tags": [
                  "map",
                  "string"
                ]
              }
            ]
          ],
          "project": "string",
          "reservation_affinity": [
            "list",
            [
              "object",
              {
                "specific_reservation": [
                  "list",
                  [
                    "object",
                    {
                      "key": "string",
                      "values": [
                        "list",
                        "string"
                      ]
                    }
                  ]
                ],
                "type": "string"
              }
            ]
          ],
          "resource_policies": [
            "list",
            "string"
          ],
          "scheduling": [
            "list",
            [
              "object",
              {
                "automatic_restart": "bool",
                "instance_termination_action": "string",
                "local_ssd_recovery_timeout": [
                  "list",
                  [
                    "object",
                    {
                      "nanos": "number",
                      "seconds": "number"
                    }
                  ]
                ],
                "min_node_cpus": "number",
                "node_affinities": [
                  "set",
                  [
                    "object",
                    {
                      "key": "string",
                      "operator": "string",
                      "values": [
                        "set",
                        "string"
                      ]
                    }
                  ]
                ],
                "on_host_maintenance": "string",
                "preemptible": "bool",
                "provisioning_model": "string"
              }
            ]
          ],
          "scratch_disk": [
            "list",
            [
              "object",
              {
                "interface": "string",
                "size": "number"
              }
            ]
          ],
          "self_link": "string",
          "service_account": [
            "list",
            [
              "object",
              {
                "email": "string",
                "scopes": [
                  "set",
                  "string"
                ]
              }
            ]
          ],
          "shielded_instance_config": [
            "list",
            [
              "object",
              {
                "enable_integrity_monitoring": "bool",
                "enable_secure_boot": "bool",
                "enable_vtpm": "bool"
              }
            ]
          ],
          "tags": [
            "set",
            "string"
          ],
          "tags_fingerprint": "string",
          "terraform_labels": [
            "map",
            "string"
          ],
          "timeouts": [
            "object",
            {
              "create": "string",
              "delete": "string",
              "update": "string"
            }
          ],
          "zone": "string"
        }
      ],
      "sensitive": true
    },
    "instance-sql-tf": {
      "value": {
        "available_maintenance_versions": [],
        "clone": [],
        "connection_name": "data-rainfall-396303:us-central1:my-database-instance",
        "database_version": "MYSQL_8_0",
        "deletion_protection": false,
        "dns_name": "",
        "encryption_key_name": null,
        "first_ip_address": "34.41.18.42",
        "id": "my-database-instance",
        "instance_type": "CLOUD_SQL_INSTANCE",
        "ip_address": [
          {
            "ip_address": "34.41.18.42",
            "time_to_retire": "",
            "type": "PRIMARY"
          }
        ],
        "maintenance_version": "MYSQL_8_0_31.R20230909.02_00",
        "master_instance_name": "",
        "name": "my-database-instance",
        "private_ip_address": "",
        "project": "data-rainfall-396303",
        "psc_service_attachment_link": "",
        "public_ip_address": "34.41.18.42",
        "region": "us-central1",
        "replica_configuration": [],
        "restore_backup_context": [],
        "root_password": null,
        "self_link": "https://sqladmin.googleapis.com/sql/v1beta4/projects/data-rainfall-396303/instances/my-database-instance",
        "server_ca_cert": [
          {
            "cert": "-----BEGIN CERTIFICATE-----\nMIIDfzCCAmegAwIBAgIBADANBgkqhkiG9w0BAQsFADB3MS0wKwYDVQQuEyQwZjAw\nN2VkYy04Zjk4LTQxNDctODI5NC01ZTE5YmZiODM5NmIxIzAhBgNVBAMTGkdvb2ds\nZSBDbG91ZCBTUUwgU2VydmVyIENBMRQwEgYDVQQKEwtHb29nbGUsIEluYzELMAkG\nA1UEBhMCVVMwHhcNMjMxMDEzMTEzMDU0WhcNMzMxMDEwMTEzMTU0WjB3MS0wKwYD\nVQQuEyQwZjAwN2VkYy04Zjk4LTQxNDctODI5NC01ZTE5YmZiODM5NmIxIzAhBgNV\nBAMTGkdvb2dsZSBDbG91ZCBTUUwgU2VydmVyIENBMRQwEgYDVQQKEwtHb29nbGUs\nIEluYzELMAkGA1UEBhMCVVMwggEiMA0GCSqGSIb3DQEBAQUAA4IBDwAwggEKAoIB\nAQCAvgScgkIvC9vIbxaTB6L2+5yyvJi79pTpIQ5ppn9C8ZqbwDuCN5FZO9OySA6X\nCE75gM2YIBMzilwkx7L9FSQPbM8NyVqUNCuo+UIgPxxZEPh1kX6yZeOHPiZcei+X\nXM8YqJxavffySc4Bf9XEkDdI0ZY5uWPJafDNoHH0X+UJnbFJVA7+uLQpvjzrQ4Vl\nHmQ58AHi1J9ocKkIOpdcmOVSzjfGIfgTRLO/Mcf/cJ5yvDgU+6WEdaKEMnJEYYWO\nrAnGDCGVugzNHo1RGwE2L8TZ93Bxpg5Ien58ffKTCUzr2ewvsQGgBVrQfv/HOAlm\nlUgohsh5pRaej5mXdAYYPijvAgMBAAGjFjAUMBIGA1UdEwEB/wQIMAYBAf8CAQAw\nDQYJKoZIhvcNAQELBQADggEBAGvaV2Ju4mTJUh5qCAjATBl79VoCqBLe0EHDgWwX\nIW2wr1meytHdrT9WnIyltjPQGulvsN+8OC9qMgot0tM3zjJnRSUJGW1cuFDVTz3a\npmRQcZGD4EWUYxVCPRAvHeJk20TIKlWXMnoxqERmU/QGsq/+pZyhsxdEQOKsCNZD\nVIqdttPe1p1LoFawkAx89IlOZkaUVS1flr4auSaoV+lkX+vPgy4pyk57w1RjBOxn\nDmbNmduxM3a/ZR73sJDfx0/YBnQLV+LU6K86Ats4p+HygmzumkCSEYOt1WCyFl4W\njYbSByYJS6RV+kpW1wQhQTyjaD9IJNCn9HyoWCKIa0GEcQw=\n-----END CERTIFICATE-----",
            "common_name": "C=US,O=Google\\, Inc,CN=Google Cloud SQL Server CA,dnQualifier=0f007edc-8f98-4147-8294-5e19bfb8396b",
            "create_time": "2023-10-13T11:30:54.791Z",
            "expiration_time": "2033-10-10T11:31:54.791Z",
            "sha1_fingerprint": "7888615946ecba0165987fa55f2fc3a26467d582"
          }
        ],
        "service_account_email_address": "p880089628389-30h4v8@gcp-sa-cloud-sql.iam.gserviceaccount.com",
        "settings": [
          {
            "activation_policy": "ALWAYS",
            "active_directory_config": [],
            "advanced_machine_features": [],
            "availability_type": "REGIONAL",
            "backup_configuration": [
              {
                "backup_retention_settings": [
                  {
                    "retained_backups": 7,
                    "retention_unit": "COUNT"
                  }
                ],
                "binary_log_enabled": true,
                "enabled": true,
                "location": "",
                "point_in_time_recovery_enabled": false,
                "start_time": "14:00",
                "transaction_log_retention_days": 7
              }
            ],
            "collation": "",
            "connector_enforcement": "NOT_REQUIRED",
            "data_cache_config": [],
            "database_flags": [],
            "deletion_protection_enabled": false,
            "deny_maintenance_period": [],
            "disk_autoresize": true,
            "disk_autoresize_limit": 0,
            "disk_size": 10,
            "disk_type": "PD_SSD",
            "edition": "",
            "insights_config": [],
            "ip_configuration": [
              {
                "allocated_ip_range": "",
                "authorized_networks": [],
                "enable_private_path_for_google_cloud_services": false,
                "ipv4_enabled": true,
                "private_network": "",
                "psc_config": [],
                "require_ssl": false
              }
            ],
            "location_preference": [
              {
                "follow_gae_application": "",
                "secondary_zone": "",
                "zone": "us-central1-c"
              }
            ],
            "maintenance_window": [],
            "password_validation_policy": [],
            "pricing_plan": "PER_USE",
            "sql_server_audit_config": [],
            "tier": "db-f1-micro",
            "time_zone": "",
            "user_labels": {},
            "version": 4
          }
        ],
        "timeouts": null
      },
      "type": [
        "object",
        {
          "available_maintenance_versions": [
            "list",
            "string"
          ],
          "clone": [
            "list",
            [
              "object",
              {
                "allocated_ip_range": "string",
                "database_names": [
                  "list",
                  "string"
                ],
                "point_in_time": "string",
                "preferred_zone": "string",
                "source_instance_name": "string"
              }
            ]
          ],
          "connection_name": "string",
          "database_version": "string",
          "deletion_protection": "bool",
          "dns_name": "string",
          "encryption_key_name": "string",
          "first_ip_address": "string",
          "id": "string",
          "instance_type": "string",
          "ip_address": [
            "list",
            [
              "object",
              {
                "ip_address": "string",
                "time_to_retire": "string",
                "type": "string"
              }
            ]
          ],
          "maintenance_version": "string",
          "master_instance_name": "string",
          "name": "string",
          "private_ip_address": "string",
          "project": "string",
          "psc_service_attachment_link": "string",
          "public_ip_address": "string",
          "region": "string",
          "replica_configuration": [
            "list",
            [
              "object",
              {
                "ca_certificate": "string",
                "client_certificate": "string",
                "client_key": "string",
                "connect_retry_interval": "number",
                "dump_file_path": "string",
                "failover_target": "bool",
                "master_heartbeat_period": "number",
                "password": "string",
                "ssl_cipher": "string",
                "username": "string",
                "verify_server_certificate": "bool"
              }
            ]
          ],
          "restore_backup_context": [
            "list",
            [
              "object",
              {
                "backup_run_id": "number",
                "instance_id": "string",
                "project": "string"
              }
            ]
          ],
          "root_password": "string",
          "self_link": "string",
          "server_ca_cert": [
            "list",
            [
              "object",
              {
                "cert": "string",
                "common_name": "string",
                "create_time": "string",
                "expiration_time": "string",
                "sha1_fingerprint": "string"
              }
            ]
          ],
          "service_account_email_address": "string",
          "settings": [
            "list",
            [
              "object",
              {
                "activation_policy": "string",
                "active_directory_config": [
                  "list",
                  [
                    "object",
                    {
                      "domain": "string"
                    }
                  ]
                ],
                "advanced_machine_features": [
                  "list",
                  [
                    "object",
                    {
                      "threads_per_core": "number"
                    }
                  ]
                ],
                "availability_type": "string",
                "backup_configuration": [
                  "list",
                  [
                    "object",
                    {
                      "backup_retention_settings": [
                        "list",
                        [
                          "object",
                          {
                            "retained_backups": "number",
                            "retention_unit": "string"
                          }
                        ]
                      ],
                      "binary_log_enabled": "bool",
                      "enabled": "bool",
                      "location": "string",
                      "point_in_time_recovery_enabled": "bool",
                      "start_time": "string",
                      "transaction_log_retention_days": "number"
                    }
                  ]
                ],
                "collation": "string",
                "connector_enforcement": "string",
                "data_cache_config": [
                  "list",
                  [
                    "object",
                    {
                      "data_cache_enabled": "bool"
                    }
                  ]
                ],
                "database_flags": [
                  "set",
                  [
                    "object",
                    {
                      "name": "string",
                      "value": "string"
                    }
                  ]
                ],
                "deletion_protection_enabled": "bool",
                "deny_maintenance_period": [
                  "list",
                  [
                    "object",
                    {
                      "end_date": "string",
                      "start_date": "string",
                      "time": "string"
                    }
                  ]
                ],
                "disk_autoresize": "bool",
                "disk_autoresize_limit": "number",
                "disk_size": "number",
                "disk_type": "string",
                "edition": "string",
                "insights_config": [
                  "list",
                  [
                    "object",
                    {
                      "query_insights_enabled": "bool",
                      "query_plans_per_minute": "number",
                      "query_string_length": "number",
                      "record_application_tags": "bool",
                      "record_client_address": "bool"
                    }
                  ]
                ],
                "ip_configuration": [
                  "list",
                  [
                    "object",
                    {
                      "allocated_ip_range": "string",
                      "authorized_networks": [
                        "set",
                        [
                          "object",
                          {
                            "expiration_time": "string",
                            "name": "string",
                            "value": "string"
                          }
                        ]
                      ],
                      "enable_private_path_for_google_cloud_services": "bool",
                      "ipv4_enabled": "bool",
                      "private_network": "string",
                      "psc_config": [
                        "set",
                        [
                          "object",
                          {
                            "allowed_consumer_projects": [
                              "set",
                              "string"
                            ],
                            "psc_enabled": "bool"
                          }
                        ]
                      ],
                      "require_ssl": "bool"
                    }
                  ]
                ],
                "location_preference": [
                  "list",
                  [
                    "object",
                    {
                      "follow_gae_application": "string",
                      "secondary_zone": "string",
                      "zone": "string"
                    }
                  ]
                ],
                "maintenance_window": [
                  "list",
                  [
                    "object",
                    {
                      "day": "number",
                      "hour": "number",
                      "update_track": "string"
                    }
                  ]
                ],
                "password_validation_policy": [
                  "list",
                  [
                    "object",
                    {
                      "complexity": "string",
                      "disallow_username_substring": "bool",
                      "enable_password_policy": "bool",
                      "min_length": "number",
                      "password_change_interval": "string",
                      "reuse_interval": "number"
                    }
                  ]
                ],
                "pricing_plan": "string",
                "sql_server_audit_config": [
                  "list",
                  [
                    "object",
                    {
                      "bucket": "string",
                      "retention_interval": "string",
                      "upload_interval": "string"
                    }
                  ]
                ],
                "tier": "string",
                "time_zone": "string",
                "user_labels": [
                  "map",
                  "string"
                ],
                "version": "number"
              }
            ]
          ],
          "timeouts": [
            "object",
            {
              "create": "string",
              "delete": "string",
              "update": "string"
            }
          ]
        }
      ],
      "sensitive": true
    },
    "ip": {
      "value": "10.2.0.0/16",
      "type": "string",
      "sensitive": true
    },
    "peering1": {
      "value": {
        "export_custom_routes": false,
        "export_subnet_routes_with_public_ip": true,
        "id": "vpc-1/peering1-2",
        "import_custom_routes": false,
        "import_subnet_routes_with_public_ip": false,
        "name": "peering1-2",
        "network": "https://www.googleapis.com/compute/v1/projects/data-rainfall-396303/global/networks/vpc-1",
        "peer_network": "https://www.googleapis.com/compute/v1/projects/data-rainfall-396303/global/networks/vpc-2",
        "stack_type": "IPV4_ONLY",
        "state": "ACTIVE",
        "state_details": "[2023-10-13T04:13:50.143-07:00]: Connected.",
        "timeouts": null
      },
      "type": [
        "object",
        {
          "export_custom_routes": "bool",
          "export_subnet_routes_with_public_ip": "bool",
          "id": "string",
          "import_custom_routes": "bool",
          "import_subnet_routes_with_public_ip": "bool",
          "name": "string",
          "network": "string",
          "peer_network": "string",
          "stack_type": "string",
          "state": "string",
          "state_details": "string",
          "timeouts": [
            "object",
            {
              "create": "string",
              "delete": "string",
              "update": "string"
            }
          ]
        }
      ],
      "sensitive": true
    },
    "peering2": {
      "value": {
        "export_custom_routes": false,
        "export_subnet_routes_with_public_ip": true,
        "id": "vpc-2/peering2-1",
        "import_custom_routes": false,
        "import_subnet_routes_with_public_ip": false,
        "name": "peering2-1",
        "network": "https://www.googleapis.com/compute/v1/projects/data-rainfall-396303/global/networks/vpc-2",
        "peer_network": "https://www.googleapis.com/compute/v1/projects/data-rainfall-396303/global/networks/vpc-1",
        "stack_type": "IPV4_ONLY",
        "state": "ACTIVE",
        "state_details": "[2023-10-13T04:13:50.143-07:00]: Connected.",
        "timeouts": null
      },
      "type": [
        "object",
        {
          "export_custom_routes": "bool",
          "export_subnet_routes_with_public_ip": "bool",
          "id": "string",
          "import_custom_routes": "bool",
          "import_subnet_routes_with_public_ip": "bool",
          "name": "string",
          "network": "string",
          "peer_network": "string",
          "stack_type": "string",
          "state": "string",
          "state_details": "string",
          "timeouts": [
            "object",
            {
              "create": "string",
              "delete": "string",
              "update": "string"
            }
          ]
        }
      ],
      "sensitive": true
    },
    "peering3": {
      "value": {
        "export_custom_routes": false,
        "export_subnet_routes_with_public_ip": true,
        "id": "vpc-1/peering3-1",
        "import_custom_routes": false,
        "import_subnet_routes_with_public_ip": false,
        "name": "peering3-1",
        "network": "https://www.googleapis.com/compute/v1/projects/data-rainfall-396303/global/networks/vpc-1",
        "peer_network": "https://www.googleapis.com/compute/v1/projects/data-rainfall-396303/global/networks/vpc-3",
        "stack_type": "IPV4_ONLY",
        "state": "ACTIVE",
        "state_details": "[2023-10-13T04:14:14.071-07:00]: Connected.",
        "timeouts": null
      },
      "type": [
        "object",
        {
          "export_custom_routes": "bool",
          "export_subnet_routes_with_public_ip": "bool",
          "id": "string",
          "import_custom_routes": "bool",
          "import_subnet_routes_with_public_ip": "bool",
          "name": "string",
          "network": "string",
          "peer_network": "string",
          "stack_type": "string",
          "state": "string",
          "state_details": "string",
          "timeouts": [
            "object",
            {
              "create": "string",
              "delete": "string",
              "update": "string"
            }
          ]
        }
      ],
      "sensitive": true
    },
    "peering4": {
      "value": {
        "export_custom_routes": false,
        "export_subnet_routes_with_public_ip": true,
        "id": "vpc-3/peering1-3",
        "import_custom_routes": false,
        "import_subnet_routes_with_public_ip": false,
        "name": "peering1-3",
        "network": "https://www.googleapis.com/compute/v1/projects/data-rainfall-396303/global/networks/vpc-3",
        "peer_network": "https://www.googleapis.com/compute/v1/projects/data-rainfall-396303/global/networks/vpc-1",
        "stack_type": "IPV4_ONLY",
        "state": "ACTIVE",
        "state_details": "[2023-10-13T04:14:14.071-07:00]: Connected.",
        "timeouts": null
      },
      "type": [
        "object",
        {
          "export_custom_routes": "bool",
          "export_subnet_routes_with_public_ip": "bool",
          "id": "string",
          "import_custom_routes": "bool",
          "import_subnet_routes_with_public_ip": "bool",
          "name": "string",
          "network": "string",
          "peer_network": "string",
          "stack_type": "string",
          "state": "string",
          "state_details": "string",
          "timeouts": [
            "object",
            {
              "create": "string",
              "delete": "string",
              "update": "string"
            }
          ]
        }
      ],
      "sensitive": true
    },
    "primary-cluster": {
      "value": {
        "addons_config": [
          {
            "cloudrun_config": [],
            "config_connector_config": [],
            "dns_cache_config": [],
            "gce_persistent_disk_csi_driver_config": [
              {
                "enabled": true
              }
            ],
            "gcp_filestore_csi_driver_config": [],
            "gcs_fuse_csi_driver_config": [],
            "gke_backup_agent_config": [],
            "horizontal_pod_autoscaling": [],
            "http_load_balancing": [],
            "network_policy_config": [
              {
                "disabled": true
              }
            ]
          }
        ],
        "allow_net_admin": null,
        "authenticator_groups_config": [],
        "binary_authorization": [
          {
            "enabled": false,
            "evaluation_mode": ""
          }
        ],
        "cluster_autoscaling": [
          {
            "auto_provisioning_defaults": [],
            "enabled": false,
            "resource_limits": []
          }
        ],
        "cluster_ipv4_cidr": "10.44.0.0/14",
        "confidential_nodes": [],
        "cost_management_config": [],
        "database_encryption": [
          {
            "key_name": "",
            "state": "DECRYPTED"
          }
        ],
        "datapath_provider": "",
        "default_max_pods_per_node": 110,
        "default_snat_status": [
          {
            "disabled": false
          }
        ],
        "deletion_protection": true,
        "description": "",
        "dns_config": [],
        "enable_autopilot": false,
        "enable_intranode_visibility": false,
        "enable_k8s_beta_apis": [],
        "enable_kubernetes_alpha": false,
        "enable_l4_ilb_subsetting": false,
        "enable_legacy_abac": false,
        "enable_shielded_nodes": true,
        "enable_tpu": false,
        "endpoint": "35.193.120.85",
        "gateway_api_config": [],
        "id": "projects/data-rainfall-396303/locations/us-central1-a/clusters/my-gke-cluster",
        "initial_node_count": 2,
        "ip_allocation_policy": [
          {
            "additional_pod_ranges_config": [],
            "cluster_ipv4_cidr_block": "10.44.0.0/14",
            "cluster_secondary_range_name": "gke-my-gke-cluster-pods-bb359af7",
            "pod_cidr_overprovision_config": [
              {
                "disabled": false
              }
            ],
            "services_ipv4_cidr_block": "10.48.0.0/20",
            "services_secondary_range_name": "gke-my-gke-cluster-services-bb359af7",
            "stack_type": "IPV4"
          }
        ],
        "label_fingerprint": "a9dc16a7",
        "location": "us-central1-a",
        "logging_config": [
          {
            "enable_components": [
              "SYSTEM_COMPONENTS",
              "WORKLOADS"
            ]
          }
        ],
        "logging_service": "logging.googleapis.com/kubernetes",
        "maintenance_policy": [],
        "master_auth": [
          {
            "client_certificate": "",
            "client_certificate_config": [
              {
                "issue_client_certificate": false
              }
            ],
            "client_key": "",
            "cluster_ca_certificate": "LS0tLS1CRUdJTiBDRVJUSUZJQ0FURS0tLS0tCk1JSUVMVENDQXBXZ0F3SUJBZ0lSQU1KaDFnSXM4ako5M1RHZW1VYUF2STB3RFFZSktvWklodmNOQVFFTEJRQXcKTHpFdE1Dc0dBMVVFQXhNa09ESmlNRGhoTkdVdE56UmtNUzAwWldJMkxUbGpZVGd0TXpRM1l6YzFaRFUwWlRrMApNQ0FYRFRJek1UQXhNekV3TVRNeE0xb1lEekl3TlRNeE1EQTFNVEV4TXpFeldqQXZNUzB3S3dZRFZRUURFeVE0Ck1tSXdPR0UwWlMwM05HUXhMVFJsWWpZdE9XTmhPQzB6TkRkak56VmtOVFJsT1RRd2dnR2lNQTBHQ1NxR1NJYjMKRFFFQkFRVUFBNElCandBd2dnR0tBb0lCZ1FDcWpCVmdwMTdnVnpSdzIrQ0RqTm9LRHlNdEk5TGs2Y1VnS09QOApiZFh0bkpxVWZQcDRJb043ZlNJV3R1cWcvd3E0RWZ4Yng5YjU5UHdVSjVXSTVMYUo1bmRUN3ViRG1lT1YxVXcyClRoemlFcVE5OE9ST0tZTkZkTFUzcmt2RmI4dkIyc0JqNkVoNzdZUmhJRGlFazJCT09oMVZUWERiNTN1WlllY0MKSFJ3M205Z2hHMGJqMFg5S0s2ejh4TVdlR0ZOQWQ2ZHdmMVFHeWtGVWdLTlpVQUJ6R25wT2lCaDdZRXBmcmNGYgp0NjNwWHZaWFkxRDlDTnJjSmhRS3dvM1c4MjhETGxZdklLK0hLTC80aDJ5SWZjblBrcXFPZWJDNU9Sa2JscDlFCmJjT2xLUWo1SnJqNzI4bE1tMENMYlhocC94VTV1ZHEwL2VmeVNFbXl4em53aVVUZXVSanhGVFdZT3BQYzRmRUIKWjEwZ0NaeUU4emlVbXJLWGMrWXJZV3ZuamtlZjkrcWowaU1xbzJmaExvdDJUZVRoRElwRFFUMXlhdzNRd0RYdwo0eGhMaDNQTlVFcjcremJRZWI1VCsxZkc4aGNHV3hRNjZQaGx6VDJqa1FZQWo3WnExOG1KSWNHZk1ONTJzQXFsCjFSV2tPbEJvc0hIN21Fekg1c3hDRTBHUU5uY0NBd0VBQWFOQ01FQXdEZ1lEVlIwUEFRSC9CQVFEQWdJRU1BOEcKQTFVZEV3RUIvd1FGTUFNQkFmOHdIUVlEVlIwT0JCWUVGRk1XeERhNU13R0xlN01xMnJqNHlvN0dCck9JTUEwRwpDU3FHU0liM0RRRUJDd1VBQTRJQmdRQ21oUzJob05kRDJSTGJnRFVGcEd1VjlzaHRUd0I0WGdNNy84ajBFcFNMCjZEV280dFhIem8xeW5PK1BqbFJpeWhtT1gvemUzNElSb1p4K2pzZGd6Y2YyVElnbGppYTJsNkVHTGV2RjVDbk8KejZMb2F2N1huOERqSy9tMHptVWsrVERJcEhlOW9oWTd1Q0NwUU43aWFOZGM1ZDVhalA4SjJpYUg1QnQyZVNERQpyb2gvbmRqOUVKeWVHWS9pTWpvUUZFZUh4RWE5dXFiZnVTK2hJR0tVcmNVY1ZDYWc3eFBadG1LYnNscGNucUlMCjkyVmxjLzlRakxHYnBmTDB5WnR1azJrSXh6SGxtQXVSTThUUmFRM0c1azU2TUlab0xHZisrblc1WTRxM09qNHgKeGFRQWcyWTU1elNwSCs3Tnp3Rk0yT1UzMGZ1ZW1MSlprMVNIVUc1cVVKVktrOWRZNkZSamNhUldJcmErRGROcgpENC9kRW5NNXpjTU9zRlpkQ2J3OU4rNEh3UmRIeUtjQ05WWW5sNFM4R3J4WHVVenJaNis1S1BrbDgrTTg4M0lKCjNURkdxNkQwZW54ZlBMZm5MN1o4UTRZTnhqQXlCanI1NzlBSDlpRUtwM1VkRHdJVHJhNVgva2xCMXlTeHMxbEkKdElodlcyTVlQUnJvM2FKTkYyYk42ODA9Ci0tLS0tRU5EIENFUlRJRklDQVRFLS0tLS0K"
          }
        ],
        "master_authorized_networks_config": [],
        "master_version": "1.27.3-gke.100",
        "mesh_certificates": [],
        "min_master_version": null,
        "monitoring_config": [
          {
            "advanced_datapath_observability_config": [
              {
                "enable_metrics": false,
                "relay_mode": "DISABLED"
              }
            ],
            "enable_components": [
              "SYSTEM_COMPONENTS"
            ],
            "managed_prometheus": [
              {
                "enabled": true
              }
            ]
          }
        ],
        "monitoring_service": "monitoring.googleapis.com/kubernetes",
        "name": "my-gke-cluster",
        "network": "projects/data-rainfall-396303/global/networks/default",
        "network_policy": [
          {
            "enabled": false,
            "provider": "PROVIDER_UNSPECIFIED"
          }
        ],
        "networking_mode": "VPC_NATIVE",
        "node_config": [
          {
            "advanced_machine_features": [],
            "boot_disk_kms_key": "",
            "confidential_nodes": [],
            "disk_size_gb": 100,
            "disk_type": "pd-balanced",
            "effective_taints": [],
            "ephemeral_storage_local_ssd_config": [],
            "fast_socket": [],
            "gcfs_config": [],
            "guest_accelerator": [],
            "gvnic": [],
            "host_maintenance_policy": [],
            "image_type": "COS_CONTAINERD",
            "kubelet_config": [],
            "labels": {},
            "linux_node_config": [],
            "local_nvme_ssd_block_config": [],
            "local_ssd_count": 0,
            "logging_variant": "DEFAULT",
            "machine_type": "e2-medium",
            "metadata": {
              "disable-legacy-endpoints": "true"
            },
            "min_cpu_platform": "",
            "node_group": "",
            "oauth_scopes": [
              "https://www.googleapis.com/auth/cloud-platform"
            ],
            "preemptible": true,
            "reservation_affinity": [],
            "resource_labels": {},
            "service_account": "tfmanikanta@data-rainfall-396303.iam.gserviceaccount.com",
            "shielded_instance_config": [
              {
                "enable_integrity_monitoring": true,
                "enable_secure_boot": false
              }
            ],
            "sole_tenant_config": [],
            "spot": false,
            "tags": [],
            "taint": [],
            "workload_metadata_config": []
          }
        ],
        "node_locations": [],
        "node_pool": [
          {
            "autoscaling": [],
            "initial_node_count": 2,
            "instance_group_urls": [
              "https://www.googleapis.com/compute/v1/projects/data-rainfall-396303/zones/us-central1-a/instanceGroupManagers/gke-my-gke-cluster-my-node-pool-938e9f0c-grp"
            ],
            "managed_instance_group_urls": [
              "https://www.googleapis.com/compute/v1/projects/data-rainfall-396303/zones/us-central1-a/instanceGroups/gke-my-gke-cluster-my-node-pool-938e9f0c-grp"
            ],
            "management": [
              {
                "auto_repair": true,
                "auto_upgrade": true
              }
            ],
            "max_pods_per_node": 110,
            "name": "my-node-pool",
            "name_prefix": "",
            "network_config": [
              {
                "create_pod_range": false,
                "enable_private_nodes": false,
                "pod_cidr_overprovision_config": [],
                "pod_ipv4_cidr_block": "10.44.0.0/14",
                "pod_range": "gke-my-gke-cluster-pods-bb359af7"
              }
            ],
            "node_config": [
              {
                "advanced_machine_features": [],
                "boot_disk_kms_key": "",
                "confidential_nodes": [],
                "disk_size_gb": 100,
                "disk_type": "pd-balanced",
                "effective_taints": [],
                "ephemeral_storage_local_ssd_config": [],
                "fast_socket": [],
                "gcfs_config": [],
                "guest_accelerator": [],
                "gvnic": [],
                "host_maintenance_policy": [],
                "image_type": "COS_CONTAINERD",
                "kubelet_config": [],
                "labels": {},
                "linux_node_config": [],
                "local_nvme_ssd_block_config": [],
                "local_ssd_count": 0,
                "logging_variant": "DEFAULT",
                "machine_type": "e2-medium",
                "metadata": {
                  "disable-legacy-endpoints": "true"
                },
                "min_cpu_platform": "",
                "node_group": "",
                "oauth_scopes": [
                  "https://www.googleapis.com/auth/cloud-platform"
                ],
                "preemptible": true,
                "reservation_affinity": [],
                "resource_labels": {},
                "service_account": "tfmanikanta@data-rainfall-396303.iam.gserviceaccount.com",
                "shielded_instance_config": [
                  {
                    "enable_integrity_monitoring": true,
                    "enable_secure_boot": false
                  }
                ],
                "sole_tenant_config": [],
                "spot": false,
                "tags": [],
                "taint": [],
                "workload_metadata_config": []
              }
            ],
            "node_count": 2,
            "node_locations": [
              "us-central1-a"
            ],
            "placement_policy": [],
            "upgrade_settings": [
              {
                "blue_green_settings": [],
                "max_surge": 1,
                "max_unavailable": 0,
                "strategy": "SURGE"
              }
            ],
            "version": "1.27.3-gke.100"
          }
        ],
        "node_pool_auto_config": [],
        "node_pool_defaults": [
          {
            "node_config_defaults": [
              {
                "logging_variant": "DEFAULT"
              }
            ]
          }
        ],
        "node_version": "1.27.3-gke.100",
        "notification_config": [
          {
            "pubsub": [
              {
                "enabled": false,
                "filter": [],
                "topic": ""
              }
            ]
          }
        ],
        "operation": null,
        "private_cluster_config": [
          {
            "enable_private_endpoint": false,
            "enable_private_nodes": false,
            "master_global_access_config": [
              {
                "enabled": false
              }
            ],
            "master_ipv4_cidr_block": "",
            "peering_name": "",
            "private_endpoint": "10.128.15.213",
            "private_endpoint_subnetwork": "",
            "public_endpoint": "35.193.120.85"
          }
        ],
        "private_ipv6_google_access": "",
        "project": "data-rainfall-396303",
        "release_channel": [
          {
            "channel": "REGULAR"
          }
        ],
        "remove_default_node_pool": true,
        "resource_labels": {},
        "resource_usage_export_config": [],
        "security_posture_config": [
          {
            "mode": "BASIC",
            "vulnerability_mode": "VULNERABILITY_MODE_UNSPECIFIED"
          }
        ],
        "self_link": "https://container.googleapis.com/v1/projects/data-rainfall-396303/zones/us-central1-a/clusters/my-gke-cluster",
        "service_external_ips_config": [
          {
            "enabled": false
          }
        ],
        "services_ipv4_cidr": "10.48.0.0/20",
        "subnetwork": "projects/data-rainfall-396303/regions/us-central1/subnetworks/default",
        "timeouts": null,
        "tpu_ipv4_cidr_block": "",
        "vertical_pod_autoscaling": [],
        "workload_identity_config": []
      },
      "type": [
        "object",
        {
          "addons_config": [
            "list",
            [
              "object",
              {
                "cloudrun_config": [
                  "list",
                  [
                    "object",
                    {
                      "disabled": "bool",
                      "load_balancer_type": "string"
                    }
                  ]
                ],
                "config_connector_config": [
                  "list",
                  [
                    "object",
                    {
                      "enabled": "bool"
                    }
                  ]
                ],
                "dns_cache_config": [
                  "list",
                  [
                    "object",
                    {
                      "enabled": "bool"
                    }
                  ]
                ],
                "gce_persistent_disk_csi_driver_config": [
                  "list",
                  [
                    "object",
                    {
                      "enabled": "bool"
                    }
                  ]
                ],
                "gcp_filestore_csi_driver_config": [
                  "list",
                  [
                    "object",
                    {
                      "enabled": "bool"
                    }
                  ]
                ],
                "gcs_fuse_csi_driver_config": [
                  "list",
                  [
                    "object",
                    {
                      "enabled": "bool"
                    }
                  ]
                ],
                "gke_backup_agent_config": [
                  "list",
                  [
                    "object",
                    {
                      "enabled": "bool"
                    }
                  ]
                ],
                "horizontal_pod_autoscaling": [
                  "list",
                  [
                    "object",
                    {
                      "disabled": "bool"
                    }
                  ]
                ],
                "http_load_balancing": [
                  "list",
                  [
                    "object",
                    {
                      "disabled": "bool"
                    }
                  ]
                ],
                "network_policy_config": [
                  "list",
                  [
                    "object",
                    {
                      "disabled": "bool"
                    }
                  ]
                ]
              }
            ]
          ],
          "allow_net_admin": "bool",
          "authenticator_groups_config": [
            "list",
            [
              "object",
              {
                "security_group": "string"
              }
            ]
          ],
          "binary_authorization": [
            "list",
            [
              "object",
              {
                "enabled": "bool",
                "evaluation_mode": "string"
              }
            ]
          ],
          "cluster_autoscaling": [
            "list",
            [
              "object",
              {
                "auto_provisioning_defaults": [
                  "list",
                  [
                    "object",
                    {
                      "boot_disk_kms_key": "string",
                      "disk_size": "number",
                      "disk_type": "string",
                      "image_type": "string",
                      "management": [
                        "list",
                        [
                          "object",
                          {
                            "auto_repair": "bool",
                            "auto_upgrade": "bool",
                            "upgrade_options": [
                              "list",
                              [
                                "object",
                                {
                                  "auto_upgrade_start_time": "string",
                                  "description": "string"
                                }
                              ]
                            ]
                          }
                        ]
                      ],
                      "min_cpu_platform": "string",
                      "oauth_scopes": [
                        "list",
                        "string"
                      ],
                      "service_account": "string",
                      "shielded_instance_config": [
                        "list",
                        [
                          "object",
                          {
                            "enable_integrity_monitoring": "bool",
                            "enable_secure_boot": "bool"
                          }
                        ]
                      ],
                      "upgrade_settings": [
                        "list",
                        [
                          "object",
                          {
                            "blue_green_settings": [
                              "list",
                              [
                                "object",
                                {
                                  "node_pool_soak_duration": "string",
                                  "standard_rollout_policy": [
                                    "list",
                                    [
                                      "object",
                                      {
                                        "batch_node_count": "number",
                                        "batch_percentage": "number",
                                        "batch_soak_duration": "string"
                                      }
                                    ]
                                  ]
                                }
                              ]
                            ],
                            "max_surge": "number",
                            "max_unavailable": "number",
                            "strategy": "string"
                          }
                        ]
                      ]
                    }
                  ]
                ],
                "enabled": "bool",
                "resource_limits": [
                  "list",
                  [
                    "object",
                    {
                      "maximum": "number",
                      "minimum": "number",
                      "resource_type": "string"
                    }
                  ]
                ]
              }
            ]
          ],
          "cluster_ipv4_cidr": "string",
          "confidential_nodes": [
            "list",
            [
              "object",
              {
                "enabled": "bool"
              }
            ]
          ],
          "cost_management_config": [
            "list",
            [
              "object",
              {
                "enabled": "bool"
              }
            ]
          ],
          "database_encryption": [
            "list",
            [
              "object",
              {
                "key_name": "string",
                "state": "string"
              }
            ]
          ],
          "datapath_provider": "string",
          "default_max_pods_per_node": "number",
          "default_snat_status": [
            "list",
            [
              "object",
              {
                "disabled": "bool"
              }
            ]
          ],
          "deletion_protection": "bool",
          "description": "string",
          "dns_config": [
            "list",
            [
              "object",
              {
                "cluster_dns": "string",
                "cluster_dns_domain": "string",
                "cluster_dns_scope": "string"
              }
            ]
          ],
          "enable_autopilot": "bool",
          "enable_intranode_visibility": "bool",
          "enable_k8s_beta_apis": [
            "list",
            [
              "object",
              {
                "enabled_apis": [
                  "set",
                  "string"
                ]
              }
            ]
          ],
          "enable_kubernetes_alpha": "bool",
          "enable_l4_ilb_subsetting": "bool",
          "enable_legacy_abac": "bool",
          "enable_shielded_nodes": "bool",
          "enable_tpu": "bool",
          "endpoint": "string",
          "gateway_api_config": [
            "list",
            [
              "object",
              {
                "channel": "string"
              }
            ]
          ],
          "id": "string",
          "initial_node_count": "number",
          "ip_allocation_policy": [
            "list",
            [
              "object",
              {
                "additional_pod_ranges_config": [
                  "list",
                  [
                    "object",
                    {
                      "pod_range_names": [
                        "set",
                        "string"
                      ]
                    }
                  ]
                ],
                "cluster_ipv4_cidr_block": "string",
                "cluster_secondary_range_name": "string",
                "pod_cidr_overprovision_config": [
                  "list",
                  [
                    "object",
                    {
                      "disabled": "bool"
                    }
                  ]
                ],
                "services_ipv4_cidr_block": "string",
                "services_secondary_range_name": "string",
                "stack_type": "string"
              }
            ]
          ],
          "label_fingerprint": "string",
          "location": "string",
          "logging_config": [
            "list",
            [
              "object",
              {
                "enable_components": [
                  "list",
                  "string"
                ]
              }
            ]
          ],
          "logging_service": "string",
          "maintenance_policy": [
            "list",
            [
              "object",
              {
                "daily_maintenance_window": [
                  "list",
                  [
                    "object",
                    {
                      "duration": "string",
                      "start_time": "string"
                    }
                  ]
                ],
                "maintenance_exclusion": [
                  "set",
                  [
                    "object",
                    {
                      "end_time": "string",
                      "exclusion_name": "string",
                      "exclusion_options": [
                        "list",
                        [
                          "object",
                          {
                            "scope": "string"
                          }
                        ]
                      ],
                      "start_time": "string"
                    }
                  ]
                ],
                "recurring_window": [
                  "list",
                  [
                    "object",
                    {
                      "end_time": "string",
                      "recurrence": "string",
                      "start_time": "string"
                    }
                  ]
                ]
              }
            ]
          ],
          "master_auth": [
            "list",
            [
              "object",
              {
                "client_certificate": "string",
                "client_certificate_config": [
                  "list",
                  [
                    "object",
                    {
                      "issue_client_certificate": "bool"
                    }
                  ]
                ],
                "client_key": "string",
                "cluster_ca_certificate": "string"
              }
            ]
          ],
          "master_authorized_networks_config": [
            "list",
            [
              "object",
              {
                "cidr_blocks": [
                  "set",
                  [
                    "object",
                    {
                      "cidr_block": "string",
                      "display_name": "string"
                    }
                  ]
                ],
                "gcp_public_cidrs_access_enabled": "bool"
              }
            ]
          ],
          "master_version": "string",
          "mesh_certificates": [
            "list",
            [
              "object",
              {
                "enable_certificates": "bool"
              }
            ]
          ],
          "min_master_version": "string",
          "monitoring_config": [
            "list",
            [
              "object",
              {
                "advanced_datapath_observability_config": [
                  "list",
                  [
                    "object",
                    {
                      "enable_metrics": "bool",
                      "relay_mode": "string"
                    }
                  ]
                ],
                "enable_components": [
                  "list",
                  "string"
                ],
                "managed_prometheus": [
                  "list",
                  [
                    "object",
                    {
                      "enabled": "bool"
                    }
                  ]
                ]
              }
            ]
          ],
          "monitoring_service": "string",
          "name": "string",
          "network": "string",
          "network_policy": [
            "list",
            [
              "object",
              {
                "enabled": "bool",
                "provider": "string"
              }
            ]
          ],
          "networking_mode": "string",
          "node_config": [
            "list",
            [
              "object",
              {
                "advanced_machine_features": [
                  "list",
                  [
                    "object",
                    {
                      "threads_per_core": "number"
                    }
                  ]
                ],
                "boot_disk_kms_key": "string",
                "confidential_nodes": [
                  "list",
                  [
                    "object",
                    {
                      "enabled": "bool"
                    }
                  ]
                ],
                "disk_size_gb": "number",
                "disk_type": "string",
                "effective_taints": [
                  "list",
                  [
                    "object",
                    {
                      "effect": "string",
                      "key": "string",
                      "value": "string"
                    }
                  ]
                ],
                "ephemeral_storage_local_ssd_config": [
                  "list",
                  [
                    "object",
                    {
                      "local_ssd_count": "number"
                    }
                  ]
                ],
                "fast_socket": [
                  "list",
                  [
                    "object",
                    {
                      "enabled": "bool"
                    }
                  ]
                ],
                "gcfs_config": [
                  "list",
                  [
                    "object",
                    {
                      "enabled": "bool"
                    }
                  ]
                ],
                "guest_accelerator": [
                  "list",
                  [
                    "object",
                    {
                      "count": "number",
                      "gpu_driver_installation_config": [
                        "list",
                        [
                          "object",
                          {
                            "gpu_driver_version": "string"
                          }
                        ]
                      ],
                      "gpu_partition_size": "string",
                      "gpu_sharing_config": [
                        "list",
                        [
                          "object",
                          {
                            "gpu_sharing_strategy": "string",
                            "max_shared_clients_per_gpu": "number"
                          }
                        ]
                      ],
                      "type": "string"
                    }
                  ]
                ],
                "gvnic": [
                  "list",
                  [
                    "object",
                    {
                      "enabled": "bool"
                    }
                  ]
                ],
                "host_maintenance_policy": [
                  "list",
                  [
                    "object",
                    {
                      "maintenance_interval": "string"
                    }
                  ]
                ],
                "image_type": "string",
                "kubelet_config": [
                  "list",
                  [
                    "object",
                    {
                      "cpu_cfs_quota": "bool",
                      "cpu_cfs_quota_period": "string",
                      "cpu_manager_policy": "string",
                      "pod_pids_limit": "number"
                    }
                  ]
                ],
                "labels": [
                  "map",
                  "string"
                ],
                "linux_node_config": [
                  "list",
                  [
                    "object",
                    {
                      "sysctls": [
                        "map",
                        "string"
                      ]
                    }
                  ]
                ],
                "local_nvme_ssd_block_config": [
                  "list",
                  [
                    "object",
                    {
                      "local_ssd_count": "number"
                    }
                  ]
                ],
                "local_ssd_count": "number",
                "logging_variant": "string",
                "machine_type": "string",
                "metadata": [
                  "map",
                  "string"
                ],
                "min_cpu_platform": "string",
                "node_group": "string",
                "oauth_scopes": [
                  "set",
                  "string"
                ],
                "preemptible": "bool",
                "reservation_affinity": [
                  "list",
                  [
                    "object",
                    {
                      "consume_reservation_type": "string",
                      "key": "string",
                      "values": [
                        "set",
                        "string"
                      ]
                    }
                  ]
                ],
                "resource_labels": [
                  "map",
                  "string"
                ],
                "service_account": "string",
                "shielded_instance_config": [
                  "list",
                  [
                    "object",
                    {
                      "enable_integrity_monitoring": "bool",
                      "enable_secure_boot": "bool"
                    }
                  ]
                ],
                "sole_tenant_config": [
                  "list",
                  [
                    "object",
                    {
                      "node_affinity": [
                        "set",
                        [
                          "object",
                          {
                            "key": "string",
                            "operator": "string",
                            "values": [
                              "list",
                              "string"
                            ]
                          }
                        ]
                      ]
                    }
                  ]
                ],
                "spot": "bool",
                "tags": [
                  "list",
                  "string"
                ],
                "taint": [
                  "list",
                  [
                    "object",
                    {
                      "effect": "string",
                      "key": "string",
                      "value": "string"
                    }
                  ]
                ],
                "workload_metadata_config": [
                  "list",
                  [
                    "object",
                    {
                      "mode": "string"
                    }
                  ]
                ]
              }
            ]
          ],
          "node_locations": [
            "set",
            "string"
          ],
          "node_pool": [
            "list",
            [
              "object",
              {
                "autoscaling": [
                  "list",
                  [
                    "object",
                    {
                      "location_policy": "string",
                      "max_node_count": "number",
                      "min_node_count": "number",
                      "total_max_node_count": "number",
                      "total_min_node_count": "number"
                    }
                  ]
                ],
                "initial_node_count": "number",
                "instance_group_urls": [
                  "list",
                  "string"
                ],
                "managed_instance_group_urls": [
                  "list",
                  "string"
                ],
                "management": [
                  "list",
                  [
                    "object",
                    {
                      "auto_repair": "bool",
                      "auto_upgrade": "bool"
                    }
                  ]
                ],
                "max_pods_per_node": "number",
                "name": "string",
                "name_prefix": "string",
                "network_config": [
                  "list",
                  [
                    "object",
                    {
                      "create_pod_range": "bool",
                      "enable_private_nodes": "bool",
                      "pod_cidr_overprovision_config": [
                        "list",
                        [
                          "object",
                          {
                            "disabled": "bool"
                          }
                        ]
                      ],
                      "pod_ipv4_cidr_block": "string",
                      "pod_range": "string"
                    }
                  ]
                ],
                "node_config": [
                  "list",
                  [
                    "object",
                    {
                      "advanced_machine_features": [
                        "list",
                        [
                          "object",
                          {
                            "threads_per_core": "number"
                          }
                        ]
                      ],
                      "boot_disk_kms_key": "string",
                      "confidential_nodes": [
                        "list",
                        [
                          "object",
                          {
                            "enabled": "bool"
                          }
                        ]
                      ],
                      "disk_size_gb": "number",
                      "disk_type": "string",
                      "effective_taints": [
                        "list",
                        [
                          "object",
                          {
                            "effect": "string",
                            "key": "string",
                            "value": "string"
                          }
                        ]
                      ],
                      "ephemeral_storage_local_ssd_config": [
                        "list",
                        [
                          "object",
                          {
                            "local_ssd_count": "number"
                          }
                        ]
                      ],
                      "fast_socket": [
                        "list",
                        [
                          "object",
                          {
                            "enabled": "bool"
                          }
                        ]
                      ],
                      "gcfs_config": [
                        "list",
                        [
                          "object",
                          {
                            "enabled": "bool"
                          }
                        ]
                      ],
                      "guest_accelerator": [
                        "list",
                        [
                          "object",
                          {
                            "count": "number",
                            "gpu_driver_installation_config": [
                              "list",
                              [
                                "object",
                                {
                                  "gpu_driver_version": "string"
                                }
                              ]
                            ],
                            "gpu_partition_size": "string",
                            "gpu_sharing_config": [
                              "list",
                              [
                                "object",
                                {
                                  "gpu_sharing_strategy": "string",
                                  "max_shared_clients_per_gpu": "number"
                                }
                              ]
                            ],
                            "type": "string"
                          }
                        ]
                      ],
                      "gvnic": [
                        "list",
                        [
                          "object",
                          {
                            "enabled": "bool"
                          }
                        ]
                      ],
                      "host_maintenance_policy": [
                        "list",
                        [
                          "object",
                          {
                            "maintenance_interval": "string"
                          }
                        ]
                      ],
                      "image_type": "string",
                      "kubelet_config": [
                        "list",
                        [
                          "object",
                          {
                            "cpu_cfs_quota": "bool",
                            "cpu_cfs_quota_period": "string",
                            "cpu_manager_policy": "string",
                            "pod_pids_limit": "number"
                          }
                        ]
                      ],
                      "labels": [
                        "map",
                        "string"
                      ],
                      "linux_node_config": [
                        "list",
                        [
                          "object",
                          {
                            "sysctls": [
                              "map",
                              "string"
                            ]
                          }
                        ]
                      ],
                      "local_nvme_ssd_block_config": [
                        "list",
                        [
                          "object",
                          {
                            "local_ssd_count": "number"
                          }
                        ]
                      ],
                      "local_ssd_count": "number",
                      "logging_variant": "string",
                      "machine_type": "string",
                      "metadata": [
                        "map",
                        "string"
                      ],
                      "min_cpu_platform": "string",
                      "node_group": "string",
                      "oauth_scopes": [
                        "set",
                        "string"
                      ],
                      "preemptible": "bool",
                      "reservation_affinity": [
                        "list",
                        [
                          "object",
                          {
                            "consume_reservation_type": "string",
                            "key": "string",
                            "values": [
                              "set",
                              "string"
                            ]
                          }
                        ]
                      ],
                      "resource_labels": [
                        "map",
                        "string"
                      ],
                      "service_account": "string",
                      "shielded_instance_config": [
                        "list",
                        [
                          "object",
                          {
                            "enable_integrity_monitoring": "bool",
                            "enable_secure_boot": "bool"
                          }
                        ]
                      ],
                      "sole_tenant_config": [
                        "list",
                        [
                          "object",
                          {
                            "node_affinity": [
                              "set",
                              [
                                "object",
                                {
                                  "key": "string",
                                  "operator": "string",
                                  "values": [
                                    "list",
                                    "string"
                                  ]
                                }
                              ]
                            ]
                          }
                        ]
                      ],
                      "spot": "bool",
                      "tags": [
                        "list",
                        "string"
                      ],
                      "taint": [
                        "list",
                        [
                          "object",
                          {
                            "effect": "string",
                            "key": "string",
                            "value": "string"
                          }
                        ]
                      ],
                      "workload_metadata_config": [
                        "list",
                        [
                          "object",
                          {
                            "mode": "string"
                          }
                        ]
                      ]
                    }
                  ]
                ],
                "node_count": "number",
                "node_locations": [
                  "set",
                  "string"
                ],
                "placement_policy": [
                  "list",
                  [
                    "object",
                    {
                      "policy_name": "string",
                      "tpu_topology": "string",
                      "type": "string"
                    }
                  ]
                ],
                "upgrade_settings": [
                  "list",
                  [
                    "object",
                    {
                      "blue_green_settings": [
                        "list",
                        [
                          "object",
                          {
                            "node_pool_soak_duration": "string",
                            "standard_rollout_policy": [
                              "list",
                              [
                                "object",
                                {
                                  "batch_node_count": "number",
                                  "batch_percentage": "number",
                                  "batch_soak_duration": "string"
                                }
                              ]
                            ]
                          }
                        ]
                      ],
                      "max_surge": "number",
                      "max_unavailable": "number",
                      "strategy": "string"
                    }
                  ]
                ],
                "version": "string"
              }
            ]
          ],
          "node_pool_auto_config": [
            "list",
            [
              "object",
              {
                "network_tags": [
                  "list",
                  [
                    "object",
                    {
                      "tags": [
                        "list",
                        "string"
                      ]
                    }
                  ]
                ]
              }
            ]
          ],
          "node_pool_defaults": [
            "list",
            [
              "object",
              {
                "node_config_defaults": [
                  "list",
                  [
                    "object",
                    {
                      "logging_variant": "string"
                    }
                  ]
                ]
              }
            ]
          ],
          "node_version": "string",
          "notification_config": [
            "list",
            [
              "object",
              {
                "pubsub": [
                  "list",
                  [
                    "object",
                    {
                      "enabled": "bool",
                      "filter": [
                        "list",
                        [
                          "object",
                          {
                            "event_type": [
                              "list",
                              "string"
                            ]
                          }
                        ]
                      ],
                      "topic": "string"
                    }
                  ]
                ]
              }
            ]
          ],
          "operation": "string",
          "private_cluster_config": [
            "list",
            [
              "object",
              {
                "enable_private_endpoint": "bool",
                "enable_private_nodes": "bool",
                "master_global_access_config": [
                  "list",
                  [
                    "object",
                    {
                      "enabled": "bool"
                    }
                  ]
                ],
                "master_ipv4_cidr_block": "string",
                "peering_name": "string",
                "private_endpoint": "string",
                "private_endpoint_subnetwork": "string",
                "public_endpoint": "string"
              }
            ]
          ],
          "private_ipv6_google_access": "string",
          "project": "string",
          "release_channel": [
            "list",
            [
              "object",
              {
                "channel": "string"
              }
            ]
          ],
          "remove_default_node_pool": "bool",
          "resource_labels": [
            "map",
            "string"
          ],
          "resource_usage_export_config": [
            "list",
            [
              "object",
              {
                "bigquery_destination": [
                  "list",
                  [
                    "object",
                    {
                      "dataset_id": "string"
                    }
                  ]
                ],
                "enable_network_egress_metering": "bool",
                "enable_resource_consumption_metering": "bool"
              }
            ]
          ],
          "security_posture_config": [
            "list",
            [
              "object",
              {
                "mode": "string",
                "vulnerability_mode": "string"
              }
            ]
          ],
          "self_link": "string",
          "service_external_ips_config": [
            "list",
            [
              "object",
              {
                "enabled": "bool"
              }
            ]
          ],
          "services_ipv4_cidr": "string",
          "subnetwork": "string",
          "timeouts": [
            "object",
            {
              "create": "string",
              "delete": "string",
              "read": "string",
              "update": "string"
            }
          ],
          "tpu_ipv4_cidr_block": "string",
          "vertical_pod_autoscaling": [
            "list",
            [
              "object",
              {
                "enabled": "bool"
              }
            ]
          ],
          "workload_identity_config": [
            "list",
            [
              "object",
              {
                "workload_pool": "string"
              }
            ]
          ]
        }
      ],
      "sensitive": true
    },
    "primary_preemptible_nodes": {
      "value": 2,
      "type": "number",
      "sensitive": true
    },
    "sa_tf": {
      "value": {
        "account_id": "tfmanikanta",
        "description": "",
        "disabled": false,
        "display_name": "service-tf",
        "email": "tfmanikanta@data-rainfall-396303.iam.gserviceaccount.com",
        "id": "projects/data-rainfall-396303/serviceAccounts/tfmanikanta@data-rainfall-396303.iam.gserviceaccount.com",
        "member": "serviceAccount:tfmanikanta@data-rainfall-396303.iam.gserviceaccount.com",
        "name": "projects/data-rainfall-396303/serviceAccounts/tfmanikanta@data-rainfall-396303.iam.gserviceaccount.com",
        "project": "data-rainfall-396303",
        "timeouts": null,
        "unique_id": "112253793094761009349"
      },
      "type": [
        "object",
        {
          "account_id": "string",
          "description": "string",
          "disabled": "bool",
          "display_name": "string",
          "email": "string",
          "id": "string",
          "member": "string",
          "name": "string",
          "project": "string",
          "timeouts": [
            "object",
            {
              "create": "string"
            }
          ],
          "unique_id": "string"
        }
      ],
      "sensitive": true
    },
    "static-bucket": {
      "value": {
        "autoclass": [],
        "cors": [],
        "custom_placement_config": [],
        "default_event_based_hold": false,
        "effective_labels": {},
        "encryption": [],
        "force_destroy": true,
        "id": "my-gcs-mani",
        "labels": {},
        "lifecycle_rule": [],
        "location": "US",
        "logging": [],
        "name": "my-gcs-mani",
        "project": "data-rainfall-396303",
        "public_access_prevention": "inherited",
        "requester_pays": false,
        "retention_policy": [],
        "self_link": "https://www.googleapis.com/storage/v1/b/my-gcs-mani",
        "storage_class": "STANDARD",
        "terraform_labels": {},
        "timeouts": null,
        "uniform_bucket_level_access": true,
        "url": "gs://my-gcs-mani",
        "versioning": [],
        "website": []
      },
      "type": [
        "object",
        {
          "autoclass": [
            "list",
            [
              "object",
              {
                "enabled": "bool"
              }
            ]
          ],
          "cors": [
            "list",
            [
              "object",
              {
                "max_age_seconds": "number",
                "method": [
                  "list",
                  "string"
                ],
                "origin": [
                  "list",
                  "string"
                ],
                "response_header": [
                  "list",
                  "string"
                ]
              }
            ]
          ],
          "custom_placement_config": [
            "list",
            [
              "object",
              {
                "data_locations": [
                  "set",
                  "string"
                ]
              }
            ]
          ],
          "default_event_based_hold": "bool",
          "effective_labels": [
            "map",
            "string"
          ],
          "encryption": [
            "list",
            [
              "object",
              {
                "default_kms_key_name": "string"
              }
            ]
          ],
          "force_destroy": "bool",
          "id": "string",
          "labels": [
            "map",
            "string"
          ],
          "lifecycle_rule": [
            "list",
            [
              "object",
              {
                "action": [
                  "set",
                  [
                    "object",
                    {
                      "storage_class": "string",
                      "type": "string"
                    }
                  ]
                ],
                "condition": [
                  "set",
                  [
                    "object",
                    {
                      "age": "number",
                      "created_before": "string",
                      "custom_time_before": "string",
                      "days_since_custom_time": "number",
                      "days_since_noncurrent_time": "number",
                      "matches_prefix": [
                        "list",
                        "string"
                      ],
                      "matches_storage_class": [
                        "list",
                        "string"
                      ],
                      "matches_suffix": [
                        "list",
                        "string"
                      ],
                      "noncurrent_time_before": "string",
                      "num_newer_versions": "number",
                      "with_state": "string"
                    }
                  ]
                ]
              }
            ]
          ],
          "location": "string",
          "logging": [
            "list",
            [
              "object",
              {
                "log_bucket": "string",
                "log_object_prefix": "string"
              }
            ]
          ],
          "name": "string",
          "project": "string",
          "public_access_prevention": "string",
          "requester_pays": "bool",
          "retention_policy": [
            "list",
            [
              "object",
              {
                "is_locked": "bool",
                "retention_period": "number"
              }
            ]
          ],
          "self_link": "string",
          "storage_class": "string",
          "terraform_labels": [
            "map",
            "string"
          ],
          "timeouts": [
            "object",
            {
              "create": "string",
              "read": "string",
              "update": "string"
            }
          ],
          "uniform_bucket_level_access": "bool",
          "url": "string",
          "versioning": [
            "list",
            [
              "object",
              {
                "enabled": "bool"
              }
            ]
          ],
          "website": [
            "list",
            [
              "object",
              {
                "main_page_suffix": "string",
                "not_found_page": "string"
              }
            ]
          ]
        }
      ],
      "sensitive": true
    },
    "subnet": {
      "value": {
        "creation_timestamp": "2023-10-13T04:25:09.106-07:00",
        "description": "",
        "external_ipv6_prefix": "",
        "fingerprint": null,
        "gateway_address": "10.2.0.1",
        "id": "projects/data-rainfall-396303/regions/us-central1/subnetworks/test-subnet",
        "internal_ipv6_prefix": "",
        "ip_cidr_range": "10.2.0.0/16",
        "ipv6_access_type": "",
        "ipv6_cidr_range": "",
        "log_config": [],
        "name": "test-subnet",
        "network": "https://www.googleapis.com/compute/v1/projects/data-rainfall-396303/global/networks/my-network-tf",
        "private_ip_google_access": false,
        "private_ipv6_google_access": "DISABLE_GOOGLE_ACCESS",
        "project": "data-rainfall-396303",
        "purpose": "PRIVATE",
        "region": "us-central1",
        "role": "",
        "secondary_ip_range": [],
        "self_link": "https://www.googleapis.com/compute/v1/projects/data-rainfall-396303/regions/us-central1/subnetworks/test-subnet",
        "stack_type": "IPV4_ONLY",
        "timeouts": null
      },
      "type": [
        "object",
        {
          "creation_timestamp": "string",
          "description": "string",
          "external_ipv6_prefix": "string",
          "fingerprint": "string",
          "gateway_address": "string",
          "id": "string",
          "internal_ipv6_prefix": "string",
          "ip_cidr_range": "string",
          "ipv6_access_type": "string",
          "ipv6_cidr_range": "string",
          "log_config": [
            "list",
            [
              "object",
              {
                "aggregation_interval": "string",
                "filter_expr": "string",
                "flow_sampling": "number",
                "metadata": "string",
                "metadata_fields": [
                  "set",
                  "string"
                ]
              }
            ]
          ],
          "name": "string",
          "network": "string",
          "private_ip_google_access": "bool",
          "private_ipv6_google_access": "string",
          "project": "string",
          "purpose": "string",
          "region": "string",
          "role": "string",
          "secondary_ip_range": [
            "list",
            [
              "object",
              {
                "ip_cidr_range": "string",
                "range_name": "string"
              }
            ]
          ],
          "self_link": "string",
          "stack_type": "string",
          "timeouts": [
            "object",
            {
              "create": "string",
              "delete": "string",
              "update": "string"
            }
          ]
        }
      ],
      "sensitive": true
    },
    "users": {
      "value": "me",
      "type": "string",
      "sensitive": true
    },
    "vpc-1": {
      "value": {
        "auto_create_subnetworks": false,
        "delete_default_routes_on_create": false,
        "description": "",
        "enable_ula_internal_ipv6": false,
        "gateway_ipv4": "",
        "id": "projects/data-rainfall-396303/global/networks/vpc-1",
        "internal_ipv6_range": "",
        "mtu": 0,
        "name": "vpc-1",
        "network_firewall_policy_enforcement_order": "AFTER_CLASSIC_FIREWALL",
        "project": "data-rainfall-396303",
        "routing_mode": "REGIONAL",
        "self_link": "https://www.googleapis.com/compute/v1/projects/data-rainfall-396303/global/networks/vpc-1",
        "timeouts": null
      },
      "type": [
        "object",
        {
          "auto_create_subnetworks": "bool",
          "delete_default_routes_on_create": "bool",
          "description": "string",
          "enable_ula_internal_ipv6": "bool",
          "gateway_ipv4": "string",
          "id": "string",
          "internal_ipv6_range": "string",
          "mtu": "number",
          "name": "string",
          "network_firewall_policy_enforcement_order": "string",
          "project": "string",
          "routing_mode": "string",
          "self_link": "string",
          "timeouts": [
            "object",
            {
              "create": "string",
              "delete": "string",
              "update": "string"
            }
          ]
        }
      ],
      "sensitive": true
    },
    "vpc-2": {
      "value": {
        "auto_create_subnetworks": false,
        "delete_default_routes_on_create": false,
        "description": "",
        "enable_ula_internal_ipv6": false,
        "gateway_ipv4": "",
        "id": "projects/data-rainfall-396303/global/networks/vpc-2",
        "internal_ipv6_range": "",
        "mtu": 0,
        "name": "vpc-2",
        "network_firewall_policy_enforcement_order": "AFTER_CLASSIC_FIREWALL",
        "project": "data-rainfall-396303",
        "routing_mode": "REGIONAL",
        "self_link": "https://www.googleapis.com/compute/v1/projects/data-rainfall-396303/global/networks/vpc-2",
        "timeouts": null
      },
      "type": [
        "object",
        {
          "auto_create_subnetworks": "bool",
          "delete_default_routes_on_create": "bool",
          "description": "string",
          "enable_ula_internal_ipv6": "bool",
          "gateway_ipv4": "string",
          "id": "string",
          "internal_ipv6_range": "string",
          "mtu": "number",
          "name": "string",
          "network_firewall_policy_enforcement_order": "string",
          "project": "string",
          "routing_mode": "string",
          "self_link": "string",
          "timeouts": [
            "object",
            {
              "create": "string",
              "delete": "string",
              "update": "string"
            }
          ]
        }
      ],
      "sensitive": true
    },
    "vpc-3": {
      "value": {
        "auto_create_subnetworks": false,
        "delete_default_routes_on_create": false,
        "description": "",
        "enable_ula_internal_ipv6": false,
        "gateway_ipv4": "",
        "id": "projects/data-rainfall-396303/global/networks/vpc-3",
        "internal_ipv6_range": "",
        "mtu": 0,
        "name": "vpc-3",
        "network_firewall_policy_enforcement_order": "AFTER_CLASSIC_FIREWALL",
        "project": "data-rainfall-396303",
        "routing_mode": "REGIONAL",
        "self_link": "https://www.googleapis.com/compute/v1/projects/data-rainfall-396303/global/networks/vpc-3",
        "timeouts": null
      },
      "type": [
        "object",
        {
          "auto_create_subnetworks": "bool",
          "delete_default_routes_on_create": "bool",
          "description": "string",
          "enable_ula_internal_ipv6": "bool",
          "gateway_ipv4": "string",
          "id": "string",
          "internal_ipv6_range": "string",
          "mtu": "number",
          "name": "string",
          "network_firewall_policy_enforcement_order": "string",
          "project": "string",
          "routing_mode": "string",
          "self_link": "string",
          "timeouts": [
            "object",
            {
              "create": "string",
              "delete": "string",
              "update": "string"
            }
          ]
        }
      ],
      "sensitive": true
    }
  },
  "resources": [
    {
      "mode": "managed",
      "type": "google_compute_firewall",
      "name": "firewall-terra",
      "provider": "provider[\"registry.terraform.io/hashicorp/google\"]",
      "instances": [
        {
          "schema_version": 1,
          "attributes": {
            "allow": [
              {
                "ports": [
                  "80",
                  "8080",
                  "1000-2000",
                  "443"
                ],
                "protocol": "tcp"
              }
            ],
            "creation_timestamp": "2023-10-13T04:25:09.040-07:00",
            "deny": [],
            "description": "",
            "destination_ranges": [],
            "direction": "INGRESS",
            "disabled": false,
            "enable_logging": null,
            "id": "projects/data-rainfall-396303/global/firewalls/test-firewall",
            "log_config": [],
            "name": "test-firewall",
            "network": "https://www.googleapis.com/compute/v1/projects/data-rainfall-396303/global/networks/my-network-tf",
            "priority": 1000,
            "project": "data-rainfall-396303",
            "self_link": "https://www.googleapis.com/compute/v1/projects/data-rainfall-396303/global/firewalls/test-firewall",
            "source_ranges": [],
            "source_service_accounts": [],
            "source_tags": [
              "web"
            ],
            "target_service_accounts": [],
            "target_tags": [],
            "timeouts": null
          },
          "sensitive_attributes": [],
          "private": "eyJlMmJmYjczMC1lY2FhLTExZTYtOGY4OC0zNDM2M2JjN2M0YzAiOnsiY3JlYXRlIjoxMjAwMDAwMDAwMDAwLCJkZWxldGUiOjEyMDAwMDAwMDAwMDAsInVwZGF0ZSI6MTIwMDAwMDAwMDAwMH0sInNjaGVtYV92ZXJzaW9uIjoiMSJ9",
          "dependencies": [
            "google_compute_network.custom-vpc-tf"
          ]
        }
      ]
    },
    {
      "mode": "managed",
      "type": "google_compute_instance",
      "name": "instance_terra",
      "provider": "provider[\"registry.terraform.io/hashicorp/google\"]",
      "instances": [
        {
          "schema_version": 6,
          "attributes": {
            "advanced_machine_features": [],
            "allow_stopping_for_update": null,
            "attached_disk": [],
            "boot_disk": [
              {
                "auto_delete": true,
                "device_name": "persistent-disk-0",
                "disk_encryption_key_raw": "",
                "disk_encryption_key_sha256": "",
                "initialize_params": [
                  {
                    "image": "https://www.googleapis.com/compute/v1/projects/debian-cloud/global/images/debian-11-bullseye-v20220719",
                    "labels": {},
                    "resource_manager_tags": {},
                    "size": 10,
                    "type": "pd-standard"
                  }
                ],
                "kms_key_self_link": "",
                "mode": "READ_WRITE",
                "source": "https://www.googleapis.com/compute/v1/projects/data-rainfall-396303/zones/us-central1-a/disks/my-instance"
              }
            ],
            "can_ip_forward": false,
            "confidential_instance_config": [],
            "cpu_platform": "Intel Broadwell",
            "current_status": "RUNNING",
            "deletion_protection": false,
            "description": "",
            "desired_status": null,
            "effective_labels": {},
            "enable_display": false,
            "guest_accelerator": [],
            "hostname": "",
            "id": "projects/data-rainfall-396303/zones/us-central1-a/instances/my-instance",
            "instance_id": "4239413327396378568",
            "label_fingerprint": "42WmSpB8rSM=",
            "labels": {},
            "machine_type": "e2-medium",
            "metadata": {},
            "metadata_fingerprint": "EoS5gsv0LzU=",
            "metadata_startup_script": null,
            "min_cpu_platform": "",
            "name": "my-instance",
            "network_interface": [
              {
                "access_config": [
                  {
                    "nat_ip": "34.41.126.211",
                    "network_tier": "PREMIUM",
                    "public_ptr_domain_name": ""
                  }
                ],
                "alias_ip_range": [],
                "internal_ipv6_prefix_length": 0,
                "ipv6_access_config": [],
                "ipv6_access_type": "",
                "ipv6_address": "",
                "name": "nic0",
                "network": "https://www.googleapis.com/compute/v1/projects/data-rainfall-396303/global/networks/my-network-tf",
                "network_ip": "10.2.0.2",
                "nic_type": "",
                "queue_count": 0,
                "stack_type": "IPV4_ONLY",
                "subnetwork": "https://www.googleapis.com/compute/v1/projects/data-rainfall-396303/regions/us-central1/subnetworks/test-subnet",
                "subnetwork_project": "data-rainfall-396303"
              }
            ],
            "network_performance_config": [],
            "params": [],
            "project": "data-rainfall-396303",
            "reservation_affinity": [],
            "resource_policies": [],
            "scheduling": [
              {
                "automatic_restart": true,
                "instance_termination_action": "",
                "local_ssd_recovery_timeout": [],
                "min_node_cpus": 0,
                "node_affinities": [],
                "on_host_maintenance": "MIGRATE",
                "preemptible": false,
                "provisioning_model": "STANDARD"
              }
            ],
            "scratch_disk": [],
            "self_link": "https://www.googleapis.com/compute/v1/projects/data-rainfall-396303/zones/us-central1-a/instances/my-instance",
            "service_account": [],
            "shielded_instance_config": [
              {
                "enable_integrity_monitoring": true,
                "enable_secure_boot": false,
                "enable_vtpm": true
              }
            ],
            "tags": [],
            "tags_fingerprint": "42WmSpB8rSM=",
            "terraform_labels": {},
            "timeouts": null,
            "zone": "us-central1-a"
          },
          "sensitive_attributes": [],
          "private": "eyJlMmJmYjczMC1lY2FhLTExZTYtOGY4OC0zNDM2M2JjN2M0YzAiOnsiY3JlYXRlIjoxMjAwMDAwMDAwMDAwLCJkZWxldGUiOjEyMDAwMDAwMDAwMDAsInVwZGF0ZSI6MTIwMDAwMDAwMDAwMH0sInNjaGVtYV92ZXJzaW9uIjoiNiJ9",
          "dependencies": [
            "google_compute_network.custom-vpc-tf",
            "google_compute_subnetwork.subnet-tf"
          ]
        }
      ]
    },
    {
      "mode": "managed",
      "type": "google_compute_network",
      "name": "custom-vpc-tf",
      "provider": "provider[\"registry.terraform.io/hashicorp/google\"]",
      "instances": [
        {
          "schema_version": 0,
          "attributes": {
            "auto_create_subnetworks": false,
            "delete_default_routes_on_create": false,
            "description": "",
            "enable_ula_internal_ipv6": false,
            "gateway_ipv4": "",
            "id": "projects/data-rainfall-396303/global/networks/my-network-tf",
            "internal_ipv6_range": "",
            "mtu": 0,
            "name": "my-network-tf",
            "network_firewall_policy_enforcement_order": "AFTER_CLASSIC_FIREWALL",
            "project": "data-rainfall-396303",
            "routing_mode": "REGIONAL",
            "self_link": "https://www.googleapis.com/compute/v1/projects/data-rainfall-396303/global/networks/my-network-tf",
            "timeouts": null
          },
          "sensitive_attributes": [],
          "private": "eyJlMmJmYjczMC1lY2FhLTExZTYtOGY4OC0zNDM2M2JjN2M0YzAiOnsiY3JlYXRlIjoxMjAwMDAwMDAwMDAwLCJkZWxldGUiOjEyMDAwMDAwMDAwMDAsInVwZGF0ZSI6MTIwMDAwMDAwMDAwMH19"
        }
      ]
    },
    {
      "mode": "managed",
      "type": "google_compute_network",
      "name": "vpc-1",
      "provider": "provider[\"registry.terraform.io/hashicorp/google\"]",
      "instances": [
        {
          "schema_version": 0,
          "attributes": {
            "auto_create_subnetworks": false,
            "delete_default_routes_on_create": false,
            "description": "",
            "enable_ula_internal_ipv6": false,
            "gateway_ipv4": "",
            "id": "projects/data-rainfall-396303/global/networks/vpc-1",
            "internal_ipv6_range": "",
            "mtu": 0,
            "name": "vpc-1",
            "network_firewall_policy_enforcement_order": "AFTER_CLASSIC_FIREWALL",
            "project": "data-rainfall-396303",
            "routing_mode": "REGIONAL",
            "self_link": "https://www.googleapis.com/compute/v1/projects/data-rainfall-396303/global/networks/vpc-1",
            "timeouts": null
          },
          "sensitive_attributes": [],
          "private": "eyJlMmJmYjczMC1lY2FhLTExZTYtOGY4OC0zNDM2M2JjN2M0YzAiOnsiY3JlYXRlIjoxMjAwMDAwMDAwMDAwLCJkZWxldGUiOjEyMDAwMDAwMDAwMDAsInVwZGF0ZSI6MTIwMDAwMDAwMDAwMH19"
        }
      ]
    },
    {
      "mode": "managed",
      "type": "google_compute_network",
      "name": "vpc-2",
      "provider": "provider[\"registry.terraform.io/hashicorp/google\"]",
      "instances": [
        {
          "schema_version": 0,
          "attributes": {
            "auto_create_subnetworks": false,
            "delete_default_routes_on_create": false,
            "description": "",
            "enable_ula_internal_ipv6": false,
            "gateway_ipv4": "",
            "id": "projects/data-rainfall-396303/global/networks/vpc-2",
            "internal_ipv6_range": "",
            "mtu": 0,
            "name": "vpc-2",
            "network_firewall_policy_enforcement_order": "AFTER_CLASSIC_FIREWALL",
            "project": "data-rainfall-396303",
            "routing_mode": "REGIONAL",
            "self_link": "https://www.googleapis.com/compute/v1/projects/data-rainfall-396303/global/networks/vpc-2",
            "timeouts": null
          },
          "sensitive_attributes": [],
          "private": "eyJlMmJmYjczMC1lY2FhLTExZTYtOGY4OC0zNDM2M2JjN2M0YzAiOnsiY3JlYXRlIjoxMjAwMDAwMDAwMDAwLCJkZWxldGUiOjEyMDAwMDAwMDAwMDAsInVwZGF0ZSI6MTIwMDAwMDAwMDAwMH19"
        }
      ]
    },
    {
      "mode": "managed",
      "type": "google_compute_network",
      "name": "vpc-3",
      "provider": "provider[\"registry.terraform.io/hashicorp/google\"]",
      "instances": [
        {
          "schema_version": 0,
          "attributes": {
            "auto_create_subnetworks": false,
            "delete_default_routes_on_create": false,
            "description": "",
            "enable_ula_internal_ipv6": false,
            "gateway_ipv4": "",
            "id": "projects/data-rainfall-396303/global/networks/vpc-3",
            "internal_ipv6_range": "",
            "mtu": 0,
            "name": "vpc-3",
            "network_firewall_policy_enforcement_order": "AFTER_CLASSIC_FIREWALL",
            "project": "data-rainfall-396303",
            "routing_mode": "REGIONAL",
            "self_link": "https://www.googleapis.com/compute/v1/projects/data-rainfall-396303/global/networks/vpc-3",
            "timeouts": null
          },
          "sensitive_attributes": [],
          "private": "eyJlMmJmYjczMC1lY2FhLTExZTYtOGY4OC0zNDM2M2JjN2M0YzAiOnsiY3JlYXRlIjoxMjAwMDAwMDAwMDAwLCJkZWxldGUiOjEyMDAwMDAwMDAwMDAsInVwZGF0ZSI6MTIwMDAwMDAwMDAwMH19"
        }
      ]
    },
    {
      "mode": "managed",
      "type": "google_compute_network_peering",
      "name": "peering1",
      "provider": "provider[\"registry.terraform.io/hashicorp/google\"]",
      "instances": [
        {
          "schema_version": 0,
          "attributes": {
            "export_custom_routes": false,
            "export_subnet_routes_with_public_ip": true,
            "id": "vpc-1/peering1-2",
            "import_custom_routes": false,
            "import_subnet_routes_with_public_ip": false,
            "name": "peering1-2",
            "network": "https://www.googleapis.com/compute/v1/projects/data-rainfall-396303/global/networks/vpc-1",
            "peer_network": "https://www.googleapis.com/compute/v1/projects/data-rainfall-396303/global/networks/vpc-2",
            "stack_type": "IPV4_ONLY",
            "state": "ACTIVE",
            "state_details": "[2023-10-13T04:13:50.143-07:00]: Connected.",
            "timeouts": null
          },
          "sensitive_attributes": [],
          "private": "eyJlMmJmYjczMC1lY2FhLTExZTYtOGY4OC0zNDM2M2JjN2M0YzAiOnsiY3JlYXRlIjoyNDAwMDAwMDAwMDAsImRlbGV0ZSI6MjQwMDAwMDAwMDAwLCJ1cGRhdGUiOjI0MDAwMDAwMDAwMH19",
          "dependencies": [
            "google_compute_network.vpc-1",
            "google_compute_network.vpc-2"
          ]
        }
      ]
    },
    {
      "mode": "managed",
      "type": "google_compute_network_peering",
      "name": "peering2",
      "provider": "provider[\"registry.terraform.io/hashicorp/google\"]",
      "instances": [
        {
          "schema_version": 0,
          "attributes": {
            "export_custom_routes": false,
            "export_subnet_routes_with_public_ip": true,
            "id": "vpc-2/peering2-1",
            "import_custom_routes": false,
            "import_subnet_routes_with_public_ip": false,
            "name": "peering2-1",
            "network": "https://www.googleapis.com/compute/v1/projects/data-rainfall-396303/global/networks/vpc-2",
            "peer_network": "https://www.googleapis.com/compute/v1/projects/data-rainfall-396303/global/networks/vpc-1",
            "stack_type": "IPV4_ONLY",
            "state": "ACTIVE",
            "state_details": "[2023-10-13T04:13:50.143-07:00]: Connected.",
            "timeouts": null
          },
          "sensitive_attributes": [],
          "private": "eyJlMmJmYjczMC1lY2FhLTExZTYtOGY4OC0zNDM2M2JjN2M0YzAiOnsiY3JlYXRlIjoyNDAwMDAwMDAwMDAsImRlbGV0ZSI6MjQwMDAwMDAwMDAwLCJ1cGRhdGUiOjI0MDAwMDAwMDAwMH19",
          "dependencies": [
            "google_compute_network.vpc-1",
            "google_compute_network.vpc-2"
          ]
        }
      ]
    },
    {
      "mode": "managed",
      "type": "google_compute_network_peering",
      "name": "peering3",
      "provider": "provider[\"registry.terraform.io/hashicorp/google\"]",
      "instances": [
        {
          "schema_version": 0,
          "attributes": {
            "export_custom_routes": false,
            "export_subnet_routes_with_public_ip": true,
            "id": "vpc-1/peering3-1",
            "import_custom_routes": false,
            "import_subnet_routes_with_public_ip": false,
            "name": "peering3-1",
            "network": "https://www.googleapis.com/compute/v1/projects/data-rainfall-396303/global/networks/vpc-1",
            "peer_network": "https://www.googleapis.com/compute/v1/projects/data-rainfall-396303/global/networks/vpc-3",
            "stack_type": "IPV4_ONLY",
            "state": "ACTIVE",
            "state_details": "[2023-10-13T04:14:14.071-07:00]: Connected.",
            "timeouts": null
          },
          "sensitive_attributes": [],
          "private": "eyJlMmJmYjczMC1lY2FhLTExZTYtOGY4OC0zNDM2M2JjN2M0YzAiOnsiY3JlYXRlIjoyNDAwMDAwMDAwMDAsImRlbGV0ZSI6MjQwMDAwMDAwMDAwLCJ1cGRhdGUiOjI0MDAwMDAwMDAwMH19",
          "dependencies": [
            "google_compute_network.vpc-1",
            "google_compute_network.vpc-3"
          ]
        }
      ]
    },
    {
      "mode": "managed",
      "type": "google_compute_network_peering",
      "name": "peering4",
      "provider": "provider[\"registry.terraform.io/hashicorp/google\"]",
      "instances": [
        {
          "schema_version": 0,
          "attributes": {
            "export_custom_routes": false,
            "export_subnet_routes_with_public_ip": true,
            "id": "vpc-3/peering1-3",
            "import_custom_routes": false,
            "import_subnet_routes_with_public_ip": false,
            "name": "peering1-3",
            "network": "https://www.googleapis.com/compute/v1/projects/data-rainfall-396303/global/networks/vpc-3",
            "peer_network": "https://www.googleapis.com/compute/v1/projects/data-rainfall-396303/global/networks/vpc-1",
            "stack_type": "IPV4_ONLY",
            "state": "ACTIVE",
            "state_details": "[2023-10-13T04:14:14.071-07:00]: Connected.",
            "timeouts": null
          },
          "sensitive_attributes": [],
          "private": "eyJlMmJmYjczMC1lY2FhLTExZTYtOGY4OC0zNDM2M2JjN2M0YzAiOnsiY3JlYXRlIjoyNDAwMDAwMDAwMDAsImRlbGV0ZSI6MjQwMDAwMDAwMDAwLCJ1cGRhdGUiOjI0MDAwMDAwMDAwMH19",
          "dependencies": [
            "google_compute_network.vpc-1",
            "google_compute_network.vpc-3"
          ]
        }
      ]
    },
    {
      "mode": "managed",
      "type": "google_compute_subnetwork",
      "name": "subnet-tf",
      "provider": "provider[\"registry.terraform.io/hashicorp/google\"]",
      "instances": [
        {
          "schema_version": 0,
          "attributes": {
            "creation_timestamp": "2023-10-13T04:25:09.106-07:00",
            "description": "",
            "external_ipv6_prefix": "",
            "fingerprint": null,
            "gateway_address": "10.2.0.1",
            "id": "projects/data-rainfall-396303/regions/us-central1/subnetworks/test-subnet",
            "internal_ipv6_prefix": "",
            "ip_cidr_range": "10.2.0.0/16",
            "ipv6_access_type": "",
            "ipv6_cidr_range": "",
            "log_config": [],
            "name": "test-subnet",
            "network": "https://www.googleapis.com/compute/v1/projects/data-rainfall-396303/global/networks/my-network-tf",
            "private_ip_google_access": false,
            "private_ipv6_google_access": "DISABLE_GOOGLE_ACCESS",
            "project": "data-rainfall-396303",
            "purpose": "PRIVATE",
            "region": "us-central1",
            "role": "",
            "secondary_ip_range": [],
            "self_link": "https://www.googleapis.com/compute/v1/projects/data-rainfall-396303/regions/us-central1/subnetworks/test-subnet",
            "stack_type": "IPV4_ONLY",
            "timeouts": null
          },
          "sensitive_attributes": [],
          "private": "eyJlMmJmYjczMC1lY2FhLTExZTYtOGY4OC0zNDM2M2JjN2M0YzAiOnsiY3JlYXRlIjoxMjAwMDAwMDAwMDAwLCJkZWxldGUiOjEyMDAwMDAwMDAwMDAsInVwZGF0ZSI6MTIwMDAwMDAwMDAwMH19",
          "dependencies": [
            "google_compute_network.custom-vpc-tf"
          ]
        }
      ]
    },
    {
      "mode": "managed",
      "type": "google_container_cluster",
      "name": "primary-cluster",
      "provider": "provider[\"registry.terraform.io/hashicorp/google\"]",
      "instances": [
        {
          "schema_version": 2,
          "attributes": {
            "addons_config": [
              {
                "cloudrun_config": [],
                "config_connector_config": [],
                "dns_cache_config": [],
                "gce_persistent_disk_csi_driver_config": [
                  {
                    "enabled": true
                  }
                ],
                "gcp_filestore_csi_driver_config": [],
                "gcs_fuse_csi_driver_config": [],
                "gke_backup_agent_config": [],
                "horizontal_pod_autoscaling": [],
                "http_load_balancing": [],
                "network_policy_config": [
                  {
                    "disabled": true
                  }
                ]
              }
            ],
            "allow_net_admin": null,
            "authenticator_groups_config": [],
            "binary_authorization": [
              {
                "enabled": false,
                "evaluation_mode": ""
              }
            ],
            "cluster_autoscaling": [
              {
                "auto_provisioning_defaults": [],
                "enabled": false,
                "resource_limits": []
              }
            ],
            "cluster_ipv4_cidr": "10.44.0.0/14",
            "confidential_nodes": [],
            "cost_management_config": [],
            "database_encryption": [
              {
                "key_name": "",
                "state": "DECRYPTED"
              }
            ],
            "datapath_provider": "",
            "default_max_pods_per_node": 110,
            "default_snat_status": [
              {
                "disabled": false
              }
            ],
            "deletion_protection": true,
            "description": "",
            "dns_config": [],
            "enable_autopilot": false,
            "enable_intranode_visibility": false,
            "enable_k8s_beta_apis": [],
            "enable_kubernetes_alpha": false,
            "enable_l4_ilb_subsetting": false,
            "enable_legacy_abac": false,
            "enable_shielded_nodes": true,
            "enable_tpu": false,
            "endpoint": "35.193.120.85",
            "gateway_api_config": [],
            "id": "projects/data-rainfall-396303/locations/us-central1-a/clusters/my-gke-cluster",
            "initial_node_count": 2,
            "ip_allocation_policy": [
              {
                "additional_pod_ranges_config": [],
                "cluster_ipv4_cidr_block": "10.44.0.0/14",
                "cluster_secondary_range_name": "gke-my-gke-cluster-pods-bb359af7",
                "pod_cidr_overprovision_config": [
                  {
                    "disabled": false
                  }
                ],
                "services_ipv4_cidr_block": "10.48.0.0/20",
                "services_secondary_range_name": "gke-my-gke-cluster-services-bb359af7",
                "stack_type": "IPV4"
              }
            ],
            "label_fingerprint": "a9dc16a7",
            "location": "us-central1-a",
            "logging_config": [
              {
                "enable_components": [
                  "SYSTEM_COMPONENTS",
                  "WORKLOADS"
                ]
              }
            ],
            "logging_service": "logging.googleapis.com/kubernetes",
            "maintenance_policy": [],
            "master_auth": [
              {
                "client_certificate": "",
                "client_certificate_config": [
                  {
                    "issue_client_certificate": false
                  }
                ],
                "client_key": "",
                "cluster_ca_certificate": "LS0tLS1CRUdJTiBDRVJUSUZJQ0FURS0tLS0tCk1JSUVMVENDQXBXZ0F3SUJBZ0lSQU1KaDFnSXM4ako5M1RHZW1VYUF2STB3RFFZSktvWklodmNOQVFFTEJRQXcKTHpFdE1Dc0dBMVVFQXhNa09ESmlNRGhoTkdVdE56UmtNUzAwWldJMkxUbGpZVGd0TXpRM1l6YzFaRFUwWlRrMApNQ0FYRFRJek1UQXhNekV3TVRNeE0xb1lEekl3TlRNeE1EQTFNVEV4TXpFeldqQXZNUzB3S3dZRFZRUURFeVE0Ck1tSXdPR0UwWlMwM05HUXhMVFJsWWpZdE9XTmhPQzB6TkRkak56VmtOVFJsT1RRd2dnR2lNQTBHQ1NxR1NJYjMKRFFFQkFRVUFBNElCandBd2dnR0tBb0lCZ1FDcWpCVmdwMTdnVnpSdzIrQ0RqTm9LRHlNdEk5TGs2Y1VnS09QOApiZFh0bkpxVWZQcDRJb043ZlNJV3R1cWcvd3E0RWZ4Yng5YjU5UHdVSjVXSTVMYUo1bmRUN3ViRG1lT1YxVXcyClRoemlFcVE5OE9ST0tZTkZkTFUzcmt2RmI4dkIyc0JqNkVoNzdZUmhJRGlFazJCT09oMVZUWERiNTN1WlllY0MKSFJ3M205Z2hHMGJqMFg5S0s2ejh4TVdlR0ZOQWQ2ZHdmMVFHeWtGVWdLTlpVQUJ6R25wT2lCaDdZRXBmcmNGYgp0NjNwWHZaWFkxRDlDTnJjSmhRS3dvM1c4MjhETGxZdklLK0hLTC80aDJ5SWZjblBrcXFPZWJDNU9Sa2JscDlFCmJjT2xLUWo1SnJqNzI4bE1tMENMYlhocC94VTV1ZHEwL2VmeVNFbXl4em53aVVUZXVSanhGVFdZT3BQYzRmRUIKWjEwZ0NaeUU4emlVbXJLWGMrWXJZV3ZuamtlZjkrcWowaU1xbzJmaExvdDJUZVRoRElwRFFUMXlhdzNRd0RYdwo0eGhMaDNQTlVFcjcremJRZWI1VCsxZkc4aGNHV3hRNjZQaGx6VDJqa1FZQWo3WnExOG1KSWNHZk1ONTJzQXFsCjFSV2tPbEJvc0hIN21Fekg1c3hDRTBHUU5uY0NBd0VBQWFOQ01FQXdEZ1lEVlIwUEFRSC9CQVFEQWdJRU1BOEcKQTFVZEV3RUIvd1FGTUFNQkFmOHdIUVlEVlIwT0JCWUVGRk1XeERhNU13R0xlN01xMnJqNHlvN0dCck9JTUEwRwpDU3FHU0liM0RRRUJDd1VBQTRJQmdRQ21oUzJob05kRDJSTGJnRFVGcEd1VjlzaHRUd0I0WGdNNy84ajBFcFNMCjZEV280dFhIem8xeW5PK1BqbFJpeWhtT1gvemUzNElSb1p4K2pzZGd6Y2YyVElnbGppYTJsNkVHTGV2RjVDbk8KejZMb2F2N1huOERqSy9tMHptVWsrVERJcEhlOW9oWTd1Q0NwUU43aWFOZGM1ZDVhalA4SjJpYUg1QnQyZVNERQpyb2gvbmRqOUVKeWVHWS9pTWpvUUZFZUh4RWE5dXFiZnVTK2hJR0tVcmNVY1ZDYWc3eFBadG1LYnNscGNucUlMCjkyVmxjLzlRakxHYnBmTDB5WnR1azJrSXh6SGxtQXVSTThUUmFRM0c1azU2TUlab0xHZisrblc1WTRxM09qNHgKeGFRQWcyWTU1elNwSCs3Tnp3Rk0yT1UzMGZ1ZW1MSlprMVNIVUc1cVVKVktrOWRZNkZSamNhUldJcmErRGROcgpENC9kRW5NNXpjTU9zRlpkQ2J3OU4rNEh3UmRIeUtjQ05WWW5sNFM4R3J4WHVVenJaNis1S1BrbDgrTTg4M0lKCjNURkdxNkQwZW54ZlBMZm5MN1o4UTRZTnhqQXlCanI1NzlBSDlpRUtwM1VkRHdJVHJhNVgva2xCMXlTeHMxbEkKdElodlcyTVlQUnJvM2FKTkYyYk42ODA9Ci0tLS0tRU5EIENFUlRJRklDQVRFLS0tLS0K"
              }
            ],
            "master_authorized_networks_config": [],
            "master_version": "1.27.3-gke.100",
            "mesh_certificates": [],
            "min_master_version": null,
            "monitoring_config": [
              {
                "advanced_datapath_observability_config": [
                  {
                    "enable_metrics": false,
                    "relay_mode": "DISABLED"
                  }
                ],
                "enable_components": [
                  "SYSTEM_COMPONENTS"
                ],
                "managed_prometheus": [
                  {
                    "enabled": true
                  }
                ]
              }
            ],
            "monitoring_service": "monitoring.googleapis.com/kubernetes",
            "name": "my-gke-cluster",
            "network": "projects/data-rainfall-396303/global/networks/default",
            "network_policy": [
              {
                "enabled": false,
                "provider": "PROVIDER_UNSPECIFIED"
              }
            ],
            "networking_mode": "VPC_NATIVE",
            "node_config": [
              {
                "advanced_machine_features": [],
                "boot_disk_kms_key": "",
                "confidential_nodes": [],
                "disk_size_gb": 100,
                "disk_type": "pd-balanced",
                "effective_taints": [],
                "ephemeral_storage_local_ssd_config": [],
                "fast_socket": [],
                "gcfs_config": [],
                "guest_accelerator": [],
                "gvnic": [],
                "host_maintenance_policy": [],
                "image_type": "COS_CONTAINERD",
                "kubelet_config": [],
                "labels": {},
                "linux_node_config": [],
                "local_nvme_ssd_block_config": [],
                "local_ssd_count": 0,
                "logging_variant": "DEFAULT",
                "machine_type": "e2-medium",
                "metadata": {
                  "disable-legacy-endpoints": "true"
                },
                "min_cpu_platform": "",
                "node_group": "",
                "oauth_scopes": [
                  "https://www.googleapis.com/auth/cloud-platform"
                ],
                "preemptible": true,
                "reservation_affinity": [],
                "resource_labels": {},
                "service_account": "tfmanikanta@data-rainfall-396303.iam.gserviceaccount.com",
                "shielded_instance_config": [
                  {
                    "enable_integrity_monitoring": true,
                    "enable_secure_boot": false
                  }
                ],
                "sole_tenant_config": [],
                "spot": false,
                "tags": [],
                "taint": [],
                "workload_metadata_config": []
              }
            ],
            "node_locations": [],
            "node_pool": [
              {
                "autoscaling": [],
                "initial_node_count": 2,
                "instance_group_urls": [
                  "https://www.googleapis.com/compute/v1/projects/data-rainfall-396303/zones/us-central1-a/instanceGroupManagers/gke-my-gke-cluster-my-node-pool-938e9f0c-grp"
                ],
                "managed_instance_group_urls": [
                  "https://www.googleapis.com/compute/v1/projects/data-rainfall-396303/zones/us-central1-a/instanceGroups/gke-my-gke-cluster-my-node-pool-938e9f0c-grp"
                ],
                "management": [
                  {
                    "auto_repair": true,
                    "auto_upgrade": true
                  }
                ],
                "max_pods_per_node": 110,
                "name": "my-node-pool",
                "name_prefix": "",
                "network_config": [
                  {
                    "create_pod_range": false,
                    "enable_private_nodes": false,
                    "pod_cidr_overprovision_config": [],
                    "pod_ipv4_cidr_block": "10.44.0.0/14",
                    "pod_range": "gke-my-gke-cluster-pods-bb359af7"
                  }
                ],
                "node_config": [
                  {
                    "advanced_machine_features": [],
                    "boot_disk_kms_key": "",
                    "confidential_nodes": [],
                    "disk_size_gb": 100,
                    "disk_type": "pd-balanced",
                    "effective_taints": [],
                    "ephemeral_storage_local_ssd_config": [],
                    "fast_socket": [],
                    "gcfs_config": [],
                    "guest_accelerator": [],
                    "gvnic": [],
                    "host_maintenance_policy": [],
                    "image_type": "COS_CONTAINERD",
                    "kubelet_config": [],
                    "labels": {},
                    "linux_node_config": [],
                    "local_nvme_ssd_block_config": [],
                    "local_ssd_count": 0,
                    "logging_variant": "DEFAULT",
                    "machine_type": "e2-medium",
                    "metadata": {
                      "disable-legacy-endpoints": "true"
                    },
                    "min_cpu_platform": "",
                    "node_group": "",
                    "oauth_scopes": [
                      "https://www.googleapis.com/auth/cloud-platform"
                    ],
                    "preemptible": true,
                    "reservation_affinity": [],
                    "resource_labels": {},
                    "service_account": "tfmanikanta@data-rainfall-396303.iam.gserviceaccount.com",
                    "shielded_instance_config": [
                      {
                        "enable_integrity_monitoring": true,
                        "enable_secure_boot": false
                      }
                    ],
                    "sole_tenant_config": [],
                    "spot": false,
                    "tags": [],
                    "taint": [],
                    "workload_metadata_config": []
                  }
                ],
                "node_count": 2,
                "node_locations": [
                  "us-central1-a"
                ],
                "placement_policy": [],
                "upgrade_settings": [
                  {
                    "blue_green_settings": [],
                    "max_surge": 1,
                    "max_unavailable": 0,
                    "strategy": "SURGE"
                  }
                ],
                "version": "1.27.3-gke.100"
              }
            ],
            "node_pool_auto_config": [],
            "node_pool_defaults": [
              {
                "node_config_defaults": [
                  {
                    "logging_variant": "DEFAULT"
                  }
                ]
              }
            ],
            "node_version": "1.27.3-gke.100",
            "notification_config": [
              {
                "pubsub": [
                  {
                    "enabled": false,
                    "filter": [],
                    "topic": ""
                  }
                ]
              }
            ],
            "operation": null,
            "private_cluster_config": [
              {
                "enable_private_endpoint": false,
                "enable_private_nodes": false,
                "master_global_access_config": [
                  {
                    "enabled": false
                  }
                ],
                "master_ipv4_cidr_block": "",
                "peering_name": "",
                "private_endpoint": "10.128.15.213",
                "private_endpoint_subnetwork": "",
                "public_endpoint": "35.193.120.85"
              }
            ],
            "private_ipv6_google_access": "",
            "project": "data-rainfall-396303",
            "release_channel": [
              {
                "channel": "REGULAR"
              }
            ],
            "remove_default_node_pool": true,
            "resource_labels": {},
            "resource_usage_export_config": [],
            "security_posture_config": [
              {
                "mode": "BASIC",
                "vulnerability_mode": "VULNERABILITY_MODE_UNSPECIFIED"
              }
            ],
            "self_link": "https://container.googleapis.com/v1/projects/data-rainfall-396303/zones/us-central1-a/clusters/my-gke-cluster",
            "service_external_ips_config": [
              {
                "enabled": false
              }
            ],
            "services_ipv4_cidr": "10.48.0.0/20",
            "subnetwork": "projects/data-rainfall-396303/regions/us-central1/subnetworks/default",
            "timeouts": null,
            "tpu_ipv4_cidr_block": "",
            "vertical_pod_autoscaling": [],
            "workload_identity_config": []
          },
          "sensitive_attributes": [],
          "private": "eyJlMmJmYjczMC1lY2FhLTExZTYtOGY4OC0zNDM2M2JjN2M0YzAiOnsiY3JlYXRlIjoyNDAwMDAwMDAwMDAwLCJkZWxldGUiOjI0MDAwMDAwMDAwMDAsInJlYWQiOjI0MDAwMDAwMDAwMDAsInVwZGF0ZSI6MzYwMDAwMDAwMDAwMH0sInNjaGVtYV92ZXJzaW9uIjoiMiJ9"
        }
      ]
    },
    {
      "mode": "managed",
      "type": "google_container_node_pool",
      "name": "primary_preemptible_nodes",
      "provider": "provider[\"registry.terraform.io/hashicorp/google\"]",
      "instances": [
        {
          "schema_version": 1,
          "attributes": {
            "autoscaling": [],
            "cluster": "my-gke-cluster",
            "id": "projects/data-rainfall-396303/locations/us-central1-a/clusters/my-gke-cluster/nodePools/my-node-pool",
            "initial_node_count": 2,
            "instance_group_urls": [
              "https://www.googleapis.com/compute/v1/projects/data-rainfall-396303/zones/us-central1-a/instanceGroupManagers/gke-my-gke-cluster-my-node-pool-938e9f0c-grp"
            ],
            "location": "us-central1-a",
            "managed_instance_group_urls": [
              "https://www.googleapis.com/compute/v1/projects/data-rainfall-396303/zones/us-central1-a/instanceGroups/gke-my-gke-cluster-my-node-pool-938e9f0c-grp"
            ],
            "management": [
              {
                "auto_repair": true,
                "auto_upgrade": true
              }
            ],
            "max_pods_per_node": 110,
            "name": "my-node-pool",
            "name_prefix": "",
            "network_config": [
              {
                "create_pod_range": false,
                "enable_private_nodes": false,
                "pod_cidr_overprovision_config": [],
                "pod_ipv4_cidr_block": "10.44.0.0/14",
                "pod_range": "gke-my-gke-cluster-pods-bb359af7"
              }
            ],
            "node_config": [
              {
                "advanced_machine_features": [],
                "boot_disk_kms_key": "",
                "confidential_nodes": [],
                "disk_size_gb": 100,
                "disk_type": "pd-balanced",
                "effective_taints": [],
                "ephemeral_storage_local_ssd_config": [],
                "fast_socket": [],
                "gcfs_config": [],
                "guest_accelerator": [],
                "gvnic": [],
                "host_maintenance_policy": [],
                "image_type": "COS_CONTAINERD",
                "kubelet_config": [],
                "labels": {},
                "linux_node_config": [],
                "local_nvme_ssd_block_config": [],
                "local_ssd_count": 0,
                "logging_variant": "DEFAULT",
                "machine_type": "e2-medium",
                "metadata": {
                  "disable-legacy-endpoints": "true"
                },
                "min_cpu_platform": "",
                "node_group": "",
                "oauth_scopes": [
                  "https://www.googleapis.com/auth/cloud-platform"
                ],
                "preemptible": true,
                "reservation_affinity": [],
                "resource_labels": {},
                "service_account": "tfmanikanta@data-rainfall-396303.iam.gserviceaccount.com",
                "shielded_instance_config": [
                  {
                    "enable_integrity_monitoring": true,
                    "enable_secure_boot": false
                  }
                ],
                "sole_tenant_config": [],
                "spot": false,
                "tags": [],
                "taint": [],
                "workload_metadata_config": []
              }
            ],
            "node_count": 2,
            "node_locations": [
              "us-central1-a"
            ],
            "operation": null,
            "placement_policy": [],
            "project": "data-rainfall-396303",
            "timeouts": null,
            "upgrade_settings": [
              {
                "blue_green_settings": [],
                "max_surge": 1,
                "max_unavailable": 0,
                "strategy": "SURGE"
              }
            ],
            "version": "1.27.3-gke.100"
          },
          "sensitive_attributes": [],
          "private": "eyJlMmJmYjczMC1lY2FhLTExZTYtOGY4OC0zNDM2M2JjN2M0YzAiOnsiY3JlYXRlIjoxODAwMDAwMDAwMDAwLCJkZWxldGUiOjE4MDAwMDAwMDAwMDAsInVwZGF0ZSI6MTgwMDAwMDAwMDAwMH0sInNjaGVtYV92ZXJzaW9uIjoiMSJ9",
          "dependencies": [
            "google_container_cluster.primary-cluster",
            "google_service_account.sa_tf"
          ]
        }
      ]
    },
    {
      "mode": "managed",
      "type": "google_service_account",
      "name": "sa_tf",
      "provider": "provider[\"registry.terraform.io/hashicorp/google\"]",
      "instances": [
        {
          "schema_version": 0,
          "attributes": {
            "account_id": "tfmanikanta",
            "description": "",
            "disabled": false,
            "display_name": "service-tf",
            "email": "tfmanikanta@data-rainfall-396303.iam.gserviceaccount.com",
            "id": "projects/data-rainfall-396303/serviceAccounts/tfmanikanta@data-rainfall-396303.iam.gserviceaccount.com",
            "member": "serviceAccount:tfmanikanta@data-rainfall-396303.iam.gserviceaccount.com",
            "name": "projects/data-rainfall-396303/serviceAccounts/tfmanikanta@data-rainfall-396303.iam.gserviceaccount.com",
            "project": "data-rainfall-396303",
            "timeouts": null,
            "unique_id": "112253793094761009349"
          },
          "sensitive_attributes": [],
          "private": "eyJlMmJmYjczMC1lY2FhLTExZTYtOGY4OC0zNDM2M2JjN2M0YzAiOnsiY3JlYXRlIjozMDAwMDAwMDAwMDB9fQ=="
        }
      ]
    },
    {
      "mode": "managed",
      "type": "google_sql_database",
      "name": "database-tf",
      "provider": "provider[\"registry.terraform.io/hashicorp/google\"]",
      "instances": [
        {
          "schema_version": 0,
          "attributes": {
            "charset": "utf8mb4",
            "collation": "utf8mb4_0900_ai_ci",
            "deletion_policy": "DELETE",
            "id": "projects/data-rainfall-396303/instances/my-database-instance/databases/my-database",
            "instance": "my-database-instance",
            "name": "my-database",
            "project": "data-rainfall-396303",
            "self_link": "https://sqladmin.googleapis.com/sql/v1beta4/projects/data-rainfall-396303/instances/my-database-instance/databases/my-database",
            "timeouts": null
          },
          "sensitive_attributes": [],
          "private": "eyJlMmJmYjczMC1lY2FhLTExZTYtOGY4OC0zNDM2M2JjN2M0YzAiOnsiY3JlYXRlIjoxMjAwMDAwMDAwMDAwLCJkZWxldGUiOjEyMDAwMDAwMDAwMDAsInVwZGF0ZSI6MTIwMDAwMDAwMDAwMH19",
          "dependencies": [
            "google_sql_database_instance.instance-sql-tf"
          ]
        }
      ]
    },
    {
      "mode": "managed",
      "type": "google_sql_database_instance",
      "name": "instance-sql-tf",
      "provider": "provider[\"registry.terraform.io/hashicorp/google\"]",
      "instances": [
        {
          "schema_version": 0,
          "attributes": {
            "available_maintenance_versions": [],
            "clone": [],
            "connection_name": "data-rainfall-396303:us-central1:my-database-instance",
            "database_version": "MYSQL_8_0",
            "deletion_protection": false,
            "dns_name": "",
            "encryption_key_name": null,
            "first_ip_address": "34.41.18.42",
            "id": "my-database-instance",
            "instance_type": "CLOUD_SQL_INSTANCE",
            "ip_address": [
              {
                "ip_address": "34.41.18.42",
                "time_to_retire": "",
                "type": "PRIMARY"
              }
            ],
            "maintenance_version": "MYSQL_8_0_31.R20230909.02_00",
            "master_instance_name": "",
            "name": "my-database-instance",
            "private_ip_address": "",
            "project": "data-rainfall-396303",
            "psc_service_attachment_link": "",
            "public_ip_address": "34.41.18.42",
            "region": "us-central1",
            "replica_configuration": [],
            "restore_backup_context": [],
            "root_password": null,
            "self_link": "https://sqladmin.googleapis.com/sql/v1beta4/projects/data-rainfall-396303/instances/my-database-instance",
            "server_ca_cert": [
              {
                "cert": "-----BEGIN CERTIFICATE-----\nMIIDfzCCAmegAwIBAgIBADANBgkqhkiG9w0BAQsFADB3MS0wKwYDVQQuEyQwZjAw\nN2VkYy04Zjk4LTQxNDctODI5NC01ZTE5YmZiODM5NmIxIzAhBgNVBAMTGkdvb2ds\nZSBDbG91ZCBTUUwgU2VydmVyIENBMRQwEgYDVQQKEwtHb29nbGUsIEluYzELMAkG\nA1UEBhMCVVMwHhcNMjMxMDEzMTEzMDU0WhcNMzMxMDEwMTEzMTU0WjB3MS0wKwYD\nVQQuEyQwZjAwN2VkYy04Zjk4LTQxNDctODI5NC01ZTE5YmZiODM5NmIxIzAhBgNV\nBAMTGkdvb2dsZSBDbG91ZCBTUUwgU2VydmVyIENBMRQwEgYDVQQKEwtHb29nbGUs\nIEluYzELMAkGA1UEBhMCVVMwggEiMA0GCSqGSIb3DQEBAQUAA4IBDwAwggEKAoIB\nAQCAvgScgkIvC9vIbxaTB6L2+5yyvJi79pTpIQ5ppn9C8ZqbwDuCN5FZO9OySA6X\nCE75gM2YIBMzilwkx7L9FSQPbM8NyVqUNCuo+UIgPxxZEPh1kX6yZeOHPiZcei+X\nXM8YqJxavffySc4Bf9XEkDdI0ZY5uWPJafDNoHH0X+UJnbFJVA7+uLQpvjzrQ4Vl\nHmQ58AHi1J9ocKkIOpdcmOVSzjfGIfgTRLO/Mcf/cJ5yvDgU+6WEdaKEMnJEYYWO\nrAnGDCGVugzNHo1RGwE2L8TZ93Bxpg5Ien58ffKTCUzr2ewvsQGgBVrQfv/HOAlm\nlUgohsh5pRaej5mXdAYYPijvAgMBAAGjFjAUMBIGA1UdEwEB/wQIMAYBAf8CAQAw\nDQYJKoZIhvcNAQELBQADggEBAGvaV2Ju4mTJUh5qCAjATBl79VoCqBLe0EHDgWwX\nIW2wr1meytHdrT9WnIyltjPQGulvsN+8OC9qMgot0tM3zjJnRSUJGW1cuFDVTz3a\npmRQcZGD4EWUYxVCPRAvHeJk20TIKlWXMnoxqERmU/QGsq/+pZyhsxdEQOKsCNZD\nVIqdttPe1p1LoFawkAx89IlOZkaUVS1flr4auSaoV+lkX+vPgy4pyk57w1RjBOxn\nDmbNmduxM3a/ZR73sJDfx0/YBnQLV+LU6K86Ats4p+HygmzumkCSEYOt1WCyFl4W\njYbSByYJS6RV+kpW1wQhQTyjaD9IJNCn9HyoWCKIa0GEcQw=\n-----END CERTIFICATE-----",
                "common_name": "C=US,O=Google\\, Inc,CN=Google Cloud SQL Server CA,dnQualifier=0f007edc-8f98-4147-8294-5e19bfb8396b",
                "create_time": "2023-10-13T11:30:54.791Z",
                "expiration_time": "2033-10-10T11:31:54.791Z",
                "sha1_fingerprint": "7888615946ecba0165987fa55f2fc3a26467d582"
              }
            ],
            "service_account_email_address": "p880089628389-30h4v8@gcp-sa-cloud-sql.iam.gserviceaccount.com",
            "settings": [
              {
                "activation_policy": "ALWAYS",
                "active_directory_config": [],
                "advanced_machine_features": [],
                "availability_type": "REGIONAL",
                "backup_configuration": [
                  {
                    "backup_retention_settings": [
                      {
                        "retained_backups": 7,
                        "retention_unit": "COUNT"
                      }
                    ],
                    "binary_log_enabled": true,
                    "enabled": true,
                    "location": "",
                    "point_in_time_recovery_enabled": false,
                    "start_time": "14:00",
                    "transaction_log_retention_days": 7
                  }
                ],
                "collation": "",
                "connector_enforcement": "NOT_REQUIRED",
                "data_cache_config": [],
                "database_flags": [],
                "deletion_protection_enabled": false,
                "deny_maintenance_period": [],
                "disk_autoresize": true,
                "disk_autoresize_limit": 0,
                "disk_size": 10,
                "disk_type": "PD_SSD",
                "edition": "",
                "insights_config": [],
                "ip_configuration": [
                  {
                    "allocated_ip_range": "",
                    "authorized_networks": [],
                    "enable_private_path_for_google_cloud_services": false,
                    "ipv4_enabled": true,
                    "private_network": "",
                    "psc_config": [],
                    "require_ssl": false
                  }
                ],
                "location_preference": [
                  {
                    "follow_gae_application": "",
                    "secondary_zone": "",
                    "zone": "us-central1-c"
                  }
                ],
                "maintenance_window": [],
                "password_validation_policy": [],
                "pricing_plan": "PER_USE",
                "sql_server_audit_config": [],
                "tier": "db-f1-micro",
                "time_zone": "",
                "user_labels": {},
                "version": 4
              }
            ],
            "timeouts": null
          },
          "sensitive_attributes": [],
          "private": "eyJlMmJmYjczMC1lY2FhLTExZTYtOGY4OC0zNDM2M2JjN2M0YzAiOnsiY3JlYXRlIjoyNDAwMDAwMDAwMDAwLCJkZWxldGUiOjE4MDAwMDAwMDAwMDAsInVwZGF0ZSI6MTgwMDAwMDAwMDAwMH19"
        }
      ]
    },
    {
      "mode": "managed",
      "type": "google_sql_user",
      "name": "users",
      "provider": "provider[\"registry.terraform.io/hashicorp/google\"]",
      "instances": [
        {
          "schema_version": 1,
          "attributes": {
            "deletion_policy": null,
            "host": "me.com",
            "id": "me/me.com/my-database-instance",
            "instance": "my-database-instance",
            "name": "me",
            "password": "changeme",
            "password_policy": [],
            "project": "data-rainfall-396303",
            "sql_server_user_details": [],
            "timeouts": null,
            "type": ""
          },
          "sensitive_attributes": [],
          "private": "eyJlMmJmYjczMC1lY2FhLTExZTYtOGY4OC0zNDM2M2JjN2M0YzAiOnsiY3JlYXRlIjo2MDAwMDAwMDAwMDAsImRlbGV0ZSI6NjAwMDAwMDAwMDAwLCJ1cGRhdGUiOjYwMDAwMDAwMDAwMH0sInNjaGVtYV92ZXJzaW9uIjoiMSJ9",
          "dependencies": [
            "google_sql_database_instance.instance-sql-tf"
          ]
        }
      ]
    },
    {
      "mode": "managed",
      "type": "google_storage_bucket",
      "name": "static-bucket",
      "provider": "provider[\"registry.terraform.io/hashicorp/google\"]",
      "instances": [
        {
          "schema_version": 1,
          "attributes": {
            "autoclass": [],
            "cors": [],
            "custom_placement_config": [],
            "default_event_based_hold": false,
            "effective_labels": {},
            "encryption": [],
            "force_destroy": true,
            "id": "my-gcs-mani",
            "labels": {},
            "lifecycle_rule": [],
            "location": "US",
            "logging": [],
            "name": "my-gcs-mani",
            "project": "data-rainfall-396303",
            "public_access_prevention": "inherited",
            "requester_pays": false,
            "retention_policy": [],
            "self_link": "https://www.googleapis.com/storage/v1/b/my-gcs-mani",
            "storage_class": "STANDARD",
            "terraform_labels": {},
            "timeouts": null,
            "uniform_bucket_level_access": true,
            "url": "gs://my-gcs-mani",
            "versioning": [],
            "website": []
          },
          "sensitive_attributes": [],
          "private": "eyJlMmJmYjczMC1lY2FhLTExZTYtOGY4OC0zNDM2M2JjN2M0YzAiOnsiY3JlYXRlIjo2MDAwMDAwMDAwMDAsInJlYWQiOjI0MDAwMDAwMDAwMCwidXBkYXRlIjoyNDAwMDAwMDAwMDB9LCJzY2hlbWFfdmVyc2lvbiI6IjEifQ=="
        }
      ]
    }
  ],
  "check_results": null
}
